{
  "version": 4,
  "terraform_version": "1.8.0",
  "serial": 4783,
  "lineage": "4448c0e5-e53f-3477-ddc4-52db5cff8da4",
  "outputs": {},
  "resources": [
    {
      "mode": "data",
      "type": "aws_iam_policy_document",
      "name": "ec2",
      "provider": "provider[\"registry.terraform.io/hashicorp/aws\"]",
      "instances": [
        {
          "schema_version": 0,
          "attributes": {
            "id": "1903849331",
            "json": "{\n  \"Version\": \"2012-10-17\",\n  \"Statement\": [\n    {\n      \"Sid\": \"\",\n      \"Effect\": \"Allow\",\n      \"Action\": \"sts:AssumeRole\",\n      \"Principal\": {\n        \"Service\": \"ec2.amazonaws.com\"\n      }\n    }\n  ]\n}",
            "override_json": null,
            "override_policy_documents": null,
            "policy_id": null,
            "source_json": null,
            "source_policy_documents": null,
            "statement": [
              {
                "actions": [
                  "sts:AssumeRole"
                ],
                "condition": [],
                "effect": "Allow",
                "not_actions": [],
                "not_principals": [],
                "not_resources": [],
                "principals": [
                  {
                    "identifiers": [
                      "ec2.amazonaws.com"
                    ],
                    "type": "Service"
                  }
                ],
                "resources": [],
                "sid": ""
              }
            ],
            "version": "2012-10-17"
          },
          "sensitive_attributes": []
        }
      ]
    },
    {
      "mode": "managed",
      "type": "aws_iam_instance_profile",
      "name": "session_manager",
      "provider": "provider[\"registry.terraform.io/hashicorp/aws\"]",
      "instances": [
        {
          "schema_version": 0,
          "attributes": {
            "arn": "arn:aws:iam::159184128979:instance-profile/session_manager",
            "create_date": "2024-05-27T08:05:06Z",
            "id": "session_manager",
            "name": "session_manager",
            "name_prefix": "",
            "path": "/",
            "role": "session_manager",
            "tags": null,
            "tags_all": {},
            "unique_id": "AIPASKEA5BPJ6B3J7W4JY"
          },
          "sensitive_attributes": [],
          "private": "bnVsbA==",
          "dependencies": [
            "aws_iam_role.session_manager",
            "data.aws_iam_policy_document.ec2"
          ],
          "create_before_destroy": true
        }
      ]
    },
    {
      "mode": "managed",
      "type": "aws_iam_policy",
      "name": "session_manager",
      "provider": "provider[\"registry.terraform.io/hashicorp/aws\"]",
      "instances": [
        {
          "schema_version": 0,
          "attributes": {
            "arn": "arn:aws:iam::159184128979:policy/session_manager",
            "description": "session_manager",
            "id": "arn:aws:iam::159184128979:policy/session_manager",
            "name": "session_manager",
            "name_prefix": "",
            "path": "/",
            "policy": "{\"Statement\":[{\"Action\":\"ec2:*\",\"Effect\":\"Allow\",\"Resource\":\"*\"},{\"Action\":\"elasticloadbalancing:*\",\"Effect\":\"Allow\",\"Resource\":\"*\"},{\"Action\":\"cloudwatch:*\",\"Effect\":\"Allow\",\"Resource\":\"*\"},{\"Action\":\"autoscaling:*\",\"Effect\":\"Allow\",\"Resource\":\"*\"},{\"Action\":\"iam:CreateServiceLinkedRole\",\"Condition\":{\"StringEquals\":{\"iam:AWSServiceName\":[\"autoscaling.amazonaws.com\",\"ec2scheduled.amazonaws.com\",\"elasticloadbalancing.amazonaws.com\",\"spot.amazonaws.com\",\"spotfleet.amazonaws.com\",\"transitgateway.amazonaws.com\"]}},\"Effect\":\"Allow\",\"Resource\":\"*\"}],\"Version\":\"2012-10-17\"}",
            "policy_id": "ANPASKEA5BPJS6YWJMKQE",
            "tags": null,
            "tags_all": {}
          },
          "sensitive_attributes": [],
          "private": "bnVsbA=="
        }
      ]
    },
    {
      "mode": "managed",
      "type": "aws_iam_role",
      "name": "session_manager",
      "provider": "provider[\"registry.terraform.io/hashicorp/aws\"]",
      "instances": [
        {
          "schema_version": 0,
          "attributes": {
            "arn": "arn:aws:iam::159184128979:role/session_manager",
            "assume_role_policy": "{\"Statement\":[{\"Action\":\"sts:AssumeRole\",\"Effect\":\"Allow\",\"Principal\":{\"Service\":\"ec2.amazonaws.com\"},\"Sid\":\"\"}],\"Version\":\"2012-10-17\"}",
            "create_date": "2024-05-27T08:05:04Z",
            "description": "",
            "force_detach_policies": false,
            "id": "session_manager",
            "inline_policy": [],
            "managed_policy_arns": [],
            "max_session_duration": 3600,
            "name": "session_manager",
            "name_prefix": "",
            "path": "/",
            "permissions_boundary": null,
            "role_last_used": [
              {
                "last_used_date": "",
                "region": ""
              }
            ],
            "tags": {
              "Name": "session_manager"
            },
            "tags_all": {
              "Name": "session_manager"
            },
            "unique_id": "AROASKEA5BPJSJDHJEOWN"
          },
          "sensitive_attributes": [],
          "private": "bnVsbA==",
          "dependencies": [
            "data.aws_iam_policy_document.ec2"
          ],
          "create_before_destroy": true
        }
      ]
    },
    {
      "module": "module.ap-northeast-1",
      "mode": "managed",
      "type": "aws_security_group",
      "name": "ec2_security_group_tokyo",
      "provider": "provider[\"registry.terraform.io/hashicorp/aws\"]",
      "instances": [
        {
          "schema_version": 1,
          "attributes": {
            "arn": "arn:aws:ec2:us-west-2:159184128979:security-group/sg-03eac9f01baa087be",
            "description": "Allow inbound access from the ALB only",
            "egress": [
              {
                "cidr_blocks": [
                  "0.0.0.0/0"
                ],
                "description": "",
                "from_port": 0,
                "ipv6_cidr_blocks": [],
                "prefix_list_ids": [],
                "protocol": "-1",
                "security_groups": [],
                "self": false,
                "to_port": 0
              }
            ],
            "id": "sg-03eac9f01baa087be",
            "ingress": [
              {
                "cidr_blocks": [
                  "0.0.0.0/0"
                ],
                "description": "HTTP",
                "from_port": 80,
                "ipv6_cidr_blocks": [],
                "prefix_list_ids": [],
                "protocol": "tcp",
                "security_groups": [],
                "self": false,
                "to_port": 80
              },
              {
                "cidr_blocks": [
                  "0.0.0.0/0"
                ],
                "description": "HTTPS",
                "from_port": 443,
                "ipv6_cidr_blocks": [],
                "prefix_list_ids": [],
                "protocol": "tcp",
                "security_groups": [],
                "self": false,
                "to_port": 443
              },
              {
                "cidr_blocks": [
                  "0.0.0.0/0"
                ],
                "description": "SSH",
                "from_port": 22,
                "ipv6_cidr_blocks": [],
                "prefix_list_ids": [],
                "protocol": "tcp",
                "security_groups": [],
                "self": false,
                "to_port": 22
              }
            ],
            "name": "ec2_security_group",
            "name_prefix": "",
            "owner_id": "159184128979",
            "revoke_rules_on_delete": false,
            "tags": {
              "Name": "ec2_security_group"
            },
            "tags_all": {
              "Name": "ec2_security_group"
            },
            "timeouts": null,
            "vpc_id": "vpc-09a7606039d8777d3"
          },
          "sensitive_attributes": [],
          "private": "eyJlMmJmYjczMC1lY2FhLTExZTYtOGY4OC0zNDM2M2JjN2M0YzAiOnsiY3JlYXRlIjo2MDAwMDAwMDAwMDAsImRlbGV0ZSI6OTAwMDAwMDAwMDAwfSwic2NoZW1hX3ZlcnNpb24iOiIxIn0=",
          "dependencies": [
            "module.ap-northeast-1.module.vpc.aws_vpc.vpc_tokyo"
          ],
          "create_before_destroy": true
        }
      ]
    },
    {
      "module": "module.ap-northeast-1.module.keypair",
      "mode": "managed",
      "type": "aws_key_pair",
      "name": "generated_key_tokyo",
      "provider": "provider[\"registry.terraform.io/hashicorp/aws\"]",
      "instances": [
        {
          "schema_version": 1,
          "attributes": {
            "arn": "arn:aws:ec2:us-west-2:159184128979:key-pair/ec2key_tokyo",
            "fingerprint": "67:f0:bc:72:4a:58:0c:ee:8f:04:95:bf:cf:eb:d4:32",
            "id": "ec2key_tokyo",
            "key_name": "ec2key_tokyo",
            "key_name_prefix": "",
            "key_pair_id": "key-0c639bc817b0fa002",
            "key_type": "rsa",
            "public_key": "ssh-rsa AAAAB3NzaC1yc2EAAAADAQABAAACAQDmIBD4mIppEGpC4tXhRWTJVnEL9v76LexFIgvs26+HM8uy/FQXibSZtRFLPBtBTNAe003gN1AhXzwGTCoHaY7TqjvjYL19QPpVB/XNvGCTxYYGgJEwvija2HrJ+v1EEcc2FEVzGi4N4i43HqgJcVNtgwisALV2/mC+94YXcy8P0/97w1zn2h/HJ4oLmV5yqZoU4SIZ27Y6Zmvt7Rfrn1Tx3K4wq7U4/AkhYw5aOZ+XBtIqodHn+QXEKp6A1JNUc5ttejyJSthOGHd8f/aJiKEakINY71cJjXfqaIW5X1Mjyp3fGV5bGlnrxDbiUqMqMJaCii+W0Gx33m9mOCw5RPXdhZgMB5iYlvdpbJjbivtRXJklFNP84mhQ2swWMmjEftDTMBn87fwNTFqC4D7w6z1UuVOdEtlTqDcRkG0ZYgnXU7sveQ5tYJAWSZnCcyQ2l/rCLANMswDangwnhWdeXjAMxo48hKcFlpmjt/sFW8h0WeUKXTFVcPL7xV+1a22axUs+NHNEQgh90luk13Di5GpZvnWtRUvkO2U3Q4bi9cLW32zToA6Uf3Iu5dVo9Ze04JLX5WSE35YvEeKo3Q7M+8JmX8cLZLXpEGN2/+RsD3fMdSrmT6xSyCc79FdkhLCYRXASNDMiCLLmjL0TaMK6+2agYd0vTsiI2ScQxeNpy2THXw==",
            "tags": null,
            "tags_all": {}
          },
          "sensitive_attributes": [],
          "private": "eyJzY2hlbWFfdmVyc2lvbiI6IjEifQ==",
          "dependencies": [
            "module.ap-northeast-1.module.keypair.tls_private_key.ec2key_tokyo"
          ],
          "create_before_destroy": true
        }
      ]
    },
    {
      "module": "module.ap-northeast-1.module.keypair",
      "mode": "managed",
      "type": "local_file",
      "name": "key_tokyo",
      "provider": "provider[\"registry.terraform.io/hashicorp/local\"]",
      "instances": [
        {
          "schema_version": 0,
          "attributes": {
            "content": "-----BEGIN RSA PRIVATE KEY-----\nMIIJKgIBAAKCAgEA5iAQ+JiKaRBqQuLV4UVkyVZxC/b++i3sRSIL7NuvhzPLsvxU\nF4m0mbURSzwbQUzQHtNN4DdQIV88BkwqB2mO06o742C9fUD6VQf1zbxgk8WGBoCR\nML4o2th6yfr9RBHHNhRFcxouDeIuNx6oCXFTbYMIrAC1dv5gvveGF3MvD9P/e8Nc\n59ofxyeKC5lecqmaFOEiGdu2OmZr7e0X659U8dyuMKu1OPwJIWMOWjmflwbSKqHR\n5/kFxCqegNSTVHObbXo8iUrYThh3fH/2iYihGpCDWO9XCY136miFuV9TI8qd3xle\nWxpZ68Q24lKjKjCWgoovltBsd95vZjgsOUT13YWYDAeYmJb3aWyY24r7UVyZJRTT\n/OJoUNrMFjJoxH7Q0zAZ/O38DUxaguA+8Os9VLlTnRLZU6g3EZBtGWIJ11O7L3kO\nbWCQFkmZwnMkNpf6wiwDTLMA2p4MJ4VnXl4wDMaOPISnBZaZo7f7BVvIdFnlCl0x\nVXDy+8VftWttmsVLPjRzREIIfdJbpNdw4uRqWb51rUVL5DtlN0OG4vXC1t9s06AO\nlH9yLuXVaPWXtOCS1+VkhN+WLxHiqN0OzPvCZl/HC2S16RBjdv/kbA93zHUq5k+s\nUsgnO/RXZISwmEVwEjQzIgiy5oy9E2jCuvtmoGHdL07IiNknEMXjactkx18CAwEA\nAQKCAgEAgedKDTr2rvZQNa+csoycpzb/m5RzPMCdpizg9HTSsgygCUp9IchfRYE7\n4O9uJz94IF6BkHdI6X28AYYPF54TvRJUujcK4GDErylOLTQQhHo0/QiobQ57O4aG\nUew3+avbe4CX77CwnK+4DO9mReZOBPy58XZ4+VIBROuvKx+fSl0O1Etk75Bm7eI4\n//E0qp9o1i58NIKdbHwSov16ykxoBBvhzKGxLBjCArHLEU2D9Boqm1w7hKpDAghY\n7zqQbFTSQUuGTq4MSpFvKb2Gav7QipFXQ+XfiQntzknwasMPyJ2A3saQR/cpGXjq\nznl9l7xTyh69XHINOOE8m0RMWou+CZseWejKWnpzkS1gVSIA54GUJT5wDWZJ9mSL\npf7FBd4axcO2BexgyLpgNQjCB0cExtbGpfhUGoX3H50/cqz4p8d2FYheUiLN0OUb\nDNoVS0O5kDoSuYhCNkv08ys2DLBX7SFux7nJJ5+ZZ41B+W6m+4ooWk7DfAD9bytG\nEWu6oCb6YfFYh3iX+L/MWOjIK8QZF7EgTEDk2zgFUC+vKFe6e/AkCQEjm8bGZcMv\nuMc3b5IWaUAeUwyHWLFIhS6FCARFkIQ1tJ5fDeEsI6CgpkEnG7Jir22xqtvgEUpF\nKSl5mof7UD80KyQ1Egj9OkWzCBQoofZEQgP2lAhRX+h7Zw9PaIECggEBAOdILztI\n5mFr9U0IAufum5IL80RcEbTxruUg7FngGO9XmLesdH0C/1ZlEQQnv8l+4+KYT3Pl\n/WQJo4rRvAepcg5Mbm+tkJSrXyCf7PO+igFrvT0BEe4Gxz/Z/nLT1zO7TyH0Xawd\nyebjNDArme0Ydt9Zly60B7C3+RgzGZLUPnyl64kR3BT/G68KOuSaL9tOjqpaQJgx\nDZcpapChQXYgE9HmMuMnPkAYmOTWB+W8ivqDlPsy91y3G06lGfApW/QMZbw8NGPd\nRFG/jzhY8OG2daZRgWk1X+8Ml4i0wKEOjqpDgl8Vlc9ut/t6CtBpbiJRwN+IVP0Q\nnluLprWTQXmGXUECggEBAP64PAVu0dym6ECwB86mwaJ5Yl+zUBnu3gjH7PD5g8U4\n+Lbxe7hG7gnTfHfV1y/t4mA9V8XBrl6SfX/Bd0WblvnJJezLII/NPtMIHem6BJLt\nS7LVgJrPHQUdbXzwmcjRzXkeCByn63yqKKccrNBRGpGb/fjpFQE7isyGxs5SoGYN\nLTiY/Qx/FnM/o4cd4xQJNwUTyElsb8PRrN/aWCmqKyFKB5t0rO4Ildj9lIoGT3hI\nfj+4D0tJ1AiKlHmN/dqd/fgmXWEhoeYozzq83LARQe1pWyeLkqiIvGqJ8nk8Ir3u\n/ovr1w1p683kTIjlCo+2Wp0vlmKuiiOqu7nVY3yN3J8CggEBAMTTFIbyckUEWBy3\nLant0O1ISD2r0NHZQAr0qs+NvAqr1GazV+svitceaY3MuhWjbBJhpnQujSb+YPR5\nqvgmRs9OUkmuPrWW5fzgvQlt5QpygviQmY6krBp1zWoxSBpZVG3EBZe9Ph7EypwX\n7wXsZPWMy/FN+qF034KtshzXjVoM5dafoVkpBYlAPoBfi0yqnRTye7hJPpSfBXaS\nFSCPCe7+Zd4UfpCTnkJYtx3XB7tMEZR5ejOoDJAwR1OwDvYxOr8nyToXitW7HQpJ\n/q1H1vW0tVowtzS71ZXcpXYq6lSR4ThEKVr/kYltAhj9MGH6ixZwcktvQiUMQtKR\nwA3IwEECggEBAIEfV53RbaUTHw0brvl84w+/xLSKq4JZ6kg9QMlvUvL5TGtAwtzJ\naAWnJaOBzVHIn0b2EbZ31jKuw9utcQ7iLoh1BTqiReFfxAcqSC+hUoxAqmz/efAA\nKc/b+RKqzOpWIHjTVn1gSimqAG2mRZxcYMGLeBVj4nf7fQLtF36juBfDejcEptJc\n4j6N9hGafvA7M57pRlCiHY4Ajkfz4VlNoAuCAZU2citAQuX6tf+57zMkXItkfKxH\nwqqJxXZRGmxmRsYyfIeuiumnqlU2RBEkzmzRSZokULYKiqjfQQFgEKSDsJmxdhSg\nqx52Kq4CnXX4lLq10uA3ZmNqOzubBpGvQDUCggEALq63gB3e4oro6wpyJLr+kMgp\nkjgv2+QGmWucNxcPZWm6WMjiSjPYWlGf0WYDGDlBwHYjdEAlxz5MCG5h7iSaiUf9\nsmx4M1bDvEguYH1ql04IPXwtfR4uXEiC7j99hJVCDUfG0BKTZPBkcp1LTwxTWnKC\ndrbRgJ15jROdRbv6HjCw1SNekmmZySTWqKV8pzP+KNA/IRUqWt8yJzPxQ5dpSdf8\ndaolyI+gooyhqcluj3gVAEBNS5EaERT0k0lSkrvEo3ZuI81BUdYe6OXEbLvo1jy3\nlNboazdNuTkEddzb+ScKSaIytxfFGpMsQaEFMzHOLkh/G34zcZUq0vDmWUTwwQ==\n-----END RSA PRIVATE KEY-----\n",
            "content_base64": null,
            "content_base64sha256": "8hWFw5LOWnzblBBrtIQxHBPYvT6hBSxmDatnGvTABdw=",
            "content_base64sha512": "QoBSsnVO6g24stWPGRbjPeYKo1rVJUH6i9TBVIJrQfUNyxBec+p9yrPCwyQVZn5D1pBzlvM/hJ0f8b9vdmEwsg==",
            "content_md5": "777156def616eb7a6a4a64e79b114408",
            "content_sha1": "6cb2a03a258be368bd35db4a8c485f3bc7ea388c",
            "content_sha256": "f21585c392ce5a7cdb94106bb484311c13d8bd3ea1052c660dab671af4c005dc",
            "content_sha512": "428052b2754eea0db8b2d58f1916e33de60aa35ad52541fa8bd4c154826b41f50dcb105e73ea7dcab3c2c32415667e43d6907396f33f849d1ff1bf6f766130b2",
            "directory_permission": "0777",
            "file_permission": "0400",
            "filename": "ec2key_tokyo.pem",
            "id": "6cb2a03a258be368bd35db4a8c485f3bc7ea388c",
            "sensitive_content": null,
            "source": null
          },
          "sensitive_attributes": [
            [
              {
                "type": "get_attr",
                "value": "content"
              }
            ],
            [
              {
                "type": "get_attr",
                "value": "sensitive_content"
              }
            ]
          ],
          "dependencies": [
            "module.ap-northeast-1.module.keypair.tls_private_key.ec2key_tokyo"
          ]
        }
      ]
    },
    {
      "module": "module.ap-northeast-1.module.keypair",
      "mode": "managed",
      "type": "tls_private_key",
      "name": "ec2key_tokyo",
      "provider": "provider[\"registry.terraform.io/hashicorp/tls\"]",
      "instances": [
        {
          "schema_version": 1,
          "attributes": {
            "algorithm": "RSA",
            "ecdsa_curve": "P224",
            "id": "80f0a6092c947f83757900346c584a180c19d636",
            "private_key_openssh": "-----BEGIN OPENSSH PRIVATE KEY-----\nb3BlbnNzaC1rZXktdjEAAAAABG5vbmUAAAAEbm9uZQAAAAAAAAABAAACFwAAAAdz\nc2gtcnNhAAAAAwEAAQAAAgEA5iAQ+JiKaRBqQuLV4UVkyVZxC/b++i3sRSIL7Nuv\nhzPLsvxUF4m0mbURSzwbQUzQHtNN4DdQIV88BkwqB2mO06o742C9fUD6VQf1zbxg\nk8WGBoCRML4o2th6yfr9RBHHNhRFcxouDeIuNx6oCXFTbYMIrAC1dv5gvveGF3Mv\nD9P/e8Nc59ofxyeKC5lecqmaFOEiGdu2OmZr7e0X659U8dyuMKu1OPwJIWMOWjmf\nlwbSKqHR5/kFxCqegNSTVHObbXo8iUrYThh3fH/2iYihGpCDWO9XCY136miFuV9T\nI8qd3xleWxpZ68Q24lKjKjCWgoovltBsd95vZjgsOUT13YWYDAeYmJb3aWyY24r7\nUVyZJRTT/OJoUNrMFjJoxH7Q0zAZ/O38DUxaguA+8Os9VLlTnRLZU6g3EZBtGWIJ\n11O7L3kObWCQFkmZwnMkNpf6wiwDTLMA2p4MJ4VnXl4wDMaOPISnBZaZo7f7BVvI\ndFnlCl0xVXDy+8VftWttmsVLPjRzREIIfdJbpNdw4uRqWb51rUVL5DtlN0OG4vXC\n1t9s06AOlH9yLuXVaPWXtOCS1+VkhN+WLxHiqN0OzPvCZl/HC2S16RBjdv/kbA93\nzHUq5k+sUsgnO/RXZISwmEVwEjQzIgiy5oy9E2jCuvtmoGHdL07IiNknEMXjactk\nx18AAAc4BE+ZxgRPmcYAAAAHc3NoLXJzYQAAAgEA5iAQ+JiKaRBqQuLV4UVkyVZx\nC/b++i3sRSIL7NuvhzPLsvxUF4m0mbURSzwbQUzQHtNN4DdQIV88BkwqB2mO06o7\n42C9fUD6VQf1zbxgk8WGBoCRML4o2th6yfr9RBHHNhRFcxouDeIuNx6oCXFTbYMI\nrAC1dv5gvveGF3MvD9P/e8Nc59ofxyeKC5lecqmaFOEiGdu2OmZr7e0X659U8dyu\nMKu1OPwJIWMOWjmflwbSKqHR5/kFxCqegNSTVHObbXo8iUrYThh3fH/2iYihGpCD\nWO9XCY136miFuV9TI8qd3xleWxpZ68Q24lKjKjCWgoovltBsd95vZjgsOUT13YWY\nDAeYmJb3aWyY24r7UVyZJRTT/OJoUNrMFjJoxH7Q0zAZ/O38DUxaguA+8Os9VLlT\nnRLZU6g3EZBtGWIJ11O7L3kObWCQFkmZwnMkNpf6wiwDTLMA2p4MJ4VnXl4wDMaO\nPISnBZaZo7f7BVvIdFnlCl0xVXDy+8VftWttmsVLPjRzREIIfdJbpNdw4uRqWb51\nrUVL5DtlN0OG4vXC1t9s06AOlH9yLuXVaPWXtOCS1+VkhN+WLxHiqN0OzPvCZl/H\nC2S16RBjdv/kbA93zHUq5k+sUsgnO/RXZISwmEVwEjQzIgiy5oy9E2jCuvtmoGHd\nL07IiNknEMXjactkx18AAAADAQABAAACAQCB50oNOvau9lA1r5yyjJynNv+blHM8\nwJ2mLOD0dNKyDKAJSn0hyF9FgTvg724nP3ggXoGQd0jpfbwBhg8XnhO9ElS6Nwrg\nYMSvKU4tNBCEejT9CKhtDns7hoZR7Df5q9t7gJfvsLCcr7gM72ZF5k4E/Lnxdnj5\nUgFE668rH59KXQ7US2TvkGbt4jj/8TSqn2jWLnw0gp1sfBKi/XrKTGgEG+HMobEs\nGMICscsRTYP0GiqbXDuEqkMCCFjvOpBsVNJBS4ZOrgxKkW8pvYZq/tCKkVdD5d+J\nCe3OSfBqww/InYDexpBH9ykZeOrOeX2XvFPKHr1ccg044TybRExai74Jmx5Z6Mpa\nenORLWBVIgDngZQlPnANZkn2ZIul/sUF3hrFw7YF7GDIumA1CMIHRwTG1sal+FQa\nhfcfnT9yrPinx3YViF5SIs3Q5RsM2hVLQ7mQOhK5iEI2S/TzKzYMsFftIW7Huckn\nn5lnjUH5bqb7iihaTsN8AP1vK0YRa7qgJvph8ViHeJf4v8xY6MgrxBkXsSBMQOTb\nOAVQL68oV7p78CQJASObxsZlwy+4xzdvkhZpQB5TDIdYsUiFLoUIBEWQhDW0nl8N\n4SwjoKCmQScbsmKvbbGq2+ARSkUpKXmah/tQPzQrJDUSCP06RbMIFCih9kRCA/aU\nCFFf6HtnD09ogQAAAQAurreAHd7iiujrCnIkuv6QyCmSOC/b5AaZa5w3Fw9labpY\nyOJKM9haUZ/RZgMYOUHAdiN0QCXHPkwIbmHuJJqJR/2ybHgzVsO8SC5gfWqXTgg9\nfC19Hi5cSILuP32ElUINR8bQEpNk8GRynUtPDFNacoJ2ttGAnXmNE51Fu/oeMLDV\nI16SaZnJJNaopXynM/4o0D8hFSpa3zInM/FDl2lJ1/x1qiXIj6CijKGpyW6PeBUA\nQE1LkRoRFPSTSVKSu8Sjdm4jzUFR1h7o5cRsu+jWPLeU1uhrN025OQR13Nv5JwpJ\nojK3F8UakyxBoQUzMc4uSH8bfjNxlSrS8OZZRPDBAAABAQDnSC87SOZha/VNCALn\n7puSC/NEXBG08a7lIOxZ4BjvV5i3rHR9Av9WZREEJ7/JfuPimE9z5f1kCaOK0bwH\nqXIOTG5vrZCUq18gn+zzvooBa709ARHuBsc/2f5y09czu08h9F2sHcnm4zQwK5nt\nGHbfWZcutAewt/kYMxmS1D58peuJEdwU/xuvCjrkmi/bTo6qWkCYMQ2XKWqQoUF2\nIBPR5jLjJz5AGJjk1gflvIr6g5T7MvdctxtOpRnwKVv0DGW8PDRj3URRv484WPDh\ntnWmUYFpNV/vDJeItMChDo6qQ4JfFZXPbrf7egrQaW4iUcDfiFT9EJ5bi6a1k0F5\nhl1BAAABAQD+uDwFbtHcpuhAsAfOpsGieWJfs1AZ7t4Ix+zw+YPFOPi28Xu4Ru4J\n03x31dcv7eJgPVfFwa5ekn1/wXdFm5b5ySXsyyCPzT7TCB3pugSS7Uuy1YCazx0F\nHW188JnI0c15Hggcp+t8qiinHKzQURqRm/346RUBO4rMhsbOUqBmDS04mP0MfxZz\nP6OHHeMUCTcFE8hJbG/D0azf2lgpqishSgebdKzuCJXY/ZSKBk94SH4/uA9LSdQI\nipR5jf3anf34Jl1hIaHmKM86vNywEUHtaVsni5KoiLxqifJ5PCK97v6L69cNaevN\n5EyI5QqPtlqdL5Ziroojqru51WN8jdyfAAAAAAEC\n-----END OPENSSH PRIVATE KEY-----\n",
            "private_key_pem": "-----BEGIN RSA PRIVATE KEY-----\nMIIJKgIBAAKCAgEA5iAQ+JiKaRBqQuLV4UVkyVZxC/b++i3sRSIL7NuvhzPLsvxU\nF4m0mbURSzwbQUzQHtNN4DdQIV88BkwqB2mO06o742C9fUD6VQf1zbxgk8WGBoCR\nML4o2th6yfr9RBHHNhRFcxouDeIuNx6oCXFTbYMIrAC1dv5gvveGF3MvD9P/e8Nc\n59ofxyeKC5lecqmaFOEiGdu2OmZr7e0X659U8dyuMKu1OPwJIWMOWjmflwbSKqHR\n5/kFxCqegNSTVHObbXo8iUrYThh3fH/2iYihGpCDWO9XCY136miFuV9TI8qd3xle\nWxpZ68Q24lKjKjCWgoovltBsd95vZjgsOUT13YWYDAeYmJb3aWyY24r7UVyZJRTT\n/OJoUNrMFjJoxH7Q0zAZ/O38DUxaguA+8Os9VLlTnRLZU6g3EZBtGWIJ11O7L3kO\nbWCQFkmZwnMkNpf6wiwDTLMA2p4MJ4VnXl4wDMaOPISnBZaZo7f7BVvIdFnlCl0x\nVXDy+8VftWttmsVLPjRzREIIfdJbpNdw4uRqWb51rUVL5DtlN0OG4vXC1t9s06AO\nlH9yLuXVaPWXtOCS1+VkhN+WLxHiqN0OzPvCZl/HC2S16RBjdv/kbA93zHUq5k+s\nUsgnO/RXZISwmEVwEjQzIgiy5oy9E2jCuvtmoGHdL07IiNknEMXjactkx18CAwEA\nAQKCAgEAgedKDTr2rvZQNa+csoycpzb/m5RzPMCdpizg9HTSsgygCUp9IchfRYE7\n4O9uJz94IF6BkHdI6X28AYYPF54TvRJUujcK4GDErylOLTQQhHo0/QiobQ57O4aG\nUew3+avbe4CX77CwnK+4DO9mReZOBPy58XZ4+VIBROuvKx+fSl0O1Etk75Bm7eI4\n//E0qp9o1i58NIKdbHwSov16ykxoBBvhzKGxLBjCArHLEU2D9Boqm1w7hKpDAghY\n7zqQbFTSQUuGTq4MSpFvKb2Gav7QipFXQ+XfiQntzknwasMPyJ2A3saQR/cpGXjq\nznl9l7xTyh69XHINOOE8m0RMWou+CZseWejKWnpzkS1gVSIA54GUJT5wDWZJ9mSL\npf7FBd4axcO2BexgyLpgNQjCB0cExtbGpfhUGoX3H50/cqz4p8d2FYheUiLN0OUb\nDNoVS0O5kDoSuYhCNkv08ys2DLBX7SFux7nJJ5+ZZ41B+W6m+4ooWk7DfAD9bytG\nEWu6oCb6YfFYh3iX+L/MWOjIK8QZF7EgTEDk2zgFUC+vKFe6e/AkCQEjm8bGZcMv\nuMc3b5IWaUAeUwyHWLFIhS6FCARFkIQ1tJ5fDeEsI6CgpkEnG7Jir22xqtvgEUpF\nKSl5mof7UD80KyQ1Egj9OkWzCBQoofZEQgP2lAhRX+h7Zw9PaIECggEBAOdILztI\n5mFr9U0IAufum5IL80RcEbTxruUg7FngGO9XmLesdH0C/1ZlEQQnv8l+4+KYT3Pl\n/WQJo4rRvAepcg5Mbm+tkJSrXyCf7PO+igFrvT0BEe4Gxz/Z/nLT1zO7TyH0Xawd\nyebjNDArme0Ydt9Zly60B7C3+RgzGZLUPnyl64kR3BT/G68KOuSaL9tOjqpaQJgx\nDZcpapChQXYgE9HmMuMnPkAYmOTWB+W8ivqDlPsy91y3G06lGfApW/QMZbw8NGPd\nRFG/jzhY8OG2daZRgWk1X+8Ml4i0wKEOjqpDgl8Vlc9ut/t6CtBpbiJRwN+IVP0Q\nnluLprWTQXmGXUECggEBAP64PAVu0dym6ECwB86mwaJ5Yl+zUBnu3gjH7PD5g8U4\n+Lbxe7hG7gnTfHfV1y/t4mA9V8XBrl6SfX/Bd0WblvnJJezLII/NPtMIHem6BJLt\nS7LVgJrPHQUdbXzwmcjRzXkeCByn63yqKKccrNBRGpGb/fjpFQE7isyGxs5SoGYN\nLTiY/Qx/FnM/o4cd4xQJNwUTyElsb8PRrN/aWCmqKyFKB5t0rO4Ildj9lIoGT3hI\nfj+4D0tJ1AiKlHmN/dqd/fgmXWEhoeYozzq83LARQe1pWyeLkqiIvGqJ8nk8Ir3u\n/ovr1w1p683kTIjlCo+2Wp0vlmKuiiOqu7nVY3yN3J8CggEBAMTTFIbyckUEWBy3\nLant0O1ISD2r0NHZQAr0qs+NvAqr1GazV+svitceaY3MuhWjbBJhpnQujSb+YPR5\nqvgmRs9OUkmuPrWW5fzgvQlt5QpygviQmY6krBp1zWoxSBpZVG3EBZe9Ph7EypwX\n7wXsZPWMy/FN+qF034KtshzXjVoM5dafoVkpBYlAPoBfi0yqnRTye7hJPpSfBXaS\nFSCPCe7+Zd4UfpCTnkJYtx3XB7tMEZR5ejOoDJAwR1OwDvYxOr8nyToXitW7HQpJ\n/q1H1vW0tVowtzS71ZXcpXYq6lSR4ThEKVr/kYltAhj9MGH6ixZwcktvQiUMQtKR\nwA3IwEECggEBAIEfV53RbaUTHw0brvl84w+/xLSKq4JZ6kg9QMlvUvL5TGtAwtzJ\naAWnJaOBzVHIn0b2EbZ31jKuw9utcQ7iLoh1BTqiReFfxAcqSC+hUoxAqmz/efAA\nKc/b+RKqzOpWIHjTVn1gSimqAG2mRZxcYMGLeBVj4nf7fQLtF36juBfDejcEptJc\n4j6N9hGafvA7M57pRlCiHY4Ajkfz4VlNoAuCAZU2citAQuX6tf+57zMkXItkfKxH\nwqqJxXZRGmxmRsYyfIeuiumnqlU2RBEkzmzRSZokULYKiqjfQQFgEKSDsJmxdhSg\nqx52Kq4CnXX4lLq10uA3ZmNqOzubBpGvQDUCggEALq63gB3e4oro6wpyJLr+kMgp\nkjgv2+QGmWucNxcPZWm6WMjiSjPYWlGf0WYDGDlBwHYjdEAlxz5MCG5h7iSaiUf9\nsmx4M1bDvEguYH1ql04IPXwtfR4uXEiC7j99hJVCDUfG0BKTZPBkcp1LTwxTWnKC\ndrbRgJ15jROdRbv6HjCw1SNekmmZySTWqKV8pzP+KNA/IRUqWt8yJzPxQ5dpSdf8\ndaolyI+gooyhqcluj3gVAEBNS5EaERT0k0lSkrvEo3ZuI81BUdYe6OXEbLvo1jy3\nlNboazdNuTkEddzb+ScKSaIytxfFGpMsQaEFMzHOLkh/G34zcZUq0vDmWUTwwQ==\n-----END RSA PRIVATE KEY-----\n",
            "private_key_pem_pkcs8": "-----BEGIN PRIVATE KEY-----\nMIIJRAIBADANBgkqhkiG9w0BAQEFAASCCS4wggkqAgEAAoICAQDmIBD4mIppEGpC\n4tXhRWTJVnEL9v76LexFIgvs26+HM8uy/FQXibSZtRFLPBtBTNAe003gN1AhXzwG\nTCoHaY7TqjvjYL19QPpVB/XNvGCTxYYGgJEwvija2HrJ+v1EEcc2FEVzGi4N4i43\nHqgJcVNtgwisALV2/mC+94YXcy8P0/97w1zn2h/HJ4oLmV5yqZoU4SIZ27Y6Zmvt\n7Rfrn1Tx3K4wq7U4/AkhYw5aOZ+XBtIqodHn+QXEKp6A1JNUc5ttejyJSthOGHd8\nf/aJiKEakINY71cJjXfqaIW5X1Mjyp3fGV5bGlnrxDbiUqMqMJaCii+W0Gx33m9m\nOCw5RPXdhZgMB5iYlvdpbJjbivtRXJklFNP84mhQ2swWMmjEftDTMBn87fwNTFqC\n4D7w6z1UuVOdEtlTqDcRkG0ZYgnXU7sveQ5tYJAWSZnCcyQ2l/rCLANMswDangwn\nhWdeXjAMxo48hKcFlpmjt/sFW8h0WeUKXTFVcPL7xV+1a22axUs+NHNEQgh90luk\n13Di5GpZvnWtRUvkO2U3Q4bi9cLW32zToA6Uf3Iu5dVo9Ze04JLX5WSE35YvEeKo\n3Q7M+8JmX8cLZLXpEGN2/+RsD3fMdSrmT6xSyCc79FdkhLCYRXASNDMiCLLmjL0T\naMK6+2agYd0vTsiI2ScQxeNpy2THXwIDAQABAoICAQCB50oNOvau9lA1r5yyjJyn\nNv+blHM8wJ2mLOD0dNKyDKAJSn0hyF9FgTvg724nP3ggXoGQd0jpfbwBhg8XnhO9\nElS6NwrgYMSvKU4tNBCEejT9CKhtDns7hoZR7Df5q9t7gJfvsLCcr7gM72ZF5k4E\n/Lnxdnj5UgFE668rH59KXQ7US2TvkGbt4jj/8TSqn2jWLnw0gp1sfBKi/XrKTGgE\nG+HMobEsGMICscsRTYP0GiqbXDuEqkMCCFjvOpBsVNJBS4ZOrgxKkW8pvYZq/tCK\nkVdD5d+JCe3OSfBqww/InYDexpBH9ykZeOrOeX2XvFPKHr1ccg044TybRExai74J\nmx5Z6MpaenORLWBVIgDngZQlPnANZkn2ZIul/sUF3hrFw7YF7GDIumA1CMIHRwTG\n1sal+FQahfcfnT9yrPinx3YViF5SIs3Q5RsM2hVLQ7mQOhK5iEI2S/TzKzYMsFft\nIW7Hucknn5lnjUH5bqb7iihaTsN8AP1vK0YRa7qgJvph8ViHeJf4v8xY6MgrxBkX\nsSBMQOTbOAVQL68oV7p78CQJASObxsZlwy+4xzdvkhZpQB5TDIdYsUiFLoUIBEWQ\nhDW0nl8N4SwjoKCmQScbsmKvbbGq2+ARSkUpKXmah/tQPzQrJDUSCP06RbMIFCih\n9kRCA/aUCFFf6HtnD09ogQKCAQEA50gvO0jmYWv1TQgC5+6bkgvzRFwRtPGu5SDs\nWeAY71eYt6x0fQL/VmURBCe/yX7j4phPc+X9ZAmjitG8B6lyDkxub62QlKtfIJ/s\n876KAWu9PQER7gbHP9n+ctPXM7tPIfRdrB3J5uM0MCuZ7Rh231mXLrQHsLf5GDMZ\nktQ+fKXriRHcFP8brwo65Jov206OqlpAmDENlylqkKFBdiAT0eYy4yc+QBiY5NYH\n5byK+oOU+zL3XLcbTqUZ8Clb9AxlvDw0Y91EUb+POFjw4bZ1plGBaTVf7wyXiLTA\noQ6OqkOCXxWVz263+3oK0GluIlHA34hU/RCeW4umtZNBeYZdQQKCAQEA/rg8BW7R\n3KboQLAHzqbBonliX7NQGe7eCMfs8PmDxTj4tvF7uEbuCdN8d9XXL+3iYD1XxcGu\nXpJ9f8F3RZuW+ckl7Msgj80+0wgd6boEku1LstWAms8dBR1tfPCZyNHNeR4IHKfr\nfKoopxys0FEakZv9+OkVATuKzIbGzlKgZg0tOJj9DH8Wcz+jhx3jFAk3BRPISWxv\nw9Gs39pYKaorIUoHm3Ss7giV2P2UigZPeEh+P7gPS0nUCIqUeY392p39+CZdYSGh\n5ijPOrzcsBFB7WlbJ4uSqIi8aonyeTwive7+i+vXDWnrzeRMiOUKj7ZanS+WYq6K\nI6q7udVjfI3cnwKCAQEAxNMUhvJyRQRYHLctqe3Q7UhIPavQ0dlACvSqz428CqvU\nZrNX6y+K1x5pjcy6FaNsEmGmdC6NJv5g9Hmq+CZGz05SSa4+tZbl/OC9CW3lCnKC\n+JCZjqSsGnXNajFIGllUbcQFl70+HsTKnBfvBexk9YzL8U36oXTfgq2yHNeNWgzl\n1p+hWSkFiUA+gF+LTKqdFPJ7uEk+lJ8FdpIVII8J7v5l3hR+kJOeQli3HdcHu0wR\nlHl6M6gMkDBHU7AO9jE6vyfJOheK1bsdCkn+rUfW9bS1WjC3NLvVldyldirqVJHh\nOEQpWv+RiW0CGP0wYfqLFnByS29CJQxC0pHADcjAQQKCAQEAgR9XndFtpRMfDRuu\n+XzjD7/EtIqrglnqSD1AyW9S8vlMa0DC3MloBaclo4HNUcifRvYRtnfWMq7D261x\nDuIuiHUFOqJF4V/EBypIL6FSjECqbP958AApz9v5EqrM6lYgeNNWfWBKKaoAbaZF\nnFxgwYt4FWPid/t9Au0XfqO4F8N6NwSm0lziPo32EZp+8DsznulGUKIdjgCOR/Ph\nWU2gC4IBlTZyK0BC5fq1/7nvMyRci2R8rEfCqonFdlEabGZGxjJ8h66K6aeqVTZE\nESTObNFJmiRQtgqKqN9BAWAQpIOwmbF2FKCrHnYqrgKddfiUurXS4DdmY2o7O5sG\nka9ANQKCAQAurreAHd7iiujrCnIkuv6QyCmSOC/b5AaZa5w3Fw9labpYyOJKM9ha\nUZ/RZgMYOUHAdiN0QCXHPkwIbmHuJJqJR/2ybHgzVsO8SC5gfWqXTgg9fC19Hi5c\nSILuP32ElUINR8bQEpNk8GRynUtPDFNacoJ2ttGAnXmNE51Fu/oeMLDVI16SaZnJ\nJNaopXynM/4o0D8hFSpa3zInM/FDl2lJ1/x1qiXIj6CijKGpyW6PeBUAQE1LkRoR\nFPSTSVKSu8Sjdm4jzUFR1h7o5cRsu+jWPLeU1uhrN025OQR13Nv5JwpJojK3F8Ua\nkyxBoQUzMc4uSH8bfjNxlSrS8OZZRPDB\n-----END PRIVATE KEY-----\n",
            "public_key_fingerprint_md5": "f0:b9:54:f7:a5:75:0f:2f:e7:79:f7:86:40:8b:1d:94",
            "public_key_fingerprint_sha256": "SHA256:KL8WhLZQAC6SkQYhrUzGkMQYYzHxegxDepiiSbgP/d8",
            "public_key_openssh": "ssh-rsa AAAAB3NzaC1yc2EAAAADAQABAAACAQDmIBD4mIppEGpC4tXhRWTJVnEL9v76LexFIgvs26+HM8uy/FQXibSZtRFLPBtBTNAe003gN1AhXzwGTCoHaY7TqjvjYL19QPpVB/XNvGCTxYYGgJEwvija2HrJ+v1EEcc2FEVzGi4N4i43HqgJcVNtgwisALV2/mC+94YXcy8P0/97w1zn2h/HJ4oLmV5yqZoU4SIZ27Y6Zmvt7Rfrn1Tx3K4wq7U4/AkhYw5aOZ+XBtIqodHn+QXEKp6A1JNUc5ttejyJSthOGHd8f/aJiKEakINY71cJjXfqaIW5X1Mjyp3fGV5bGlnrxDbiUqMqMJaCii+W0Gx33m9mOCw5RPXdhZgMB5iYlvdpbJjbivtRXJklFNP84mhQ2swWMmjEftDTMBn87fwNTFqC4D7w6z1UuVOdEtlTqDcRkG0ZYgnXU7sveQ5tYJAWSZnCcyQ2l/rCLANMswDangwnhWdeXjAMxo48hKcFlpmjt/sFW8h0WeUKXTFVcPL7xV+1a22axUs+NHNEQgh90luk13Di5GpZvnWtRUvkO2U3Q4bi9cLW32zToA6Uf3Iu5dVo9Ze04JLX5WSE35YvEeKo3Q7M+8JmX8cLZLXpEGN2/+RsD3fMdSrmT6xSyCc79FdkhLCYRXASNDMiCLLmjL0TaMK6+2agYd0vTsiI2ScQxeNpy2THXw==\n",
            "public_key_pem": "-----BEGIN PUBLIC KEY-----\nMIICIjANBgkqhkiG9w0BAQEFAAOCAg8AMIICCgKCAgEA5iAQ+JiKaRBqQuLV4UVk\nyVZxC/b++i3sRSIL7NuvhzPLsvxUF4m0mbURSzwbQUzQHtNN4DdQIV88BkwqB2mO\n06o742C9fUD6VQf1zbxgk8WGBoCRML4o2th6yfr9RBHHNhRFcxouDeIuNx6oCXFT\nbYMIrAC1dv5gvveGF3MvD9P/e8Nc59ofxyeKC5lecqmaFOEiGdu2OmZr7e0X659U\n8dyuMKu1OPwJIWMOWjmflwbSKqHR5/kFxCqegNSTVHObbXo8iUrYThh3fH/2iYih\nGpCDWO9XCY136miFuV9TI8qd3xleWxpZ68Q24lKjKjCWgoovltBsd95vZjgsOUT1\n3YWYDAeYmJb3aWyY24r7UVyZJRTT/OJoUNrMFjJoxH7Q0zAZ/O38DUxaguA+8Os9\nVLlTnRLZU6g3EZBtGWIJ11O7L3kObWCQFkmZwnMkNpf6wiwDTLMA2p4MJ4VnXl4w\nDMaOPISnBZaZo7f7BVvIdFnlCl0xVXDy+8VftWttmsVLPjRzREIIfdJbpNdw4uRq\nWb51rUVL5DtlN0OG4vXC1t9s06AOlH9yLuXVaPWXtOCS1+VkhN+WLxHiqN0OzPvC\nZl/HC2S16RBjdv/kbA93zHUq5k+sUsgnO/RXZISwmEVwEjQzIgiy5oy9E2jCuvtm\noGHdL07IiNknEMXjactkx18CAwEAAQ==\n-----END PUBLIC KEY-----\n",
            "rsa_bits": 4096
          },
          "sensitive_attributes": [
            [
              {
                "type": "get_attr",
                "value": "private_key_openssh"
              }
            ],
            [
              {
                "type": "get_attr",
                "value": "private_key_pem_pkcs8"
              }
            ],
            [
              {
                "type": "get_attr",
                "value": "private_key_pem"
              }
            ]
          ],
          "create_before_destroy": true
        }
      ]
    },
    {
      "module": "module.ap-northeast-1.module.vpc",
      "mode": "managed",
      "type": "aws_internet_gateway",
      "name": "igw_vpc_tokyo",
      "provider": "provider[\"registry.terraform.io/hashicorp/aws\"]",
      "instances": [
        {
          "schema_version": 0,
          "attributes": {
            "arn": "arn:aws:ec2:us-west-2:159184128979:internet-gateway/igw-082eaf2a92df89339",
            "id": "igw-082eaf2a92df89339",
            "owner_id": "159184128979",
            "tags": {
              "Name": "igw_vpc_tokyo"
            },
            "tags_all": {
              "Name": "igw_vpc_tokyo"
            },
            "timeouts": null,
            "vpc_id": "vpc-09a7606039d8777d3"
          },
          "sensitive_attributes": [],
          "private": "eyJlMmJmYjczMC1lY2FhLTExZTYtOGY4OC0zNDM2M2JjN2M0YzAiOnsiY3JlYXRlIjoxMjAwMDAwMDAwMDAwLCJkZWxldGUiOjEyMDAwMDAwMDAwMDAsInVwZGF0ZSI6MTIwMDAwMDAwMDAwMH19",
          "dependencies": [
            "module.ap-northeast-1.module.vpc.aws_vpc.vpc_tokyo"
          ]
        }
      ]
    },
    {
      "module": "module.ap-northeast-1.module.vpc",
      "mode": "managed",
      "type": "aws_route_table",
      "name": "route_private_subnet_vpc_tokyo",
      "provider": "provider[\"registry.terraform.io/hashicorp/aws\"]",
      "instances": [
        {
          "schema_version": 0,
          "attributes": {
            "arn": "arn:aws:ec2:us-west-2:159184128979:route-table/rtb-019220a8965d4441b",
            "id": "rtb-019220a8965d4441b",
            "owner_id": "159184128979",
            "propagating_vgws": [],
            "route": [],
            "tags": {
              "Name": "route_private_subnet_vpc_tokyo"
            },
            "tags_all": {
              "Name": "route_private_subnet_vpc_tokyo"
            },
            "timeouts": null,
            "vpc_id": "vpc-09a7606039d8777d3"
          },
          "sensitive_attributes": [],
          "private": "eyJlMmJmYjczMC1lY2FhLTExZTYtOGY4OC0zNDM2M2JjN2M0YzAiOnsiY3JlYXRlIjozMDAwMDAwMDAwMDAsImRlbGV0ZSI6MzAwMDAwMDAwMDAwLCJ1cGRhdGUiOjEyMDAwMDAwMDAwMH19",
          "dependencies": [
            "module.ap-northeast-1.module.vpc.aws_vpc.vpc_tokyo"
          ]
        }
      ]
    },
    {
      "module": "module.ap-northeast-1.module.vpc",
      "mode": "managed",
      "type": "aws_route_table",
      "name": "route_public_subnet_vpc_tokyo",
      "provider": "provider[\"registry.terraform.io/hashicorp/aws\"]",
      "instances": [
        {
          "schema_version": 0,
          "attributes": {
            "arn": "arn:aws:ec2:us-west-2:159184128979:route-table/rtb-0a305ca2f159fd588",
            "id": "rtb-0a305ca2f159fd588",
            "owner_id": "159184128979",
            "propagating_vgws": [],
            "route": [
              {
                "carrier_gateway_id": "",
                "cidr_block": "0.0.0.0/0",
                "core_network_arn": "",
                "destination_prefix_list_id": "",
                "egress_only_gateway_id": "",
                "gateway_id": "igw-082eaf2a92df89339",
                "instance_id": "",
                "ipv6_cidr_block": "",
                "local_gateway_id": "",
                "nat_gateway_id": "",
                "network_interface_id": "",
                "transit_gateway_id": "",
                "vpc_endpoint_id": "",
                "vpc_peering_connection_id": ""
              }
            ],
            "tags": {
              "Name": "route_public_subnet_vpc_tokyo"
            },
            "tags_all": {
              "Name": "route_public_subnet_vpc_tokyo"
            },
            "timeouts": null,
            "vpc_id": "vpc-09a7606039d8777d3"
          },
          "sensitive_attributes": [],
          "private": "eyJlMmJmYjczMC1lY2FhLTExZTYtOGY4OC0zNDM2M2JjN2M0YzAiOnsiY3JlYXRlIjozMDAwMDAwMDAwMDAsImRlbGV0ZSI6MzAwMDAwMDAwMDAwLCJ1cGRhdGUiOjEyMDAwMDAwMDAwMH19",
          "dependencies": [
            "module.ap-northeast-1.module.vpc.aws_internet_gateway.igw_vpc_tokyo",
            "module.ap-northeast-1.module.vpc.aws_vpc.vpc_tokyo"
          ]
        }
      ]
    },
    {
      "module": "module.ap-northeast-1.module.vpc",
      "mode": "managed",
      "type": "aws_vpc",
      "name": "vpc_tokyo",
      "provider": "provider[\"registry.terraform.io/hashicorp/aws\"]",
      "instances": [
        {
          "schema_version": 1,
          "attributes": {
            "arn": "arn:aws:ec2:us-west-2:159184128979:vpc/vpc-09a7606039d8777d3",
            "assign_generated_ipv6_cidr_block": false,
            "cidr_block": "11.0.0.0/16",
            "default_network_acl_id": "acl-0e0a7d826a63a82a3",
            "default_route_table_id": "rtb-061b6e783129a3d2f",
            "default_security_group_id": "sg-05ed58232a0f3d7ad",
            "dhcp_options_id": "dopt-0a104df655c24d9c1",
            "enable_classiclink": false,
            "enable_classiclink_dns_support": false,
            "enable_dns_hostnames": true,
            "enable_dns_support": true,
            "enable_network_address_usage_metrics": false,
            "id": "vpc-09a7606039d8777d3",
            "instance_tenancy": "default",
            "ipv4_ipam_pool_id": null,
            "ipv4_netmask_length": null,
            "ipv6_association_id": "",
            "ipv6_cidr_block": "",
            "ipv6_cidr_block_network_border_group": "",
            "ipv6_ipam_pool_id": "",
            "ipv6_netmask_length": 0,
            "main_route_table_id": "rtb-061b6e783129a3d2f",
            "owner_id": "159184128979",
            "tags": {
              "Name": "vpc_tokyo"
            },
            "tags_all": {
              "Name": "vpc_tokyo"
            }
          },
          "sensitive_attributes": [],
          "private": "eyJzY2hlbWFfdmVyc2lvbiI6IjEifQ==",
          "create_before_destroy": true
        }
      ]
    },
    {
      "module": "module.us-west-2",
      "mode": "managed",
      "type": "aws_instance",
      "name": "bastion",
      "provider": "provider[\"registry.terraform.io/hashicorp/aws\"]",
      "instances": [
        {
          "index_key": 0,
          "schema_version": 1,
          "attributes": {
            "ami": "ami-01cd4de4363ab6ee8",
            "arn": "arn:aws:ec2:us-west-2:159184128979:instance/i-01e48da2dc7574417",
            "associate_public_ip_address": true,
            "availability_zone": "us-west-2a",
            "capacity_reservation_specification": [
              {
                "capacity_reservation_preference": "open",
                "capacity_reservation_target": []
              }
            ],
            "cpu_core_count": 1,
            "cpu_options": [
              {
                "amd_sev_snp": "",
                "core_count": 1,
                "threads_per_core": 1
              }
            ],
            "cpu_threads_per_core": 1,
            "credit_specification": [
              {
                "cpu_credits": "standard"
              }
            ],
            "disable_api_stop": false,
            "disable_api_termination": false,
            "ebs_block_device": [],
            "ebs_optimized": false,
            "enclave_options": [
              {
                "enabled": false
              }
            ],
            "ephemeral_block_device": [],
            "get_password_data": false,
            "hibernation": false,
            "host_id": "",
            "host_resource_group_arn": null,
            "iam_instance_profile": "session_manager",
            "id": "i-01e48da2dc7574417",
            "instance_initiated_shutdown_behavior": "stop",
            "instance_state": "running",
            "instance_type": "t2.micro",
            "ipv6_address_count": 0,
            "ipv6_addresses": [],
            "key_name": "ec2key",
            "launch_template": [],
            "maintenance_options": [
              {
                "auto_recovery": "default"
              }
            ],
            "metadata_options": [
              {
                "http_endpoint": "enabled",
                "http_put_response_hop_limit": 2,
                "http_tokens": "required",
                "instance_metadata_tags": "disabled"
              }
            ],
            "monitoring": false,
            "network_interface": [],
            "outpost_arn": "",
            "password_data": "",
            "placement_group": "",
            "placement_partition_number": 0,
            "primary_network_interface_id": "eni-01d3039712ac7b812",
            "private_dns": "ip-10-0-1-33.us-west-2.compute.internal",
            "private_dns_name_options": [
              {
                "enable_resource_name_dns_a_record": false,
                "enable_resource_name_dns_aaaa_record": false,
                "hostname_type": "ip-name"
              }
            ],
            "private_ip": "10.0.1.33",
            "public_dns": "ec2-35-94-191-3.us-west-2.compute.amazonaws.com",
            "public_ip": "35.94.191.3",
            "root_block_device": [
              {
                "delete_on_termination": true,
                "device_name": "/dev/xvda",
                "encrypted": false,
                "iops": 3000,
                "kms_key_id": "",
                "tags": {},
                "throughput": 125,
                "volume_id": "vol-0989e7bce0ea3e636",
                "volume_size": 8,
                "volume_type": "gp3"
              }
            ],
            "secondary_private_ips": [],
            "security_groups": [
              "sg-0a8eef0e81d41f270"
            ],
            "source_dest_check": true,
            "subnet_id": "subnet-06ed1700b4f7ca754",
            "tags": {
              "Name": "Bastion_1_public"
            },
            "tags_all": {
              "Name": "Bastion_1_public"
            },
            "tenancy": "default",
            "timeouts": null,
            "user_data": "57264057ebd024bd7871eea80fcbb0fec4308b67",
            "user_data_base64": null,
            "user_data_replace_on_change": false,
            "volume_tags": null,
            "vpc_security_group_ids": [
              "sg-0a8eef0e81d41f270"
            ]
          },
          "sensitive_attributes": [],
          "private": "eyJlMmJmYjczMC1lY2FhLTExZTYtOGY4OC0zNDM2M2JjN2M0YzAiOnsiY3JlYXRlIjo2MDAwMDAwMDAwMDAsImRlbGV0ZSI6MTIwMDAwMDAwMDAwMCwidXBkYXRlIjo2MDAwMDAwMDAwMDB9LCJzY2hlbWFfdmVyc2lvbiI6IjEifQ==",
          "dependencies": [
            "aws_iam_instance_profile.session_manager",
            "aws_iam_role.session_manager",
            "data.aws_iam_policy_document.ec2",
            "module.us-west-2.aws_security_group.ec2_security_group",
            "module.us-west-2.module.keypair.aws_key_pair.generated_key",
            "module.us-west-2.module.keypair.tls_private_key.ec2key",
            "module.us-west-2.module.vpc.aws_subnet.public_sebnet_1_vpc_1",
            "module.us-west-2.module.vpc.aws_subnet.public_subnet_2_vpc_1",
            "module.us-west-2.module.vpc.aws_vpc.vpc_1"
          ],
          "create_before_destroy": true
        },
        {
          "index_key": 1,
          "schema_version": 1,
          "attributes": {
            "ami": "ami-01cd4de4363ab6ee8",
            "arn": "arn:aws:ec2:us-west-2:159184128979:instance/i-0e2013542189777ac",
            "associate_public_ip_address": true,
            "availability_zone": "us-west-2b",
            "capacity_reservation_specification": [
              {
                "capacity_reservation_preference": "open",
                "capacity_reservation_target": []
              }
            ],
            "cpu_core_count": 1,
            "cpu_options": [
              {
                "amd_sev_snp": "",
                "core_count": 1,
                "threads_per_core": 1
              }
            ],
            "cpu_threads_per_core": 1,
            "credit_specification": [
              {
                "cpu_credits": "standard"
              }
            ],
            "disable_api_stop": false,
            "disable_api_termination": false,
            "ebs_block_device": [],
            "ebs_optimized": false,
            "enclave_options": [
              {
                "enabled": false
              }
            ],
            "ephemeral_block_device": [],
            "get_password_data": false,
            "hibernation": false,
            "host_id": "",
            "host_resource_group_arn": null,
            "iam_instance_profile": "session_manager",
            "id": "i-0e2013542189777ac",
            "instance_initiated_shutdown_behavior": "stop",
            "instance_state": "running",
            "instance_type": "t2.micro",
            "ipv6_address_count": 0,
            "ipv6_addresses": [],
            "key_name": "ec2key",
            "launch_template": [],
            "maintenance_options": [
              {
                "auto_recovery": "default"
              }
            ],
            "metadata_options": [
              {
                "http_endpoint": "enabled",
                "http_put_response_hop_limit": 2,
                "http_tokens": "required",
                "instance_metadata_tags": "disabled"
              }
            ],
            "monitoring": false,
            "network_interface": [],
            "outpost_arn": "",
            "password_data": "",
            "placement_group": "",
            "placement_partition_number": 0,
            "primary_network_interface_id": "eni-03409f345cddc430d",
            "private_dns": "ip-10-0-2-214.us-west-2.compute.internal",
            "private_dns_name_options": [
              {
                "enable_resource_name_dns_a_record": false,
                "enable_resource_name_dns_aaaa_record": false,
                "hostname_type": "ip-name"
              }
            ],
            "private_ip": "10.0.2.214",
            "public_dns": "ec2-35-93-135-52.us-west-2.compute.amazonaws.com",
            "public_ip": "35.93.135.52",
            "root_block_device": [
              {
                "delete_on_termination": true,
                "device_name": "/dev/xvda",
                "encrypted": false,
                "iops": 3000,
                "kms_key_id": "",
                "tags": {},
                "throughput": 125,
                "volume_id": "vol-01e91f73368370a85",
                "volume_size": 8,
                "volume_type": "gp3"
              }
            ],
            "secondary_private_ips": [],
            "security_groups": [
              "sg-0a8eef0e81d41f270"
            ],
            "source_dest_check": true,
            "subnet_id": "subnet-03b6f2f4980a122cf",
            "tags": {
              "Name": "Bastion_2_public"
            },
            "tags_all": {
              "Name": "Bastion_2_public"
            },
            "tenancy": "default",
            "timeouts": null,
            "user_data": "57264057ebd024bd7871eea80fcbb0fec4308b67",
            "user_data_base64": null,
            "user_data_replace_on_change": false,
            "volume_tags": null,
            "vpc_security_group_ids": [
              "sg-0a8eef0e81d41f270"
            ]
          },
          "sensitive_attributes": [],
          "private": "eyJlMmJmYjczMC1lY2FhLTExZTYtOGY4OC0zNDM2M2JjN2M0YzAiOnsiY3JlYXRlIjo2MDAwMDAwMDAwMDAsImRlbGV0ZSI6MTIwMDAwMDAwMDAwMCwidXBkYXRlIjo2MDAwMDAwMDAwMDB9LCJzY2hlbWFfdmVyc2lvbiI6IjEifQ==",
          "dependencies": [
            "aws_iam_instance_profile.session_manager",
            "aws_iam_role.session_manager",
            "data.aws_iam_policy_document.ec2",
            "module.us-west-2.aws_security_group.ec2_security_group",
            "module.us-west-2.module.keypair.aws_key_pair.generated_key",
            "module.us-west-2.module.keypair.tls_private_key.ec2key",
            "module.us-west-2.module.vpc.aws_subnet.public_sebnet_1_vpc_1",
            "module.us-west-2.module.vpc.aws_subnet.public_subnet_2_vpc_1",
            "module.us-west-2.module.vpc.aws_vpc.vpc_1"
          ],
          "create_before_destroy": true
        }
      ]
    },
    {
      "module": "module.us-west-2",
      "mode": "managed",
      "type": "aws_instance",
      "name": "bastion2",
      "provider": "provider[\"registry.terraform.io/hashicorp/aws\"]",
      "instances": [
        {
          "schema_version": 1,
          "attributes": {
            "ami": "ami-01cd4de4363ab6ee8",
            "arn": "arn:aws:ec2:us-west-2:159184128979:instance/i-0911a7e63ad4603c2",
            "associate_public_ip_address": true,
            "availability_zone": "us-west-2a",
            "capacity_reservation_specification": [
              {
                "capacity_reservation_preference": "open",
                "capacity_reservation_target": []
              }
            ],
            "cpu_core_count": 1,
            "cpu_options": [
              {
                "amd_sev_snp": "",
                "core_count": 1,
                "threads_per_core": 1
              }
            ],
            "cpu_threads_per_core": 1,
            "credit_specification": [
              {
                "cpu_credits": "standard"
              }
            ],
            "disable_api_stop": false,
            "disable_api_termination": false,
            "ebs_block_device": [],
            "ebs_optimized": false,
            "enclave_options": [
              {
                "enabled": false
              }
            ],
            "ephemeral_block_device": [],
            "get_password_data": false,
            "hibernation": false,
            "host_id": "",
            "host_resource_group_arn": null,
            "iam_instance_profile": "session_manager",
            "id": "i-0911a7e63ad4603c2",
            "instance_initiated_shutdown_behavior": "stop",
            "instance_state": "running",
            "instance_type": "t2.micro",
            "ipv6_address_count": 0,
            "ipv6_addresses": [],
            "key_name": "ec2key",
            "launch_template": [],
            "maintenance_options": [
              {
                "auto_recovery": "default"
              }
            ],
            "metadata_options": [
              {
                "http_endpoint": "enabled",
                "http_put_response_hop_limit": 2,
                "http_tokens": "required",
                "instance_metadata_tags": "disabled"
              }
            ],
            "monitoring": false,
            "network_interface": [],
            "outpost_arn": "",
            "password_data": "",
            "placement_group": "",
            "placement_partition_number": 0,
            "primary_network_interface_id": "eni-0000a66a804f817c1",
            "private_dns": "ip-10-1-1-15.us-west-2.compute.internal",
            "private_dns_name_options": [
              {
                "enable_resource_name_dns_a_record": false,
                "enable_resource_name_dns_aaaa_record": false,
                "hostname_type": "ip-name"
              }
            ],
            "private_ip": "10.1.1.15",
            "public_dns": "ec2-52-10-128-124.us-west-2.compute.amazonaws.com",
            "public_ip": "52.10.128.124",
            "root_block_device": [
              {
                "delete_on_termination": true,
                "device_name": "/dev/xvda",
                "encrypted": false,
                "iops": 3000,
                "kms_key_id": "",
                "tags": {},
                "throughput": 125,
                "volume_id": "vol-0395f7ef19e2d6cd8",
                "volume_size": 8,
                "volume_type": "gp3"
              }
            ],
            "secondary_private_ips": [],
            "security_groups": [
              "sg-07227e58225e01d21"
            ],
            "source_dest_check": true,
            "subnet_id": "subnet-04094e960aaf8fa6d",
            "tags": {
              "Name": "Bastion_2_public"
            },
            "tags_all": {
              "Name": "Bastion_2_public"
            },
            "tenancy": "default",
            "timeouts": null,
            "user_data": "57264057ebd024bd7871eea80fcbb0fec4308b67",
            "user_data_base64": null,
            "user_data_replace_on_change": false,
            "volume_tags": null,
            "vpc_security_group_ids": [
              "sg-07227e58225e01d21"
            ]
          },
          "sensitive_attributes": [],
          "private": "eyJlMmJmYjczMC1lY2FhLTExZTYtOGY4OC0zNDM2M2JjN2M0YzAiOnsiY3JlYXRlIjo2MDAwMDAwMDAwMDAsImRlbGV0ZSI6MTIwMDAwMDAwMDAwMCwidXBkYXRlIjo2MDAwMDAwMDAwMDB9LCJzY2hlbWFfdmVyc2lvbiI6IjEifQ==",
          "dependencies": [
            "aws_iam_instance_profile.session_manager",
            "aws_iam_role.session_manager",
            "data.aws_iam_policy_document.ec2",
            "module.us-west-2.aws_security_group.ec2_security_group_vpc_2",
            "module.us-west-2.module.keypair.aws_key_pair.generated_key",
            "module.us-west-2.module.keypair.tls_private_key.ec2key",
            "module.us-west-2.module.vpc.aws_subnet.public_subnet_1_vpc_2",
            "module.us-west-2.module.vpc.aws_vpc.vpc_2"
          ],
          "create_before_destroy": true
        }
      ]
    },
    {
      "module": "module.us-west-2",
      "mode": "managed",
      "type": "aws_instance",
      "name": "webserver2",
      "provider": "provider[\"registry.terraform.io/hashicorp/aws\"]",
      "instances": [
        {
          "schema_version": 1,
          "attributes": {
            "ami": "ami-01cd4de4363ab6ee8",
            "arn": "arn:aws:ec2:us-west-2:159184128979:instance/i-054cd2cca0416ba5e",
            "associate_public_ip_address": true,
            "availability_zone": "us-west-2a",
            "capacity_reservation_specification": [
              {
                "capacity_reservation_preference": "open",
                "capacity_reservation_target": []
              }
            ],
            "cpu_core_count": 1,
            "cpu_options": [
              {
                "amd_sev_snp": "",
                "core_count": 1,
                "threads_per_core": 1
              }
            ],
            "cpu_threads_per_core": 1,
            "credit_specification": [
              {
                "cpu_credits": "standard"
              }
            ],
            "disable_api_stop": false,
            "disable_api_termination": false,
            "ebs_block_device": [],
            "ebs_optimized": false,
            "enclave_options": [
              {
                "enabled": false
              }
            ],
            "ephemeral_block_device": [],
            "get_password_data": false,
            "hibernation": false,
            "host_id": "",
            "host_resource_group_arn": null,
            "iam_instance_profile": "session_manager",
            "id": "i-054cd2cca0416ba5e",
            "instance_initiated_shutdown_behavior": "stop",
            "instance_state": "running",
            "instance_type": "t2.micro",
            "ipv6_address_count": 0,
            "ipv6_addresses": [],
            "key_name": "ec2key",
            "launch_template": [],
            "maintenance_options": [
              {
                "auto_recovery": "default"
              }
            ],
            "metadata_options": [
              {
                "http_endpoint": "enabled",
                "http_put_response_hop_limit": 2,
                "http_tokens": "required",
                "instance_metadata_tags": "disabled"
              }
            ],
            "monitoring": false,
            "network_interface": [],
            "outpost_arn": "",
            "password_data": "",
            "placement_group": "",
            "placement_partition_number": 0,
            "primary_network_interface_id": "eni-0cf20fd49a575cc6b",
            "private_dns": "ip-10-1-2-129.us-west-2.compute.internal",
            "private_dns_name_options": [
              {
                "enable_resource_name_dns_a_record": false,
                "enable_resource_name_dns_aaaa_record": false,
                "hostname_type": "ip-name"
              }
            ],
            "private_ip": "10.1.2.129",
            "public_dns": "ec2-52-12-101-141.us-west-2.compute.amazonaws.com",
            "public_ip": "52.12.101.141",
            "root_block_device": [
              {
                "delete_on_termination": true,
                "device_name": "/dev/xvda",
                "encrypted": false,
                "iops": 3000,
                "kms_key_id": "",
                "tags": {},
                "throughput": 125,
                "volume_id": "vol-0f44d93504812a689",
                "volume_size": 8,
                "volume_type": "gp3"
              }
            ],
            "secondary_private_ips": [],
            "security_groups": [
              "sg-07227e58225e01d21"
            ],
            "source_dest_check": true,
            "subnet_id": "subnet-045cede0a7db12466",
            "tags": {
              "Name": "webserver_2_private"
            },
            "tags_all": {
              "Name": "webserver_2_private"
            },
            "tenancy": "default",
            "timeouts": null,
            "user_data": "57264057ebd024bd7871eea80fcbb0fec4308b67",
            "user_data_base64": null,
            "user_data_replace_on_change": false,
            "volume_tags": null,
            "vpc_security_group_ids": [
              "sg-07227e58225e01d21"
            ]
          },
          "sensitive_attributes": [],
          "private": "eyJlMmJmYjczMC1lY2FhLTExZTYtOGY4OC0zNDM2M2JjN2M0YzAiOnsiY3JlYXRlIjo2MDAwMDAwMDAwMDAsImRlbGV0ZSI6MTIwMDAwMDAwMDAwMCwidXBkYXRlIjo2MDAwMDAwMDAwMDB9LCJzY2hlbWFfdmVyc2lvbiI6IjEifQ==",
          "dependencies": [
            "aws_iam_instance_profile.session_manager",
            "aws_iam_role.session_manager",
            "data.aws_iam_policy_document.ec2",
            "module.us-west-2.aws_security_group.ec2_security_group_vpc_2",
            "module.us-west-2.module.keypair.aws_key_pair.generated_key",
            "module.us-west-2.module.keypair.tls_private_key.ec2key",
            "module.us-west-2.module.vpc.aws_subnet.private_subnet_1_vcp_2",
            "module.us-west-2.module.vpc.aws_vpc.vpc_2"
          ],
          "create_before_destroy": true
        }
      ]
    },
    {
      "module": "module.us-west-2",
      "mode": "managed",
      "type": "aws_launch_configuration",
      "name": "ec2",
      "provider": "provider[\"registry.terraform.io/hashicorp/aws\"]",
      "instances": [
        {
          "schema_version": 0,
          "attributes": {
            "arn": "arn:aws:autoscaling:us-west-2:159184128979:launchConfiguration:5b969ad9-53a7-435b-84f0-4e35600646e3:launchConfigurationName/terraform-lab-us-west-2_instances_1c",
            "associate_public_ip_address": false,
            "ebs_block_device": [],
            "ebs_optimized": false,
            "enable_monitoring": true,
            "ephemeral_block_device": [],
            "iam_instance_profile": "session_manager",
            "id": "terraform-lab-us-west-2_instances_1c",
            "image_id": "ami-01cd4de4363ab6ee8",
            "instance_type": "t2.micro",
            "key_name": "ec2key",
            "metadata_options": [],
            "name": "terraform-lab-us-west-2_instances_1c",
            "name_prefix": "",
            "placement_tenancy": "",
            "root_block_device": [],
            "security_groups": [
              "sg-0a8eef0e81d41f270"
            ],
            "spot_price": "",
            "user_data": "4bbb97f87931289dd2228bc447e254f179f66009",
            "user_data_base64": null,
            "vpc_classic_link_id": "",
            "vpc_classic_link_security_groups": null
          },
          "sensitive_attributes": [],
          "private": "bnVsbA==",
          "dependencies": [
            "aws_iam_instance_profile.session_manager",
            "aws_iam_role.session_manager",
            "data.aws_iam_policy_document.ec2",
            "module.us-west-2.aws_security_group.ec2_security_group",
            "module.us-west-2.module.keypair.aws_key_pair.generated_key",
            "module.us-west-2.module.keypair.tls_private_key.ec2key",
            "module.us-west-2.module.vpc.aws_vpc.vpc_1"
          ],
          "create_before_destroy": true
        }
      ]
    },
    {
      "module": "module.us-west-2",
      "mode": "managed",
      "type": "aws_security_group",
      "name": "ec2_security_group",
      "provider": "provider[\"registry.terraform.io/hashicorp/aws\"]",
      "instances": [
        {
          "schema_version": 1,
          "attributes": {
            "arn": "arn:aws:ec2:us-west-2:159184128979:security-group/sg-0a8eef0e81d41f270",
            "description": "Allow inbound access from the ALB only",
            "egress": [
              {
                "cidr_blocks": [
                  "0.0.0.0/0"
                ],
                "description": "",
                "from_port": 0,
                "ipv6_cidr_blocks": [],
                "prefix_list_ids": [],
                "protocol": "-1",
                "security_groups": [],
                "self": false,
                "to_port": 0
              }
            ],
            "id": "sg-0a8eef0e81d41f270",
            "ingress": [
              {
                "cidr_blocks": [
                  "0.0.0.0/0"
                ],
                "description": "HTTP",
                "from_port": 80,
                "ipv6_cidr_blocks": [],
                "prefix_list_ids": [],
                "protocol": "tcp",
                "security_groups": [],
                "self": false,
                "to_port": 80
              },
              {
                "cidr_blocks": [
                  "0.0.0.0/0"
                ],
                "description": "HTTPS",
                "from_port": 443,
                "ipv6_cidr_blocks": [],
                "prefix_list_ids": [],
                "protocol": "tcp",
                "security_groups": [],
                "self": false,
                "to_port": 443
              },
              {
                "cidr_blocks": [
                  "0.0.0.0/0"
                ],
                "description": "SSH",
                "from_port": 22,
                "ipv6_cidr_blocks": [],
                "prefix_list_ids": [],
                "protocol": "tcp",
                "security_groups": [],
                "self": false,
                "to_port": 22
              }
            ],
            "name": "ec2_security_group",
            "name_prefix": "",
            "owner_id": "159184128979",
            "revoke_rules_on_delete": false,
            "tags": {
              "Name": "ec2_security_group"
            },
            "tags_all": {
              "Name": "ec2_security_group"
            },
            "timeouts": null,
            "vpc_id": "vpc-092aa1d8152cd6602"
          },
          "sensitive_attributes": [],
          "private": "eyJlMmJmYjczMC1lY2FhLTExZTYtOGY4OC0zNDM2M2JjN2M0YzAiOnsiY3JlYXRlIjo2MDAwMDAwMDAwMDAsImRlbGV0ZSI6OTAwMDAwMDAwMDAwfSwic2NoZW1hX3ZlcnNpb24iOiIxIn0=",
          "dependencies": [
            "module.us-west-2.module.vpc.aws_vpc.vpc_1"
          ],
          "create_before_destroy": true
        }
      ]
    },
    {
      "module": "module.us-west-2",
      "mode": "managed",
      "type": "aws_security_group",
      "name": "ec2_security_group_vpc_2",
      "provider": "provider[\"registry.terraform.io/hashicorp/aws\"]",
      "instances": [
        {
          "schema_version": 1,
          "attributes": {
            "arn": "arn:aws:ec2:us-west-2:159184128979:security-group/sg-07227e58225e01d21",
            "description": "Allow inbound access from the ALB only",
            "egress": [
              {
                "cidr_blocks": [
                  "0.0.0.0/0"
                ],
                "description": "",
                "from_port": 0,
                "ipv6_cidr_blocks": [],
                "prefix_list_ids": [],
                "protocol": "-1",
                "security_groups": [],
                "self": false,
                "to_port": 0
              }
            ],
            "id": "sg-07227e58225e01d21",
            "ingress": [
              {
                "cidr_blocks": [
                  "0.0.0.0/0"
                ],
                "description": "HTTP",
                "from_port": 80,
                "ipv6_cidr_blocks": [],
                "prefix_list_ids": [],
                "protocol": "tcp",
                "security_groups": [],
                "self": false,
                "to_port": 80
              },
              {
                "cidr_blocks": [
                  "0.0.0.0/0"
                ],
                "description": "HTTPS",
                "from_port": 443,
                "ipv6_cidr_blocks": [],
                "prefix_list_ids": [],
                "protocol": "tcp",
                "security_groups": [],
                "self": false,
                "to_port": 443
              },
              {
                "cidr_blocks": [
                  "0.0.0.0/0"
                ],
                "description": "SSH",
                "from_port": 22,
                "ipv6_cidr_blocks": [],
                "prefix_list_ids": [],
                "protocol": "tcp",
                "security_groups": [],
                "self": false,
                "to_port": 22
              }
            ],
            "name": "ec2_security_group_2",
            "name_prefix": "",
            "owner_id": "159184128979",
            "revoke_rules_on_delete": false,
            "tags": {
              "Name": "ec2_security_group_2"
            },
            "tags_all": {
              "Name": "ec2_security_group_2"
            },
            "timeouts": null,
            "vpc_id": "vpc-0d44325d0f5e6e3b5"
          },
          "sensitive_attributes": [],
          "private": "eyJlMmJmYjczMC1lY2FhLTExZTYtOGY4OC0zNDM2M2JjN2M0YzAiOnsiY3JlYXRlIjo2MDAwMDAwMDAwMDAsImRlbGV0ZSI6OTAwMDAwMDAwMDAwfSwic2NoZW1hX3ZlcnNpb24iOiIxIn0=",
          "dependencies": [
            "module.us-west-2.module.vpc.aws_vpc.vpc_2"
          ],
          "create_before_destroy": true
        }
      ]
    },
    {
      "module": "module.us-west-2.module.autoscaling",
      "mode": "managed",
      "type": "aws_autoscaling_group",
      "name": "ec2-ec2_cluster",
      "provider": "provider[\"registry.terraform.io/hashicorp/aws\"]",
      "instances": [
        {
          "schema_version": 0,
          "attributes": {
            "arn": "arn:aws:autoscaling:us-west-2:159184128979:autoScalingGroup:9e8607d4-3d7b-4f4a-9a08-b10919bb0a66:autoScalingGroupName/terraform-lab-us-west-2_auto_scaling_group",
            "availability_zones": [
              "us-west-2a",
              "us-west-2b"
            ],
            "capacity_rebalance": false,
            "context": "",
            "default_cooldown": 300,
            "default_instance_warmup": 0,
            "desired_capacity": 2,
            "desired_capacity_type": "",
            "enabled_metrics": null,
            "force_delete": false,
            "force_delete_warm_pool": false,
            "health_check_grace_period": 300,
            "health_check_type": "EC2",
            "id": "terraform-lab-us-west-2_auto_scaling_group",
            "initial_lifecycle_hook": [],
            "instance_refresh": [],
            "launch_configuration": "terraform-lab-us-west-2_instances_1c",
            "launch_template": [],
            "load_balancers": null,
            "max_instance_lifetime": 0,
            "max_size": 2,
            "metrics_granularity": "1Minute",
            "min_elb_capacity": null,
            "min_size": 2,
            "mixed_instances_policy": [],
            "name": "terraform-lab-us-west-2_auto_scaling_group",
            "name_prefix": "",
            "placement_group": "",
            "predicted_capacity": 0,
            "protect_from_scale_in": false,
            "service_linked_role_arn": "arn:aws:iam::159184128979:role/aws-service-role/autoscaling.amazonaws.com/AWSServiceRoleForAutoScaling",
            "suspended_processes": null,
            "tag": [],
            "tags": null,
            "target_group_arns": null,
            "termination_policies": null,
            "timeouts": null,
            "vpc_zone_identifier": [
              "subnet-0b3fd8ad42988f527",
              "subnet-0f3b848045d2b7bfe"
            ],
            "wait_for_capacity_timeout": "10m",
            "wait_for_elb_capacity": null,
            "warm_pool": [],
            "warm_pool_size": 0
          },
          "sensitive_attributes": [],
          "private": "eyJlMmJmYjczMC1lY2FhLTExZTYtOGY4OC0zNDM2M2JjN2M0YzAiOnsiZGVsZXRlIjo2MDAwMDAwMDAwMDAsInVwZGF0ZSI6NjAwMDAwMDAwMDAwfX0=",
          "dependencies": [
            "aws_iam_instance_profile.session_manager",
            "aws_iam_role.session_manager",
            "data.aws_iam_policy_document.ec2",
            "module.us-west-2.aws_launch_configuration.ec2",
            "module.us-west-2.aws_security_group.ec2_security_group",
            "module.us-west-2.module.keypair.aws_key_pair.generated_key",
            "module.us-west-2.module.keypair.tls_private_key.ec2key",
            "module.us-west-2.module.vpc.aws_subnet.private_subnet_1_vpc_1",
            "module.us-west-2.module.vpc.aws_subnet.private_subnet_2_vpc_1",
            "module.us-west-2.module.vpc.aws_vpc.vpc_1"
          ]
        }
      ]
    },
    {
      "module": "module.us-west-2.module.keypair",
      "mode": "managed",
      "type": "aws_key_pair",
      "name": "generated_key",
      "provider": "provider[\"registry.terraform.io/hashicorp/aws\"]",
      "instances": [
        {
          "schema_version": 1,
          "attributes": {
            "arn": "arn:aws:ec2:us-west-2:159184128979:key-pair/ec2key",
            "fingerprint": "dc:46:c7:bc:0d:78:a5:b3:41:4e:75:ef:c3:44:1f:2f",
            "id": "ec2key",
            "key_name": "ec2key",
            "key_name_prefix": "",
            "key_pair_id": "key-0abd7fe5fbe87bd44",
            "key_type": "rsa",
            "public_key": "ssh-rsa AAAAB3NzaC1yc2EAAAADAQABAAACAQDA9mqMFMrEejfoz79VVMILf18/mqD8WII1xqZzbJ6EZDNt0du/waCZ9HnzNUpMzZxoTZTLbQRbDcDYjPYzSdz1YUVocyMnxGLYBRIz0b+5o0SKlkBr6ly1xwHUXvbMuHClxROQVjsOW4/5/zyqX1CqKz+J2FyNJvKAX7oD7Jnw0o/OFtoacL5/Gh1tQg6elWxKTRfApdsMKzFfD9xMWGHzXONNjmb4L7LgIOcv/b1trHoNc2BUIthwRr29Nc6oP2m4bwbGv7xwQgrDJThcMLIamFwx4spFpLtXGChMTGdeVT/lqKB9ACQoTDyOyYg6ypVqj1mW1yLGYvLMV6A74j8dJob2EFGRLdzlj74aspSFFyYvcBbZM9Dwdk/8esnsbho1Yu8Om5FUPJADCes9nFXfRbln8IBx8qnExP9szrfvohouV4D6BKuBj7ND1/HlKmawuwvjRl5V7HVP2GI5v3j9XB5MzHc9MXST8CLZjqyUdDbkPQbsyZsidNzo4sgISlsMwhRlYAotDTJ42ti2S5OCEL+rwkf+OVNKZmtcrmSDEmJLVJWowJWXguqhaVQkHUJd/A76zBm+bJ+RlJ6t0B+iviSX1ZOqP1rz/MPDbFSiEqubqy31mRYSbMHCXtpdVP3Wu3Mcf28fC2bYPZTH7SbptLYsDWzesDhQ+bYTSMc8Aw==",
            "tags": null,
            "tags_all": {}
          },
          "sensitive_attributes": [],
          "private": "eyJzY2hlbWFfdmVyc2lvbiI6IjEifQ==",
          "dependencies": [
            "module.us-west-2.module.keypair.tls_private_key.ec2key"
          ],
          "create_before_destroy": true
        }
      ]
    },
    {
      "module": "module.us-west-2.module.keypair",
      "mode": "managed",
      "type": "local_file",
      "name": "key",
      "provider": "provider[\"registry.terraform.io/hashicorp/local\"]",
      "instances": [
        {
          "schema_version": 0,
          "attributes": {
            "content": "-----BEGIN RSA PRIVATE KEY-----\nMIIJKQIBAAKCAgEAwPZqjBTKxHo36M+/VVTCC39fP5qg/FiCNcamc2yehGQzbdHb\nv8GgmfR58zVKTM2caE2Uy20EWw3A2Iz2M0nc9WFFaHMjJ8Ri2AUSM9G/uaNEipZA\na+pctccB1F72zLhwpcUTkFY7DluP+f88ql9Qqis/idhcjSbygF+6A+yZ8NKPzhba\nGnC+fxodbUIOnpVsSk0XwKXbDCsxXw/cTFhh81zjTY5m+C+y4CDnL/29bax6DXNg\nVCLYcEa9vTXOqD9puG8Gxr+8cEIKwyU4XDCyGphcMeLKRaS7VxgoTExnXlU/5aig\nfQAkKEw8jsmIOsqVao9ZltcixmLyzFegO+I/HSaG9hBRkS3c5Y++GrKUhRcmL3AW\n2TPQ8HZP/HrJ7G4aNWLvDpuRVDyQAwnrPZxV30W5Z/CAcfKpxMT/bM6376IaLleA\n+gSrgY+zQ9fx5SpmsLsL40ZeVex1T9hiOb94/VweTMx3PTF0k/Ai2Y6slHQ25D0G\n7MmbInTc6OLICEpbDMIUZWAKLQ0yeNrYtkuTghC/q8JH/jlTSmZrXK5kgxJiS1SV\nqMCVl4LqoWlUJB1CXfwO+swZvmyfkZSerdAfor4kl9WTqj9a8/zDw2xUohKrm6st\n9ZkWEmzBwl7aXVT91rtzHH9vHwtm2D2Ux+0m6bS2LA1s3rA4UPm2E0jHPAMCAwEA\nAQKCAgEAn/BfdgaR3vLyvozbqW3cfM0xdLXFNARkwRALzWY9qbyoCCHHBBUI+jLy\nlc0Y7boLJ0UOzOJqltI6gwOr2e0iMV1Tu3Sbsg2MZEMnyD3VrZgPatOJSCl0eNMf\nyBiCdkN2U2Cbi6p9vrPUDcIqVYk1gibgvm/QnsqmfBNcSn5lRoAw5AB6/SlwLEfI\nFlSHa5isrpVh17NhcZ+nh4TM85bacW4Plawv2w0mNbHwDg5CYdJxRA7azEIppj5s\nbJVZ2ojdJxsXwcsQ9Pc4lnGWWoueRH7/A/ZX9AvLoDAMztkRYNZGZSQ1CgcA8Unn\nc+7FdP2PhUiWWHmvgEJpv0fuL1SjPCJG7ANEHbf3nn1LEhDvadrtwMxw4DXOAlZ/\nyZdTXXtqIIkVpptiysJNkAjLYU9aR7SYaA5Mfs4zbAZeW0OFPCkQhV3k+d2HbH47\nQp9X47AXAimgOzGCYjBfCpJ6zi7lSrQsxArC3WZ/HcmApKgM1sRrVMAXS/TJn1Xx\ndnklT9+CipvCiA0qx9JEaCvoTMm62G6fCdj7mi1uAw7MiZs1HGQlZDKMeWKum43X\nvRsDJRVDfIFk5gk0x6VsGocphd/1HBxDygrmE9SctVvOiJ1BWaxuR413dGXLI0Ae\nwuYn7AClfW36+0TSpH4OoVM0QCTSh+WyTfhcQMqjDcZbIeEAadkCggEBAMW1YZBX\n3EGYGzfFtUoktyahEtaW0OL/AFlChIKhgM97UnaxanOoPVCiESGBZTAYA2m4pTyq\nt1Pn+WGakZgYPd5wvMxoeT3f/eUAQXD01hqcm2lip+VAs3HCedOEunTE6fDsvdDZ\n/zvQU847GpcBoYwE2pGqyuWfygWmF72O0ovZt/w7TQi3i2TS44JisDF07e9PAKDh\nhptehZODjoOh/P5wP4eZVRWm/NRA6jguHXfCMhNBJ6oIdtmGmrQb8saf54xMKA7A\n1HWgiUIK6JnKqRQ1DfAexRzXpmKOUm67VI/kFi2ChBUnvXPsgxF7nk/0IJGOz6fX\nSWZnyRfqWhV6w2UCggEBAPna0gOkx10JttfA06EROv6/4XVs/XCzXHFJi8ktS1Q8\noFXxD5ZH2jPPqM1oV2/PpFuyzxphlouwMP7hD9roNx+leS94IoKdVsP79CJP78r3\nVqEyJZzMul+8aZwV3O9h98kq+BfQzGoD5g9VyFyCIzOqItaK2XNqZnddBpqMPRjL\nW6u9JkX53NSZ6lorZjVhLGRTW5pluzdZiezSmwfK8oCc0JhTwykf75lI3otfXExh\nXZKaBAW8Rt8XZmSaelV1cDVxFciuCOKE8RY3KJfDEoYcFpWyYd+fj39HdPKvkDrX\nTWf8fmuxbO1fFi2TS8Hl3atqpDErFsaVsMIeBn91r0cCggEAASGbkE7gZMOxDC2m\nbuks3xy21eGBCnt5DgmyZmj0KrvC6gjz2fuRdj+nJ3DtGkxY4Kb80w8LA4DlTWis\nApnI6NfuTKEgaHk6o6/PsAzGmNpijUTSPx6SqEj7l3k/8+EYkZdZMrO8oSP9BsYR\nzeFlgj6Y3ZKDnLLAXi3oHt6NV92EDv5r32vlcUs/oARei7nmjqL+Fu2Tbpoo24I6\nM4iewPn1cxougXQ2KCTC8lVZN9E1piSOTIvF2lLJ2dP7HKXXllbtN8BkttOXVXho\nglDFjOcM0F3stNCLFC9KS3Xo8vXUJqiDhvd2Pw6QZW42prB36z1M9OHnep2Hagqe\nP1c3fQKCAQEA3VGbnmajwiIMuGiyDYZ5v5awW5fDl8UJKcB/9iANDfz1+aqip/fV\nrPdRC0JV0VEYwbFOCoxPEkVr4RnzNXFlAr9M7WN5DkHYzZms04gDXMJjFj6ZWp9u\np8b5ta0YG2OoXaWWRWJK782sSAEwjeEo1WbrnSc5HycsxKa+Zr+6ju/zr9jIwktl\n9VyxXlX7H2WIMQY1qjpa79h8eC7F7M00qgA+NfBce10ym5EUsFg0JeRJQsbysTHp\nhUvxA0RjALgaQPx+01h1vlEMTSVm66d8DRdsWgW89J0eOxxM13v0QmrcwjPCuBpd\n5pXHy28iOAspo+G+t173uch23jxCfTz9mQKCAQBntGF7/O+gBrnJd/Jle15lbLXV\nVA0qhpjDSZ2Bq0Sq8mvkho5oZivYCLNfHPFW7tLKviV7Xhjra9MPT6sP2d285U9P\n24gEy7C32PcQPWA+xPsl4T3TS4HBTNOiK2SjcWZ+h2GiQY65wnWyspYynLNEDkIg\nq1d+yIV9UXVyjuwdnUHG88qw4qm1AYa4dqIYlNDhP5TQ79wIsimrCVuMXiCmF8QG\nho2jQ7DCsSYXU60tm4bZFlfemLYD06Ixm1t6HSqizrkcCO7UnM5SvT8N+l8xjQeB\nnGeoUZDmYYUAYPOmurluG+o99jM6PigzVGqqymcOQ7cav+0OgKRj20u9qyvT\n-----END RSA PRIVATE KEY-----\n",
            "content_base64": null,
            "content_base64sha256": "mDZVXObqlDJ8WF60l628rtNtMzbl4xZihtcbhQ49kuU=",
            "content_base64sha512": "NXL7zaFhpNUi6Pmay4qombBXSvndi8MjFYaDIjAUdLYsC82mw0pqKRIoK72CzwiDFR82Gn9TuQ6iOAozRL/fAA==",
            "content_md5": "b54740d492da23befc07f06c3523f0f1",
            "content_sha1": "973d7d938626141f4774b592f96fa29a32f2df84",
            "content_sha256": "9836555ce6ea94327c585eb497adbcaed36d3336e5e3166286d71b850e3d92e5",
            "content_sha512": "3572fbcda161a4d522e8f99acb8aa899b0574af9dd8bc32315868322301474b62c0bcda6c34a6a2912282bbd82cf0883151f361a7f53b90ea2380a3344bfdf00",
            "directory_permission": "0777",
            "file_permission": "0400",
            "filename": "ec2key.pem",
            "id": "973d7d938626141f4774b592f96fa29a32f2df84",
            "sensitive_content": null,
            "source": null
          },
          "sensitive_attributes": [
            [
              {
                "type": "get_attr",
                "value": "content"
              }
            ],
            [
              {
                "type": "get_attr",
                "value": "sensitive_content"
              }
            ]
          ],
          "dependencies": [
            "module.us-west-2.module.keypair.tls_private_key.ec2key"
          ]
        }
      ]
    },
    {
      "module": "module.us-west-2.module.keypair",
      "mode": "managed",
      "type": "tls_private_key",
      "name": "ec2key",
      "provider": "provider[\"registry.terraform.io/hashicorp/tls\"]",
      "instances": [
        {
          "schema_version": 1,
          "attributes": {
            "algorithm": "RSA",
            "ecdsa_curve": "P224",
            "id": "d416c5e94227b35cf385f5452edc4d44850c1813",
            "private_key_openssh": "-----BEGIN OPENSSH PRIVATE KEY-----\nb3BlbnNzaC1rZXktdjEAAAAABG5vbmUAAAAEbm9uZQAAAAAAAAABAAACFwAAAAdz\nc2gtcnNhAAAAAwEAAQAAAgEAwPZqjBTKxHo36M+/VVTCC39fP5qg/FiCNcamc2ye\nhGQzbdHbv8GgmfR58zVKTM2caE2Uy20EWw3A2Iz2M0nc9WFFaHMjJ8Ri2AUSM9G/\nuaNEipZAa+pctccB1F72zLhwpcUTkFY7DluP+f88ql9Qqis/idhcjSbygF+6A+yZ\n8NKPzhbaGnC+fxodbUIOnpVsSk0XwKXbDCsxXw/cTFhh81zjTY5m+C+y4CDnL/29\nbax6DXNgVCLYcEa9vTXOqD9puG8Gxr+8cEIKwyU4XDCyGphcMeLKRaS7VxgoTExn\nXlU/5aigfQAkKEw8jsmIOsqVao9ZltcixmLyzFegO+I/HSaG9hBRkS3c5Y++GrKU\nhRcmL3AW2TPQ8HZP/HrJ7G4aNWLvDpuRVDyQAwnrPZxV30W5Z/CAcfKpxMT/bM63\n76IaLleA+gSrgY+zQ9fx5SpmsLsL40ZeVex1T9hiOb94/VweTMx3PTF0k/Ai2Y6s\nlHQ25D0G7MmbInTc6OLICEpbDMIUZWAKLQ0yeNrYtkuTghC/q8JH/jlTSmZrXK5k\ngxJiS1SVqMCVl4LqoWlUJB1CXfwO+swZvmyfkZSerdAfor4kl9WTqj9a8/zDw2xU\nohKrm6st9ZkWEmzBwl7aXVT91rtzHH9vHwtm2D2Ux+0m6bS2LA1s3rA4UPm2E0jH\nPAMAAAc4jyewGo8nsBoAAAAHc3NoLXJzYQAAAgEAwPZqjBTKxHo36M+/VVTCC39f\nP5qg/FiCNcamc2yehGQzbdHbv8GgmfR58zVKTM2caE2Uy20EWw3A2Iz2M0nc9WFF\naHMjJ8Ri2AUSM9G/uaNEipZAa+pctccB1F72zLhwpcUTkFY7DluP+f88ql9Qqis/\nidhcjSbygF+6A+yZ8NKPzhbaGnC+fxodbUIOnpVsSk0XwKXbDCsxXw/cTFhh81zj\nTY5m+C+y4CDnL/29bax6DXNgVCLYcEa9vTXOqD9puG8Gxr+8cEIKwyU4XDCyGphc\nMeLKRaS7VxgoTExnXlU/5aigfQAkKEw8jsmIOsqVao9ZltcixmLyzFegO+I/HSaG\n9hBRkS3c5Y++GrKUhRcmL3AW2TPQ8HZP/HrJ7G4aNWLvDpuRVDyQAwnrPZxV30W5\nZ/CAcfKpxMT/bM6376IaLleA+gSrgY+zQ9fx5SpmsLsL40ZeVex1T9hiOb94/Vwe\nTMx3PTF0k/Ai2Y6slHQ25D0G7MmbInTc6OLICEpbDMIUZWAKLQ0yeNrYtkuTghC/\nq8JH/jlTSmZrXK5kgxJiS1SVqMCVl4LqoWlUJB1CXfwO+swZvmyfkZSerdAfor4k\nl9WTqj9a8/zDw2xUohKrm6st9ZkWEmzBwl7aXVT91rtzHH9vHwtm2D2Ux+0m6bS2\nLA1s3rA4UPm2E0jHPAMAAAADAQABAAACAQCf8F92BpHe8vK+jNupbdx8zTF0tcU0\nBGTBEAvNZj2pvKgIIccEFQj6MvKVzRjtugsnRQ7M4mqW0jqDA6vZ7SIxXVO7dJuy\nDYxkQyfIPdWtmA9q04lIKXR40x/IGIJ2Q3ZTYJuLqn2+s9QNwipViTWCJuC+b9Ce\nyqZ8E1xKfmVGgDDkAHr9KXAsR8gWVIdrmKyulWHXs2Fxn6eHhMzzltpxbg+VrC/b\nDSY1sfAODkJh0nFEDtrMQimmPmxslVnaiN0nGxfByxD09ziWcZZai55Efv8D9lf0\nC8ugMAzO2RFg1kZlJDUKBwDxSedz7sV0/Y+FSJZYea+AQmm/R+4vVKM8IkbsA0Qd\nt/eefUsSEO9p2u3AzHDgNc4CVn/Jl1Nde2ogiRWmm2LKwk2QCMthT1pHtJhoDkx+\nzjNsBl5bQ4U8KRCFXeT53YdsfjtCn1fjsBcCKaA7MYJiMF8KknrOLuVKtCzECsLd\nZn8dyYCkqAzWxGtUwBdL9MmfVfF2eSVP34KKm8KIDSrH0kRoK+hMybrYbp8J2Pua\nLW4DDsyJmzUcZCVkMox5Yq6bjde9GwMlFUN8gWTmCTTHpWwahymF3/UcHEPKCuYT\n1Jy1W86InUFZrG5HjXd0ZcsjQB7C5ifsAKV9bfr7RNKkfg6hUzRAJNKH5bJN+FxA\nyqMNxlsh4QBp2QAAAQBntGF7/O+gBrnJd/Jle15lbLXVVA0qhpjDSZ2Bq0Sq8mvk\nho5oZivYCLNfHPFW7tLKviV7Xhjra9MPT6sP2d285U9P24gEy7C32PcQPWA+xPsl\n4T3TS4HBTNOiK2SjcWZ+h2GiQY65wnWyspYynLNEDkIgq1d+yIV9UXVyjuwdnUHG\n88qw4qm1AYa4dqIYlNDhP5TQ79wIsimrCVuMXiCmF8QGho2jQ7DCsSYXU60tm4bZ\nFlfemLYD06Ixm1t6HSqizrkcCO7UnM5SvT8N+l8xjQeBnGeoUZDmYYUAYPOmurlu\nG+o99jM6PigzVGqqymcOQ7cav+0OgKRj20u9qyvTAAABAQDFtWGQV9xBmBs3xbVK\nJLcmoRLWltDi/wBZQoSCoYDPe1J2sWpzqD1QohEhgWUwGANpuKU8qrdT5/lhmpGY\nGD3ecLzMaHk93/3lAEFw9NYanJtpYqflQLNxwnnThLp0xOnw7L3Q2f870FPOOxqX\nAaGMBNqRqsrln8oFphe9jtKL2bf8O00It4tk0uOCYrAxdO3vTwCg4YabXoWTg46D\nofz+cD+HmVUVpvzUQOo4Lh13wjITQSeqCHbZhpq0G/LGn+eMTCgOwNR1oIlCCuiZ\nyqkUNQ3wHsUc16ZijlJuu1SP5BYtgoQVJ71z7IMRe55P9CCRjs+n10lmZ8kX6loV\nesNlAAABAQD52tIDpMddCbbXwNOhETr+v+F1bP1ws1xxSYvJLUtUPKBV8Q+WR9oz\nz6jNaFdvz6Rbss8aYZaLsDD+4Q/a6DcfpXkveCKCnVbD+/QiT+/K91ahMiWczLpf\nvGmcFdzvYffJKvgX0MxqA+YPVchcgiMzqiLWitlzamZ3XQaajD0Yy1urvSZF+dzU\nmepaK2Y1YSxkU1uaZbs3WYns0psHyvKAnNCYU8MpH++ZSN6LX1xMYV2SmgQFvEbf\nF2ZkmnpVdXA1cRXIrgjihPEWNyiXwxKGHBaVsmHfn49/R3Tyr5A6101n/H5rsWzt\nXxYtk0vB5d2raqQxKxbGlbDCHgZ/da9HAAAAAAEC\n-----END OPENSSH PRIVATE KEY-----\n",
            "private_key_pem": "-----BEGIN RSA PRIVATE KEY-----\nMIIJKQIBAAKCAgEAwPZqjBTKxHo36M+/VVTCC39fP5qg/FiCNcamc2yehGQzbdHb\nv8GgmfR58zVKTM2caE2Uy20EWw3A2Iz2M0nc9WFFaHMjJ8Ri2AUSM9G/uaNEipZA\na+pctccB1F72zLhwpcUTkFY7DluP+f88ql9Qqis/idhcjSbygF+6A+yZ8NKPzhba\nGnC+fxodbUIOnpVsSk0XwKXbDCsxXw/cTFhh81zjTY5m+C+y4CDnL/29bax6DXNg\nVCLYcEa9vTXOqD9puG8Gxr+8cEIKwyU4XDCyGphcMeLKRaS7VxgoTExnXlU/5aig\nfQAkKEw8jsmIOsqVao9ZltcixmLyzFegO+I/HSaG9hBRkS3c5Y++GrKUhRcmL3AW\n2TPQ8HZP/HrJ7G4aNWLvDpuRVDyQAwnrPZxV30W5Z/CAcfKpxMT/bM6376IaLleA\n+gSrgY+zQ9fx5SpmsLsL40ZeVex1T9hiOb94/VweTMx3PTF0k/Ai2Y6slHQ25D0G\n7MmbInTc6OLICEpbDMIUZWAKLQ0yeNrYtkuTghC/q8JH/jlTSmZrXK5kgxJiS1SV\nqMCVl4LqoWlUJB1CXfwO+swZvmyfkZSerdAfor4kl9WTqj9a8/zDw2xUohKrm6st\n9ZkWEmzBwl7aXVT91rtzHH9vHwtm2D2Ux+0m6bS2LA1s3rA4UPm2E0jHPAMCAwEA\nAQKCAgEAn/BfdgaR3vLyvozbqW3cfM0xdLXFNARkwRALzWY9qbyoCCHHBBUI+jLy\nlc0Y7boLJ0UOzOJqltI6gwOr2e0iMV1Tu3Sbsg2MZEMnyD3VrZgPatOJSCl0eNMf\nyBiCdkN2U2Cbi6p9vrPUDcIqVYk1gibgvm/QnsqmfBNcSn5lRoAw5AB6/SlwLEfI\nFlSHa5isrpVh17NhcZ+nh4TM85bacW4Plawv2w0mNbHwDg5CYdJxRA7azEIppj5s\nbJVZ2ojdJxsXwcsQ9Pc4lnGWWoueRH7/A/ZX9AvLoDAMztkRYNZGZSQ1CgcA8Unn\nc+7FdP2PhUiWWHmvgEJpv0fuL1SjPCJG7ANEHbf3nn1LEhDvadrtwMxw4DXOAlZ/\nyZdTXXtqIIkVpptiysJNkAjLYU9aR7SYaA5Mfs4zbAZeW0OFPCkQhV3k+d2HbH47\nQp9X47AXAimgOzGCYjBfCpJ6zi7lSrQsxArC3WZ/HcmApKgM1sRrVMAXS/TJn1Xx\ndnklT9+CipvCiA0qx9JEaCvoTMm62G6fCdj7mi1uAw7MiZs1HGQlZDKMeWKum43X\nvRsDJRVDfIFk5gk0x6VsGocphd/1HBxDygrmE9SctVvOiJ1BWaxuR413dGXLI0Ae\nwuYn7AClfW36+0TSpH4OoVM0QCTSh+WyTfhcQMqjDcZbIeEAadkCggEBAMW1YZBX\n3EGYGzfFtUoktyahEtaW0OL/AFlChIKhgM97UnaxanOoPVCiESGBZTAYA2m4pTyq\nt1Pn+WGakZgYPd5wvMxoeT3f/eUAQXD01hqcm2lip+VAs3HCedOEunTE6fDsvdDZ\n/zvQU847GpcBoYwE2pGqyuWfygWmF72O0ovZt/w7TQi3i2TS44JisDF07e9PAKDh\nhptehZODjoOh/P5wP4eZVRWm/NRA6jguHXfCMhNBJ6oIdtmGmrQb8saf54xMKA7A\n1HWgiUIK6JnKqRQ1DfAexRzXpmKOUm67VI/kFi2ChBUnvXPsgxF7nk/0IJGOz6fX\nSWZnyRfqWhV6w2UCggEBAPna0gOkx10JttfA06EROv6/4XVs/XCzXHFJi8ktS1Q8\noFXxD5ZH2jPPqM1oV2/PpFuyzxphlouwMP7hD9roNx+leS94IoKdVsP79CJP78r3\nVqEyJZzMul+8aZwV3O9h98kq+BfQzGoD5g9VyFyCIzOqItaK2XNqZnddBpqMPRjL\nW6u9JkX53NSZ6lorZjVhLGRTW5pluzdZiezSmwfK8oCc0JhTwykf75lI3otfXExh\nXZKaBAW8Rt8XZmSaelV1cDVxFciuCOKE8RY3KJfDEoYcFpWyYd+fj39HdPKvkDrX\nTWf8fmuxbO1fFi2TS8Hl3atqpDErFsaVsMIeBn91r0cCggEAASGbkE7gZMOxDC2m\nbuks3xy21eGBCnt5DgmyZmj0KrvC6gjz2fuRdj+nJ3DtGkxY4Kb80w8LA4DlTWis\nApnI6NfuTKEgaHk6o6/PsAzGmNpijUTSPx6SqEj7l3k/8+EYkZdZMrO8oSP9BsYR\nzeFlgj6Y3ZKDnLLAXi3oHt6NV92EDv5r32vlcUs/oARei7nmjqL+Fu2Tbpoo24I6\nM4iewPn1cxougXQ2KCTC8lVZN9E1piSOTIvF2lLJ2dP7HKXXllbtN8BkttOXVXho\nglDFjOcM0F3stNCLFC9KS3Xo8vXUJqiDhvd2Pw6QZW42prB36z1M9OHnep2Hagqe\nP1c3fQKCAQEA3VGbnmajwiIMuGiyDYZ5v5awW5fDl8UJKcB/9iANDfz1+aqip/fV\nrPdRC0JV0VEYwbFOCoxPEkVr4RnzNXFlAr9M7WN5DkHYzZms04gDXMJjFj6ZWp9u\np8b5ta0YG2OoXaWWRWJK782sSAEwjeEo1WbrnSc5HycsxKa+Zr+6ju/zr9jIwktl\n9VyxXlX7H2WIMQY1qjpa79h8eC7F7M00qgA+NfBce10ym5EUsFg0JeRJQsbysTHp\nhUvxA0RjALgaQPx+01h1vlEMTSVm66d8DRdsWgW89J0eOxxM13v0QmrcwjPCuBpd\n5pXHy28iOAspo+G+t173uch23jxCfTz9mQKCAQBntGF7/O+gBrnJd/Jle15lbLXV\nVA0qhpjDSZ2Bq0Sq8mvkho5oZivYCLNfHPFW7tLKviV7Xhjra9MPT6sP2d285U9P\n24gEy7C32PcQPWA+xPsl4T3TS4HBTNOiK2SjcWZ+h2GiQY65wnWyspYynLNEDkIg\nq1d+yIV9UXVyjuwdnUHG88qw4qm1AYa4dqIYlNDhP5TQ79wIsimrCVuMXiCmF8QG\nho2jQ7DCsSYXU60tm4bZFlfemLYD06Ixm1t6HSqizrkcCO7UnM5SvT8N+l8xjQeB\nnGeoUZDmYYUAYPOmurluG+o99jM6PigzVGqqymcOQ7cav+0OgKRj20u9qyvT\n-----END RSA PRIVATE KEY-----\n",
            "private_key_pem_pkcs8": "-----BEGIN PRIVATE KEY-----\nMIIJQwIBADANBgkqhkiG9w0BAQEFAASCCS0wggkpAgEAAoICAQDA9mqMFMrEejfo\nz79VVMILf18/mqD8WII1xqZzbJ6EZDNt0du/waCZ9HnzNUpMzZxoTZTLbQRbDcDY\njPYzSdz1YUVocyMnxGLYBRIz0b+5o0SKlkBr6ly1xwHUXvbMuHClxROQVjsOW4/5\n/zyqX1CqKz+J2FyNJvKAX7oD7Jnw0o/OFtoacL5/Gh1tQg6elWxKTRfApdsMKzFf\nD9xMWGHzXONNjmb4L7LgIOcv/b1trHoNc2BUIthwRr29Nc6oP2m4bwbGv7xwQgrD\nJThcMLIamFwx4spFpLtXGChMTGdeVT/lqKB9ACQoTDyOyYg6ypVqj1mW1yLGYvLM\nV6A74j8dJob2EFGRLdzlj74aspSFFyYvcBbZM9Dwdk/8esnsbho1Yu8Om5FUPJAD\nCes9nFXfRbln8IBx8qnExP9szrfvohouV4D6BKuBj7ND1/HlKmawuwvjRl5V7HVP\n2GI5v3j9XB5MzHc9MXST8CLZjqyUdDbkPQbsyZsidNzo4sgISlsMwhRlYAotDTJ4\n2ti2S5OCEL+rwkf+OVNKZmtcrmSDEmJLVJWowJWXguqhaVQkHUJd/A76zBm+bJ+R\nlJ6t0B+iviSX1ZOqP1rz/MPDbFSiEqubqy31mRYSbMHCXtpdVP3Wu3Mcf28fC2bY\nPZTH7SbptLYsDWzesDhQ+bYTSMc8AwIDAQABAoICAQCf8F92BpHe8vK+jNupbdx8\nzTF0tcU0BGTBEAvNZj2pvKgIIccEFQj6MvKVzRjtugsnRQ7M4mqW0jqDA6vZ7SIx\nXVO7dJuyDYxkQyfIPdWtmA9q04lIKXR40x/IGIJ2Q3ZTYJuLqn2+s9QNwipViTWC\nJuC+b9CeyqZ8E1xKfmVGgDDkAHr9KXAsR8gWVIdrmKyulWHXs2Fxn6eHhMzzltpx\nbg+VrC/bDSY1sfAODkJh0nFEDtrMQimmPmxslVnaiN0nGxfByxD09ziWcZZai55E\nfv8D9lf0C8ugMAzO2RFg1kZlJDUKBwDxSedz7sV0/Y+FSJZYea+AQmm/R+4vVKM8\nIkbsA0Qdt/eefUsSEO9p2u3AzHDgNc4CVn/Jl1Nde2ogiRWmm2LKwk2QCMthT1pH\ntJhoDkx+zjNsBl5bQ4U8KRCFXeT53YdsfjtCn1fjsBcCKaA7MYJiMF8KknrOLuVK\ntCzECsLdZn8dyYCkqAzWxGtUwBdL9MmfVfF2eSVP34KKm8KIDSrH0kRoK+hMybrY\nbp8J2PuaLW4DDsyJmzUcZCVkMox5Yq6bjde9GwMlFUN8gWTmCTTHpWwahymF3/Uc\nHEPKCuYT1Jy1W86InUFZrG5HjXd0ZcsjQB7C5ifsAKV9bfr7RNKkfg6hUzRAJNKH\n5bJN+FxAyqMNxlsh4QBp2QKCAQEAxbVhkFfcQZgbN8W1SiS3JqES1pbQ4v8AWUKE\ngqGAz3tSdrFqc6g9UKIRIYFlMBgDabilPKq3U+f5YZqRmBg93nC8zGh5Pd/95QBB\ncPTWGpybaWKn5UCzccJ504S6dMTp8Oy90Nn/O9BTzjsalwGhjATakarK5Z/KBaYX\nvY7Si9m3/DtNCLeLZNLjgmKwMXTt708AoOGGm16Fk4OOg6H8/nA/h5lVFab81EDq\nOC4dd8IyE0Enqgh22YaatBvyxp/njEwoDsDUdaCJQgromcqpFDUN8B7FHNemYo5S\nbrtUj+QWLYKEFSe9c+yDEXueT/QgkY7Pp9dJZmfJF+paFXrDZQKCAQEA+drSA6TH\nXQm218DToRE6/r/hdWz9cLNccUmLyS1LVDygVfEPlkfaM8+ozWhXb8+kW7LPGmGW\ni7Aw/uEP2ug3H6V5L3gigp1Ww/v0Ik/vyvdWoTIlnMy6X7xpnBXc72H3ySr4F9DM\nagPmD1XIXIIjM6oi1orZc2pmd10Gmow9GMtbq70mRfnc1JnqWitmNWEsZFNbmmW7\nN1mJ7NKbB8rygJzQmFPDKR/vmUjei19cTGFdkpoEBbxG3xdmZJp6VXVwNXEVyK4I\n4oTxFjcol8MShhwWlbJh35+Pf0d08q+QOtdNZ/x+a7Fs7V8WLZNLweXdq2qkMSsW\nxpWwwh4Gf3WvRwKCAQABIZuQTuBkw7EMLaZu6SzfHLbV4YEKe3kOCbJmaPQqu8Lq\nCPPZ+5F2P6cncO0aTFjgpvzTDwsDgOVNaKwCmcjo1+5MoSBoeTqjr8+wDMaY2mKN\nRNI/HpKoSPuXeT/z4RiRl1kys7yhI/0GxhHN4WWCPpjdkoOcssBeLege3o1X3YQO\n/mvfa+VxSz+gBF6LueaOov4W7ZNumijbgjoziJ7A+fVzGi6BdDYoJMLyVVk30TWm\nJI5Mi8XaUsnZ0/scpdeWVu03wGS205dVeGiCUMWM5wzQXey00IsUL0pLdejy9dQm\nqIOG93Y/DpBlbjamsHfrPUz04ed6nYdqCp4/Vzd9AoIBAQDdUZueZqPCIgy4aLIN\nhnm/lrBbl8OXxQkpwH/2IA0N/PX5qqKn99Ws91ELQlXRURjBsU4KjE8SRWvhGfM1\ncWUCv0ztY3kOQdjNmazTiANcwmMWPplan26nxvm1rRgbY6hdpZZFYkrvzaxIATCN\n4SjVZuudJzkfJyzEpr5mv7qO7/Ov2MjCS2X1XLFeVfsfZYgxBjWqOlrv2Hx4LsXs\nzTSqAD418Fx7XTKbkRSwWDQl5ElCxvKxMemFS/EDRGMAuBpA/H7TWHW+UQxNJWbr\np3wNF2xaBbz0nR47HEzXe/RCatzCM8K4Gl3mlcfLbyI4Cymj4b63Xve5yHbePEJ9\nPP2ZAoIBAGe0YXv876AGucl38mV7XmVstdVUDSqGmMNJnYGrRKrya+SGjmhmK9gI\ns18c8Vbu0sq+JXteGOtr0w9Pqw/Z3bzlT0/biATLsLfY9xA9YD7E+yXhPdNLgcFM\n06IrZKNxZn6HYaJBjrnCdbKyljKcs0QOQiCrV37IhX1RdXKO7B2dQcbzyrDiqbUB\nhrh2ohiU0OE/lNDv3AiyKasJW4xeIKYXxAaGjaNDsMKxJhdTrS2bhtkWV96YtgPT\nojGbW3odKqLOuRwI7tSczlK9Pw36XzGNB4GcZ6hRkOZhhQBg86a6uW4b6j32Mzo+\nKDNUaqrKZw5Dtxq/7Q6ApGPbS72rK9M=\n-----END PRIVATE KEY-----\n",
            "public_key_fingerprint_md5": "d3:dd:64:5a:d5:ea:2b:20:4a:9e:73:5e:76:b6:7d:3a",
            "public_key_fingerprint_sha256": "SHA256:qgMPCtxJ/yzIWVtufUncN06QeEnm88IsTNRW2pPFVUo",
            "public_key_openssh": "ssh-rsa AAAAB3NzaC1yc2EAAAADAQABAAACAQDA9mqMFMrEejfoz79VVMILf18/mqD8WII1xqZzbJ6EZDNt0du/waCZ9HnzNUpMzZxoTZTLbQRbDcDYjPYzSdz1YUVocyMnxGLYBRIz0b+5o0SKlkBr6ly1xwHUXvbMuHClxROQVjsOW4/5/zyqX1CqKz+J2FyNJvKAX7oD7Jnw0o/OFtoacL5/Gh1tQg6elWxKTRfApdsMKzFfD9xMWGHzXONNjmb4L7LgIOcv/b1trHoNc2BUIthwRr29Nc6oP2m4bwbGv7xwQgrDJThcMLIamFwx4spFpLtXGChMTGdeVT/lqKB9ACQoTDyOyYg6ypVqj1mW1yLGYvLMV6A74j8dJob2EFGRLdzlj74aspSFFyYvcBbZM9Dwdk/8esnsbho1Yu8Om5FUPJADCes9nFXfRbln8IBx8qnExP9szrfvohouV4D6BKuBj7ND1/HlKmawuwvjRl5V7HVP2GI5v3j9XB5MzHc9MXST8CLZjqyUdDbkPQbsyZsidNzo4sgISlsMwhRlYAotDTJ42ti2S5OCEL+rwkf+OVNKZmtcrmSDEmJLVJWowJWXguqhaVQkHUJd/A76zBm+bJ+RlJ6t0B+iviSX1ZOqP1rz/MPDbFSiEqubqy31mRYSbMHCXtpdVP3Wu3Mcf28fC2bYPZTH7SbptLYsDWzesDhQ+bYTSMc8Aw==\n",
            "public_key_pem": "-----BEGIN PUBLIC KEY-----\nMIICIjANBgkqhkiG9w0BAQEFAAOCAg8AMIICCgKCAgEAwPZqjBTKxHo36M+/VVTC\nC39fP5qg/FiCNcamc2yehGQzbdHbv8GgmfR58zVKTM2caE2Uy20EWw3A2Iz2M0nc\n9WFFaHMjJ8Ri2AUSM9G/uaNEipZAa+pctccB1F72zLhwpcUTkFY7DluP+f88ql9Q\nqis/idhcjSbygF+6A+yZ8NKPzhbaGnC+fxodbUIOnpVsSk0XwKXbDCsxXw/cTFhh\n81zjTY5m+C+y4CDnL/29bax6DXNgVCLYcEa9vTXOqD9puG8Gxr+8cEIKwyU4XDCy\nGphcMeLKRaS7VxgoTExnXlU/5aigfQAkKEw8jsmIOsqVao9ZltcixmLyzFegO+I/\nHSaG9hBRkS3c5Y++GrKUhRcmL3AW2TPQ8HZP/HrJ7G4aNWLvDpuRVDyQAwnrPZxV\n30W5Z/CAcfKpxMT/bM6376IaLleA+gSrgY+zQ9fx5SpmsLsL40ZeVex1T9hiOb94\n/VweTMx3PTF0k/Ai2Y6slHQ25D0G7MmbInTc6OLICEpbDMIUZWAKLQ0yeNrYtkuT\nghC/q8JH/jlTSmZrXK5kgxJiS1SVqMCVl4LqoWlUJB1CXfwO+swZvmyfkZSerdAf\nor4kl9WTqj9a8/zDw2xUohKrm6st9ZkWEmzBwl7aXVT91rtzHH9vHwtm2D2Ux+0m\n6bS2LA1s3rA4UPm2E0jHPAMCAwEAAQ==\n-----END PUBLIC KEY-----\n",
            "rsa_bits": 4096
          },
          "sensitive_attributes": [
            [
              {
                "type": "get_attr",
                "value": "private_key_pem"
              }
            ],
            [
              {
                "type": "get_attr",
                "value": "private_key_openssh"
              }
            ],
            [
              {
                "type": "get_attr",
                "value": "private_key_pem_pkcs8"
              }
            ]
          ],
          "create_before_destroy": true
        }
      ]
    },
    {
      "module": "module.us-west-2.module.vpc",
      "mode": "managed",
      "type": "aws_internet_gateway",
      "name": "igw_vpc_1",
      "provider": "provider[\"registry.terraform.io/hashicorp/aws\"]",
      "instances": [
        {
          "schema_version": 0,
          "attributes": {
            "arn": "arn:aws:ec2:us-west-2:159184128979:internet-gateway/igw-0915c8c17a374a2f0",
            "id": "igw-0915c8c17a374a2f0",
            "owner_id": "159184128979",
            "tags": {
              "Name": "igw_vpc_1"
            },
            "tags_all": {
              "Name": "igw_vpc_1"
            },
            "timeouts": null,
            "vpc_id": "vpc-092aa1d8152cd6602"
          },
          "sensitive_attributes": [],
          "private": "eyJlMmJmYjczMC1lY2FhLTExZTYtOGY4OC0zNDM2M2JjN2M0YzAiOnsiY3JlYXRlIjoxMjAwMDAwMDAwMDAwLCJkZWxldGUiOjEyMDAwMDAwMDAwMDAsInVwZGF0ZSI6MTIwMDAwMDAwMDAwMH19",
          "dependencies": [
            "module.us-west-2.module.vpc.aws_vpc.vpc_1"
          ]
        }
      ]
    },
    {
      "module": "module.us-west-2.module.vpc",
      "mode": "managed",
      "type": "aws_route_table",
      "name": "route_private_subnet_vpc_1",
      "provider": "provider[\"registry.terraform.io/hashicorp/aws\"]",
      "instances": [
        {
          "schema_version": 0,
          "attributes": {
            "arn": "arn:aws:ec2:us-west-2:159184128979:route-table/rtb-02b0e9d80eded7864",
            "id": "rtb-02b0e9d80eded7864",
            "owner_id": "159184128979",
            "propagating_vgws": [],
            "route": [],
            "tags": {
              "Name": "route_private_subnet_vpc_1"
            },
            "tags_all": {
              "Name": "route_private_subnet_vpc_1"
            },
            "timeouts": null,
            "vpc_id": "vpc-092aa1d8152cd6602"
          },
          "sensitive_attributes": [],
          "private": "eyJlMmJmYjczMC1lY2FhLTExZTYtOGY4OC0zNDM2M2JjN2M0YzAiOnsiY3JlYXRlIjozMDAwMDAwMDAwMDAsImRlbGV0ZSI6MzAwMDAwMDAwMDAwLCJ1cGRhdGUiOjEyMDAwMDAwMDAwMH19",
          "dependencies": [
            "module.us-west-2.module.vpc.aws_vpc.vpc_1"
          ]
        }
      ]
    },
    {
      "module": "module.us-west-2.module.vpc",
      "mode": "managed",
      "type": "aws_route_table",
      "name": "route_private_subnet_vpc_2",
      "provider": "provider[\"registry.terraform.io/hashicorp/aws\"]",
      "instances": [
        {
          "schema_version": 0,
          "attributes": {
            "arn": "arn:aws:ec2:us-west-2:159184128979:route-table/rtb-0d7c38ccdeb547396",
            "id": "rtb-0d7c38ccdeb547396",
            "owner_id": "159184128979",
            "propagating_vgws": [],
            "route": [],
            "tags": {
              "Name": "route_private_subnet_vpc_2"
            },
            "tags_all": {
              "Name": "route_private_subnet_vpc_2"
            },
            "timeouts": null,
            "vpc_id": "vpc-0d44325d0f5e6e3b5"
          },
          "sensitive_attributes": [],
          "private": "eyJlMmJmYjczMC1lY2FhLTExZTYtOGY4OC0zNDM2M2JjN2M0YzAiOnsiY3JlYXRlIjozMDAwMDAwMDAwMDAsImRlbGV0ZSI6MzAwMDAwMDAwMDAwLCJ1cGRhdGUiOjEyMDAwMDAwMDAwMH19",
          "dependencies": [
            "module.us-west-2.module.vpc.aws_vpc.vpc_2"
          ]
        }
      ]
    },
    {
      "module": "module.us-west-2.module.vpc",
      "mode": "managed",
      "type": "aws_route_table",
      "name": "route_public_subnet_vpc_1",
      "provider": "provider[\"registry.terraform.io/hashicorp/aws\"]",
      "instances": [
        {
          "schema_version": 0,
          "attributes": {
            "arn": "arn:aws:ec2:us-west-2:159184128979:route-table/rtb-02e7b33fd1517a51f",
            "id": "rtb-02e7b33fd1517a51f",
            "owner_id": "159184128979",
            "propagating_vgws": [],
            "route": [
              {
                "carrier_gateway_id": "",
                "cidr_block": "0.0.0.0/0",
                "core_network_arn": "",
                "destination_prefix_list_id": "",
                "egress_only_gateway_id": "",
                "gateway_id": "igw-0915c8c17a374a2f0",
                "instance_id": "",
                "ipv6_cidr_block": "",
                "local_gateway_id": "",
                "nat_gateway_id": "",
                "network_interface_id": "",
                "transit_gateway_id": "",
                "vpc_endpoint_id": "",
                "vpc_peering_connection_id": ""
              }
            ],
            "tags": {
              "Name": "route_public_subnet_vpc_1"
            },
            "tags_all": {
              "Name": "route_public_subnet_vpc_1"
            },
            "timeouts": null,
            "vpc_id": "vpc-092aa1d8152cd6602"
          },
          "sensitive_attributes": [],
          "private": "eyJlMmJmYjczMC1lY2FhLTExZTYtOGY4OC0zNDM2M2JjN2M0YzAiOnsiY3JlYXRlIjozMDAwMDAwMDAwMDAsImRlbGV0ZSI6MzAwMDAwMDAwMDAwLCJ1cGRhdGUiOjEyMDAwMDAwMDAwMH19",
          "dependencies": [
            "module.us-west-2.module.vpc.aws_internet_gateway.igw_vpc_1",
            "module.us-west-2.module.vpc.aws_vpc.vpc_1"
          ]
        }
      ]
    },
    {
      "module": "module.us-west-2.module.vpc",
      "mode": "managed",
      "type": "aws_route_table_association",
      "name": "private_route_1_association",
      "provider": "provider[\"registry.terraform.io/hashicorp/aws\"]",
      "instances": [
        {
          "schema_version": 0,
          "attributes": {
            "gateway_id": "",
            "id": "rtbassoc-017562cd18dc66208",
            "route_table_id": "rtb-02b0e9d80eded7864",
            "subnet_id": "subnet-0f3b848045d2b7bfe",
            "timeouts": null
          },
          "sensitive_attributes": [],
          "private": "eyJlMmJmYjczMC1lY2FhLTExZTYtOGY4OC0zNDM2M2JjN2M0YzAiOnsiY3JlYXRlIjozMDAwMDAwMDAwMDAsImRlbGV0ZSI6MzAwMDAwMDAwMDAwLCJ1cGRhdGUiOjEyMDAwMDAwMDAwMH19",
          "dependencies": [
            "module.us-west-2.module.vpc.aws_route_table.route_private_subnet_vpc_1",
            "module.us-west-2.module.vpc.aws_subnet.private_subnet_1_vpc_1",
            "module.us-west-2.module.vpc.aws_vpc.vpc_1"
          ]
        }
      ]
    },
    {
      "module": "module.us-west-2.module.vpc",
      "mode": "managed",
      "type": "aws_route_table_association",
      "name": "private_route_1_association_vpc_2",
      "provider": "provider[\"registry.terraform.io/hashicorp/aws\"]",
      "instances": [
        {
          "schema_version": 0,
          "attributes": {
            "gateway_id": "",
            "id": "rtbassoc-09a0c1acb7ba611cf",
            "route_table_id": "rtb-0d7c38ccdeb547396",
            "subnet_id": "subnet-045cede0a7db12466",
            "timeouts": null
          },
          "sensitive_attributes": [],
          "private": "eyJlMmJmYjczMC1lY2FhLTExZTYtOGY4OC0zNDM2M2JjN2M0YzAiOnsiY3JlYXRlIjozMDAwMDAwMDAwMDAsImRlbGV0ZSI6MzAwMDAwMDAwMDAwLCJ1cGRhdGUiOjEyMDAwMDAwMDAwMH19",
          "dependencies": [
            "module.us-west-2.module.vpc.aws_route_table.route_private_subnet_vpc_2",
            "module.us-west-2.module.vpc.aws_subnet.private_subnet_1_vcp_2",
            "module.us-west-2.module.vpc.aws_vpc.vpc_2"
          ]
        }
      ]
    },
    {
      "module": "module.us-west-2.module.vpc",
      "mode": "managed",
      "type": "aws_route_table_association",
      "name": "private_route_2_association",
      "provider": "provider[\"registry.terraform.io/hashicorp/aws\"]",
      "instances": [
        {
          "schema_version": 0,
          "attributes": {
            "gateway_id": "",
            "id": "rtbassoc-071c8bef95ac46519",
            "route_table_id": "rtb-02b0e9d80eded7864",
            "subnet_id": "subnet-0b3fd8ad42988f527",
            "timeouts": null
          },
          "sensitive_attributes": [],
          "private": "eyJlMmJmYjczMC1lY2FhLTExZTYtOGY4OC0zNDM2M2JjN2M0YzAiOnsiY3JlYXRlIjozMDAwMDAwMDAwMDAsImRlbGV0ZSI6MzAwMDAwMDAwMDAwLCJ1cGRhdGUiOjEyMDAwMDAwMDAwMH19",
          "dependencies": [
            "module.us-west-2.module.vpc.aws_route_table.route_private_subnet_vpc_1",
            "module.us-west-2.module.vpc.aws_subnet.private_subnet_2_vpc_1",
            "module.us-west-2.module.vpc.aws_vpc.vpc_1"
          ]
        }
      ]
    },
    {
      "module": "module.us-west-2.module.vpc",
      "mode": "managed",
      "type": "aws_route_table_association",
      "name": "public_route_1_association",
      "provider": "provider[\"registry.terraform.io/hashicorp/aws\"]",
      "instances": [
        {
          "schema_version": 0,
          "attributes": {
            "gateway_id": "",
            "id": "rtbassoc-0689d62de30825dc0",
            "route_table_id": "rtb-02e7b33fd1517a51f",
            "subnet_id": "subnet-06ed1700b4f7ca754",
            "timeouts": null
          },
          "sensitive_attributes": [],
          "private": "eyJlMmJmYjczMC1lY2FhLTExZTYtOGY4OC0zNDM2M2JjN2M0YzAiOnsiY3JlYXRlIjozMDAwMDAwMDAwMDAsImRlbGV0ZSI6MzAwMDAwMDAwMDAwLCJ1cGRhdGUiOjEyMDAwMDAwMDAwMH19",
          "dependencies": [
            "module.us-west-2.module.vpc.aws_internet_gateway.igw_vpc_1",
            "module.us-west-2.module.vpc.aws_route_table.route_public_subnet_vpc_1",
            "module.us-west-2.module.vpc.aws_subnet.public_sebnet_1_vpc_1",
            "module.us-west-2.module.vpc.aws_vpc.vpc_1"
          ]
        }
      ]
    },
    {
      "module": "module.us-west-2.module.vpc",
      "mode": "managed",
      "type": "aws_route_table_association",
      "name": "public_route_2_association",
      "provider": "provider[\"registry.terraform.io/hashicorp/aws\"]",
      "instances": [
        {
          "schema_version": 0,
          "attributes": {
            "gateway_id": "",
            "id": "rtbassoc-01c5d5eb2bfdffac6",
            "route_table_id": "rtb-02e7b33fd1517a51f",
            "subnet_id": "subnet-03b6f2f4980a122cf",
            "timeouts": null
          },
          "sensitive_attributes": [],
          "private": "eyJlMmJmYjczMC1lY2FhLTExZTYtOGY4OC0zNDM2M2JjN2M0YzAiOnsiY3JlYXRlIjozMDAwMDAwMDAwMDAsImRlbGV0ZSI6MzAwMDAwMDAwMDAwLCJ1cGRhdGUiOjEyMDAwMDAwMDAwMH19",
          "dependencies": [
            "module.us-west-2.module.vpc.aws_internet_gateway.igw_vpc_1",
            "module.us-west-2.module.vpc.aws_route_table.route_public_subnet_vpc_1",
            "module.us-west-2.module.vpc.aws_subnet.public_subnet_2_vpc_1",
            "module.us-west-2.module.vpc.aws_vpc.vpc_1"
          ]
        }
      ]
    },
    {
      "module": "module.us-west-2.module.vpc",
      "mode": "managed",
      "type": "aws_subnet",
      "name": "private_subnet_1_vcp_2",
      "provider": "provider[\"registry.terraform.io/hashicorp/aws\"]",
      "instances": [
        {
          "schema_version": 1,
          "attributes": {
            "arn": "arn:aws:ec2:us-west-2:159184128979:subnet/subnet-045cede0a7db12466",
            "assign_ipv6_address_on_creation": false,
            "availability_zone": "us-west-2a",
            "availability_zone_id": "usw2-az2",
            "cidr_block": "10.1.2.0/24",
            "customer_owned_ipv4_pool": "",
            "enable_dns64": false,
            "enable_lni_at_device_index": 0,
            "enable_resource_name_dns_a_record_on_launch": false,
            "enable_resource_name_dns_aaaa_record_on_launch": false,
            "id": "subnet-045cede0a7db12466",
            "ipv6_cidr_block": "",
            "ipv6_cidr_block_association_id": "",
            "ipv6_native": false,
            "map_customer_owned_ip_on_launch": false,
            "map_public_ip_on_launch": true,
            "outpost_arn": "",
            "owner_id": "159184128979",
            "private_dns_hostname_type_on_launch": "ip-name",
            "tags": {
              "Name": "private_subnet_1_vpc_2"
            },
            "tags_all": {
              "Name": "private_subnet_1_vpc_2"
            },
            "timeouts": null,
            "vpc_id": "vpc-0d44325d0f5e6e3b5"
          },
          "sensitive_attributes": [],
          "private": "eyJlMmJmYjczMC1lY2FhLTExZTYtOGY4OC0zNDM2M2JjN2M0YzAiOnsiY3JlYXRlIjo2MDAwMDAwMDAwMDAsImRlbGV0ZSI6MTIwMDAwMDAwMDAwMH0sInNjaGVtYV92ZXJzaW9uIjoiMSJ9",
          "dependencies": [
            "module.us-west-2.module.vpc.aws_vpc.vpc_2"
          ],
          "create_before_destroy": true
        }
      ]
    },
    {
      "module": "module.us-west-2.module.vpc",
      "mode": "managed",
      "type": "aws_subnet",
      "name": "private_subnet_1_vpc_1",
      "provider": "provider[\"registry.terraform.io/hashicorp/aws\"]",
      "instances": [
        {
          "schema_version": 1,
          "attributes": {
            "arn": "arn:aws:ec2:us-west-2:159184128979:subnet/subnet-0f3b848045d2b7bfe",
            "assign_ipv6_address_on_creation": false,
            "availability_zone": "us-west-2a",
            "availability_zone_id": "usw2-az2",
            "cidr_block": "10.0.3.0/24",
            "customer_owned_ipv4_pool": "",
            "enable_dns64": false,
            "enable_lni_at_device_index": 0,
            "enable_resource_name_dns_a_record_on_launch": false,
            "enable_resource_name_dns_aaaa_record_on_launch": false,
            "id": "subnet-0f3b848045d2b7bfe",
            "ipv6_cidr_block": "",
            "ipv6_cidr_block_association_id": "",
            "ipv6_native": false,
            "map_customer_owned_ip_on_launch": false,
            "map_public_ip_on_launch": true,
            "outpost_arn": "",
            "owner_id": "159184128979",
            "private_dns_hostname_type_on_launch": "ip-name",
            "tags": {
              "Name": "private_subnet_1_vpc_1"
            },
            "tags_all": {
              "Name": "private_subnet_1_vpc_1"
            },
            "timeouts": null,
            "vpc_id": "vpc-092aa1d8152cd6602"
          },
          "sensitive_attributes": [],
          "private": "eyJlMmJmYjczMC1lY2FhLTExZTYtOGY4OC0zNDM2M2JjN2M0YzAiOnsiY3JlYXRlIjo2MDAwMDAwMDAwMDAsImRlbGV0ZSI6MTIwMDAwMDAwMDAwMH0sInNjaGVtYV92ZXJzaW9uIjoiMSJ9",
          "dependencies": [
            "module.us-west-2.module.vpc.aws_vpc.vpc_1"
          ]
        }
      ]
    },
    {
      "module": "module.us-west-2.module.vpc",
      "mode": "managed",
      "type": "aws_subnet",
      "name": "private_subnet_2_vpc_1",
      "provider": "provider[\"registry.terraform.io/hashicorp/aws\"]",
      "instances": [
        {
          "schema_version": 1,
          "attributes": {
            "arn": "arn:aws:ec2:us-west-2:159184128979:subnet/subnet-0b3fd8ad42988f527",
            "assign_ipv6_address_on_creation": false,
            "availability_zone": "us-west-2b",
            "availability_zone_id": "usw2-az1",
            "cidr_block": "10.0.4.0/24",
            "customer_owned_ipv4_pool": "",
            "enable_dns64": false,
            "enable_lni_at_device_index": 0,
            "enable_resource_name_dns_a_record_on_launch": false,
            "enable_resource_name_dns_aaaa_record_on_launch": false,
            "id": "subnet-0b3fd8ad42988f527",
            "ipv6_cidr_block": "",
            "ipv6_cidr_block_association_id": "",
            "ipv6_native": false,
            "map_customer_owned_ip_on_launch": false,
            "map_public_ip_on_launch": true,
            "outpost_arn": "",
            "owner_id": "159184128979",
            "private_dns_hostname_type_on_launch": "ip-name",
            "tags": {
              "Name": "private_subnet_2_vpc_1"
            },
            "tags_all": {
              "Name": "private_subnet_2_vpc_1"
            },
            "timeouts": null,
            "vpc_id": "vpc-092aa1d8152cd6602"
          },
          "sensitive_attributes": [],
          "private": "eyJlMmJmYjczMC1lY2FhLTExZTYtOGY4OC0zNDM2M2JjN2M0YzAiOnsiY3JlYXRlIjo2MDAwMDAwMDAwMDAsImRlbGV0ZSI6MTIwMDAwMDAwMDAwMH0sInNjaGVtYV92ZXJzaW9uIjoiMSJ9",
          "dependencies": [
            "module.us-west-2.module.vpc.aws_vpc.vpc_1"
          ]
        }
      ]
    },
    {
      "module": "module.us-west-2.module.vpc",
      "mode": "managed",
      "type": "aws_subnet",
      "name": "public_sebnet_1_vpc_1",
      "provider": "provider[\"registry.terraform.io/hashicorp/aws\"]",
      "instances": [
        {
          "schema_version": 1,
          "attributes": {
            "arn": "arn:aws:ec2:us-west-2:159184128979:subnet/subnet-06ed1700b4f7ca754",
            "assign_ipv6_address_on_creation": false,
            "availability_zone": "us-west-2a",
            "availability_zone_id": "usw2-az2",
            "cidr_block": "10.0.1.0/24",
            "customer_owned_ipv4_pool": "",
            "enable_dns64": false,
            "enable_lni_at_device_index": 0,
            "enable_resource_name_dns_a_record_on_launch": false,
            "enable_resource_name_dns_aaaa_record_on_launch": false,
            "id": "subnet-06ed1700b4f7ca754",
            "ipv6_cidr_block": "",
            "ipv6_cidr_block_association_id": "",
            "ipv6_native": false,
            "map_customer_owned_ip_on_launch": false,
            "map_public_ip_on_launch": true,
            "outpost_arn": "",
            "owner_id": "159184128979",
            "private_dns_hostname_type_on_launch": "ip-name",
            "tags": {
              "Name": "public_sebnet_1_vpc_1"
            },
            "tags_all": {
              "Name": "public_sebnet_1_vpc_1"
            },
            "timeouts": null,
            "vpc_id": "vpc-092aa1d8152cd6602"
          },
          "sensitive_attributes": [],
          "private": "eyJlMmJmYjczMC1lY2FhLTExZTYtOGY4OC0zNDM2M2JjN2M0YzAiOnsiY3JlYXRlIjo2MDAwMDAwMDAwMDAsImRlbGV0ZSI6MTIwMDAwMDAwMDAwMH0sInNjaGVtYV92ZXJzaW9uIjoiMSJ9",
          "dependencies": [
            "module.us-west-2.module.vpc.aws_vpc.vpc_1"
          ],
          "create_before_destroy": true
        }
      ]
    },
    {
      "module": "module.us-west-2.module.vpc",
      "mode": "managed",
      "type": "aws_subnet",
      "name": "public_subnet_1_vpc_2",
      "provider": "provider[\"registry.terraform.io/hashicorp/aws\"]",
      "instances": [
        {
          "schema_version": 1,
          "attributes": {
            "arn": "arn:aws:ec2:us-west-2:159184128979:subnet/subnet-04094e960aaf8fa6d",
            "assign_ipv6_address_on_creation": false,
            "availability_zone": "us-west-2a",
            "availability_zone_id": "usw2-az2",
            "cidr_block": "10.1.1.0/24",
            "customer_owned_ipv4_pool": "",
            "enable_dns64": false,
            "enable_lni_at_device_index": 0,
            "enable_resource_name_dns_a_record_on_launch": false,
            "enable_resource_name_dns_aaaa_record_on_launch": false,
            "id": "subnet-04094e960aaf8fa6d",
            "ipv6_cidr_block": "",
            "ipv6_cidr_block_association_id": "",
            "ipv6_native": false,
            "map_customer_owned_ip_on_launch": false,
            "map_public_ip_on_launch": true,
            "outpost_arn": "",
            "owner_id": "159184128979",
            "private_dns_hostname_type_on_launch": "ip-name",
            "tags": {
              "Name": "public_subnet_1_vpc_2"
            },
            "tags_all": {
              "Name": "public_subnet_1_vpc_2"
            },
            "timeouts": null,
            "vpc_id": "vpc-0d44325d0f5e6e3b5"
          },
          "sensitive_attributes": [],
          "private": "eyJlMmJmYjczMC1lY2FhLTExZTYtOGY4OC0zNDM2M2JjN2M0YzAiOnsiY3JlYXRlIjo2MDAwMDAwMDAwMDAsImRlbGV0ZSI6MTIwMDAwMDAwMDAwMH0sInNjaGVtYV92ZXJzaW9uIjoiMSJ9",
          "dependencies": [
            "module.us-west-2.module.vpc.aws_vpc.vpc_2"
          ],
          "create_before_destroy": true
        }
      ]
    },
    {
      "module": "module.us-west-2.module.vpc",
      "mode": "managed",
      "type": "aws_subnet",
      "name": "public_subnet_2_vpc_1",
      "provider": "provider[\"registry.terraform.io/hashicorp/aws\"]",
      "instances": [
        {
          "schema_version": 1,
          "attributes": {
            "arn": "arn:aws:ec2:us-west-2:159184128979:subnet/subnet-03b6f2f4980a122cf",
            "assign_ipv6_address_on_creation": false,
            "availability_zone": "us-west-2b",
            "availability_zone_id": "usw2-az1",
            "cidr_block": "10.0.2.0/24",
            "customer_owned_ipv4_pool": "",
            "enable_dns64": false,
            "enable_lni_at_device_index": 0,
            "enable_resource_name_dns_a_record_on_launch": false,
            "enable_resource_name_dns_aaaa_record_on_launch": false,
            "id": "subnet-03b6f2f4980a122cf",
            "ipv6_cidr_block": "",
            "ipv6_cidr_block_association_id": "",
            "ipv6_native": false,
            "map_customer_owned_ip_on_launch": false,
            "map_public_ip_on_launch": true,
            "outpost_arn": "",
            "owner_id": "159184128979",
            "private_dns_hostname_type_on_launch": "ip-name",
            "tags": {
              "Name": "public_subnet_2_vpc_1"
            },
            "tags_all": {
              "Name": "public_subnet_2_vpc_1"
            },
            "timeouts": null,
            "vpc_id": "vpc-092aa1d8152cd6602"
          },
          "sensitive_attributes": [],
          "private": "eyJlMmJmYjczMC1lY2FhLTExZTYtOGY4OC0zNDM2M2JjN2M0YzAiOnsiY3JlYXRlIjo2MDAwMDAwMDAwMDAsImRlbGV0ZSI6MTIwMDAwMDAwMDAwMH0sInNjaGVtYV92ZXJzaW9uIjoiMSJ9",
          "dependencies": [
            "module.us-west-2.module.vpc.aws_vpc.vpc_1"
          ],
          "create_before_destroy": true
        }
      ]
    },
    {
      "module": "module.us-west-2.module.vpc",
      "mode": "managed",
      "type": "aws_vpc",
      "name": "vpc_1",
      "provider": "provider[\"registry.terraform.io/hashicorp/aws\"]",
      "instances": [
        {
          "schema_version": 1,
          "attributes": {
            "arn": "arn:aws:ec2:us-west-2:159184128979:vpc/vpc-092aa1d8152cd6602",
            "assign_generated_ipv6_cidr_block": false,
            "cidr_block": "10.0.0.0/16",
            "default_network_acl_id": "acl-0bc055cdcce57f15e",
            "default_route_table_id": "rtb-0e49041a2751cf39c",
            "default_security_group_id": "sg-0a62143153ecd3023",
            "dhcp_options_id": "dopt-0a104df655c24d9c1",
            "enable_classiclink": false,
            "enable_classiclink_dns_support": false,
            "enable_dns_hostnames": true,
            "enable_dns_support": true,
            "enable_network_address_usage_metrics": false,
            "id": "vpc-092aa1d8152cd6602",
            "instance_tenancy": "default",
            "ipv4_ipam_pool_id": null,
            "ipv4_netmask_length": null,
            "ipv6_association_id": "",
            "ipv6_cidr_block": "",
            "ipv6_cidr_block_network_border_group": "",
            "ipv6_ipam_pool_id": "",
            "ipv6_netmask_length": 0,
            "main_route_table_id": "rtb-0e49041a2751cf39c",
            "owner_id": "159184128979",
            "tags": {
              "Name": "vpc_1"
            },
            "tags_all": {
              "Name": "vpc_1"
            }
          },
          "sensitive_attributes": [],
          "private": "eyJzY2hlbWFfdmVyc2lvbiI6IjEifQ==",
          "create_before_destroy": true
        }
      ]
    },
    {
      "module": "module.us-west-2.module.vpc",
      "mode": "managed",
      "type": "aws_vpc",
      "name": "vpc_2",
      "provider": "provider[\"registry.terraform.io/hashicorp/aws\"]",
      "instances": [
        {
          "schema_version": 1,
          "attributes": {
            "arn": "arn:aws:ec2:us-west-2:159184128979:vpc/vpc-0d44325d0f5e6e3b5",
            "assign_generated_ipv6_cidr_block": false,
            "cidr_block": "10.1.0.0/16",
            "default_network_acl_id": "acl-041b444fffa380ca3",
            "default_route_table_id": "rtb-005b9dda1d9cd54f8",
            "default_security_group_id": "sg-041a8f2ce062c774b",
            "dhcp_options_id": "dopt-0a104df655c24d9c1",
            "enable_classiclink": false,
            "enable_classiclink_dns_support": false,
            "enable_dns_hostnames": true,
            "enable_dns_support": true,
            "enable_network_address_usage_metrics": false,
            "id": "vpc-0d44325d0f5e6e3b5",
            "instance_tenancy": "default",
            "ipv4_ipam_pool_id": null,
            "ipv4_netmask_length": null,
            "ipv6_association_id": "",
            "ipv6_cidr_block": "",
            "ipv6_cidr_block_network_border_group": "",
            "ipv6_ipam_pool_id": "",
            "ipv6_netmask_length": 0,
            "main_route_table_id": "rtb-005b9dda1d9cd54f8",
            "owner_id": "159184128979",
            "tags": {
              "Name": "vpc_2"
            },
            "tags_all": {
              "Name": "vpc_2"
            }
          },
          "sensitive_attributes": [],
          "private": "eyJzY2hlbWFfdmVyc2lvbiI6IjEifQ==",
          "create_before_destroy": true
        }
      ]
    }
  ],
  "check_results": null
}
