{
  "version": 4,
  "terraform_version": "1.8.0",
  "serial": 4873,
  "lineage": "4448c0e5-e53f-3477-ddc4-52db5cff8da4",
  "outputs": {},
  "resources": [
    {
      "mode": "data",
      "type": "aws_iam_policy_document",
      "name": "ec2",
      "provider": "provider[\"registry.terraform.io/hashicorp/aws\"]",
      "instances": [
        {
          "schema_version": 0,
          "attributes": {
            "id": "1903849331",
            "json": "{\n  \"Version\": \"2012-10-17\",\n  \"Statement\": [\n    {\n      \"Sid\": \"\",\n      \"Effect\": \"Allow\",\n      \"Action\": \"sts:AssumeRole\",\n      \"Principal\": {\n        \"Service\": \"ec2.amazonaws.com\"\n      }\n    }\n  ]\n}",
            "override_json": null,
            "override_policy_documents": null,
            "policy_id": null,
            "source_json": null,
            "source_policy_documents": null,
            "statement": [
              {
                "actions": [
                  "sts:AssumeRole"
                ],
                "condition": [],
                "effect": "Allow",
                "not_actions": [],
                "not_principals": [],
                "not_resources": [],
                "principals": [
                  {
                    "identifiers": [
                      "ec2.amazonaws.com"
                    ],
                    "type": "Service"
                  }
                ],
                "resources": [],
                "sid": ""
              }
            ],
            "version": "2012-10-17"
          },
          "sensitive_attributes": []
        }
      ]
    },
    {
      "mode": "managed",
      "type": "aws_iam_instance_profile",
      "name": "session_manager",
      "provider": "provider[\"registry.terraform.io/hashicorp/aws\"]",
      "instances": [
        {
          "schema_version": 0,
          "attributes": {
            "arn": "arn:aws:iam::159184128979:instance-profile/session_manager",
            "create_date": "2024-05-27T08:24:13Z",
            "id": "session_manager",
            "name": "session_manager",
            "name_prefix": "",
            "path": "/",
            "role": "session_manager",
            "tags": null,
            "tags_all": {},
            "unique_id": "AIPASKEA5BPJQK7E7IGQI"
          },
          "sensitive_attributes": [],
          "private": "bnVsbA==",
          "dependencies": [
            "aws_iam_role.session_manager",
            "data.aws_iam_policy_document.ec2"
          ],
          "create_before_destroy": true
        }
      ]
    },
    {
      "mode": "managed",
      "type": "aws_iam_policy",
      "name": "session_manager",
      "provider": "provider[\"registry.terraform.io/hashicorp/aws\"]",
      "instances": [
        {
          "schema_version": 0,
          "attributes": {
            "arn": "arn:aws:iam::159184128979:policy/session_manager",
            "description": "session_manager",
            "id": "arn:aws:iam::159184128979:policy/session_manager",
            "name": "session_manager",
            "name_prefix": "",
            "path": "/",
            "policy": "{\"Statement\":[{\"Action\":\"ec2:*\",\"Effect\":\"Allow\",\"Resource\":\"*\"},{\"Action\":\"elasticloadbalancing:*\",\"Effect\":\"Allow\",\"Resource\":\"*\"},{\"Action\":\"cloudwatch:*\",\"Effect\":\"Allow\",\"Resource\":\"*\"},{\"Action\":\"autoscaling:*\",\"Effect\":\"Allow\",\"Resource\":\"*\"},{\"Action\":\"iam:CreateServiceLinkedRole\",\"Condition\":{\"StringEquals\":{\"iam:AWSServiceName\":[\"autoscaling.amazonaws.com\",\"ec2scheduled.amazonaws.com\",\"elasticloadbalancing.amazonaws.com\",\"spot.amazonaws.com\",\"spotfleet.amazonaws.com\",\"transitgateway.amazonaws.com\"]}},\"Effect\":\"Allow\",\"Resource\":\"*\"}],\"Version\":\"2012-10-17\"}",
            "policy_id": "ANPASKEA5BPJWRW5XOPOY",
            "tags": null,
            "tags_all": {}
          },
          "sensitive_attributes": [],
          "private": "bnVsbA=="
        }
      ]
    },
    {
      "mode": "managed",
      "type": "aws_iam_role",
      "name": "session_manager",
      "provider": "provider[\"registry.terraform.io/hashicorp/aws\"]",
      "instances": [
        {
          "schema_version": 0,
          "attributes": {
            "arn": "arn:aws:iam::159184128979:role/session_manager",
            "assume_role_policy": "{\"Statement\":[{\"Action\":\"sts:AssumeRole\",\"Effect\":\"Allow\",\"Principal\":{\"Service\":\"ec2.amazonaws.com\"},\"Sid\":\"\"}],\"Version\":\"2012-10-17\"}",
            "create_date": "2024-05-27T08:24:12Z",
            "description": "",
            "force_detach_policies": false,
            "id": "session_manager",
            "inline_policy": [],
            "managed_policy_arns": [],
            "max_session_duration": 3600,
            "name": "session_manager",
            "name_prefix": "",
            "path": "/",
            "permissions_boundary": null,
            "role_last_used": [
              {
                "last_used_date": "",
                "region": ""
              }
            ],
            "tags": {
              "Name": "session_manager"
            },
            "tags_all": {
              "Name": "session_manager"
            },
            "unique_id": "AROASKEA5BPJSQSU5E35I"
          },
          "sensitive_attributes": [],
          "private": "bnVsbA==",
          "dependencies": [
            "data.aws_iam_policy_document.ec2"
          ],
          "create_before_destroy": true
        }
      ]
    },
    {
      "module": "module.ap-northeast-1",
      "mode": "managed",
      "type": "aws_instance",
      "name": "bastion2",
      "provider": "module.ap-northeast-1.provider[\"registry.terraform.io/hashicorp/aws\"]",
      "instances": [
        {
          "schema_version": 1,
          "attributes": {
            "ami": "ami-02a405b3302affc24",
            "arn": "arn:aws:ec2:ap-northeast-1:159184128979:instance/i-001e58022d8078bfd",
            "associate_public_ip_address": true,
            "availability_zone": "ap-northeast-1a",
            "capacity_reservation_specification": [
              {
                "capacity_reservation_preference": "open",
                "capacity_reservation_target": []
              }
            ],
            "cpu_core_count": 1,
            "cpu_options": [
              {
                "amd_sev_snp": "",
                "core_count": 1,
                "threads_per_core": 1
              }
            ],
            "cpu_threads_per_core": 1,
            "credit_specification": [
              {
                "cpu_credits": "standard"
              }
            ],
            "disable_api_stop": false,
            "disable_api_termination": false,
            "ebs_block_device": [],
            "ebs_optimized": false,
            "enclave_options": [
              {
                "enabled": false
              }
            ],
            "ephemeral_block_device": [],
            "get_password_data": false,
            "hibernation": false,
            "host_id": "",
            "host_resource_group_arn": null,
            "iam_instance_profile": "session_manager",
            "id": "i-001e58022d8078bfd",
            "instance_initiated_shutdown_behavior": "stop",
            "instance_state": "running",
            "instance_type": "t2.micro",
            "ipv6_address_count": 0,
            "ipv6_addresses": [],
            "key_name": "ec2key_tokyo",
            "launch_template": [],
            "maintenance_options": [
              {
                "auto_recovery": "default"
              }
            ],
            "metadata_options": [
              {
                "http_endpoint": "enabled",
                "http_put_response_hop_limit": 2,
                "http_tokens": "required",
                "instance_metadata_tags": "disabled"
              }
            ],
            "monitoring": false,
            "network_interface": [],
            "outpost_arn": "",
            "password_data": "",
            "placement_group": "",
            "placement_partition_number": 0,
            "primary_network_interface_id": "eni-01e9b7b0724edcb05",
            "private_dns": "ip-11-0-1-62.ap-northeast-1.compute.internal",
            "private_dns_name_options": [
              {
                "enable_resource_name_dns_a_record": false,
                "enable_resource_name_dns_aaaa_record": false,
                "hostname_type": "ip-name"
              }
            ],
            "private_ip": "11.0.1.62",
            "public_dns": "ec2-52-69-35-124.ap-northeast-1.compute.amazonaws.com",
            "public_ip": "52.69.35.124",
            "root_block_device": [
              {
                "delete_on_termination": true,
                "device_name": "/dev/xvda",
                "encrypted": false,
                "iops": 3000,
                "kms_key_id": "",
                "tags": {},
                "throughput": 125,
                "volume_id": "vol-04dd17de66f8f2c8a",
                "volume_size": 8,
                "volume_type": "gp3"
              }
            ],
            "secondary_private_ips": [],
            "security_groups": [
              "sg-043bc80112368dc54"
            ],
            "source_dest_check": true,
            "subnet_id": "subnet-01e03914568e72c22",
            "tags": {
              "Name": "Bastion_2_public"
            },
            "tags_all": {
              "Name": "Bastion_2_public"
            },
            "tenancy": "default",
            "timeouts": null,
            "user_data": "57264057ebd024bd7871eea80fcbb0fec4308b67",
            "user_data_base64": null,
            "user_data_replace_on_change": false,
            "volume_tags": null,
            "vpc_security_group_ids": [
              "sg-043bc80112368dc54"
            ]
          },
          "sensitive_attributes": [],
          "private": "eyJlMmJmYjczMC1lY2FhLTExZTYtOGY4OC0zNDM2M2JjN2M0YzAiOnsiY3JlYXRlIjo2MDAwMDAwMDAwMDAsImRlbGV0ZSI6MTIwMDAwMDAwMDAwMCwidXBkYXRlIjo2MDAwMDAwMDAwMDB9LCJzY2hlbWFfdmVyc2lvbiI6IjEifQ==",
          "dependencies": [
            "aws_iam_instance_profile.session_manager",
            "aws_iam_role.session_manager",
            "data.aws_iam_policy_document.ec2",
            "module.ap-northeast-1.aws_security_group.ec2_security_group_tokyo",
            "module.ap-northeast-1.module.keypair.aws_key_pair.generated_key_tokyo",
            "module.ap-northeast-1.module.keypair.tls_private_key.ec2key_tokyo",
            "module.ap-northeast-1.module.vpc.aws_subnet.public_subnet_1_vpc_tokyo",
            "module.ap-northeast-1.module.vpc.aws_vpc.vpc_tokyo"
          ],
          "create_before_destroy": true
        }
      ]
    },
    {
      "module": "module.ap-northeast-1",
      "mode": "managed",
      "type": "aws_instance",
      "name": "webserver2",
      "provider": "module.ap-northeast-1.provider[\"registry.terraform.io/hashicorp/aws\"]",
      "instances": [
        {
          "schema_version": 1,
          "attributes": {
            "ami": "ami-02a405b3302affc24",
            "arn": "arn:aws:ec2:ap-northeast-1:159184128979:instance/i-0d492019229728ed4",
            "associate_public_ip_address": true,
            "availability_zone": "ap-northeast-1a",
            "capacity_reservation_specification": [
              {
                "capacity_reservation_preference": "open",
                "capacity_reservation_target": []
              }
            ],
            "cpu_core_count": 1,
            "cpu_options": [
              {
                "amd_sev_snp": "",
                "core_count": 1,
                "threads_per_core": 1
              }
            ],
            "cpu_threads_per_core": 1,
            "credit_specification": [
              {
                "cpu_credits": "standard"
              }
            ],
            "disable_api_stop": false,
            "disable_api_termination": false,
            "ebs_block_device": [],
            "ebs_optimized": false,
            "enclave_options": [
              {
                "enabled": false
              }
            ],
            "ephemeral_block_device": [],
            "get_password_data": false,
            "hibernation": false,
            "host_id": "",
            "host_resource_group_arn": null,
            "iam_instance_profile": "session_manager",
            "id": "i-0d492019229728ed4",
            "instance_initiated_shutdown_behavior": "stop",
            "instance_state": "running",
            "instance_type": "t2.micro",
            "ipv6_address_count": 0,
            "ipv6_addresses": [],
            "key_name": "ec2key_tokyo",
            "launch_template": [],
            "maintenance_options": [
              {
                "auto_recovery": "default"
              }
            ],
            "metadata_options": [
              {
                "http_endpoint": "enabled",
                "http_put_response_hop_limit": 2,
                "http_tokens": "required",
                "instance_metadata_tags": "disabled"
              }
            ],
            "monitoring": false,
            "network_interface": [],
            "outpost_arn": "",
            "password_data": "",
            "placement_group": "",
            "placement_partition_number": 0,
            "primary_network_interface_id": "eni-0cc343fa234e169ac",
            "private_dns": "ip-11-0-3-9.ap-northeast-1.compute.internal",
            "private_dns_name_options": [
              {
                "enable_resource_name_dns_a_record": false,
                "enable_resource_name_dns_aaaa_record": false,
                "hostname_type": "ip-name"
              }
            ],
            "private_ip": "11.0.3.9",
            "public_dns": "ec2-18-181-145-198.ap-northeast-1.compute.amazonaws.com",
            "public_ip": "18.181.145.198",
            "root_block_device": [
              {
                "delete_on_termination": true,
                "device_name": "/dev/xvda",
                "encrypted": false,
                "iops": 3000,
                "kms_key_id": "",
                "tags": {},
                "throughput": 125,
                "volume_id": "vol-008f32628c9906365",
                "volume_size": 8,
                "volume_type": "gp3"
              }
            ],
            "secondary_private_ips": [],
            "security_groups": [
              "sg-043bc80112368dc54"
            ],
            "source_dest_check": true,
            "subnet_id": "subnet-0766c6b9f52b614df",
            "tags": {
              "Name": "webserver_2_private"
            },
            "tags_all": {
              "Name": "webserver_2_private"
            },
            "tenancy": "default",
            "timeouts": null,
            "user_data": "57264057ebd024bd7871eea80fcbb0fec4308b67",
            "user_data_base64": null,
            "user_data_replace_on_change": false,
            "volume_tags": null,
            "vpc_security_group_ids": [
              "sg-043bc80112368dc54"
            ]
          },
          "sensitive_attributes": [],
          "private": "eyJlMmJmYjczMC1lY2FhLTExZTYtOGY4OC0zNDM2M2JjN2M0YzAiOnsiY3JlYXRlIjo2MDAwMDAwMDAwMDAsImRlbGV0ZSI6MTIwMDAwMDAwMDAwMCwidXBkYXRlIjo2MDAwMDAwMDAwMDB9LCJzY2hlbWFfdmVyc2lvbiI6IjEifQ==",
          "dependencies": [
            "aws_iam_instance_profile.session_manager",
            "aws_iam_role.session_manager",
            "data.aws_iam_policy_document.ec2",
            "module.ap-northeast-1.aws_security_group.ec2_security_group_tokyo",
            "module.ap-northeast-1.module.keypair.aws_key_pair.generated_key_tokyo",
            "module.ap-northeast-1.module.keypair.tls_private_key.ec2key_tokyo",
            "module.ap-northeast-1.module.vpc.aws_subnet.private_subnet_1_vcp_2",
            "module.ap-northeast-1.module.vpc.aws_vpc.vpc_tokyo"
          ],
          "create_before_destroy": true
        }
      ]
    },
    {
      "module": "module.ap-northeast-1",
      "mode": "managed",
      "type": "aws_security_group",
      "name": "ec2_security_group_tokyo",
      "provider": "module.ap-northeast-1.provider[\"registry.terraform.io/hashicorp/aws\"]",
      "instances": [
        {
          "schema_version": 1,
          "attributes": {
            "arn": "arn:aws:ec2:ap-northeast-1:159184128979:security-group/sg-043bc80112368dc54",
            "description": "Allow inbound access from the ALB only",
            "egress": [
              {
                "cidr_blocks": [
                  "0.0.0.0/0"
                ],
                "description": "",
                "from_port": 0,
                "ipv6_cidr_blocks": [],
                "prefix_list_ids": [],
                "protocol": "-1",
                "security_groups": [],
                "self": false,
                "to_port": 0
              }
            ],
            "id": "sg-043bc80112368dc54",
            "ingress": [
              {
                "cidr_blocks": [
                  "0.0.0.0/0"
                ],
                "description": "HTTP",
                "from_port": 80,
                "ipv6_cidr_blocks": [],
                "prefix_list_ids": [],
                "protocol": "tcp",
                "security_groups": [],
                "self": false,
                "to_port": 80
              },
              {
                "cidr_blocks": [
                  "0.0.0.0/0"
                ],
                "description": "HTTPS",
                "from_port": 443,
                "ipv6_cidr_blocks": [],
                "prefix_list_ids": [],
                "protocol": "tcp",
                "security_groups": [],
                "self": false,
                "to_port": 443
              },
              {
                "cidr_blocks": [
                  "0.0.0.0/0"
                ],
                "description": "SSH",
                "from_port": 22,
                "ipv6_cidr_blocks": [],
                "prefix_list_ids": [],
                "protocol": "tcp",
                "security_groups": [],
                "self": false,
                "to_port": 22
              }
            ],
            "name": "ec2_security_group",
            "name_prefix": "",
            "owner_id": "159184128979",
            "revoke_rules_on_delete": false,
            "tags": {
              "Name": "ec2_security_group"
            },
            "tags_all": {
              "Name": "ec2_security_group"
            },
            "timeouts": null,
            "vpc_id": "vpc-03d670938817e6373"
          },
          "sensitive_attributes": [],
          "private": "eyJlMmJmYjczMC1lY2FhLTExZTYtOGY4OC0zNDM2M2JjN2M0YzAiOnsiY3JlYXRlIjo2MDAwMDAwMDAwMDAsImRlbGV0ZSI6OTAwMDAwMDAwMDAwfSwic2NoZW1hX3ZlcnNpb24iOiIxIn0=",
          "dependencies": [
            "module.ap-northeast-1.module.vpc.aws_vpc.vpc_tokyo"
          ],
          "create_before_destroy": true
        }
      ]
    },
    {
      "module": "module.ap-northeast-1.module.keypair",
      "mode": "managed",
      "type": "aws_key_pair",
      "name": "generated_key_tokyo",
      "provider": "module.ap-northeast-1.provider[\"registry.terraform.io/hashicorp/aws\"]",
      "instances": [
        {
          "schema_version": 1,
          "attributes": {
            "arn": "arn:aws:ec2:ap-northeast-1:159184128979:key-pair/ec2key_tokyo",
            "fingerprint": "0b:0c:98:6d:ce:85:70:8d:87:5d:c1:7e:02:78:68:74",
            "id": "ec2key_tokyo",
            "key_name": "ec2key_tokyo",
            "key_name_prefix": "",
            "key_pair_id": "key-011b970c27cbe397d",
            "key_type": "rsa",
            "public_key": "ssh-rsa AAAAB3NzaC1yc2EAAAADAQABAAACAQCf0tpp7QuYo5lC8H1T2Z3ERzTJSQK14RZMpLOVdSoxwP8qrJDwoAzwXGxn5LR3IYYziCYEaDV0ZbPJC11kcbAL5bwqkvjLpvTkOdz5hDsOjOPSZzAMuva0Xa3vdp8/lNNlHJ2zwHX4u//3kPWbsgB2rkItBLbrHFaVwrPe9lULh6UKO2i1YjQIUMRf87d9e0sgLqpviq4J+9r9UiY+WuWmkI9YftgzqEgJSPP5m+RZtYbA1BqqMwv2E2ePpFx1S2I+LqX1d49s5kXCpS/IC8OULM0jMX/yWnVH0P/O9bQVmlJ2be+GRCs+DcYDw1jsvfupIMe6vk3S2W6k9Y3oznZW2dWVs7Hya7T5hP7G38qQFbp2byj40SlpBmIhE1IkNlvr1ofwnH9dyqHlH+a/SzMaJGvsOk8ckOfpacM50ejxxb5xcyVvWEZmGAIlg44PbstspI/jOS39rgyVcep+9lsFT9m+5yoKJTbDo2hoXR7RaZ3NeCIWjOJnNw8syVP75lHle5QK6pfYjvNswdPrAHauVG1WTmDvjUoOVRLtRAoYu1ZBFiDTQwj6JHt/m1+1G/Ds9vPfta40x2+d521WthW6JZJqGN7xeempL3sjzwh7kjJd+1McGR5muPMuClXybIEGODj30jEnQQAk6gj+S/08t7k+Kbd9s570tAuhlsGj5w==",
            "tags": null,
            "tags_all": {}
          },
          "sensitive_attributes": [],
          "private": "eyJzY2hlbWFfdmVyc2lvbiI6IjEifQ==",
          "dependencies": [
            "module.ap-northeast-1.module.keypair.tls_private_key.ec2key_tokyo"
          ],
          "create_before_destroy": true
        }
      ]
    },
    {
      "module": "module.ap-northeast-1.module.keypair",
      "mode": "managed",
      "type": "local_file",
      "name": "key_tokyo",
      "provider": "provider[\"registry.terraform.io/hashicorp/local\"]",
      "instances": [
        {
          "schema_version": 0,
          "attributes": {
            "content": "-----BEGIN RSA PRIVATE KEY-----\nMIIJKQIBAAKCAgEAn9Laae0LmKOZQvB9U9mdxEc0yUkCteEWTKSzlXUqMcD/KqyQ\n8KAM8FxsZ+S0dyGGM4gmBGg1dGWzyQtdZHGwC+W8KpL4y6b05Dnc+YQ7Dozj0mcw\nDLr2tF2t73afP5TTZRyds8B1+Lv/95D1m7IAdq5CLQS26xxWlcKz3vZVC4elCjto\ntWI0CFDEX/O3fXtLIC6qb4quCfva/VImPlrlppCPWH7YM6hICUjz+ZvkWbWGwNQa\nqjML9hNnj6RcdUtiPi6l9XePbOZFwqUvyAvDlCzNIzF/8lp1R9D/zvW0FZpSdm3v\nhkQrPg3GA8NY7L37qSDHur5N0tlupPWN6M52VtnVlbOx8mu0+YT+xt/KkBW6dm8o\n+NEpaQZiIRNSJDZb69aH8Jx/Xcqh5R/mv0szGiRr7DpPHJDn6WnDOdHo8cW+cXMl\nb1hGZhgCJYOOD27LbKSP4zkt/a4MlXHqfvZbBU/ZvucqCiU2w6NoaF0e0WmdzXgi\nFoziZzcPLMlT++ZR5XuUCuqX2I7zbMHT6wB2rlRtVk5g741KDlUS7UQKGLtWQRYg\n00MI+iR7f5tftRvw7Pbz37WuNMdvnedtVrYVuiWSahje8XnpqS97I88Ie5IyXftT\nHBkeZrjzLgpV8myBBjg499IxJ0EAJOoI/kv9PLe5Pim3fbOe9LQLoZbBo+cCAwEA\nAQKCAgBmhaOF/4FI0Oknf41llFsX5XV/CU6rzU+4qo5oeVgvwlXs0fXH5WNnbGI9\n4v/Ay8iClfuNKCviFrtVY+zs2eDMQPqLdOwT921wWY3eoWwg0U/zUC4KfIR0/wLs\ncXOGHbndSpX/EJ6ciDySWnKzBWQ2vWHF7xhHiU4hk1w+0lWLp9++yI1KjUxDaUwP\nIQ+7drOiWU0LcDJkRSMdDO1rYnOefWz2n6egu3o6OooGvHGm+kMOvwC73TL3D0uH\nYS/OLiU/Lj1XUPK4MJ7fVYdpE+LJ0lNlGAOzO0OwZekyoXp7wRrUzYCw6Fm03LEB\nCPaqJtSgkV6N9DWH4+KN/tahWI+f80lSkrRAVViWzA0SwWGTSS/rVuPjaEvRHHJr\nEWCpQX4j8vYCvZHrCtCxmbTh7rLI5m5vpZ9RWa2If1rD8OZHXIM/3Pnc8Lgp/6LY\nB2+DCew4IZwYmT5ZBEEyQICqZoEKhQAj1I/L6+wG7D1UkVUlDyWPQ4aOOJQtZVWY\nn+eioNQEBK3Le14ycTD6zBmPv3mJO8zUwEXQDQazTMiJhO9ayfm4mNTqexHIiXnm\nd8L5tWSRsUm7lt+lelPace4vwCiFA39No69qWBpONjmT8p/+DK4BoGtGLL3wDdHe\n4e9yuJdO7qpp4uzeGn+OoVnL2CWdVqgbqM6O0ApUnZHXC438wQKCAQEA0LpxA2ZD\nm+j4BBgRWs6NEHXYRqJxnVl4IO7hH/0A9PDsz30u/VzDaR6zY3O6ZdvriAGY+6p/\nXhD8ermlfpywdWDNOy4fJ3N7/9Lh5qWBe83kp7UasneuVhOhReO/RCHVMvexlmB5\nynjeiLgBSIV9bn8ivV7Nrqn0E642RmkhcojSVlmOIr6zbfyqapzUzvnhemDxqVqG\nPKI2Yxh5YEjU3ZpYyXH++1xC3xq64rJ+Uq8VZo1+qgdNu2ZuPmRKO3c4fbLRkCY5\nAN78K/SsK9izDtN+EJm6tLqoYkYUCZTzQzLlmmbEBFBrBnPxTVOsMXdMbjsNc2Dx\noaWAZTOZO2nRJQKCAQEAxAUKHTsNaFHNWYP4UV5KkRxZ6kWTjPdkWbZuc2IIAq0R\n7COdgGqA37YsKv54LwS1i6lG/g10wjdR/RipQDAYkh2mwB2LEnFrC68YfF6HRDQg\n97a4aubqDFo/bVYKPGiIfqOLgkKedZWXAvzInfdb2MJoz5PfslAvwWTGccSYooMK\nhL+gPQwp257zEvAupGZKERvVJXjkD5ROf2BHSBqDewJJIWPV/DA5zwh/DE/2rJ96\nlEa7pxVc4Lg9mz65Fo5NKik/K++7fwFhpcxDcALpg4pvyItzRUi51XiOwDdMYAyP\nKhCag0DYPnWKwjd0+NoV6wySVSMbG4QFh47h76axGwKCAQEAp32EZFLyW7CVHEvn\n2TM3tQarVvrRKo95uwuU8ONHmkWd8V2lkD+Yusic8GgUIdpYZNnLVd9ZtzTwNNa1\nuySm4HmeFigLbc/Yp88j4L3camksW3sTAjTRW1cDKZ74gwaXGv/xrBachGF7SMBG\nn1gm77zrNoRVjhvotMYt3VBNO6gZCJtyV+Uo/FAsu8I/bhrL2TTjlp8CarNL6zbf\nZujqjyxkpLlp/2/oZTkA0BqlDVpbVOCjzHJx6LfoLP6zJoajeRI94WsagN1uAyOh\n6MlJ3dLOLSn+zTmfFsTfHVU94yV7YuulzURurU3qSr+ixErTtPyD7ZrUKn8wyYSf\nKDLgVQKCAQB3+JmjIFRpZ7+mLPZbXrmGrPJ/Rwwyt+uMWPKq3fIHKUQR4g5w3T55\nLXdE7TBDnr86dmWD8lpm0BL3NBPKvGUdcNZxOOO4awBYS1dSL0zcuob+9a9Thnbz\nDn1JfuKO7G+2CoTFOd7gGqktY+epfw6Q0RPzEA9WhGtmEza9xNSiik9yxhHdq0cn\nKtac3bG+XviwFffTknUK7/tHTHb0M34LWG/H5uG+Ewoeo5WWxI42Qvl0LQKHFbUd\nuMXD8ZS4sGmcB1ipnHWGGyNXpXgU40NmheE6vdbULdnHRJ0iGfY9xxIMbdMTyClR\nuQEvM1/9OwU1MiGRyAW8RoZX3GR+F+jHAoIBAQCy+1l4lC8SEO43bTnPELLBe5bY\nhOpe7iQJV/1R35kWTpX+LQvMafSPw5MvhM71V1gV8+RmMDFCW9SIvR7DyQnHIuRR\nssLIcb2SWcrkbFjNPN1npk4NeKrSmuz8+Z/gzSrda8IuPXdalS8HedHPcou8k0Ep\nI/tW9bwDbj7ZLXqHZebBeuBovf4CFBMDDllfuy36V/Gk1ja1UE/2IRWvFb4dZKmQ\nCYq8zxEsw5CcjXpEeZtsksff9pxlF+CQg9J2yTAnp9G6BAGSdw3J9EAjy2ZEe8m1\nqC+Xr9+/Xvz2uGFae7Gu7jcOZiiw3m4dRVYHgqxOkNGDbkYswrrQ82nA6Z7k\n-----END RSA PRIVATE KEY-----\n",
            "content_base64": null,
            "content_base64sha256": "fI1C2oMznjACuXKHS0y4uuAsXOslkVtXr1SU41abPzk=",
            "content_base64sha512": "RHIWuhwpQ555PXvFx3EUVpWL16cFinLz6AJCspUiyG860Ga6ZYZRGIUtET0ZFy4s9RZF+BnA6flUUu8k8NWZMg==",
            "content_md5": "efbc4f35012b35a8c70bba1c8001a494",
            "content_sha1": "9d990c5db6ce8e1aa1588b03dc17f1e15ec5d129",
            "content_sha256": "7c8d42da83339e3002b972874b4cb8bae02c5ceb25915b57af5494e3569b3f39",
            "content_sha512": "447216ba1c29439e793d7bc5c7711456958bd7a7058a72f3e80242b29522c86f3ad066ba65865118852d113d19172e2cf51645f819c0e9f95452ef24f0d59932",
            "directory_permission": "0777",
            "file_permission": "0400",
            "filename": "ec2key_tokyo.pem",
            "id": "9d990c5db6ce8e1aa1588b03dc17f1e15ec5d129",
            "sensitive_content": null,
            "source": null
          },
          "sensitive_attributes": [
            [
              {
                "type": "get_attr",
                "value": "sensitive_content"
              }
            ],
            [
              {
                "type": "get_attr",
                "value": "content"
              }
            ]
          ],
          "dependencies": [
            "module.ap-northeast-1.module.keypair.tls_private_key.ec2key_tokyo"
          ]
        }
      ]
    },
    {
      "module": "module.ap-northeast-1.module.keypair",
      "mode": "managed",
      "type": "tls_private_key",
      "name": "ec2key_tokyo",
      "provider": "provider[\"registry.terraform.io/hashicorp/tls\"]",
      "instances": [
        {
          "schema_version": 1,
          "attributes": {
            "algorithm": "RSA",
            "ecdsa_curve": "P224",
            "id": "e4bfc777b4d8b76177d3024088f2ff17027a9dc3",
            "private_key_openssh": "-----BEGIN OPENSSH PRIVATE KEY-----\nb3BlbnNzaC1rZXktdjEAAAAABG5vbmUAAAAEbm9uZQAAAAAAAAABAAACFwAAAAdz\nc2gtcnNhAAAAAwEAAQAAAgEAn9Laae0LmKOZQvB9U9mdxEc0yUkCteEWTKSzlXUq\nMcD/KqyQ8KAM8FxsZ+S0dyGGM4gmBGg1dGWzyQtdZHGwC+W8KpL4y6b05Dnc+YQ7\nDozj0mcwDLr2tF2t73afP5TTZRyds8B1+Lv/95D1m7IAdq5CLQS26xxWlcKz3vZV\nC4elCjtotWI0CFDEX/O3fXtLIC6qb4quCfva/VImPlrlppCPWH7YM6hICUjz+Zvk\nWbWGwNQaqjML9hNnj6RcdUtiPi6l9XePbOZFwqUvyAvDlCzNIzF/8lp1R9D/zvW0\nFZpSdm3vhkQrPg3GA8NY7L37qSDHur5N0tlupPWN6M52VtnVlbOx8mu0+YT+xt/K\nkBW6dm8o+NEpaQZiIRNSJDZb69aH8Jx/Xcqh5R/mv0szGiRr7DpPHJDn6WnDOdHo\n8cW+cXMlb1hGZhgCJYOOD27LbKSP4zkt/a4MlXHqfvZbBU/ZvucqCiU2w6NoaF0e\n0WmdzXgiFoziZzcPLMlT++ZR5XuUCuqX2I7zbMHT6wB2rlRtVk5g741KDlUS7UQK\nGLtWQRYg00MI+iR7f5tftRvw7Pbz37WuNMdvnedtVrYVuiWSahje8XnpqS97I88I\ne5IyXftTHBkeZrjzLgpV8myBBjg499IxJ0EAJOoI/kv9PLe5Pim3fbOe9LQLoZbB\no+cAAAc4QrG7pEKxu6QAAAAHc3NoLXJzYQAAAgEAn9Laae0LmKOZQvB9U9mdxEc0\nyUkCteEWTKSzlXUqMcD/KqyQ8KAM8FxsZ+S0dyGGM4gmBGg1dGWzyQtdZHGwC+W8\nKpL4y6b05Dnc+YQ7Dozj0mcwDLr2tF2t73afP5TTZRyds8B1+Lv/95D1m7IAdq5C\nLQS26xxWlcKz3vZVC4elCjtotWI0CFDEX/O3fXtLIC6qb4quCfva/VImPlrlppCP\nWH7YM6hICUjz+ZvkWbWGwNQaqjML9hNnj6RcdUtiPi6l9XePbOZFwqUvyAvDlCzN\nIzF/8lp1R9D/zvW0FZpSdm3vhkQrPg3GA8NY7L37qSDHur5N0tlupPWN6M52VtnV\nlbOx8mu0+YT+xt/KkBW6dm8o+NEpaQZiIRNSJDZb69aH8Jx/Xcqh5R/mv0szGiRr\n7DpPHJDn6WnDOdHo8cW+cXMlb1hGZhgCJYOOD27LbKSP4zkt/a4MlXHqfvZbBU/Z\nvucqCiU2w6NoaF0e0WmdzXgiFoziZzcPLMlT++ZR5XuUCuqX2I7zbMHT6wB2rlRt\nVk5g741KDlUS7UQKGLtWQRYg00MI+iR7f5tftRvw7Pbz37WuNMdvnedtVrYVuiWS\nahje8XnpqS97I88Ie5IyXftTHBkeZrjzLgpV8myBBjg499IxJ0EAJOoI/kv9PLe5\nPim3fbOe9LQLoZbBo+cAAAADAQABAAACAGaFo4X/gUjQ6Sd/jWWUWxfldX8JTqvN\nT7iqjmh5WC/CVezR9cflY2dsYj3i/8DLyIKV+40oK+IWu1Vj7OzZ4MxA+ot07BP3\nbXBZjd6hbCDRT/NQLgp8hHT/Auxxc4Ydud1Klf8QnpyIPJJacrMFZDa9YcXvGEeJ\nTiGTXD7SVYun377IjUqNTENpTA8hD7t2s6JZTQtwMmRFIx0M7Wtic559bPafp6C7\nejo6iga8cab6Qw6/ALvdMvcPS4dhL84uJT8uPVdQ8rgwnt9Vh2kT4snSU2UYA7M7\nQ7Bl6TKhenvBGtTNgLDoWbTcsQEI9qom1KCRXo30NYfj4o3+1qFYj5/zSVKStEBV\nWJbMDRLBYZNJL+tW4+NoS9EccmsRYKlBfiPy9gK9kesK0LGZtOHussjmbm+ln1FZ\nrYh/WsPw5kdcgz/c+dzwuCn/otgHb4MJ7DghnBiZPlkEQTJAgKpmgQqFACPUj8vr\n7AbsPVSRVSUPJY9Dho44lC1lVZif56Kg1AQErct7XjJxMPrMGY+/eYk7zNTARdAN\nBrNMyImE71rJ+biY1Op7EciJeeZ3wvm1ZJGxSbuW36V6U9px7i/AKIUDf02jr2pY\nGk42OZPyn/4MrgGga0YsvfAN0d7h73K4l07uqmni7N4af46hWcvYJZ1WqBuozo7Q\nClSdkdcLjfzBAAABAQCy+1l4lC8SEO43bTnPELLBe5bYhOpe7iQJV/1R35kWTpX+\nLQvMafSPw5MvhM71V1gV8+RmMDFCW9SIvR7DyQnHIuRRssLIcb2SWcrkbFjNPN1n\npk4NeKrSmuz8+Z/gzSrda8IuPXdalS8HedHPcou8k0EpI/tW9bwDbj7ZLXqHZebB\neuBovf4CFBMDDllfuy36V/Gk1ja1UE/2IRWvFb4dZKmQCYq8zxEsw5CcjXpEeZts\nksff9pxlF+CQg9J2yTAnp9G6BAGSdw3J9EAjy2ZEe8m1qC+Xr9+/Xvz2uGFae7Gu\n7jcOZiiw3m4dRVYHgqxOkNGDbkYswrrQ82nA6Z7kAAABAQDQunEDZkOb6PgEGBFa\nzo0QddhGonGdWXgg7uEf/QD08OzPfS79XMNpHrNjc7pl2+uIAZj7qn9eEPx6uaV+\nnLB1YM07Lh8nc3v/0uHmpYF7zeSntRqyd65WE6FF479EIdUy97GWYHnKeN6IuAFI\nhX1ufyK9Xs2uqfQTrjZGaSFyiNJWWY4ivrNt/KpqnNTO+eF6YPGpWoY8ojZjGHlg\nSNTdmljJcf77XELfGrrisn5SrxVmjX6qB027Zm4+ZEo7dzh9stGQJjkA3vwr9Kwr\n2LMO034Qmbq0uqhiRhQJlPNDMuWaZsQEUGsGc/FNU6wxd0xuOw1zYPGhpYBlM5k7\nadElAAABAQDEBQodOw1oUc1Zg/hRXkqRHFnqRZOM92RZtm5zYggCrRHsI52AaoDf\ntiwq/ngvBLWLqUb+DXTCN1H9GKlAMBiSHabAHYsScWsLrxh8XodENCD3trhq5uoM\nWj9tVgo8aIh+o4uCQp51lZcC/Mid91vYwmjPk9+yUC/BZMZxxJiigwqEv6A9DCnb\nnvMS8C6kZkoRG9UleOQPlE5/YEdIGoN7AkkhY9X8MDnPCH8MT/asn3qURrunFVzg\nuD2bPrkWjk0qKT8r77t/AWGlzENwAumDim/Ii3NFSLnVeI7AN0xgDI8qEJqDQNg+\ndYrCN3T42hXrDJJVIxsbhAWHjuHvprEbAAAAAAEC\n-----END OPENSSH PRIVATE KEY-----\n",
            "private_key_pem": "-----BEGIN RSA PRIVATE KEY-----\nMIIJKQIBAAKCAgEAn9Laae0LmKOZQvB9U9mdxEc0yUkCteEWTKSzlXUqMcD/KqyQ\n8KAM8FxsZ+S0dyGGM4gmBGg1dGWzyQtdZHGwC+W8KpL4y6b05Dnc+YQ7Dozj0mcw\nDLr2tF2t73afP5TTZRyds8B1+Lv/95D1m7IAdq5CLQS26xxWlcKz3vZVC4elCjto\ntWI0CFDEX/O3fXtLIC6qb4quCfva/VImPlrlppCPWH7YM6hICUjz+ZvkWbWGwNQa\nqjML9hNnj6RcdUtiPi6l9XePbOZFwqUvyAvDlCzNIzF/8lp1R9D/zvW0FZpSdm3v\nhkQrPg3GA8NY7L37qSDHur5N0tlupPWN6M52VtnVlbOx8mu0+YT+xt/KkBW6dm8o\n+NEpaQZiIRNSJDZb69aH8Jx/Xcqh5R/mv0szGiRr7DpPHJDn6WnDOdHo8cW+cXMl\nb1hGZhgCJYOOD27LbKSP4zkt/a4MlXHqfvZbBU/ZvucqCiU2w6NoaF0e0WmdzXgi\nFoziZzcPLMlT++ZR5XuUCuqX2I7zbMHT6wB2rlRtVk5g741KDlUS7UQKGLtWQRYg\n00MI+iR7f5tftRvw7Pbz37WuNMdvnedtVrYVuiWSahje8XnpqS97I88Ie5IyXftT\nHBkeZrjzLgpV8myBBjg499IxJ0EAJOoI/kv9PLe5Pim3fbOe9LQLoZbBo+cCAwEA\nAQKCAgBmhaOF/4FI0Oknf41llFsX5XV/CU6rzU+4qo5oeVgvwlXs0fXH5WNnbGI9\n4v/Ay8iClfuNKCviFrtVY+zs2eDMQPqLdOwT921wWY3eoWwg0U/zUC4KfIR0/wLs\ncXOGHbndSpX/EJ6ciDySWnKzBWQ2vWHF7xhHiU4hk1w+0lWLp9++yI1KjUxDaUwP\nIQ+7drOiWU0LcDJkRSMdDO1rYnOefWz2n6egu3o6OooGvHGm+kMOvwC73TL3D0uH\nYS/OLiU/Lj1XUPK4MJ7fVYdpE+LJ0lNlGAOzO0OwZekyoXp7wRrUzYCw6Fm03LEB\nCPaqJtSgkV6N9DWH4+KN/tahWI+f80lSkrRAVViWzA0SwWGTSS/rVuPjaEvRHHJr\nEWCpQX4j8vYCvZHrCtCxmbTh7rLI5m5vpZ9RWa2If1rD8OZHXIM/3Pnc8Lgp/6LY\nB2+DCew4IZwYmT5ZBEEyQICqZoEKhQAj1I/L6+wG7D1UkVUlDyWPQ4aOOJQtZVWY\nn+eioNQEBK3Le14ycTD6zBmPv3mJO8zUwEXQDQazTMiJhO9ayfm4mNTqexHIiXnm\nd8L5tWSRsUm7lt+lelPace4vwCiFA39No69qWBpONjmT8p/+DK4BoGtGLL3wDdHe\n4e9yuJdO7qpp4uzeGn+OoVnL2CWdVqgbqM6O0ApUnZHXC438wQKCAQEA0LpxA2ZD\nm+j4BBgRWs6NEHXYRqJxnVl4IO7hH/0A9PDsz30u/VzDaR6zY3O6ZdvriAGY+6p/\nXhD8ermlfpywdWDNOy4fJ3N7/9Lh5qWBe83kp7UasneuVhOhReO/RCHVMvexlmB5\nynjeiLgBSIV9bn8ivV7Nrqn0E642RmkhcojSVlmOIr6zbfyqapzUzvnhemDxqVqG\nPKI2Yxh5YEjU3ZpYyXH++1xC3xq64rJ+Uq8VZo1+qgdNu2ZuPmRKO3c4fbLRkCY5\nAN78K/SsK9izDtN+EJm6tLqoYkYUCZTzQzLlmmbEBFBrBnPxTVOsMXdMbjsNc2Dx\noaWAZTOZO2nRJQKCAQEAxAUKHTsNaFHNWYP4UV5KkRxZ6kWTjPdkWbZuc2IIAq0R\n7COdgGqA37YsKv54LwS1i6lG/g10wjdR/RipQDAYkh2mwB2LEnFrC68YfF6HRDQg\n97a4aubqDFo/bVYKPGiIfqOLgkKedZWXAvzInfdb2MJoz5PfslAvwWTGccSYooMK\nhL+gPQwp257zEvAupGZKERvVJXjkD5ROf2BHSBqDewJJIWPV/DA5zwh/DE/2rJ96\nlEa7pxVc4Lg9mz65Fo5NKik/K++7fwFhpcxDcALpg4pvyItzRUi51XiOwDdMYAyP\nKhCag0DYPnWKwjd0+NoV6wySVSMbG4QFh47h76axGwKCAQEAp32EZFLyW7CVHEvn\n2TM3tQarVvrRKo95uwuU8ONHmkWd8V2lkD+Yusic8GgUIdpYZNnLVd9ZtzTwNNa1\nuySm4HmeFigLbc/Yp88j4L3camksW3sTAjTRW1cDKZ74gwaXGv/xrBachGF7SMBG\nn1gm77zrNoRVjhvotMYt3VBNO6gZCJtyV+Uo/FAsu8I/bhrL2TTjlp8CarNL6zbf\nZujqjyxkpLlp/2/oZTkA0BqlDVpbVOCjzHJx6LfoLP6zJoajeRI94WsagN1uAyOh\n6MlJ3dLOLSn+zTmfFsTfHVU94yV7YuulzURurU3qSr+ixErTtPyD7ZrUKn8wyYSf\nKDLgVQKCAQB3+JmjIFRpZ7+mLPZbXrmGrPJ/Rwwyt+uMWPKq3fIHKUQR4g5w3T55\nLXdE7TBDnr86dmWD8lpm0BL3NBPKvGUdcNZxOOO4awBYS1dSL0zcuob+9a9Thnbz\nDn1JfuKO7G+2CoTFOd7gGqktY+epfw6Q0RPzEA9WhGtmEza9xNSiik9yxhHdq0cn\nKtac3bG+XviwFffTknUK7/tHTHb0M34LWG/H5uG+Ewoeo5WWxI42Qvl0LQKHFbUd\nuMXD8ZS4sGmcB1ipnHWGGyNXpXgU40NmheE6vdbULdnHRJ0iGfY9xxIMbdMTyClR\nuQEvM1/9OwU1MiGRyAW8RoZX3GR+F+jHAoIBAQCy+1l4lC8SEO43bTnPELLBe5bY\nhOpe7iQJV/1R35kWTpX+LQvMafSPw5MvhM71V1gV8+RmMDFCW9SIvR7DyQnHIuRR\nssLIcb2SWcrkbFjNPN1npk4NeKrSmuz8+Z/gzSrda8IuPXdalS8HedHPcou8k0Ep\nI/tW9bwDbj7ZLXqHZebBeuBovf4CFBMDDllfuy36V/Gk1ja1UE/2IRWvFb4dZKmQ\nCYq8zxEsw5CcjXpEeZtsksff9pxlF+CQg9J2yTAnp9G6BAGSdw3J9EAjy2ZEe8m1\nqC+Xr9+/Xvz2uGFae7Gu7jcOZiiw3m4dRVYHgqxOkNGDbkYswrrQ82nA6Z7k\n-----END RSA PRIVATE KEY-----\n",
            "private_key_pem_pkcs8": "-----BEGIN PRIVATE KEY-----\nMIIJQwIBADANBgkqhkiG9w0BAQEFAASCCS0wggkpAgEAAoICAQCf0tpp7QuYo5lC\n8H1T2Z3ERzTJSQK14RZMpLOVdSoxwP8qrJDwoAzwXGxn5LR3IYYziCYEaDV0ZbPJ\nC11kcbAL5bwqkvjLpvTkOdz5hDsOjOPSZzAMuva0Xa3vdp8/lNNlHJ2zwHX4u//3\nkPWbsgB2rkItBLbrHFaVwrPe9lULh6UKO2i1YjQIUMRf87d9e0sgLqpviq4J+9r9\nUiY+WuWmkI9YftgzqEgJSPP5m+RZtYbA1BqqMwv2E2ePpFx1S2I+LqX1d49s5kXC\npS/IC8OULM0jMX/yWnVH0P/O9bQVmlJ2be+GRCs+DcYDw1jsvfupIMe6vk3S2W6k\n9Y3oznZW2dWVs7Hya7T5hP7G38qQFbp2byj40SlpBmIhE1IkNlvr1ofwnH9dyqHl\nH+a/SzMaJGvsOk8ckOfpacM50ejxxb5xcyVvWEZmGAIlg44PbstspI/jOS39rgyV\ncep+9lsFT9m+5yoKJTbDo2hoXR7RaZ3NeCIWjOJnNw8syVP75lHle5QK6pfYjvNs\nwdPrAHauVG1WTmDvjUoOVRLtRAoYu1ZBFiDTQwj6JHt/m1+1G/Ds9vPfta40x2+d\n521WthW6JZJqGN7xeempL3sjzwh7kjJd+1McGR5muPMuClXybIEGODj30jEnQQAk\n6gj+S/08t7k+Kbd9s570tAuhlsGj5wIDAQABAoICAGaFo4X/gUjQ6Sd/jWWUWxfl\ndX8JTqvNT7iqjmh5WC/CVezR9cflY2dsYj3i/8DLyIKV+40oK+IWu1Vj7OzZ4MxA\n+ot07BP3bXBZjd6hbCDRT/NQLgp8hHT/Auxxc4Ydud1Klf8QnpyIPJJacrMFZDa9\nYcXvGEeJTiGTXD7SVYun377IjUqNTENpTA8hD7t2s6JZTQtwMmRFIx0M7Wtic559\nbPafp6C7ejo6iga8cab6Qw6/ALvdMvcPS4dhL84uJT8uPVdQ8rgwnt9Vh2kT4snS\nU2UYA7M7Q7Bl6TKhenvBGtTNgLDoWbTcsQEI9qom1KCRXo30NYfj4o3+1qFYj5/z\nSVKStEBVWJbMDRLBYZNJL+tW4+NoS9EccmsRYKlBfiPy9gK9kesK0LGZtOHussjm\nbm+ln1FZrYh/WsPw5kdcgz/c+dzwuCn/otgHb4MJ7DghnBiZPlkEQTJAgKpmgQqF\nACPUj8vr7AbsPVSRVSUPJY9Dho44lC1lVZif56Kg1AQErct7XjJxMPrMGY+/eYk7\nzNTARdANBrNMyImE71rJ+biY1Op7EciJeeZ3wvm1ZJGxSbuW36V6U9px7i/AKIUD\nf02jr2pYGk42OZPyn/4MrgGga0YsvfAN0d7h73K4l07uqmni7N4af46hWcvYJZ1W\nqBuozo7QClSdkdcLjfzBAoIBAQDQunEDZkOb6PgEGBFazo0QddhGonGdWXgg7uEf\n/QD08OzPfS79XMNpHrNjc7pl2+uIAZj7qn9eEPx6uaV+nLB1YM07Lh8nc3v/0uHm\npYF7zeSntRqyd65WE6FF479EIdUy97GWYHnKeN6IuAFIhX1ufyK9Xs2uqfQTrjZG\naSFyiNJWWY4ivrNt/KpqnNTO+eF6YPGpWoY8ojZjGHlgSNTdmljJcf77XELfGrri\nsn5SrxVmjX6qB027Zm4+ZEo7dzh9stGQJjkA3vwr9Kwr2LMO034Qmbq0uqhiRhQJ\nlPNDMuWaZsQEUGsGc/FNU6wxd0xuOw1zYPGhpYBlM5k7adElAoIBAQDEBQodOw1o\nUc1Zg/hRXkqRHFnqRZOM92RZtm5zYggCrRHsI52AaoDftiwq/ngvBLWLqUb+DXTC\nN1H9GKlAMBiSHabAHYsScWsLrxh8XodENCD3trhq5uoMWj9tVgo8aIh+o4uCQp51\nlZcC/Mid91vYwmjPk9+yUC/BZMZxxJiigwqEv6A9DCnbnvMS8C6kZkoRG9UleOQP\nlE5/YEdIGoN7AkkhY9X8MDnPCH8MT/asn3qURrunFVzguD2bPrkWjk0qKT8r77t/\nAWGlzENwAumDim/Ii3NFSLnVeI7AN0xgDI8qEJqDQNg+dYrCN3T42hXrDJJVIxsb\nhAWHjuHvprEbAoIBAQCnfYRkUvJbsJUcS+fZMze1BqtW+tEqj3m7C5Tw40eaRZ3x\nXaWQP5i6yJzwaBQh2lhk2ctV31m3NPA01rW7JKbgeZ4WKAttz9inzyPgvdxqaSxb\nexMCNNFbVwMpnviDBpca//GsFpyEYXtIwEafWCbvvOs2hFWOG+i0xi3dUE07qBkI\nm3JX5Sj8UCy7wj9uGsvZNOOWnwJqs0vrNt9m6OqPLGSkuWn/b+hlOQDQGqUNWltU\n4KPMcnHot+gs/rMmhqN5Ej3haxqA3W4DI6HoyUnd0s4tKf7NOZ8WxN8dVT3jJXti\n66XNRG6tTepKv6LEStO0/IPtmtQqfzDJhJ8oMuBVAoIBAHf4maMgVGlnv6Ys9lte\nuYas8n9HDDK364xY8qrd8gcpRBHiDnDdPnktd0TtMEOevzp2ZYPyWmbQEvc0E8q8\nZR1w1nE447hrAFhLV1IvTNy6hv71r1OGdvMOfUl+4o7sb7YKhMU53uAaqS1j56l/\nDpDRE/MQD1aEa2YTNr3E1KKKT3LGEd2rRycq1pzdsb5e+LAV99OSdQrv+0dMdvQz\nfgtYb8fm4b4TCh6jlZbEjjZC+XQtAocVtR24xcPxlLiwaZwHWKmcdYYbI1eleBTj\nQ2aF4Tq91tQt2cdEnSIZ9j3HEgxt0xPIKVG5AS8zX/07BTUyIZHIBbxGhlfcZH4X\n6McCggEBALL7WXiULxIQ7jdtOc8QssF7ltiE6l7uJAlX/VHfmRZOlf4tC8xp9I/D\nky+EzvVXWBXz5GYwMUJb1Ii9HsPJCcci5FGywshxvZJZyuRsWM083WemTg14qtKa\n7Pz5n+DNKt1rwi49d1qVLwd50c9yi7yTQSkj+1b1vANuPtkteodl5sF64Gi9/gIU\nEwMOWV+7LfpX8aTWNrVQT/YhFa8Vvh1kqZAJirzPESzDkJyNekR5m2ySx9/2nGUX\n4JCD0nbJMCen0boEAZJ3Dcn0QCPLZkR7ybWoL5ev379e/Pa4YVp7sa7uNw5mKLDe\nbh1FVgeCrE6Q0YNuRizCutDzacDpnuQ=\n-----END PRIVATE KEY-----\n",
            "public_key_fingerprint_md5": "66:ac:93:c7:05:50:f5:5f:bc:3d:da:17:eb:4f:d1:3b",
            "public_key_fingerprint_sha256": "SHA256:eNBwBHKy33xYG+stGi/Sb+UeSH6/CL3KXryRY8L45PE",
            "public_key_openssh": "ssh-rsa AAAAB3NzaC1yc2EAAAADAQABAAACAQCf0tpp7QuYo5lC8H1T2Z3ERzTJSQK14RZMpLOVdSoxwP8qrJDwoAzwXGxn5LR3IYYziCYEaDV0ZbPJC11kcbAL5bwqkvjLpvTkOdz5hDsOjOPSZzAMuva0Xa3vdp8/lNNlHJ2zwHX4u//3kPWbsgB2rkItBLbrHFaVwrPe9lULh6UKO2i1YjQIUMRf87d9e0sgLqpviq4J+9r9UiY+WuWmkI9YftgzqEgJSPP5m+RZtYbA1BqqMwv2E2ePpFx1S2I+LqX1d49s5kXCpS/IC8OULM0jMX/yWnVH0P/O9bQVmlJ2be+GRCs+DcYDw1jsvfupIMe6vk3S2W6k9Y3oznZW2dWVs7Hya7T5hP7G38qQFbp2byj40SlpBmIhE1IkNlvr1ofwnH9dyqHlH+a/SzMaJGvsOk8ckOfpacM50ejxxb5xcyVvWEZmGAIlg44PbstspI/jOS39rgyVcep+9lsFT9m+5yoKJTbDo2hoXR7RaZ3NeCIWjOJnNw8syVP75lHle5QK6pfYjvNswdPrAHauVG1WTmDvjUoOVRLtRAoYu1ZBFiDTQwj6JHt/m1+1G/Ds9vPfta40x2+d521WthW6JZJqGN7xeempL3sjzwh7kjJd+1McGR5muPMuClXybIEGODj30jEnQQAk6gj+S/08t7k+Kbd9s570tAuhlsGj5w==\n",
            "public_key_pem": "-----BEGIN PUBLIC KEY-----\nMIICIjANBgkqhkiG9w0BAQEFAAOCAg8AMIICCgKCAgEAn9Laae0LmKOZQvB9U9md\nxEc0yUkCteEWTKSzlXUqMcD/KqyQ8KAM8FxsZ+S0dyGGM4gmBGg1dGWzyQtdZHGw\nC+W8KpL4y6b05Dnc+YQ7Dozj0mcwDLr2tF2t73afP5TTZRyds8B1+Lv/95D1m7IA\ndq5CLQS26xxWlcKz3vZVC4elCjtotWI0CFDEX/O3fXtLIC6qb4quCfva/VImPlrl\nppCPWH7YM6hICUjz+ZvkWbWGwNQaqjML9hNnj6RcdUtiPi6l9XePbOZFwqUvyAvD\nlCzNIzF/8lp1R9D/zvW0FZpSdm3vhkQrPg3GA8NY7L37qSDHur5N0tlupPWN6M52\nVtnVlbOx8mu0+YT+xt/KkBW6dm8o+NEpaQZiIRNSJDZb69aH8Jx/Xcqh5R/mv0sz\nGiRr7DpPHJDn6WnDOdHo8cW+cXMlb1hGZhgCJYOOD27LbKSP4zkt/a4MlXHqfvZb\nBU/ZvucqCiU2w6NoaF0e0WmdzXgiFoziZzcPLMlT++ZR5XuUCuqX2I7zbMHT6wB2\nrlRtVk5g741KDlUS7UQKGLtWQRYg00MI+iR7f5tftRvw7Pbz37WuNMdvnedtVrYV\nuiWSahje8XnpqS97I88Ie5IyXftTHBkeZrjzLgpV8myBBjg499IxJ0EAJOoI/kv9\nPLe5Pim3fbOe9LQLoZbBo+cCAwEAAQ==\n-----END PUBLIC KEY-----\n",
            "rsa_bits": 4096
          },
          "sensitive_attributes": [
            [
              {
                "type": "get_attr",
                "value": "private_key_pem"
              }
            ],
            [
              {
                "type": "get_attr",
                "value": "private_key_pem_pkcs8"
              }
            ],
            [
              {
                "type": "get_attr",
                "value": "private_key_openssh"
              }
            ]
          ],
          "create_before_destroy": true
        }
      ]
    },
    {
      "module": "module.ap-northeast-1.module.vpc",
      "mode": "managed",
      "type": "aws_internet_gateway",
      "name": "igw_vpc_tokyo",
      "provider": "module.ap-northeast-1.provider[\"registry.terraform.io/hashicorp/aws\"]",
      "instances": [
        {
          "schema_version": 0,
          "attributes": {
            "arn": "arn:aws:ec2:ap-northeast-1:159184128979:internet-gateway/igw-0a7cc24db7343c63a",
            "id": "igw-0a7cc24db7343c63a",
            "owner_id": "159184128979",
            "tags": {
              "Name": "igw_vpc_tokyo"
            },
            "tags_all": {
              "Name": "igw_vpc_tokyo"
            },
            "timeouts": null,
            "vpc_id": "vpc-03d670938817e6373"
          },
          "sensitive_attributes": [],
          "private": "eyJlMmJmYjczMC1lY2FhLTExZTYtOGY4OC0zNDM2M2JjN2M0YzAiOnsiY3JlYXRlIjoxMjAwMDAwMDAwMDAwLCJkZWxldGUiOjEyMDAwMDAwMDAwMDAsInVwZGF0ZSI6MTIwMDAwMDAwMDAwMH19",
          "dependencies": [
            "module.ap-northeast-1.module.vpc.aws_vpc.vpc_tokyo"
          ]
        }
      ]
    },
    {
      "module": "module.ap-northeast-1.module.vpc",
      "mode": "managed",
      "type": "aws_route_table",
      "name": "route_private_subnet_vpc_tokyo",
      "provider": "module.ap-northeast-1.provider[\"registry.terraform.io/hashicorp/aws\"]",
      "instances": [
        {
          "schema_version": 0,
          "attributes": {
            "arn": "arn:aws:ec2:ap-northeast-1:159184128979:route-table/rtb-05e9d6b6aeaca97c9",
            "id": "rtb-05e9d6b6aeaca97c9",
            "owner_id": "159184128979",
            "propagating_vgws": [],
            "route": [],
            "tags": {
              "Name": "route_private_subnet_vpc_tokyo"
            },
            "tags_all": {
              "Name": "route_private_subnet_vpc_tokyo"
            },
            "timeouts": null,
            "vpc_id": "vpc-03d670938817e6373"
          },
          "sensitive_attributes": [],
          "private": "eyJlMmJmYjczMC1lY2FhLTExZTYtOGY4OC0zNDM2M2JjN2M0YzAiOnsiY3JlYXRlIjozMDAwMDAwMDAwMDAsImRlbGV0ZSI6MzAwMDAwMDAwMDAwLCJ1cGRhdGUiOjEyMDAwMDAwMDAwMH19",
          "dependencies": [
            "module.ap-northeast-1.module.vpc.aws_vpc.vpc_tokyo"
          ]
        }
      ]
    },
    {
      "module": "module.ap-northeast-1.module.vpc",
      "mode": "managed",
      "type": "aws_route_table",
      "name": "route_public_subnet_vpc_tokyo",
      "provider": "module.ap-northeast-1.provider[\"registry.terraform.io/hashicorp/aws\"]",
      "instances": [
        {
          "schema_version": 0,
          "attributes": {
            "arn": "arn:aws:ec2:ap-northeast-1:159184128979:route-table/rtb-0f412ddc523c2bf90",
            "id": "rtb-0f412ddc523c2bf90",
            "owner_id": "159184128979",
            "propagating_vgws": [],
            "route": [
              {
                "carrier_gateway_id": "",
                "cidr_block": "0.0.0.0/0",
                "core_network_arn": "",
                "destination_prefix_list_id": "",
                "egress_only_gateway_id": "",
                "gateway_id": "igw-0a7cc24db7343c63a",
                "instance_id": "",
                "ipv6_cidr_block": "",
                "local_gateway_id": "",
                "nat_gateway_id": "",
                "network_interface_id": "",
                "transit_gateway_id": "",
                "vpc_endpoint_id": "",
                "vpc_peering_connection_id": ""
              }
            ],
            "tags": {
              "Name": "route_public_subnet_vpc_tokyo"
            },
            "tags_all": {
              "Name": "route_public_subnet_vpc_tokyo"
            },
            "timeouts": null,
            "vpc_id": "vpc-03d670938817e6373"
          },
          "sensitive_attributes": [],
          "private": "eyJlMmJmYjczMC1lY2FhLTExZTYtOGY4OC0zNDM2M2JjN2M0YzAiOnsiY3JlYXRlIjozMDAwMDAwMDAwMDAsImRlbGV0ZSI6MzAwMDAwMDAwMDAwLCJ1cGRhdGUiOjEyMDAwMDAwMDAwMH19",
          "dependencies": [
            "module.ap-northeast-1.module.vpc.aws_internet_gateway.igw_vpc_tokyo",
            "module.ap-northeast-1.module.vpc.aws_vpc.vpc_tokyo"
          ]
        }
      ]
    },
    {
      "module": "module.ap-northeast-1.module.vpc",
      "mode": "managed",
      "type": "aws_route_table_association",
      "name": "private_route_1_association_vpc_tokyo",
      "provider": "module.ap-northeast-1.provider[\"registry.terraform.io/hashicorp/aws\"]",
      "instances": [
        {
          "schema_version": 0,
          "attributes": {
            "gateway_id": "",
            "id": "rtbassoc-03b5366fc4163d88a",
            "route_table_id": "rtb-05e9d6b6aeaca97c9",
            "subnet_id": "subnet-0766c6b9f52b614df",
            "timeouts": null
          },
          "sensitive_attributes": [],
          "private": "eyJlMmJmYjczMC1lY2FhLTExZTYtOGY4OC0zNDM2M2JjN2M0YzAiOnsiY3JlYXRlIjozMDAwMDAwMDAwMDAsImRlbGV0ZSI6MzAwMDAwMDAwMDAwLCJ1cGRhdGUiOjEyMDAwMDAwMDAwMH19",
          "dependencies": [
            "module.ap-northeast-1.module.vpc.aws_route_table.route_private_subnet_vpc_tokyo",
            "module.ap-northeast-1.module.vpc.aws_subnet.private_subnet_1_vcp_2",
            "module.ap-northeast-1.module.vpc.aws_vpc.vpc_tokyo"
          ]
        }
      ]
    },
    {
      "module": "module.ap-northeast-1.module.vpc",
      "mode": "managed",
      "type": "aws_route_table_association",
      "name": "public_route_1_association_vpc_tokyo",
      "provider": "module.ap-northeast-1.provider[\"registry.terraform.io/hashicorp/aws\"]",
      "instances": [
        {
          "schema_version": 0,
          "attributes": {
            "gateway_id": "",
            "id": "rtbassoc-00f250aa1a2034381",
            "route_table_id": "rtb-0f412ddc523c2bf90",
            "subnet_id": "subnet-01e03914568e72c22",
            "timeouts": null
          },
          "sensitive_attributes": [],
          "private": "eyJlMmJmYjczMC1lY2FhLTExZTYtOGY4OC0zNDM2M2JjN2M0YzAiOnsiY3JlYXRlIjozMDAwMDAwMDAwMDAsImRlbGV0ZSI6MzAwMDAwMDAwMDAwLCJ1cGRhdGUiOjEyMDAwMDAwMDAwMH19",
          "dependencies": [
            "module.ap-northeast-1.module.vpc.aws_internet_gateway.igw_vpc_tokyo",
            "module.ap-northeast-1.module.vpc.aws_route_table.route_public_subnet_vpc_tokyo",
            "module.ap-northeast-1.module.vpc.aws_subnet.public_subnet_1_vpc_tokyo",
            "module.ap-northeast-1.module.vpc.aws_vpc.vpc_tokyo"
          ]
        }
      ]
    },
    {
      "module": "module.ap-northeast-1.module.vpc",
      "mode": "managed",
      "type": "aws_subnet",
      "name": "private_subnet_1_vcp_2",
      "provider": "module.ap-northeast-1.provider[\"registry.terraform.io/hashicorp/aws\"]",
      "instances": [
        {
          "schema_version": 1,
          "attributes": {
            "arn": "arn:aws:ec2:ap-northeast-1:159184128979:subnet/subnet-0766c6b9f52b614df",
            "assign_ipv6_address_on_creation": false,
            "availability_zone": "ap-northeast-1a",
            "availability_zone_id": "apne1-az4",
            "cidr_block": "11.0.3.0/24",
            "customer_owned_ipv4_pool": "",
            "enable_dns64": false,
            "enable_lni_at_device_index": 0,
            "enable_resource_name_dns_a_record_on_launch": false,
            "enable_resource_name_dns_aaaa_record_on_launch": false,
            "id": "subnet-0766c6b9f52b614df",
            "ipv6_cidr_block": "",
            "ipv6_cidr_block_association_id": "",
            "ipv6_native": false,
            "map_customer_owned_ip_on_launch": false,
            "map_public_ip_on_launch": true,
            "outpost_arn": "",
            "owner_id": "159184128979",
            "private_dns_hostname_type_on_launch": "ip-name",
            "tags": {
              "Name": "private_subnet_1_vpc_tokyo"
            },
            "tags_all": {
              "Name": "private_subnet_1_vpc_tokyo"
            },
            "timeouts": null,
            "vpc_id": "vpc-03d670938817e6373"
          },
          "sensitive_attributes": [],
          "private": "eyJlMmJmYjczMC1lY2FhLTExZTYtOGY4OC0zNDM2M2JjN2M0YzAiOnsiY3JlYXRlIjo2MDAwMDAwMDAwMDAsImRlbGV0ZSI6MTIwMDAwMDAwMDAwMH0sInNjaGVtYV92ZXJzaW9uIjoiMSJ9",
          "dependencies": [
            "module.ap-northeast-1.module.vpc.aws_vpc.vpc_tokyo"
          ],
          "create_before_destroy": true
        }
      ]
    },
    {
      "module": "module.ap-northeast-1.module.vpc",
      "mode": "managed",
      "type": "aws_subnet",
      "name": "public_subnet_1_vpc_tokyo",
      "provider": "module.ap-northeast-1.provider[\"registry.terraform.io/hashicorp/aws\"]",
      "instances": [
        {
          "schema_version": 1,
          "attributes": {
            "arn": "arn:aws:ec2:ap-northeast-1:159184128979:subnet/subnet-01e03914568e72c22",
            "assign_ipv6_address_on_creation": false,
            "availability_zone": "ap-northeast-1a",
            "availability_zone_id": "apne1-az4",
            "cidr_block": "11.0.1.0/24",
            "customer_owned_ipv4_pool": "",
            "enable_dns64": false,
            "enable_lni_at_device_index": 0,
            "enable_resource_name_dns_a_record_on_launch": false,
            "enable_resource_name_dns_aaaa_record_on_launch": false,
            "id": "subnet-01e03914568e72c22",
            "ipv6_cidr_block": "",
            "ipv6_cidr_block_association_id": "",
            "ipv6_native": false,
            "map_customer_owned_ip_on_launch": false,
            "map_public_ip_on_launch": true,
            "outpost_arn": "",
            "owner_id": "159184128979",
            "private_dns_hostname_type_on_launch": "ip-name",
            "tags": {
              "Name": "public_subnet_1_vpc_tokyo"
            },
            "tags_all": {
              "Name": "public_subnet_1_vpc_tokyo"
            },
            "timeouts": null,
            "vpc_id": "vpc-03d670938817e6373"
          },
          "sensitive_attributes": [],
          "private": "eyJlMmJmYjczMC1lY2FhLTExZTYtOGY4OC0zNDM2M2JjN2M0YzAiOnsiY3JlYXRlIjo2MDAwMDAwMDAwMDAsImRlbGV0ZSI6MTIwMDAwMDAwMDAwMH0sInNjaGVtYV92ZXJzaW9uIjoiMSJ9",
          "dependencies": [
            "module.ap-northeast-1.module.vpc.aws_vpc.vpc_tokyo"
          ],
          "create_before_destroy": true
        }
      ]
    },
    {
      "module": "module.ap-northeast-1.module.vpc",
      "mode": "managed",
      "type": "aws_vpc",
      "name": "vpc_tokyo",
      "provider": "module.ap-northeast-1.provider[\"registry.terraform.io/hashicorp/aws\"]",
      "instances": [
        {
          "schema_version": 1,
          "attributes": {
            "arn": "arn:aws:ec2:ap-northeast-1:159184128979:vpc/vpc-03d670938817e6373",
            "assign_generated_ipv6_cidr_block": false,
            "cidr_block": "11.0.0.0/16",
            "default_network_acl_id": "acl-05912a164559c5f52",
            "default_route_table_id": "rtb-0223cdf498fcdc68c",
            "default_security_group_id": "sg-002162b5d0e427efd",
            "dhcp_options_id": "dopt-0ca4663de072b8e15",
            "enable_classiclink": false,
            "enable_classiclink_dns_support": false,
            "enable_dns_hostnames": true,
            "enable_dns_support": true,
            "enable_network_address_usage_metrics": false,
            "id": "vpc-03d670938817e6373",
            "instance_tenancy": "default",
            "ipv4_ipam_pool_id": null,
            "ipv4_netmask_length": null,
            "ipv6_association_id": "",
            "ipv6_cidr_block": "",
            "ipv6_cidr_block_network_border_group": "",
            "ipv6_ipam_pool_id": "",
            "ipv6_netmask_length": 0,
            "main_route_table_id": "rtb-0223cdf498fcdc68c",
            "owner_id": "159184128979",
            "tags": {
              "Name": "vpc_tokyo"
            },
            "tags_all": {
              "Name": "vpc_tokyo"
            }
          },
          "sensitive_attributes": [],
          "private": "eyJzY2hlbWFfdmVyc2lvbiI6IjEifQ==",
          "create_before_destroy": true
        }
      ]
    },
    {
      "module": "module.us-west-2",
      "mode": "managed",
      "type": "aws_instance",
      "name": "bastion",
      "provider": "module.us-west-2.provider[\"registry.terraform.io/hashicorp/aws\"]",
      "instances": [
        {
          "index_key": 0,
          "schema_version": 1,
          "attributes": {
            "ami": "ami-01cd4de4363ab6ee8",
            "arn": "arn:aws:ec2:us-west-2:159184128979:instance/i-067a5706b40740fa8",
            "associate_public_ip_address": true,
            "availability_zone": "us-west-2a",
            "capacity_reservation_specification": [
              {
                "capacity_reservation_preference": "open",
                "capacity_reservation_target": []
              }
            ],
            "cpu_core_count": 1,
            "cpu_options": [
              {
                "amd_sev_snp": "",
                "core_count": 1,
                "threads_per_core": 1
              }
            ],
            "cpu_threads_per_core": 1,
            "credit_specification": [
              {
                "cpu_credits": "standard"
              }
            ],
            "disable_api_stop": false,
            "disable_api_termination": false,
            "ebs_block_device": [],
            "ebs_optimized": false,
            "enclave_options": [
              {
                "enabled": false
              }
            ],
            "ephemeral_block_device": [],
            "get_password_data": false,
            "hibernation": false,
            "host_id": "",
            "host_resource_group_arn": null,
            "iam_instance_profile": "session_manager",
            "id": "i-067a5706b40740fa8",
            "instance_initiated_shutdown_behavior": "stop",
            "instance_state": "running",
            "instance_type": "t2.micro",
            "ipv6_address_count": 0,
            "ipv6_addresses": [],
            "key_name": "ec2key",
            "launch_template": [],
            "maintenance_options": [
              {
                "auto_recovery": "default"
              }
            ],
            "metadata_options": [
              {
                "http_endpoint": "enabled",
                "http_put_response_hop_limit": 2,
                "http_tokens": "required",
                "instance_metadata_tags": "disabled"
              }
            ],
            "monitoring": false,
            "network_interface": [],
            "outpost_arn": "",
            "password_data": "",
            "placement_group": "",
            "placement_partition_number": 0,
            "primary_network_interface_id": "eni-057d83e3cfff098eb",
            "private_dns": "ip-10-0-1-14.us-west-2.compute.internal",
            "private_dns_name_options": [
              {
                "enable_resource_name_dns_a_record": false,
                "enable_resource_name_dns_aaaa_record": false,
                "hostname_type": "ip-name"
              }
            ],
            "private_ip": "10.0.1.14",
            "public_dns": "ec2-54-149-234-239.us-west-2.compute.amazonaws.com",
            "public_ip": "54.149.234.239",
            "root_block_device": [
              {
                "delete_on_termination": true,
                "device_name": "/dev/xvda",
                "encrypted": false,
                "iops": 3000,
                "kms_key_id": "",
                "tags": {},
                "throughput": 125,
                "volume_id": "vol-0ccd4009f235beb19",
                "volume_size": 8,
                "volume_type": "gp3"
              }
            ],
            "secondary_private_ips": [],
            "security_groups": [
              "sg-07f68b78d75e9d65c"
            ],
            "source_dest_check": true,
            "subnet_id": "subnet-0bdc07bb0bf90595f",
            "tags": {
              "Name": "Bastion_1_public"
            },
            "tags_all": {
              "Name": "Bastion_1_public"
            },
            "tenancy": "default",
            "timeouts": null,
            "user_data": "57264057ebd024bd7871eea80fcbb0fec4308b67",
            "user_data_base64": null,
            "user_data_replace_on_change": false,
            "volume_tags": null,
            "vpc_security_group_ids": [
              "sg-07f68b78d75e9d65c"
            ]
          },
          "sensitive_attributes": [],
          "private": "eyJlMmJmYjczMC1lY2FhLTExZTYtOGY4OC0zNDM2M2JjN2M0YzAiOnsiY3JlYXRlIjo2MDAwMDAwMDAwMDAsImRlbGV0ZSI6MTIwMDAwMDAwMDAwMCwidXBkYXRlIjo2MDAwMDAwMDAwMDB9LCJzY2hlbWFfdmVyc2lvbiI6IjEifQ==",
          "dependencies": [
            "aws_iam_instance_profile.session_manager",
            "aws_iam_role.session_manager",
            "data.aws_iam_policy_document.ec2",
            "module.us-west-2.aws_security_group.ec2_security_group",
            "module.us-west-2.module.keypair.aws_key_pair.generated_key",
            "module.us-west-2.module.keypair.tls_private_key.ec2key",
            "module.us-west-2.module.vpc.aws_subnet.public_sebnet_1_vpc_1",
            "module.us-west-2.module.vpc.aws_subnet.public_subnet_2_vpc_1",
            "module.us-west-2.module.vpc.aws_vpc.vpc_1"
          ],
          "create_before_destroy": true
        },
        {
          "index_key": 1,
          "schema_version": 1,
          "attributes": {
            "ami": "ami-01cd4de4363ab6ee8",
            "arn": "arn:aws:ec2:us-west-2:159184128979:instance/i-0b9c18340cf9f7404",
            "associate_public_ip_address": true,
            "availability_zone": "us-west-2b",
            "capacity_reservation_specification": [
              {
                "capacity_reservation_preference": "open",
                "capacity_reservation_target": []
              }
            ],
            "cpu_core_count": 1,
            "cpu_options": [
              {
                "amd_sev_snp": "",
                "core_count": 1,
                "threads_per_core": 1
              }
            ],
            "cpu_threads_per_core": 1,
            "credit_specification": [
              {
                "cpu_credits": "standard"
              }
            ],
            "disable_api_stop": false,
            "disable_api_termination": false,
            "ebs_block_device": [],
            "ebs_optimized": false,
            "enclave_options": [
              {
                "enabled": false
              }
            ],
            "ephemeral_block_device": [],
            "get_password_data": false,
            "hibernation": false,
            "host_id": "",
            "host_resource_group_arn": null,
            "iam_instance_profile": "session_manager",
            "id": "i-0b9c18340cf9f7404",
            "instance_initiated_shutdown_behavior": "stop",
            "instance_state": "running",
            "instance_type": "t2.micro",
            "ipv6_address_count": 0,
            "ipv6_addresses": [],
            "key_name": "ec2key",
            "launch_template": [],
            "maintenance_options": [
              {
                "auto_recovery": "default"
              }
            ],
            "metadata_options": [
              {
                "http_endpoint": "enabled",
                "http_put_response_hop_limit": 2,
                "http_tokens": "required",
                "instance_metadata_tags": "disabled"
              }
            ],
            "monitoring": false,
            "network_interface": [],
            "outpost_arn": "",
            "password_data": "",
            "placement_group": "",
            "placement_partition_number": 0,
            "primary_network_interface_id": "eni-04a3aab694bc52f08",
            "private_dns": "ip-10-0-2-236.us-west-2.compute.internal",
            "private_dns_name_options": [
              {
                "enable_resource_name_dns_a_record": false,
                "enable_resource_name_dns_aaaa_record": false,
                "hostname_type": "ip-name"
              }
            ],
            "private_ip": "10.0.2.236",
            "public_dns": "ec2-52-12-184-26.us-west-2.compute.amazonaws.com",
            "public_ip": "52.12.184.26",
            "root_block_device": [
              {
                "delete_on_termination": true,
                "device_name": "/dev/xvda",
                "encrypted": false,
                "iops": 3000,
                "kms_key_id": "",
                "tags": {},
                "throughput": 125,
                "volume_id": "vol-07b07c444b107a18f",
                "volume_size": 8,
                "volume_type": "gp3"
              }
            ],
            "secondary_private_ips": [],
            "security_groups": [
              "sg-07f68b78d75e9d65c"
            ],
            "source_dest_check": true,
            "subnet_id": "subnet-0faa0883845577899",
            "tags": {
              "Name": "Bastion_2_public"
            },
            "tags_all": {
              "Name": "Bastion_2_public"
            },
            "tenancy": "default",
            "timeouts": null,
            "user_data": "57264057ebd024bd7871eea80fcbb0fec4308b67",
            "user_data_base64": null,
            "user_data_replace_on_change": false,
            "volume_tags": null,
            "vpc_security_group_ids": [
              "sg-07f68b78d75e9d65c"
            ]
          },
          "sensitive_attributes": [],
          "private": "eyJlMmJmYjczMC1lY2FhLTExZTYtOGY4OC0zNDM2M2JjN2M0YzAiOnsiY3JlYXRlIjo2MDAwMDAwMDAwMDAsImRlbGV0ZSI6MTIwMDAwMDAwMDAwMCwidXBkYXRlIjo2MDAwMDAwMDAwMDB9LCJzY2hlbWFfdmVyc2lvbiI6IjEifQ==",
          "dependencies": [
            "aws_iam_instance_profile.session_manager",
            "aws_iam_role.session_manager",
            "data.aws_iam_policy_document.ec2",
            "module.us-west-2.aws_security_group.ec2_security_group",
            "module.us-west-2.module.keypair.aws_key_pair.generated_key",
            "module.us-west-2.module.keypair.tls_private_key.ec2key",
            "module.us-west-2.module.vpc.aws_subnet.public_sebnet_1_vpc_1",
            "module.us-west-2.module.vpc.aws_subnet.public_subnet_2_vpc_1",
            "module.us-west-2.module.vpc.aws_vpc.vpc_1"
          ],
          "create_before_destroy": true
        }
      ]
    },
    {
      "module": "module.us-west-2",
      "mode": "managed",
      "type": "aws_instance",
      "name": "bastion2",
      "provider": "module.us-west-2.provider[\"registry.terraform.io/hashicorp/aws\"]",
      "instances": [
        {
          "schema_version": 1,
          "attributes": {
            "ami": "ami-01cd4de4363ab6ee8",
            "arn": "arn:aws:ec2:us-west-2:159184128979:instance/i-08f99fe09612f98ba",
            "associate_public_ip_address": true,
            "availability_zone": "us-west-2a",
            "capacity_reservation_specification": [
              {
                "capacity_reservation_preference": "open",
                "capacity_reservation_target": []
              }
            ],
            "cpu_core_count": 1,
            "cpu_options": [
              {
                "amd_sev_snp": "",
                "core_count": 1,
                "threads_per_core": 1
              }
            ],
            "cpu_threads_per_core": 1,
            "credit_specification": [
              {
                "cpu_credits": "standard"
              }
            ],
            "disable_api_stop": false,
            "disable_api_termination": false,
            "ebs_block_device": [],
            "ebs_optimized": false,
            "enclave_options": [
              {
                "enabled": false
              }
            ],
            "ephemeral_block_device": [],
            "get_password_data": false,
            "hibernation": false,
            "host_id": "",
            "host_resource_group_arn": null,
            "iam_instance_profile": "session_manager",
            "id": "i-08f99fe09612f98ba",
            "instance_initiated_shutdown_behavior": "stop",
            "instance_state": "running",
            "instance_type": "t2.micro",
            "ipv6_address_count": 0,
            "ipv6_addresses": [],
            "key_name": "ec2key",
            "launch_template": [],
            "maintenance_options": [
              {
                "auto_recovery": "default"
              }
            ],
            "metadata_options": [
              {
                "http_endpoint": "enabled",
                "http_put_response_hop_limit": 2,
                "http_tokens": "required",
                "instance_metadata_tags": "disabled"
              }
            ],
            "monitoring": false,
            "network_interface": [],
            "outpost_arn": "",
            "password_data": "",
            "placement_group": "",
            "placement_partition_number": 0,
            "primary_network_interface_id": "eni-080347d48903c1a2a",
            "private_dns": "ip-10-1-1-86.us-west-2.compute.internal",
            "private_dns_name_options": [
              {
                "enable_resource_name_dns_a_record": false,
                "enable_resource_name_dns_aaaa_record": false,
                "hostname_type": "ip-name"
              }
            ],
            "private_ip": "10.1.1.86",
            "public_dns": "ec2-54-213-150-250.us-west-2.compute.amazonaws.com",
            "public_ip": "54.213.150.250",
            "root_block_device": [
              {
                "delete_on_termination": true,
                "device_name": "/dev/xvda",
                "encrypted": false,
                "iops": 3000,
                "kms_key_id": "",
                "tags": {},
                "throughput": 125,
                "volume_id": "vol-03a6904c99b33c793",
                "volume_size": 8,
                "volume_type": "gp3"
              }
            ],
            "secondary_private_ips": [],
            "security_groups": [
              "sg-02ef9248f62e65b19"
            ],
            "source_dest_check": true,
            "subnet_id": "subnet-0c7b26382835e0af9",
            "tags": {
              "Name": "Bastion_2_public"
            },
            "tags_all": {
              "Name": "Bastion_2_public"
            },
            "tenancy": "default",
            "timeouts": null,
            "user_data": "57264057ebd024bd7871eea80fcbb0fec4308b67",
            "user_data_base64": null,
            "user_data_replace_on_change": false,
            "volume_tags": null,
            "vpc_security_group_ids": [
              "sg-02ef9248f62e65b19"
            ]
          },
          "sensitive_attributes": [],
          "private": "eyJlMmJmYjczMC1lY2FhLTExZTYtOGY4OC0zNDM2M2JjN2M0YzAiOnsiY3JlYXRlIjo2MDAwMDAwMDAwMDAsImRlbGV0ZSI6MTIwMDAwMDAwMDAwMCwidXBkYXRlIjo2MDAwMDAwMDAwMDB9LCJzY2hlbWFfdmVyc2lvbiI6IjEifQ==",
          "dependencies": [
            "aws_iam_instance_profile.session_manager",
            "aws_iam_role.session_manager",
            "data.aws_iam_policy_document.ec2",
            "module.us-west-2.aws_security_group.ec2_security_group_vpc_2",
            "module.us-west-2.module.keypair.aws_key_pair.generated_key",
            "module.us-west-2.module.keypair.tls_private_key.ec2key",
            "module.us-west-2.module.vpc.aws_subnet.public_subnet_1_vpc_2",
            "module.us-west-2.module.vpc.aws_vpc.vpc_2"
          ],
          "create_before_destroy": true
        }
      ]
    },
    {
      "module": "module.us-west-2",
      "mode": "managed",
      "type": "aws_instance",
      "name": "webserver2",
      "provider": "module.us-west-2.provider[\"registry.terraform.io/hashicorp/aws\"]",
      "instances": [
        {
          "schema_version": 1,
          "attributes": {
            "ami": "ami-01cd4de4363ab6ee8",
            "arn": "arn:aws:ec2:us-west-2:159184128979:instance/i-0d3782ebf0ff15c84",
            "associate_public_ip_address": true,
            "availability_zone": "us-west-2a",
            "capacity_reservation_specification": [
              {
                "capacity_reservation_preference": "open",
                "capacity_reservation_target": []
              }
            ],
            "cpu_core_count": 1,
            "cpu_options": [
              {
                "amd_sev_snp": "",
                "core_count": 1,
                "threads_per_core": 1
              }
            ],
            "cpu_threads_per_core": 1,
            "credit_specification": [
              {
                "cpu_credits": "standard"
              }
            ],
            "disable_api_stop": false,
            "disable_api_termination": false,
            "ebs_block_device": [],
            "ebs_optimized": false,
            "enclave_options": [
              {
                "enabled": false
              }
            ],
            "ephemeral_block_device": [],
            "get_password_data": false,
            "hibernation": false,
            "host_id": "",
            "host_resource_group_arn": null,
            "iam_instance_profile": "session_manager",
            "id": "i-0d3782ebf0ff15c84",
            "instance_initiated_shutdown_behavior": "stop",
            "instance_state": "running",
            "instance_type": "t2.micro",
            "ipv6_address_count": 0,
            "ipv6_addresses": [],
            "key_name": "ec2key",
            "launch_template": [],
            "maintenance_options": [
              {
                "auto_recovery": "default"
              }
            ],
            "metadata_options": [
              {
                "http_endpoint": "enabled",
                "http_put_response_hop_limit": 2,
                "http_tokens": "required",
                "instance_metadata_tags": "disabled"
              }
            ],
            "monitoring": false,
            "network_interface": [],
            "outpost_arn": "",
            "password_data": "",
            "placement_group": "",
            "placement_partition_number": 0,
            "primary_network_interface_id": "eni-08f09b9db99729c20",
            "private_dns": "ip-10-1-2-249.us-west-2.compute.internal",
            "private_dns_name_options": [
              {
                "enable_resource_name_dns_a_record": false,
                "enable_resource_name_dns_aaaa_record": false,
                "hostname_type": "ip-name"
              }
            ],
            "private_ip": "10.1.2.249",
            "public_dns": "ec2-35-94-196-248.us-west-2.compute.amazonaws.com",
            "public_ip": "35.94.196.248",
            "root_block_device": [
              {
                "delete_on_termination": true,
                "device_name": "/dev/xvda",
                "encrypted": false,
                "iops": 3000,
                "kms_key_id": "",
                "tags": {},
                "throughput": 125,
                "volume_id": "vol-0becb4eb283232388",
                "volume_size": 8,
                "volume_type": "gp3"
              }
            ],
            "secondary_private_ips": [],
            "security_groups": [
              "sg-02ef9248f62e65b19"
            ],
            "source_dest_check": true,
            "subnet_id": "subnet-069879249c5a612ee",
            "tags": {
              "Name": "webserver_2_private"
            },
            "tags_all": {
              "Name": "webserver_2_private"
            },
            "tenancy": "default",
            "timeouts": null,
            "user_data": "57264057ebd024bd7871eea80fcbb0fec4308b67",
            "user_data_base64": null,
            "user_data_replace_on_change": false,
            "volume_tags": null,
            "vpc_security_group_ids": [
              "sg-02ef9248f62e65b19"
            ]
          },
          "sensitive_attributes": [],
          "private": "eyJlMmJmYjczMC1lY2FhLTExZTYtOGY4OC0zNDM2M2JjN2M0YzAiOnsiY3JlYXRlIjo2MDAwMDAwMDAwMDAsImRlbGV0ZSI6MTIwMDAwMDAwMDAwMCwidXBkYXRlIjo2MDAwMDAwMDAwMDB9LCJzY2hlbWFfdmVyc2lvbiI6IjEifQ==",
          "dependencies": [
            "aws_iam_instance_profile.session_manager",
            "aws_iam_role.session_manager",
            "data.aws_iam_policy_document.ec2",
            "module.us-west-2.aws_security_group.ec2_security_group_vpc_2",
            "module.us-west-2.module.keypair.aws_key_pair.generated_key",
            "module.us-west-2.module.keypair.tls_private_key.ec2key",
            "module.us-west-2.module.vpc.aws_subnet.private_subnet_1_vcp_2",
            "module.us-west-2.module.vpc.aws_vpc.vpc_2"
          ],
          "create_before_destroy": true
        }
      ]
    },
    {
      "module": "module.us-west-2",
      "mode": "managed",
      "type": "aws_launch_configuration",
      "name": "ec2",
      "provider": "module.us-west-2.provider[\"registry.terraform.io/hashicorp/aws\"]",
      "instances": [
        {
          "schema_version": 0,
          "attributes": {
            "arn": "arn:aws:autoscaling:us-west-2:159184128979:launchConfiguration:dabf19bb-f32d-4637-8cc9-a5c65dbf453b:launchConfigurationName/terraform-lab-us-west-2_instances_1c",
            "associate_public_ip_address": false,
            "ebs_block_device": [],
            "ebs_optimized": false,
            "enable_monitoring": true,
            "ephemeral_block_device": [],
            "iam_instance_profile": "session_manager",
            "id": "terraform-lab-us-west-2_instances_1c",
            "image_id": "ami-01cd4de4363ab6ee8",
            "instance_type": "t2.micro",
            "key_name": "ec2key",
            "metadata_options": [],
            "name": "terraform-lab-us-west-2_instances_1c",
            "name_prefix": "",
            "placement_tenancy": "",
            "root_block_device": [],
            "security_groups": [
              "sg-07f68b78d75e9d65c"
            ],
            "spot_price": "",
            "user_data": "4bbb97f87931289dd2228bc447e254f179f66009",
            "user_data_base64": null,
            "vpc_classic_link_id": "",
            "vpc_classic_link_security_groups": null
          },
          "sensitive_attributes": [],
          "private": "bnVsbA==",
          "dependencies": [
            "aws_iam_instance_profile.session_manager",
            "aws_iam_role.session_manager",
            "data.aws_iam_policy_document.ec2",
            "module.us-west-2.aws_security_group.ec2_security_group",
            "module.us-west-2.module.keypair.aws_key_pair.generated_key",
            "module.us-west-2.module.keypair.tls_private_key.ec2key",
            "module.us-west-2.module.vpc.aws_vpc.vpc_1"
          ],
          "create_before_destroy": true
        }
      ]
    },
    {
      "module": "module.us-west-2",
      "mode": "managed",
      "type": "aws_security_group",
      "name": "ec2_security_group",
      "provider": "module.us-west-2.provider[\"registry.terraform.io/hashicorp/aws\"]",
      "instances": [
        {
          "schema_version": 1,
          "attributes": {
            "arn": "arn:aws:ec2:us-west-2:159184128979:security-group/sg-07f68b78d75e9d65c",
            "description": "Allow inbound access from the ALB only",
            "egress": [
              {
                "cidr_blocks": [
                  "0.0.0.0/0"
                ],
                "description": "",
                "from_port": 0,
                "ipv6_cidr_blocks": [],
                "prefix_list_ids": [],
                "protocol": "-1",
                "security_groups": [],
                "self": false,
                "to_port": 0
              }
            ],
            "id": "sg-07f68b78d75e9d65c",
            "ingress": [
              {
                "cidr_blocks": [
                  "0.0.0.0/0"
                ],
                "description": "HTTP",
                "from_port": 80,
                "ipv6_cidr_blocks": [],
                "prefix_list_ids": [],
                "protocol": "tcp",
                "security_groups": [],
                "self": false,
                "to_port": 80
              },
              {
                "cidr_blocks": [
                  "0.0.0.0/0"
                ],
                "description": "HTTPS",
                "from_port": 443,
                "ipv6_cidr_blocks": [],
                "prefix_list_ids": [],
                "protocol": "tcp",
                "security_groups": [],
                "self": false,
                "to_port": 443
              },
              {
                "cidr_blocks": [
                  "0.0.0.0/0"
                ],
                "description": "SSH",
                "from_port": 22,
                "ipv6_cidr_blocks": [],
                "prefix_list_ids": [],
                "protocol": "tcp",
                "security_groups": [],
                "self": false,
                "to_port": 22
              }
            ],
            "name": "ec2_security_group",
            "name_prefix": "",
            "owner_id": "159184128979",
            "revoke_rules_on_delete": false,
            "tags": {
              "Name": "ec2_security_group"
            },
            "tags_all": {
              "Name": "ec2_security_group"
            },
            "timeouts": null,
            "vpc_id": "vpc-026274b8f5fceb83e"
          },
          "sensitive_attributes": [],
          "private": "eyJlMmJmYjczMC1lY2FhLTExZTYtOGY4OC0zNDM2M2JjN2M0YzAiOnsiY3JlYXRlIjo2MDAwMDAwMDAwMDAsImRlbGV0ZSI6OTAwMDAwMDAwMDAwfSwic2NoZW1hX3ZlcnNpb24iOiIxIn0=",
          "dependencies": [
            "module.us-west-2.module.vpc.aws_vpc.vpc_1"
          ],
          "create_before_destroy": true
        }
      ]
    },
    {
      "module": "module.us-west-2",
      "mode": "managed",
      "type": "aws_security_group",
      "name": "ec2_security_group_vpc_2",
      "provider": "module.us-west-2.provider[\"registry.terraform.io/hashicorp/aws\"]",
      "instances": [
        {
          "schema_version": 1,
          "attributes": {
            "arn": "arn:aws:ec2:us-west-2:159184128979:security-group/sg-02ef9248f62e65b19",
            "description": "Allow inbound access from the ALB only",
            "egress": [
              {
                "cidr_blocks": [
                  "0.0.0.0/0"
                ],
                "description": "",
                "from_port": 0,
                "ipv6_cidr_blocks": [],
                "prefix_list_ids": [],
                "protocol": "-1",
                "security_groups": [],
                "self": false,
                "to_port": 0
              }
            ],
            "id": "sg-02ef9248f62e65b19",
            "ingress": [
              {
                "cidr_blocks": [
                  "0.0.0.0/0"
                ],
                "description": "HTTP",
                "from_port": 80,
                "ipv6_cidr_blocks": [],
                "prefix_list_ids": [],
                "protocol": "tcp",
                "security_groups": [],
                "self": false,
                "to_port": 80
              },
              {
                "cidr_blocks": [
                  "0.0.0.0/0"
                ],
                "description": "HTTPS",
                "from_port": 443,
                "ipv6_cidr_blocks": [],
                "prefix_list_ids": [],
                "protocol": "tcp",
                "security_groups": [],
                "self": false,
                "to_port": 443
              },
              {
                "cidr_blocks": [
                  "0.0.0.0/0"
                ],
                "description": "SSH",
                "from_port": 22,
                "ipv6_cidr_blocks": [],
                "prefix_list_ids": [],
                "protocol": "tcp",
                "security_groups": [],
                "self": false,
                "to_port": 22
              }
            ],
            "name": "ec2_security_group_2",
            "name_prefix": "",
            "owner_id": "159184128979",
            "revoke_rules_on_delete": false,
            "tags": {
              "Name": "ec2_security_group_2"
            },
            "tags_all": {
              "Name": "ec2_security_group_2"
            },
            "timeouts": null,
            "vpc_id": "vpc-05fe43992bbfb3453"
          },
          "sensitive_attributes": [],
          "private": "eyJlMmJmYjczMC1lY2FhLTExZTYtOGY4OC0zNDM2M2JjN2M0YzAiOnsiY3JlYXRlIjo2MDAwMDAwMDAwMDAsImRlbGV0ZSI6OTAwMDAwMDAwMDAwfSwic2NoZW1hX3ZlcnNpb24iOiIxIn0=",
          "dependencies": [
            "module.us-west-2.module.vpc.aws_vpc.vpc_2"
          ],
          "create_before_destroy": true
        }
      ]
    },
    {
      "module": "module.us-west-2.module.autoscaling",
      "mode": "managed",
      "type": "aws_autoscaling_group",
      "name": "ec2-ec2_cluster",
      "provider": "module.us-west-2.provider[\"registry.terraform.io/hashicorp/aws\"]",
      "instances": [
        {
          "schema_version": 0,
          "attributes": {
            "arn": "arn:aws:autoscaling:us-west-2:159184128979:autoScalingGroup:351ee1ec-1cf7-4eae-8aab-0ffa0e200499:autoScalingGroupName/terraform-lab-us-west-2_auto_scaling_group",
            "availability_zones": [
              "us-west-2a",
              "us-west-2b"
            ],
            "capacity_rebalance": false,
            "context": "",
            "default_cooldown": 300,
            "default_instance_warmup": 0,
            "desired_capacity": 2,
            "desired_capacity_type": "",
            "enabled_metrics": null,
            "force_delete": false,
            "force_delete_warm_pool": false,
            "health_check_grace_period": 300,
            "health_check_type": "EC2",
            "id": "terraform-lab-us-west-2_auto_scaling_group",
            "initial_lifecycle_hook": [],
            "instance_refresh": [],
            "launch_configuration": "terraform-lab-us-west-2_instances_1c",
            "launch_template": [],
            "load_balancers": null,
            "max_instance_lifetime": 0,
            "max_size": 2,
            "metrics_granularity": "1Minute",
            "min_elb_capacity": null,
            "min_size": 2,
            "mixed_instances_policy": [],
            "name": "terraform-lab-us-west-2_auto_scaling_group",
            "name_prefix": "",
            "placement_group": "",
            "predicted_capacity": 0,
            "protect_from_scale_in": false,
            "service_linked_role_arn": "arn:aws:iam::159184128979:role/aws-service-role/autoscaling.amazonaws.com/AWSServiceRoleForAutoScaling",
            "suspended_processes": null,
            "tag": [],
            "tags": null,
            "target_group_arns": null,
            "termination_policies": null,
            "timeouts": null,
            "vpc_zone_identifier": [
              "subnet-0159d20819480eedf",
              "subnet-098e4de7080b8e4f4"
            ],
            "wait_for_capacity_timeout": "10m",
            "wait_for_elb_capacity": null,
            "warm_pool": [],
            "warm_pool_size": 0
          },
          "sensitive_attributes": [],
          "private": "eyJlMmJmYjczMC1lY2FhLTExZTYtOGY4OC0zNDM2M2JjN2M0YzAiOnsiZGVsZXRlIjo2MDAwMDAwMDAwMDAsInVwZGF0ZSI6NjAwMDAwMDAwMDAwfX0=",
          "dependencies": [
            "aws_iam_instance_profile.session_manager",
            "aws_iam_role.session_manager",
            "data.aws_iam_policy_document.ec2",
            "module.us-west-2.aws_launch_configuration.ec2",
            "module.us-west-2.aws_security_group.ec2_security_group",
            "module.us-west-2.module.keypair.aws_key_pair.generated_key",
            "module.us-west-2.module.keypair.tls_private_key.ec2key",
            "module.us-west-2.module.vpc.aws_subnet.private_subnet_1_vpc_1",
            "module.us-west-2.module.vpc.aws_subnet.private_subnet_2_vpc_1",
            "module.us-west-2.module.vpc.aws_vpc.vpc_1"
          ]
        }
      ]
    },
    {
      "module": "module.us-west-2.module.keypair",
      "mode": "managed",
      "type": "aws_key_pair",
      "name": "generated_key",
      "provider": "module.us-west-2.provider[\"registry.terraform.io/hashicorp/aws\"]",
      "instances": [
        {
          "schema_version": 1,
          "attributes": {
            "arn": "arn:aws:ec2:us-west-2:159184128979:key-pair/ec2key",
            "fingerprint": "b9:89:c1:78:44:00:c5:ec:b5:07:e1:ae:50:a1:a0:93",
            "id": "ec2key",
            "key_name": "ec2key",
            "key_name_prefix": "",
            "key_pair_id": "key-070325bc7597e9c27",
            "key_type": "rsa",
            "public_key": "ssh-rsa AAAAB3NzaC1yc2EAAAADAQABAAACAQC//91sENCJaHkq/gVaDdyola/SFCPe/b92YTjvx8kwKoxPTM7YUF4vM4uUnD5Ckc3CDGpJyllH9iEqN2mtF4hudf9Wx5bQC1/ZyVV/K6ZNjCR8xtRItPhXBAEZz3E+jQNQT+zfru8Gf1J6t8m/CFJrSbCjuE+gvr6rxKVSPMQqOvBsNG1oar3yuY4obfILUDUxbxcK9q6037S/9hTwhNKdYA3u6WOvEBCN7pPq+FnG/k1Dugs7f6hQswcBDojGtLCjKc2E6NcQfXCXW5bzdXP6WnNzp2IxyQ57jjA71yinKDvEB+rCTjHvEFdtkAF8ajU9I4YqbOrwBoBzHm4HpAEiXVFhjZXqq5UWZh9naAgiHz2V5u1zbZHfIgtwRa3XEqHNEq9gTRpCzSPvQNAWoSdSMk4GPCTfLUZ418XpERVmljUDQnrYoNIxB3iLAt3BSu2/3RRN1wsD6/PJIoFpOM3wjwiIxZpF93ryHUBIBykMeT0STqb5H7XvaUFgAlN2MvJ4z+OgxfFaXMBul2Q55b6MbhILqAExoWipiGc/wXHdq3bSa3OE4yvIoF6wZ+F5WBAwCE2z7/nFEm2e0w6J7G11knM2MgW4EMUvPf9oIj9klAPdVnlm35IyQxzlYDgluPFYeX+vMjP6xCYQoy/JiCWncFMeX6bym/Dzphcta+8glQ==",
            "tags": null,
            "tags_all": {}
          },
          "sensitive_attributes": [],
          "private": "eyJzY2hlbWFfdmVyc2lvbiI6IjEifQ==",
          "dependencies": [
            "module.us-west-2.module.keypair.tls_private_key.ec2key"
          ],
          "create_before_destroy": true
        }
      ]
    },
    {
      "module": "module.us-west-2.module.keypair",
      "mode": "managed",
      "type": "local_file",
      "name": "key",
      "provider": "provider[\"registry.terraform.io/hashicorp/local\"]",
      "instances": [
        {
          "schema_version": 0,
          "attributes": {
            "content": "-----BEGIN RSA PRIVATE KEY-----\nMIIJKQIBAAKCAgEAv//dbBDQiWh5Kv4FWg3cqJWv0hQj3v2/dmE478fJMCqMT0zO\n2FBeLzOLlJw+QpHNwgxqScpZR/YhKjdprReIbnX/VseW0Atf2clVfyumTYwkfMbU\nSLT4VwQBGc9xPo0DUE/s367vBn9SerfJvwhSa0mwo7hPoL6+q8SlUjzEKjrwbDRt\naGq98rmOKG3yC1A1MW8XCvautN+0v/YU8ITSnWAN7uljrxAQje6T6vhZxv5NQ7oL\nO3+oULMHAQ6IxrSwoynNhOjXEH1wl1uW83Vz+lpzc6diMckOe44wO9copyg7xAfq\nwk4x7xBXbZABfGo1PSOGKmzq8AaAcx5uB6QBIl1RYY2V6quVFmYfZ2gIIh89lebt\nc22R3yILcEWt1xKhzRKvYE0aQs0j70DQFqEnUjJOBjwk3y1GeNfF6REVZpY1A0J6\n2KDSMQd4iwLdwUrtv90UTdcLA+vzySKBaTjN8I8IiMWaRfd68h1ASAcpDHk9Ek6m\n+R+172lBYAJTdjLyeM/joMXxWlzAbpdkOeW+jG4SC6gBMaFoqYhnP8Fx3at20mtz\nhOMryKBesGfheVgQMAhNs+/5xRJtntMOiextdZJzNjIFuBDFLz3/aCI/ZJQD3VZ5\nZt+SMkMc5WA4JbjxWHl/rzIz+sQmEKMvyYglp3BTHl+m8pvw86YXLWvvIJUCAwEA\nAQKCAgAf/po+TNsDWtZ+NJBdvlub+D2xS0vi9/P03SSoyGkdTqnM+Saq41Gemf9T\nh2nUnAlmob0AiOix1jEWoN9KSdahWaZwJphaGNsjJqrJo1N2LrlR1axAZW/QyEkK\nrQfY/ZSkyHzXlYYdVhA/hOrom5FocYIu9iLGzaJma0GFX7zssJ+p2F62/LqkfQlU\ncWXZPsducm2rlQnt+C1do7s/jVKviPcpbdj/rjSkAjLCABqtz2i+tXzzsEUzFXJA\nWdSvECMzPV8TG93i0JR3lHqmHVdzS6lbh3QUicWRD1O4VRVgLZMwCoWzVWZ6yQVY\nq5ujyOsQQiA0Z6wKzXqQNGzvdwP9FNqTW0AwaN/kdpTBI5MMLFyVRsHU4ekTOllP\nYVFOMS1+d6E0ft24VKpRkhsmgPumsZgBm2mTXT2Py/r0XrWUGxzFJBl60RIoJykz\nfQ8xh/pLp5tbNwMxQmYSBeHEKBuhVw2LEvbNcnHnlcG3SfFTkDFEy53wfyH51O5P\nG4RgFvFdzKllSVGxwS2K1EkEc4eDA1f+ufo1a2AWmZiFvtA6EgR4dGL4yCrjy0sh\nc3h4ApXpgJARZHq0WhAxTI+eV9xUv5qo3ecgYhP+pR99Dr0a3og+P2E7ZQxLKRkb\n8yudOsz/d/7jtss1MHhqeIvRy4Ks3rEOewk8ptlP24LdKXv/AQKCAQEAy7wTmsRG\nWD8PWHsq0PMfIEm0eyx0LvG28vWnZl/VpTmK4boSMgLdN427F52Li43Jh0uZadnv\nHsol3fb+U9oRFQKghYA8gj2xNXqAE+nudmpxz8bd+Z8NQCoBRhmTwg+tgb3Lojwv\nc8ml0xvDnY7/A+tk9sD5IfKAz75lA5eHFqTw3j3e89Vl9Z3MozwqUshQuf2ngy8S\nmkRb619hkCVj7eRxtBmJiEs+DOYkvpeDbFbfpnxo416XV3pNsZk3Rhv+Exr589Xb\nCG5o+Mn9rb7mzN+Cd/UNILZT1IlqqR0+XIRtmd2JUJS1wXMiZql+YPks3ZBP2oy3\nZcIha8QC6oau1QKCAQEA8UEZZc7cQSOBDZDthAUl49xIq77ZUrEyBOzo5sovOEwR\nOE2OzTEPZ+iF9dg15Xi5U3DN7ZLoNUhIuCfYHIVdgV0i40RhgPyAih0cQBDmbEBF\no489gT3rPcuBZfB4kd6ZoJMxNNuC8nGDnlYAEnr1NUIuz6REvgQbVtGH1Udq6zrg\nwvLDI99Dlv64ghKGUFHaByGWPPFz3vOv3MOfetWDyn+jJs3G3f2h8UipUtcQjHAO\n/mn9SEjth9YN0E6ltrAPiawwslxxDuTDemSxN+cmI+VNukQOlj4nBQ+9SAcuMLPY\nBu+IpWFiscojftUkL6v9Rao8htf+f0vlIB/Qdc0KwQKCAQEAxJpzZLehlokL+vuo\nnsjusY7OvspwN9kEDkNmzpEOr4nu7tNLub0v0utPr4NV5U7nOkuG+THY4iJ7Fk7C\nsRJPx7GoTAwq2BhGiO/05sKpXtZri/FBxiBpfhDK9+W4w92zNu97scxYkmj2P9mc\nFNCoYRTocoJYKB1HlrIJ8sRoFT8IPb8BBtZYtQQZNTDbOtWZqVIRM7PaRMpQ1btO\nf/bFDw2TeBPot4C8mWAB93Zo2cSfwJ5v7XIbo8wfa5IKV/qtXax7poUqAGHjpKnv\nxpnhSbUqxy3QBFBOZ1xQdHAG/OrChWfWmc9X8h10BhPsJBJw7ELV/HYsiOMks0UM\n91sPHQKCAQEAjyaIkm9PI9uUTN9s/8QqOm1QNZBV1YpM2r1UaPUZVbdVFGp4zGpK\n8OX47upu+I1MsiUiG9DqtgsBEzyZMDs2Q3dnJyFBFc892jXxuFYO07bDW4y3+wMp\nnY4uZrVsZWmHEM+mB+4kYgVXCtGO02hgLUzrB8w5+eHn8vj7N2NcHt3d1e9EOPnW\nWjckdhHV3rziuQ6F3f2LOoSwGjd9Xt5oh/R6c6DwWnKP7+KkjgIM0LgBPZbYclbL\nkqlBoxO3opIPdipU7tCJSUQWdX5f5YLjj7MVDuwpF58jeg5fyuhv0Pg1u8/P7gm+\nDS6bJzwDb8IG05pytbReT1xSRWB7ShrzQQKCAQBYmsZccmRy6JKwyVyeEM0yjz6Q\nr+JgT7pgsLwv9KFH41mhw0UY69UJgc52fBoMdVp4n/uSaJ4u7w9wVQ0w2lNc60vR\nPHStOhDxv4t7EhPQ6UooJ8xmv+a1FIzNYOvXwmYRALxqEGM6ZQ/DPjOLNh4zUq41\nONpTSCXYgZUft+1wvCKibOqlPcQEbg8kTZQCPHRbeC1k0VgdaNuN6cB5T3zfnmWr\nkftXa7DZiRgvYx7qIHbfB026g/CWnXlX++uh12EdlRnkssD/0n2NXs+n6BW/Rne/\nRl1e8hrLb0tDdQsZdycBFk5SS8CPgopuOEsN9FBsg6i93DkgsnnUIwJgMSVc\n-----END RSA PRIVATE KEY-----\n",
            "content_base64": null,
            "content_base64sha256": "lBNrzFOklFmXRRrkDW0oDuxu6PflAbzkzomnatc1nbI=",
            "content_base64sha512": "1zVPjsjQNQqs1W7XPApkVDSZchjybZa5A9ANJI9OoPdbj9ffjJHCxpFX1R1+e0h4bnMI36HEoAtzzEjbp52bQQ==",
            "content_md5": "5614df20f0c79fb10d5f2df6c5ed2e03",
            "content_sha1": "8161b3c7d7d5ebd3dca73b887d70e3e03726881a",
            "content_sha256": "94136bcc53a4945997451ae40d6d280eec6ee8f7e501bce4ce89a76ad7359db2",
            "content_sha512": "d7354f8ec8d0350aacd56ed73c0a645434997218f26d96b903d00d248f4ea0f75b8fd7df8c91c2c69157d51d7e7b48786e7308dfa1c4a00b73cc48dba79d9b41",
            "directory_permission": "0777",
            "file_permission": "0400",
            "filename": "ec2key.pem",
            "id": "8161b3c7d7d5ebd3dca73b887d70e3e03726881a",
            "sensitive_content": null,
            "source": null
          },
          "sensitive_attributes": [
            [
              {
                "type": "get_attr",
                "value": "sensitive_content"
              }
            ],
            [
              {
                "type": "get_attr",
                "value": "content"
              }
            ]
          ],
          "dependencies": [
            "module.us-west-2.module.keypair.tls_private_key.ec2key"
          ]
        }
      ]
    },
    {
      "module": "module.us-west-2.module.keypair",
      "mode": "managed",
      "type": "tls_private_key",
      "name": "ec2key",
      "provider": "provider[\"registry.terraform.io/hashicorp/tls\"]",
      "instances": [
        {
          "schema_version": 1,
          "attributes": {
            "algorithm": "RSA",
            "ecdsa_curve": "P224",
            "id": "082841fc7a64502d045679ba2612d8ed95e12efc",
            "private_key_openssh": "-----BEGIN OPENSSH PRIVATE KEY-----\nb3BlbnNzaC1rZXktdjEAAAAABG5vbmUAAAAEbm9uZQAAAAAAAAABAAACFwAAAAdz\nc2gtcnNhAAAAAwEAAQAAAgEAv//dbBDQiWh5Kv4FWg3cqJWv0hQj3v2/dmE478fJ\nMCqMT0zO2FBeLzOLlJw+QpHNwgxqScpZR/YhKjdprReIbnX/VseW0Atf2clVfyum\nTYwkfMbUSLT4VwQBGc9xPo0DUE/s367vBn9SerfJvwhSa0mwo7hPoL6+q8SlUjzE\nKjrwbDRtaGq98rmOKG3yC1A1MW8XCvautN+0v/YU8ITSnWAN7uljrxAQje6T6vhZ\nxv5NQ7oLO3+oULMHAQ6IxrSwoynNhOjXEH1wl1uW83Vz+lpzc6diMckOe44wO9co\npyg7xAfqwk4x7xBXbZABfGo1PSOGKmzq8AaAcx5uB6QBIl1RYY2V6quVFmYfZ2gI\nIh89lebtc22R3yILcEWt1xKhzRKvYE0aQs0j70DQFqEnUjJOBjwk3y1GeNfF6REV\nZpY1A0J62KDSMQd4iwLdwUrtv90UTdcLA+vzySKBaTjN8I8IiMWaRfd68h1ASAcp\nDHk9Ek6m+R+172lBYAJTdjLyeM/joMXxWlzAbpdkOeW+jG4SC6gBMaFoqYhnP8Fx\n3at20mtzhOMryKBesGfheVgQMAhNs+/5xRJtntMOiextdZJzNjIFuBDFLz3/aCI/\nZJQD3VZ5Zt+SMkMc5WA4JbjxWHl/rzIz+sQmEKMvyYglp3BTHl+m8pvw86YXLWvv\nIJUAAAc47SBGJu0gRiYAAAAHc3NoLXJzYQAAAgEAv//dbBDQiWh5Kv4FWg3cqJWv\n0hQj3v2/dmE478fJMCqMT0zO2FBeLzOLlJw+QpHNwgxqScpZR/YhKjdprReIbnX/\nVseW0Atf2clVfyumTYwkfMbUSLT4VwQBGc9xPo0DUE/s367vBn9SerfJvwhSa0mw\no7hPoL6+q8SlUjzEKjrwbDRtaGq98rmOKG3yC1A1MW8XCvautN+0v/YU8ITSnWAN\n7uljrxAQje6T6vhZxv5NQ7oLO3+oULMHAQ6IxrSwoynNhOjXEH1wl1uW83Vz+lpz\nc6diMckOe44wO9copyg7xAfqwk4x7xBXbZABfGo1PSOGKmzq8AaAcx5uB6QBIl1R\nYY2V6quVFmYfZ2gIIh89lebtc22R3yILcEWt1xKhzRKvYE0aQs0j70DQFqEnUjJO\nBjwk3y1GeNfF6REVZpY1A0J62KDSMQd4iwLdwUrtv90UTdcLA+vzySKBaTjN8I8I\niMWaRfd68h1ASAcpDHk9Ek6m+R+172lBYAJTdjLyeM/joMXxWlzAbpdkOeW+jG4S\nC6gBMaFoqYhnP8Fx3at20mtzhOMryKBesGfheVgQMAhNs+/5xRJtntMOiextdZJz\nNjIFuBDFLz3/aCI/ZJQD3VZ5Zt+SMkMc5WA4JbjxWHl/rzIz+sQmEKMvyYglp3BT\nHl+m8pvw86YXLWvvIJUAAAADAQABAAACAB/+mj5M2wNa1n40kF2+W5v4PbFLS+L3\n8/TdJKjIaR1Oqcz5JqrjUZ6Z/1OHadScCWahvQCI6LHWMRag30pJ1qFZpnAmmFoY\n2yMmqsmjU3YuuVHVrEBlb9DISQqtB9j9lKTIfNeVhh1WED+E6uibkWhxgi72IsbN\nomZrQYVfvOywn6nYXrb8uqR9CVRxZdk+x25ybauVCe34LV2juz+NUq+I9ylt2P+u\nNKQCMsIAGq3PaL61fPOwRTMVckBZ1K8QIzM9XxMb3eLQlHeUeqYdV3NLqVuHdBSJ\nxZEPU7hVFWAtkzAKhbNVZnrJBVirm6PI6xBCIDRnrArNepA0bO93A/0U2pNbQDBo\n3+R2lMEjkwwsXJVGwdTh6RM6WU9hUU4xLX53oTR+3bhUqlGSGyaA+6axmAGbaZNd\nPY/L+vRetZQbHMUkGXrREignKTN9DzGH+kunm1s3AzFCZhIF4cQoG6FXDYsS9s1y\nceeVwbdJ8VOQMUTLnfB/IfnU7k8bhGAW8V3MqWVJUbHBLYrUSQRzh4MDV/65+jVr\nYBaZmIW+0DoSBHh0YvjIKuPLSyFzeHgClemAkBFkerRaEDFMj55X3FS/mqjd5yBi\nE/6lH30OvRreiD4/YTtlDEspGRvzK506zP93/uO2yzUweGp4i9HLgqzesQ57CTym\n2U/bgt0pe/8BAAABAFiaxlxyZHLokrDJXJ4QzTKPPpCv4mBPumCwvC/0oUfjWaHD\nRRjr1QmBznZ8Ggx1Wnif+5Joni7vD3BVDTDaU1zrS9E8dK06EPG/i3sSE9DpSign\nzGa/5rUUjM1g69fCZhEAvGoQYzplD8M+M4s2HjNSrjU42lNIJdiBlR+37XC8IqJs\n6qU9xARuDyRNlAI8dFt4LWTRWB1o243pwHlPfN+eZauR+1drsNmJGC9jHuogdt8H\nTbqD8JadeVf766HXYR2VGeSywP/SfY1ez6foFb9Gd79GXV7yGstvS0N1Cxl3JwEW\nTlJLwI+Cim44Sw30UGyDqL3cOSCyedQjAmAxJVwAAAEBAMu8E5rERlg/D1h7KtDz\nHyBJtHssdC7xtvL1p2Zf1aU5iuG6EjIC3TeNuxedi4uNyYdLmWnZ7x7KJd32/lPa\nERUCoIWAPII9sTV6gBPp7nZqcc/G3fmfDUAqAUYZk8IPrYG9y6I8L3PJpdMbw52O\n/wPrZPbA+SHygM++ZQOXhxak8N493vPVZfWdzKM8KlLIULn9p4MvEppEW+tfYZAl\nY+3kcbQZiYhLPgzmJL6Xg2xW36Z8aONel1d6TbGZN0Yb/hMa+fPV2whuaPjJ/a2+\n5szfgnf1DSC2U9SJaqkdPlyEbZndiVCUtcFzImapfmD5LN2QT9qMt2XCIWvEAuqG\nrtUAAAEBAPFBGWXO3EEjgQ2Q7YQFJePcSKu+2VKxMgTs6ObKLzhMEThNjs0xD2fo\nhfXYNeV4uVNwze2S6DVISLgn2ByFXYFdIuNEYYD8gIodHEAQ5mxARaOPPYE96z3L\ngWXweJHemaCTMTTbgvJxg55WABJ69TVCLs+kRL4EG1bRh9VHaus64MLywyPfQ5b+\nuIIShlBR2gchljzxc97zr9zDn3rVg8p/oybNxt39ofFIqVLXEIxwDv5p/UhI7YfW\nDdBOpbawD4msMLJccQ7kw3pksTfnJiPlTbpEDpY+JwUPvUgHLjCz2AbviKVhYrHK\nI37VJC+r/UWqPIbX/n9L5SAf0HXNCsEAAAAAAQID\n-----END OPENSSH PRIVATE KEY-----\n",
            "private_key_pem": "-----BEGIN RSA PRIVATE KEY-----\nMIIJKQIBAAKCAgEAv//dbBDQiWh5Kv4FWg3cqJWv0hQj3v2/dmE478fJMCqMT0zO\n2FBeLzOLlJw+QpHNwgxqScpZR/YhKjdprReIbnX/VseW0Atf2clVfyumTYwkfMbU\nSLT4VwQBGc9xPo0DUE/s367vBn9SerfJvwhSa0mwo7hPoL6+q8SlUjzEKjrwbDRt\naGq98rmOKG3yC1A1MW8XCvautN+0v/YU8ITSnWAN7uljrxAQje6T6vhZxv5NQ7oL\nO3+oULMHAQ6IxrSwoynNhOjXEH1wl1uW83Vz+lpzc6diMckOe44wO9copyg7xAfq\nwk4x7xBXbZABfGo1PSOGKmzq8AaAcx5uB6QBIl1RYY2V6quVFmYfZ2gIIh89lebt\nc22R3yILcEWt1xKhzRKvYE0aQs0j70DQFqEnUjJOBjwk3y1GeNfF6REVZpY1A0J6\n2KDSMQd4iwLdwUrtv90UTdcLA+vzySKBaTjN8I8IiMWaRfd68h1ASAcpDHk9Ek6m\n+R+172lBYAJTdjLyeM/joMXxWlzAbpdkOeW+jG4SC6gBMaFoqYhnP8Fx3at20mtz\nhOMryKBesGfheVgQMAhNs+/5xRJtntMOiextdZJzNjIFuBDFLz3/aCI/ZJQD3VZ5\nZt+SMkMc5WA4JbjxWHl/rzIz+sQmEKMvyYglp3BTHl+m8pvw86YXLWvvIJUCAwEA\nAQKCAgAf/po+TNsDWtZ+NJBdvlub+D2xS0vi9/P03SSoyGkdTqnM+Saq41Gemf9T\nh2nUnAlmob0AiOix1jEWoN9KSdahWaZwJphaGNsjJqrJo1N2LrlR1axAZW/QyEkK\nrQfY/ZSkyHzXlYYdVhA/hOrom5FocYIu9iLGzaJma0GFX7zssJ+p2F62/LqkfQlU\ncWXZPsducm2rlQnt+C1do7s/jVKviPcpbdj/rjSkAjLCABqtz2i+tXzzsEUzFXJA\nWdSvECMzPV8TG93i0JR3lHqmHVdzS6lbh3QUicWRD1O4VRVgLZMwCoWzVWZ6yQVY\nq5ujyOsQQiA0Z6wKzXqQNGzvdwP9FNqTW0AwaN/kdpTBI5MMLFyVRsHU4ekTOllP\nYVFOMS1+d6E0ft24VKpRkhsmgPumsZgBm2mTXT2Py/r0XrWUGxzFJBl60RIoJykz\nfQ8xh/pLp5tbNwMxQmYSBeHEKBuhVw2LEvbNcnHnlcG3SfFTkDFEy53wfyH51O5P\nG4RgFvFdzKllSVGxwS2K1EkEc4eDA1f+ufo1a2AWmZiFvtA6EgR4dGL4yCrjy0sh\nc3h4ApXpgJARZHq0WhAxTI+eV9xUv5qo3ecgYhP+pR99Dr0a3og+P2E7ZQxLKRkb\n8yudOsz/d/7jtss1MHhqeIvRy4Ks3rEOewk8ptlP24LdKXv/AQKCAQEAy7wTmsRG\nWD8PWHsq0PMfIEm0eyx0LvG28vWnZl/VpTmK4boSMgLdN427F52Li43Jh0uZadnv\nHsol3fb+U9oRFQKghYA8gj2xNXqAE+nudmpxz8bd+Z8NQCoBRhmTwg+tgb3Lojwv\nc8ml0xvDnY7/A+tk9sD5IfKAz75lA5eHFqTw3j3e89Vl9Z3MozwqUshQuf2ngy8S\nmkRb619hkCVj7eRxtBmJiEs+DOYkvpeDbFbfpnxo416XV3pNsZk3Rhv+Exr589Xb\nCG5o+Mn9rb7mzN+Cd/UNILZT1IlqqR0+XIRtmd2JUJS1wXMiZql+YPks3ZBP2oy3\nZcIha8QC6oau1QKCAQEA8UEZZc7cQSOBDZDthAUl49xIq77ZUrEyBOzo5sovOEwR\nOE2OzTEPZ+iF9dg15Xi5U3DN7ZLoNUhIuCfYHIVdgV0i40RhgPyAih0cQBDmbEBF\no489gT3rPcuBZfB4kd6ZoJMxNNuC8nGDnlYAEnr1NUIuz6REvgQbVtGH1Udq6zrg\nwvLDI99Dlv64ghKGUFHaByGWPPFz3vOv3MOfetWDyn+jJs3G3f2h8UipUtcQjHAO\n/mn9SEjth9YN0E6ltrAPiawwslxxDuTDemSxN+cmI+VNukQOlj4nBQ+9SAcuMLPY\nBu+IpWFiscojftUkL6v9Rao8htf+f0vlIB/Qdc0KwQKCAQEAxJpzZLehlokL+vuo\nnsjusY7OvspwN9kEDkNmzpEOr4nu7tNLub0v0utPr4NV5U7nOkuG+THY4iJ7Fk7C\nsRJPx7GoTAwq2BhGiO/05sKpXtZri/FBxiBpfhDK9+W4w92zNu97scxYkmj2P9mc\nFNCoYRTocoJYKB1HlrIJ8sRoFT8IPb8BBtZYtQQZNTDbOtWZqVIRM7PaRMpQ1btO\nf/bFDw2TeBPot4C8mWAB93Zo2cSfwJ5v7XIbo8wfa5IKV/qtXax7poUqAGHjpKnv\nxpnhSbUqxy3QBFBOZ1xQdHAG/OrChWfWmc9X8h10BhPsJBJw7ELV/HYsiOMks0UM\n91sPHQKCAQEAjyaIkm9PI9uUTN9s/8QqOm1QNZBV1YpM2r1UaPUZVbdVFGp4zGpK\n8OX47upu+I1MsiUiG9DqtgsBEzyZMDs2Q3dnJyFBFc892jXxuFYO07bDW4y3+wMp\nnY4uZrVsZWmHEM+mB+4kYgVXCtGO02hgLUzrB8w5+eHn8vj7N2NcHt3d1e9EOPnW\nWjckdhHV3rziuQ6F3f2LOoSwGjd9Xt5oh/R6c6DwWnKP7+KkjgIM0LgBPZbYclbL\nkqlBoxO3opIPdipU7tCJSUQWdX5f5YLjj7MVDuwpF58jeg5fyuhv0Pg1u8/P7gm+\nDS6bJzwDb8IG05pytbReT1xSRWB7ShrzQQKCAQBYmsZccmRy6JKwyVyeEM0yjz6Q\nr+JgT7pgsLwv9KFH41mhw0UY69UJgc52fBoMdVp4n/uSaJ4u7w9wVQ0w2lNc60vR\nPHStOhDxv4t7EhPQ6UooJ8xmv+a1FIzNYOvXwmYRALxqEGM6ZQ/DPjOLNh4zUq41\nONpTSCXYgZUft+1wvCKibOqlPcQEbg8kTZQCPHRbeC1k0VgdaNuN6cB5T3zfnmWr\nkftXa7DZiRgvYx7qIHbfB026g/CWnXlX++uh12EdlRnkssD/0n2NXs+n6BW/Rne/\nRl1e8hrLb0tDdQsZdycBFk5SS8CPgopuOEsN9FBsg6i93DkgsnnUIwJgMSVc\n-----END RSA PRIVATE KEY-----\n",
            "private_key_pem_pkcs8": "-----BEGIN PRIVATE KEY-----\nMIIJQwIBADANBgkqhkiG9w0BAQEFAASCCS0wggkpAgEAAoICAQC//91sENCJaHkq\n/gVaDdyola/SFCPe/b92YTjvx8kwKoxPTM7YUF4vM4uUnD5Ckc3CDGpJyllH9iEq\nN2mtF4hudf9Wx5bQC1/ZyVV/K6ZNjCR8xtRItPhXBAEZz3E+jQNQT+zfru8Gf1J6\nt8m/CFJrSbCjuE+gvr6rxKVSPMQqOvBsNG1oar3yuY4obfILUDUxbxcK9q6037S/\n9hTwhNKdYA3u6WOvEBCN7pPq+FnG/k1Dugs7f6hQswcBDojGtLCjKc2E6NcQfXCX\nW5bzdXP6WnNzp2IxyQ57jjA71yinKDvEB+rCTjHvEFdtkAF8ajU9I4YqbOrwBoBz\nHm4HpAEiXVFhjZXqq5UWZh9naAgiHz2V5u1zbZHfIgtwRa3XEqHNEq9gTRpCzSPv\nQNAWoSdSMk4GPCTfLUZ418XpERVmljUDQnrYoNIxB3iLAt3BSu2/3RRN1wsD6/PJ\nIoFpOM3wjwiIxZpF93ryHUBIBykMeT0STqb5H7XvaUFgAlN2MvJ4z+OgxfFaXMBu\nl2Q55b6MbhILqAExoWipiGc/wXHdq3bSa3OE4yvIoF6wZ+F5WBAwCE2z7/nFEm2e\n0w6J7G11knM2MgW4EMUvPf9oIj9klAPdVnlm35IyQxzlYDgluPFYeX+vMjP6xCYQ\noy/JiCWncFMeX6bym/Dzphcta+8glQIDAQABAoICAB/+mj5M2wNa1n40kF2+W5v4\nPbFLS+L38/TdJKjIaR1Oqcz5JqrjUZ6Z/1OHadScCWahvQCI6LHWMRag30pJ1qFZ\npnAmmFoY2yMmqsmjU3YuuVHVrEBlb9DISQqtB9j9lKTIfNeVhh1WED+E6uibkWhx\ngi72IsbNomZrQYVfvOywn6nYXrb8uqR9CVRxZdk+x25ybauVCe34LV2juz+NUq+I\n9ylt2P+uNKQCMsIAGq3PaL61fPOwRTMVckBZ1K8QIzM9XxMb3eLQlHeUeqYdV3NL\nqVuHdBSJxZEPU7hVFWAtkzAKhbNVZnrJBVirm6PI6xBCIDRnrArNepA0bO93A/0U\n2pNbQDBo3+R2lMEjkwwsXJVGwdTh6RM6WU9hUU4xLX53oTR+3bhUqlGSGyaA+6ax\nmAGbaZNdPY/L+vRetZQbHMUkGXrREignKTN9DzGH+kunm1s3AzFCZhIF4cQoG6FX\nDYsS9s1yceeVwbdJ8VOQMUTLnfB/IfnU7k8bhGAW8V3MqWVJUbHBLYrUSQRzh4MD\nV/65+jVrYBaZmIW+0DoSBHh0YvjIKuPLSyFzeHgClemAkBFkerRaEDFMj55X3FS/\nmqjd5yBiE/6lH30OvRreiD4/YTtlDEspGRvzK506zP93/uO2yzUweGp4i9HLgqze\nsQ57CTym2U/bgt0pe/8BAoIBAQDLvBOaxEZYPw9YeyrQ8x8gSbR7LHQu8bby9adm\nX9WlOYrhuhIyAt03jbsXnYuLjcmHS5lp2e8eyiXd9v5T2hEVAqCFgDyCPbE1eoAT\n6e52anHPxt35nw1AKgFGGZPCD62BvcuiPC9zyaXTG8Odjv8D62T2wPkh8oDPvmUD\nl4cWpPDePd7z1WX1ncyjPCpSyFC5/aeDLxKaRFvrX2GQJWPt5HG0GYmISz4M5iS+\nl4NsVt+mfGjjXpdXek2xmTdGG/4TGvnz1dsIbmj4yf2tvubM34J39Q0gtlPUiWqp\nHT5chG2Z3YlQlLXBcyJmqX5g+SzdkE/ajLdlwiFrxALqhq7VAoIBAQDxQRllztxB\nI4ENkO2EBSXj3EirvtlSsTIE7Ojmyi84TBE4TY7NMQ9n6IX12DXleLlTcM3tkug1\nSEi4J9gchV2BXSLjRGGA/ICKHRxAEOZsQEWjjz2BPes9y4Fl8HiR3pmgkzE024Ly\ncYOeVgASevU1Qi7PpES+BBtW0YfVR2rrOuDC8sMj30OW/riCEoZQUdoHIZY88XPe\n86/cw5961YPKf6Mmzcbd/aHxSKlS1xCMcA7+af1ISO2H1g3QTqW2sA+JrDCyXHEO\n5MN6ZLE35yYj5U26RA6WPicFD71IBy4ws9gG74ilYWKxyiN+1SQvq/1FqjyG1/5/\nS+UgH9B1zQrBAoIBAQDEmnNkt6GWiQv6+6ieyO6xjs6+ynA32QQOQ2bOkQ6vie7u\n00u5vS/S60+vg1XlTuc6S4b5MdjiInsWTsKxEk/HsahMDCrYGEaI7/Tmwqle1muL\n8UHGIGl+EMr35bjD3bM273uxzFiSaPY/2ZwU0KhhFOhyglgoHUeWsgnyxGgVPwg9\nvwEG1li1BBk1MNs61ZmpUhEzs9pEylDVu05/9sUPDZN4E+i3gLyZYAH3dmjZxJ/A\nnm/tchujzB9rkgpX+q1drHumhSoAYeOkqe/GmeFJtSrHLdAEUE5nXFB0cAb86sKF\nZ9aZz1fyHXQGE+wkEnDsQtX8diyI4ySzRQz3Ww8dAoIBAQCPJoiSb08j25RM32z/\nxCo6bVA1kFXVikzavVRo9RlVt1UUanjMakrw5fju6m74jUyyJSIb0Oq2CwETPJkw\nOzZDd2cnIUEVzz3aNfG4Vg7TtsNbjLf7Aymdji5mtWxlaYcQz6YH7iRiBVcK0Y7T\naGAtTOsHzDn54efy+Ps3Y1we3d3V70Q4+dZaNyR2EdXevOK5DoXd/Ys6hLAaN31e\n3miH9HpzoPBaco/v4qSOAgzQuAE9lthyVsuSqUGjE7eikg92KlTu0IlJRBZ1fl/l\nguOPsxUO7CkXnyN6Dl/K6G/Q+DW7z8/uCb4NLpsnPANvwgbTmnK1tF5PXFJFYHtK\nGvNBAoIBAFiaxlxyZHLokrDJXJ4QzTKPPpCv4mBPumCwvC/0oUfjWaHDRRjr1QmB\nznZ8Ggx1Wnif+5Joni7vD3BVDTDaU1zrS9E8dK06EPG/i3sSE9DpSignzGa/5rUU\njM1g69fCZhEAvGoQYzplD8M+M4s2HjNSrjU42lNIJdiBlR+37XC8IqJs6qU9xARu\nDyRNlAI8dFt4LWTRWB1o243pwHlPfN+eZauR+1drsNmJGC9jHuogdt8HTbqD8Jad\neVf766HXYR2VGeSywP/SfY1ez6foFb9Gd79GXV7yGstvS0N1Cxl3JwEWTlJLwI+C\nim44Sw30UGyDqL3cOSCyedQjAmAxJVw=\n-----END PRIVATE KEY-----\n",
            "public_key_fingerprint_md5": "32:58:9e:8d:17:a5:7b:8d:54:b3:1b:38:6e:ba:b7:7c",
            "public_key_fingerprint_sha256": "SHA256:AjkqavEakvYivEU6kOvC0iRbgwSKf7DhlE/WuLv6zDk",
            "public_key_openssh": "ssh-rsa AAAAB3NzaC1yc2EAAAADAQABAAACAQC//91sENCJaHkq/gVaDdyola/SFCPe/b92YTjvx8kwKoxPTM7YUF4vM4uUnD5Ckc3CDGpJyllH9iEqN2mtF4hudf9Wx5bQC1/ZyVV/K6ZNjCR8xtRItPhXBAEZz3E+jQNQT+zfru8Gf1J6t8m/CFJrSbCjuE+gvr6rxKVSPMQqOvBsNG1oar3yuY4obfILUDUxbxcK9q6037S/9hTwhNKdYA3u6WOvEBCN7pPq+FnG/k1Dugs7f6hQswcBDojGtLCjKc2E6NcQfXCXW5bzdXP6WnNzp2IxyQ57jjA71yinKDvEB+rCTjHvEFdtkAF8ajU9I4YqbOrwBoBzHm4HpAEiXVFhjZXqq5UWZh9naAgiHz2V5u1zbZHfIgtwRa3XEqHNEq9gTRpCzSPvQNAWoSdSMk4GPCTfLUZ418XpERVmljUDQnrYoNIxB3iLAt3BSu2/3RRN1wsD6/PJIoFpOM3wjwiIxZpF93ryHUBIBykMeT0STqb5H7XvaUFgAlN2MvJ4z+OgxfFaXMBul2Q55b6MbhILqAExoWipiGc/wXHdq3bSa3OE4yvIoF6wZ+F5WBAwCE2z7/nFEm2e0w6J7G11knM2MgW4EMUvPf9oIj9klAPdVnlm35IyQxzlYDgluPFYeX+vMjP6xCYQoy/JiCWncFMeX6bym/Dzphcta+8glQ==\n",
            "public_key_pem": "-----BEGIN PUBLIC KEY-----\nMIICIjANBgkqhkiG9w0BAQEFAAOCAg8AMIICCgKCAgEAv//dbBDQiWh5Kv4FWg3c\nqJWv0hQj3v2/dmE478fJMCqMT0zO2FBeLzOLlJw+QpHNwgxqScpZR/YhKjdprReI\nbnX/VseW0Atf2clVfyumTYwkfMbUSLT4VwQBGc9xPo0DUE/s367vBn9SerfJvwhS\na0mwo7hPoL6+q8SlUjzEKjrwbDRtaGq98rmOKG3yC1A1MW8XCvautN+0v/YU8ITS\nnWAN7uljrxAQje6T6vhZxv5NQ7oLO3+oULMHAQ6IxrSwoynNhOjXEH1wl1uW83Vz\n+lpzc6diMckOe44wO9copyg7xAfqwk4x7xBXbZABfGo1PSOGKmzq8AaAcx5uB6QB\nIl1RYY2V6quVFmYfZ2gIIh89lebtc22R3yILcEWt1xKhzRKvYE0aQs0j70DQFqEn\nUjJOBjwk3y1GeNfF6REVZpY1A0J62KDSMQd4iwLdwUrtv90UTdcLA+vzySKBaTjN\n8I8IiMWaRfd68h1ASAcpDHk9Ek6m+R+172lBYAJTdjLyeM/joMXxWlzAbpdkOeW+\njG4SC6gBMaFoqYhnP8Fx3at20mtzhOMryKBesGfheVgQMAhNs+/5xRJtntMOiext\ndZJzNjIFuBDFLz3/aCI/ZJQD3VZ5Zt+SMkMc5WA4JbjxWHl/rzIz+sQmEKMvyYgl\np3BTHl+m8pvw86YXLWvvIJUCAwEAAQ==\n-----END PUBLIC KEY-----\n",
            "rsa_bits": 4096
          },
          "sensitive_attributes": [
            [
              {
                "type": "get_attr",
                "value": "private_key_pem_pkcs8"
              }
            ],
            [
              {
                "type": "get_attr",
                "value": "private_key_pem"
              }
            ],
            [
              {
                "type": "get_attr",
                "value": "private_key_openssh"
              }
            ]
          ],
          "create_before_destroy": true
        }
      ]
    },
    {
      "module": "module.us-west-2.module.vpc",
      "mode": "managed",
      "type": "aws_internet_gateway",
      "name": "igw_vpc_1",
      "provider": "module.us-west-2.provider[\"registry.terraform.io/hashicorp/aws\"]",
      "instances": [
        {
          "schema_version": 0,
          "attributes": {
            "arn": "arn:aws:ec2:us-west-2:159184128979:internet-gateway/igw-0c2c321a9f02266dc",
            "id": "igw-0c2c321a9f02266dc",
            "owner_id": "159184128979",
            "tags": {
              "Name": "igw_vpc_1"
            },
            "tags_all": {
              "Name": "igw_vpc_1"
            },
            "timeouts": null,
            "vpc_id": "vpc-026274b8f5fceb83e"
          },
          "sensitive_attributes": [],
          "private": "eyJlMmJmYjczMC1lY2FhLTExZTYtOGY4OC0zNDM2M2JjN2M0YzAiOnsiY3JlYXRlIjoxMjAwMDAwMDAwMDAwLCJkZWxldGUiOjEyMDAwMDAwMDAwMDAsInVwZGF0ZSI6MTIwMDAwMDAwMDAwMH19",
          "dependencies": [
            "module.us-west-2.module.vpc.aws_vpc.vpc_1"
          ]
        }
      ]
    },
    {
      "module": "module.us-west-2.module.vpc",
      "mode": "managed",
      "type": "aws_internet_gateway",
      "name": "igw_vpc_2",
      "provider": "module.us-west-2.provider[\"registry.terraform.io/hashicorp/aws\"]",
      "instances": [
        {
          "schema_version": 0,
          "attributes": {
            "arn": "arn:aws:ec2:us-west-2:159184128979:internet-gateway/igw-08533b3dad82da6c6",
            "id": "igw-08533b3dad82da6c6",
            "owner_id": "159184128979",
            "tags": {
              "Name": "igw_vpc_2"
            },
            "tags_all": {
              "Name": "igw_vpc_2"
            },
            "timeouts": null,
            "vpc_id": "vpc-05fe43992bbfb3453"
          },
          "sensitive_attributes": [],
          "private": "eyJlMmJmYjczMC1lY2FhLTExZTYtOGY4OC0zNDM2M2JjN2M0YzAiOnsiY3JlYXRlIjoxMjAwMDAwMDAwMDAwLCJkZWxldGUiOjEyMDAwMDAwMDAwMDAsInVwZGF0ZSI6MTIwMDAwMDAwMDAwMH19",
          "dependencies": [
            "module.us-west-2.module.vpc.aws_vpc.vpc_2"
          ]
        }
      ]
    },
    {
      "module": "module.us-west-2.module.vpc",
      "mode": "managed",
      "type": "aws_route_table",
      "name": "route_private_subnet_vpc_1",
      "provider": "module.us-west-2.provider[\"registry.terraform.io/hashicorp/aws\"]",
      "instances": [
        {
          "schema_version": 0,
          "attributes": {
            "arn": "arn:aws:ec2:us-west-2:159184128979:route-table/rtb-0a292b4cfa2f4a9cf",
            "id": "rtb-0a292b4cfa2f4a9cf",
            "owner_id": "159184128979",
            "propagating_vgws": [],
            "route": [],
            "tags": {
              "Name": "route_private_subnet_vpc_1"
            },
            "tags_all": {
              "Name": "route_private_subnet_vpc_1"
            },
            "timeouts": null,
            "vpc_id": "vpc-026274b8f5fceb83e"
          },
          "sensitive_attributes": [],
          "private": "eyJlMmJmYjczMC1lY2FhLTExZTYtOGY4OC0zNDM2M2JjN2M0YzAiOnsiY3JlYXRlIjozMDAwMDAwMDAwMDAsImRlbGV0ZSI6MzAwMDAwMDAwMDAwLCJ1cGRhdGUiOjEyMDAwMDAwMDAwMH19",
          "dependencies": [
            "module.us-west-2.module.vpc.aws_vpc.vpc_1"
          ]
        }
      ]
    },
    {
      "module": "module.us-west-2.module.vpc",
      "mode": "managed",
      "type": "aws_route_table",
      "name": "route_private_subnet_vpc_2",
      "provider": "module.us-west-2.provider[\"registry.terraform.io/hashicorp/aws\"]",
      "instances": [
        {
          "schema_version": 0,
          "attributes": {
            "arn": "arn:aws:ec2:us-west-2:159184128979:route-table/rtb-06722dff778e93866",
            "id": "rtb-06722dff778e93866",
            "owner_id": "159184128979",
            "propagating_vgws": [],
            "route": [],
            "tags": {
              "Name": "route_private_subnet_vpc_2"
            },
            "tags_all": {
              "Name": "route_private_subnet_vpc_2"
            },
            "timeouts": null,
            "vpc_id": "vpc-05fe43992bbfb3453"
          },
          "sensitive_attributes": [],
          "private": "eyJlMmJmYjczMC1lY2FhLTExZTYtOGY4OC0zNDM2M2JjN2M0YzAiOnsiY3JlYXRlIjozMDAwMDAwMDAwMDAsImRlbGV0ZSI6MzAwMDAwMDAwMDAwLCJ1cGRhdGUiOjEyMDAwMDAwMDAwMH19",
          "dependencies": [
            "module.us-west-2.module.vpc.aws_vpc.vpc_2"
          ]
        }
      ]
    },
    {
      "module": "module.us-west-2.module.vpc",
      "mode": "managed",
      "type": "aws_route_table",
      "name": "route_public_subnet_vpc_1",
      "provider": "module.us-west-2.provider[\"registry.terraform.io/hashicorp/aws\"]",
      "instances": [
        {
          "schema_version": 0,
          "attributes": {
            "arn": "arn:aws:ec2:us-west-2:159184128979:route-table/rtb-0c68b29edf05e17ea",
            "id": "rtb-0c68b29edf05e17ea",
            "owner_id": "159184128979",
            "propagating_vgws": [],
            "route": [
              {
                "carrier_gateway_id": "",
                "cidr_block": "0.0.0.0/0",
                "core_network_arn": "",
                "destination_prefix_list_id": "",
                "egress_only_gateway_id": "",
                "gateway_id": "igw-0c2c321a9f02266dc",
                "instance_id": "",
                "ipv6_cidr_block": "",
                "local_gateway_id": "",
                "nat_gateway_id": "",
                "network_interface_id": "",
                "transit_gateway_id": "",
                "vpc_endpoint_id": "",
                "vpc_peering_connection_id": ""
              }
            ],
            "tags": {
              "Name": "route_public_subnet_vpc_1"
            },
            "tags_all": {
              "Name": "route_public_subnet_vpc_1"
            },
            "timeouts": null,
            "vpc_id": "vpc-026274b8f5fceb83e"
          },
          "sensitive_attributes": [],
          "private": "eyJlMmJmYjczMC1lY2FhLTExZTYtOGY4OC0zNDM2M2JjN2M0YzAiOnsiY3JlYXRlIjozMDAwMDAwMDAwMDAsImRlbGV0ZSI6MzAwMDAwMDAwMDAwLCJ1cGRhdGUiOjEyMDAwMDAwMDAwMH19",
          "dependencies": [
            "module.us-west-2.module.vpc.aws_internet_gateway.igw_vpc_1",
            "module.us-west-2.module.vpc.aws_vpc.vpc_1"
          ]
        }
      ]
    },
    {
      "module": "module.us-west-2.module.vpc",
      "mode": "managed",
      "type": "aws_route_table",
      "name": "route_public_subnet_vpc_2",
      "provider": "module.us-west-2.provider[\"registry.terraform.io/hashicorp/aws\"]",
      "instances": [
        {
          "schema_version": 0,
          "attributes": {
            "arn": "arn:aws:ec2:us-west-2:159184128979:route-table/rtb-06ac1ea4b7b6a8285",
            "id": "rtb-06ac1ea4b7b6a8285",
            "owner_id": "159184128979",
            "propagating_vgws": [],
            "route": [
              {
                "carrier_gateway_id": "",
                "cidr_block": "0.0.0.0/0",
                "core_network_arn": "",
                "destination_prefix_list_id": "",
                "egress_only_gateway_id": "",
                "gateway_id": "igw-08533b3dad82da6c6",
                "instance_id": "",
                "ipv6_cidr_block": "",
                "local_gateway_id": "",
                "nat_gateway_id": "",
                "network_interface_id": "",
                "transit_gateway_id": "",
                "vpc_endpoint_id": "",
                "vpc_peering_connection_id": ""
              }
            ],
            "tags": {
              "Name": "route_public_subnet_vpc_2"
            },
            "tags_all": {
              "Name": "route_public_subnet_vpc_2"
            },
            "timeouts": null,
            "vpc_id": "vpc-05fe43992bbfb3453"
          },
          "sensitive_attributes": [],
          "private": "eyJlMmJmYjczMC1lY2FhLTExZTYtOGY4OC0zNDM2M2JjN2M0YzAiOnsiY3JlYXRlIjozMDAwMDAwMDAwMDAsImRlbGV0ZSI6MzAwMDAwMDAwMDAwLCJ1cGRhdGUiOjEyMDAwMDAwMDAwMH19",
          "dependencies": [
            "module.us-west-2.module.vpc.aws_internet_gateway.igw_vpc_2",
            "module.us-west-2.module.vpc.aws_vpc.vpc_2"
          ]
        }
      ]
    },
    {
      "module": "module.us-west-2.module.vpc",
      "mode": "managed",
      "type": "aws_route_table_association",
      "name": "private_route_1_association",
      "provider": "module.us-west-2.provider[\"registry.terraform.io/hashicorp/aws\"]",
      "instances": [
        {
          "schema_version": 0,
          "attributes": {
            "gateway_id": "",
            "id": "rtbassoc-0ec6702c8e5bf2059",
            "route_table_id": "rtb-0a292b4cfa2f4a9cf",
            "subnet_id": "subnet-0159d20819480eedf",
            "timeouts": null
          },
          "sensitive_attributes": [],
          "private": "eyJlMmJmYjczMC1lY2FhLTExZTYtOGY4OC0zNDM2M2JjN2M0YzAiOnsiY3JlYXRlIjozMDAwMDAwMDAwMDAsImRlbGV0ZSI6MzAwMDAwMDAwMDAwLCJ1cGRhdGUiOjEyMDAwMDAwMDAwMH19",
          "dependencies": [
            "module.us-west-2.module.vpc.aws_route_table.route_private_subnet_vpc_1",
            "module.us-west-2.module.vpc.aws_subnet.private_subnet_1_vpc_1",
            "module.us-west-2.module.vpc.aws_vpc.vpc_1"
          ]
        }
      ]
    },
    {
      "module": "module.us-west-2.module.vpc",
      "mode": "managed",
      "type": "aws_route_table_association",
      "name": "private_route_1_association_vpc_2",
      "provider": "module.us-west-2.provider[\"registry.terraform.io/hashicorp/aws\"]",
      "instances": [
        {
          "schema_version": 0,
          "attributes": {
            "gateway_id": "",
            "id": "rtbassoc-0f6edb8265e141811",
            "route_table_id": "rtb-06722dff778e93866",
            "subnet_id": "subnet-069879249c5a612ee",
            "timeouts": null
          },
          "sensitive_attributes": [],
          "private": "eyJlMmJmYjczMC1lY2FhLTExZTYtOGY4OC0zNDM2M2JjN2M0YzAiOnsiY3JlYXRlIjozMDAwMDAwMDAwMDAsImRlbGV0ZSI6MzAwMDAwMDAwMDAwLCJ1cGRhdGUiOjEyMDAwMDAwMDAwMH19",
          "dependencies": [
            "module.us-west-2.module.vpc.aws_route_table.route_private_subnet_vpc_2",
            "module.us-west-2.module.vpc.aws_subnet.private_subnet_1_vcp_2",
            "module.us-west-2.module.vpc.aws_vpc.vpc_2"
          ]
        }
      ]
    },
    {
      "module": "module.us-west-2.module.vpc",
      "mode": "managed",
      "type": "aws_route_table_association",
      "name": "private_route_2_association",
      "provider": "module.us-west-2.provider[\"registry.terraform.io/hashicorp/aws\"]",
      "instances": [
        {
          "schema_version": 0,
          "attributes": {
            "gateway_id": "",
            "id": "rtbassoc-0dce7caf4847ef2f7",
            "route_table_id": "rtb-0a292b4cfa2f4a9cf",
            "subnet_id": "subnet-098e4de7080b8e4f4",
            "timeouts": null
          },
          "sensitive_attributes": [],
          "private": "eyJlMmJmYjczMC1lY2FhLTExZTYtOGY4OC0zNDM2M2JjN2M0YzAiOnsiY3JlYXRlIjozMDAwMDAwMDAwMDAsImRlbGV0ZSI6MzAwMDAwMDAwMDAwLCJ1cGRhdGUiOjEyMDAwMDAwMDAwMH19",
          "dependencies": [
            "module.us-west-2.module.vpc.aws_route_table.route_private_subnet_vpc_1",
            "module.us-west-2.module.vpc.aws_subnet.private_subnet_2_vpc_1",
            "module.us-west-2.module.vpc.aws_vpc.vpc_1"
          ]
        }
      ]
    },
    {
      "module": "module.us-west-2.module.vpc",
      "mode": "managed",
      "type": "aws_route_table_association",
      "name": "public_route_1_association",
      "provider": "module.us-west-2.provider[\"registry.terraform.io/hashicorp/aws\"]",
      "instances": [
        {
          "schema_version": 0,
          "attributes": {
            "gateway_id": "",
            "id": "rtbassoc-06de2614aef0d4e1a",
            "route_table_id": "rtb-0c68b29edf05e17ea",
            "subnet_id": "subnet-0bdc07bb0bf90595f",
            "timeouts": null
          },
          "sensitive_attributes": [],
          "private": "eyJlMmJmYjczMC1lY2FhLTExZTYtOGY4OC0zNDM2M2JjN2M0YzAiOnsiY3JlYXRlIjozMDAwMDAwMDAwMDAsImRlbGV0ZSI6MzAwMDAwMDAwMDAwLCJ1cGRhdGUiOjEyMDAwMDAwMDAwMH19",
          "dependencies": [
            "module.us-west-2.module.vpc.aws_internet_gateway.igw_vpc_1",
            "module.us-west-2.module.vpc.aws_route_table.route_public_subnet_vpc_1",
            "module.us-west-2.module.vpc.aws_subnet.public_sebnet_1_vpc_1",
            "module.us-west-2.module.vpc.aws_vpc.vpc_1"
          ]
        }
      ]
    },
    {
      "module": "module.us-west-2.module.vpc",
      "mode": "managed",
      "type": "aws_route_table_association",
      "name": "public_route_1_association_vpc_2",
      "provider": "module.us-west-2.provider[\"registry.terraform.io/hashicorp/aws\"]",
      "instances": [
        {
          "schema_version": 0,
          "attributes": {
            "gateway_id": "",
            "id": "rtbassoc-02f00811d960d9c7e",
            "route_table_id": "rtb-06ac1ea4b7b6a8285",
            "subnet_id": "subnet-0c7b26382835e0af9",
            "timeouts": null
          },
          "sensitive_attributes": [],
          "private": "eyJlMmJmYjczMC1lY2FhLTExZTYtOGY4OC0zNDM2M2JjN2M0YzAiOnsiY3JlYXRlIjozMDAwMDAwMDAwMDAsImRlbGV0ZSI6MzAwMDAwMDAwMDAwLCJ1cGRhdGUiOjEyMDAwMDAwMDAwMH19",
          "dependencies": [
            "module.us-west-2.module.vpc.aws_internet_gateway.igw_vpc_2",
            "module.us-west-2.module.vpc.aws_route_table.route_public_subnet_vpc_2",
            "module.us-west-2.module.vpc.aws_subnet.public_subnet_1_vpc_2",
            "module.us-west-2.module.vpc.aws_vpc.vpc_2"
          ]
        }
      ]
    },
    {
      "module": "module.us-west-2.module.vpc",
      "mode": "managed",
      "type": "aws_route_table_association",
      "name": "public_route_2_association",
      "provider": "module.us-west-2.provider[\"registry.terraform.io/hashicorp/aws\"]",
      "instances": [
        {
          "schema_version": 0,
          "attributes": {
            "gateway_id": "",
            "id": "rtbassoc-0a0dd1eb8e57d5a08",
            "route_table_id": "rtb-0c68b29edf05e17ea",
            "subnet_id": "subnet-0faa0883845577899",
            "timeouts": null
          },
          "sensitive_attributes": [],
          "private": "eyJlMmJmYjczMC1lY2FhLTExZTYtOGY4OC0zNDM2M2JjN2M0YzAiOnsiY3JlYXRlIjozMDAwMDAwMDAwMDAsImRlbGV0ZSI6MzAwMDAwMDAwMDAwLCJ1cGRhdGUiOjEyMDAwMDAwMDAwMH19",
          "dependencies": [
            "module.us-west-2.module.vpc.aws_internet_gateway.igw_vpc_1",
            "module.us-west-2.module.vpc.aws_route_table.route_public_subnet_vpc_1",
            "module.us-west-2.module.vpc.aws_subnet.public_subnet_2_vpc_1",
            "module.us-west-2.module.vpc.aws_vpc.vpc_1"
          ]
        }
      ]
    },
    {
      "module": "module.us-west-2.module.vpc",
      "mode": "managed",
      "type": "aws_subnet",
      "name": "private_subnet_1_vcp_2",
      "provider": "module.us-west-2.provider[\"registry.terraform.io/hashicorp/aws\"]",
      "instances": [
        {
          "schema_version": 1,
          "attributes": {
            "arn": "arn:aws:ec2:us-west-2:159184128979:subnet/subnet-069879249c5a612ee",
            "assign_ipv6_address_on_creation": false,
            "availability_zone": "us-west-2a",
            "availability_zone_id": "usw2-az2",
            "cidr_block": "10.1.2.0/24",
            "customer_owned_ipv4_pool": "",
            "enable_dns64": false,
            "enable_lni_at_device_index": 0,
            "enable_resource_name_dns_a_record_on_launch": false,
            "enable_resource_name_dns_aaaa_record_on_launch": false,
            "id": "subnet-069879249c5a612ee",
            "ipv6_cidr_block": "",
            "ipv6_cidr_block_association_id": "",
            "ipv6_native": false,
            "map_customer_owned_ip_on_launch": false,
            "map_public_ip_on_launch": true,
            "outpost_arn": "",
            "owner_id": "159184128979",
            "private_dns_hostname_type_on_launch": "ip-name",
            "tags": {
              "Name": "private_subnet_1_vpc_2"
            },
            "tags_all": {
              "Name": "private_subnet_1_vpc_2"
            },
            "timeouts": null,
            "vpc_id": "vpc-05fe43992bbfb3453"
          },
          "sensitive_attributes": [],
          "private": "eyJlMmJmYjczMC1lY2FhLTExZTYtOGY4OC0zNDM2M2JjN2M0YzAiOnsiY3JlYXRlIjo2MDAwMDAwMDAwMDAsImRlbGV0ZSI6MTIwMDAwMDAwMDAwMH0sInNjaGVtYV92ZXJzaW9uIjoiMSJ9",
          "dependencies": [
            "module.us-west-2.module.vpc.aws_vpc.vpc_2"
          ],
          "create_before_destroy": true
        }
      ]
    },
    {
      "module": "module.us-west-2.module.vpc",
      "mode": "managed",
      "type": "aws_subnet",
      "name": "private_subnet_1_vpc_1",
      "provider": "module.us-west-2.provider[\"registry.terraform.io/hashicorp/aws\"]",
      "instances": [
        {
          "schema_version": 1,
          "attributes": {
            "arn": "arn:aws:ec2:us-west-2:159184128979:subnet/subnet-0159d20819480eedf",
            "assign_ipv6_address_on_creation": false,
            "availability_zone": "us-west-2a",
            "availability_zone_id": "usw2-az2",
            "cidr_block": "10.0.3.0/24",
            "customer_owned_ipv4_pool": "",
            "enable_dns64": false,
            "enable_lni_at_device_index": 0,
            "enable_resource_name_dns_a_record_on_launch": false,
            "enable_resource_name_dns_aaaa_record_on_launch": false,
            "id": "subnet-0159d20819480eedf",
            "ipv6_cidr_block": "",
            "ipv6_cidr_block_association_id": "",
            "ipv6_native": false,
            "map_customer_owned_ip_on_launch": false,
            "map_public_ip_on_launch": true,
            "outpost_arn": "",
            "owner_id": "159184128979",
            "private_dns_hostname_type_on_launch": "ip-name",
            "tags": {
              "Name": "private_subnet_1_vpc_1"
            },
            "tags_all": {
              "Name": "private_subnet_1_vpc_1"
            },
            "timeouts": null,
            "vpc_id": "vpc-026274b8f5fceb83e"
          },
          "sensitive_attributes": [],
          "private": "eyJlMmJmYjczMC1lY2FhLTExZTYtOGY4OC0zNDM2M2JjN2M0YzAiOnsiY3JlYXRlIjo2MDAwMDAwMDAwMDAsImRlbGV0ZSI6MTIwMDAwMDAwMDAwMH0sInNjaGVtYV92ZXJzaW9uIjoiMSJ9",
          "dependencies": [
            "module.us-west-2.module.vpc.aws_vpc.vpc_1"
          ]
        }
      ]
    },
    {
      "module": "module.us-west-2.module.vpc",
      "mode": "managed",
      "type": "aws_subnet",
      "name": "private_subnet_2_vpc_1",
      "provider": "module.us-west-2.provider[\"registry.terraform.io/hashicorp/aws\"]",
      "instances": [
        {
          "schema_version": 1,
          "attributes": {
            "arn": "arn:aws:ec2:us-west-2:159184128979:subnet/subnet-098e4de7080b8e4f4",
            "assign_ipv6_address_on_creation": false,
            "availability_zone": "us-west-2b",
            "availability_zone_id": "usw2-az1",
            "cidr_block": "10.0.4.0/24",
            "customer_owned_ipv4_pool": "",
            "enable_dns64": false,
            "enable_lni_at_device_index": 0,
            "enable_resource_name_dns_a_record_on_launch": false,
            "enable_resource_name_dns_aaaa_record_on_launch": false,
            "id": "subnet-098e4de7080b8e4f4",
            "ipv6_cidr_block": "",
            "ipv6_cidr_block_association_id": "",
            "ipv6_native": false,
            "map_customer_owned_ip_on_launch": false,
            "map_public_ip_on_launch": true,
            "outpost_arn": "",
            "owner_id": "159184128979",
            "private_dns_hostname_type_on_launch": "ip-name",
            "tags": {
              "Name": "private_subnet_2_vpc_1"
            },
            "tags_all": {
              "Name": "private_subnet_2_vpc_1"
            },
            "timeouts": null,
            "vpc_id": "vpc-026274b8f5fceb83e"
          },
          "sensitive_attributes": [],
          "private": "eyJlMmJmYjczMC1lY2FhLTExZTYtOGY4OC0zNDM2M2JjN2M0YzAiOnsiY3JlYXRlIjo2MDAwMDAwMDAwMDAsImRlbGV0ZSI6MTIwMDAwMDAwMDAwMH0sInNjaGVtYV92ZXJzaW9uIjoiMSJ9",
          "dependencies": [
            "module.us-west-2.module.vpc.aws_vpc.vpc_1"
          ]
        }
      ]
    },
    {
      "module": "module.us-west-2.module.vpc",
      "mode": "managed",
      "type": "aws_subnet",
      "name": "public_sebnet_1_vpc_1",
      "provider": "module.us-west-2.provider[\"registry.terraform.io/hashicorp/aws\"]",
      "instances": [
        {
          "schema_version": 1,
          "attributes": {
            "arn": "arn:aws:ec2:us-west-2:159184128979:subnet/subnet-0bdc07bb0bf90595f",
            "assign_ipv6_address_on_creation": false,
            "availability_zone": "us-west-2a",
            "availability_zone_id": "usw2-az2",
            "cidr_block": "10.0.1.0/24",
            "customer_owned_ipv4_pool": "",
            "enable_dns64": false,
            "enable_lni_at_device_index": 0,
            "enable_resource_name_dns_a_record_on_launch": false,
            "enable_resource_name_dns_aaaa_record_on_launch": false,
            "id": "subnet-0bdc07bb0bf90595f",
            "ipv6_cidr_block": "",
            "ipv6_cidr_block_association_id": "",
            "ipv6_native": false,
            "map_customer_owned_ip_on_launch": false,
            "map_public_ip_on_launch": true,
            "outpost_arn": "",
            "owner_id": "159184128979",
            "private_dns_hostname_type_on_launch": "ip-name",
            "tags": {
              "Name": "public_sebnet_1_vpc_1"
            },
            "tags_all": {
              "Name": "public_sebnet_1_vpc_1"
            },
            "timeouts": null,
            "vpc_id": "vpc-026274b8f5fceb83e"
          },
          "sensitive_attributes": [],
          "private": "eyJlMmJmYjczMC1lY2FhLTExZTYtOGY4OC0zNDM2M2JjN2M0YzAiOnsiY3JlYXRlIjo2MDAwMDAwMDAwMDAsImRlbGV0ZSI6MTIwMDAwMDAwMDAwMH0sInNjaGVtYV92ZXJzaW9uIjoiMSJ9",
          "dependencies": [
            "module.us-west-2.module.vpc.aws_vpc.vpc_1"
          ],
          "create_before_destroy": true
        }
      ]
    },
    {
      "module": "module.us-west-2.module.vpc",
      "mode": "managed",
      "type": "aws_subnet",
      "name": "public_subnet_1_vpc_2",
      "provider": "module.us-west-2.provider[\"registry.terraform.io/hashicorp/aws\"]",
      "instances": [
        {
          "schema_version": 1,
          "attributes": {
            "arn": "arn:aws:ec2:us-west-2:159184128979:subnet/subnet-0c7b26382835e0af9",
            "assign_ipv6_address_on_creation": false,
            "availability_zone": "us-west-2a",
            "availability_zone_id": "usw2-az2",
            "cidr_block": "10.1.1.0/24",
            "customer_owned_ipv4_pool": "",
            "enable_dns64": false,
            "enable_lni_at_device_index": 0,
            "enable_resource_name_dns_a_record_on_launch": false,
            "enable_resource_name_dns_aaaa_record_on_launch": false,
            "id": "subnet-0c7b26382835e0af9",
            "ipv6_cidr_block": "",
            "ipv6_cidr_block_association_id": "",
            "ipv6_native": false,
            "map_customer_owned_ip_on_launch": false,
            "map_public_ip_on_launch": true,
            "outpost_arn": "",
            "owner_id": "159184128979",
            "private_dns_hostname_type_on_launch": "ip-name",
            "tags": {
              "Name": "public_subnet_1_vpc_2"
            },
            "tags_all": {
              "Name": "public_subnet_1_vpc_2"
            },
            "timeouts": null,
            "vpc_id": "vpc-05fe43992bbfb3453"
          },
          "sensitive_attributes": [],
          "private": "eyJlMmJmYjczMC1lY2FhLTExZTYtOGY4OC0zNDM2M2JjN2M0YzAiOnsiY3JlYXRlIjo2MDAwMDAwMDAwMDAsImRlbGV0ZSI6MTIwMDAwMDAwMDAwMH0sInNjaGVtYV92ZXJzaW9uIjoiMSJ9",
          "dependencies": [
            "module.us-west-2.module.vpc.aws_vpc.vpc_2"
          ],
          "create_before_destroy": true
        }
      ]
    },
    {
      "module": "module.us-west-2.module.vpc",
      "mode": "managed",
      "type": "aws_subnet",
      "name": "public_subnet_2_vpc_1",
      "provider": "module.us-west-2.provider[\"registry.terraform.io/hashicorp/aws\"]",
      "instances": [
        {
          "schema_version": 1,
          "attributes": {
            "arn": "arn:aws:ec2:us-west-2:159184128979:subnet/subnet-0faa0883845577899",
            "assign_ipv6_address_on_creation": false,
            "availability_zone": "us-west-2b",
            "availability_zone_id": "usw2-az1",
            "cidr_block": "10.0.2.0/24",
            "customer_owned_ipv4_pool": "",
            "enable_dns64": false,
            "enable_lni_at_device_index": 0,
            "enable_resource_name_dns_a_record_on_launch": false,
            "enable_resource_name_dns_aaaa_record_on_launch": false,
            "id": "subnet-0faa0883845577899",
            "ipv6_cidr_block": "",
            "ipv6_cidr_block_association_id": "",
            "ipv6_native": false,
            "map_customer_owned_ip_on_launch": false,
            "map_public_ip_on_launch": true,
            "outpost_arn": "",
            "owner_id": "159184128979",
            "private_dns_hostname_type_on_launch": "ip-name",
            "tags": {
              "Name": "public_subnet_2_vpc_1"
            },
            "tags_all": {
              "Name": "public_subnet_2_vpc_1"
            },
            "timeouts": null,
            "vpc_id": "vpc-026274b8f5fceb83e"
          },
          "sensitive_attributes": [],
          "private": "eyJlMmJmYjczMC1lY2FhLTExZTYtOGY4OC0zNDM2M2JjN2M0YzAiOnsiY3JlYXRlIjo2MDAwMDAwMDAwMDAsImRlbGV0ZSI6MTIwMDAwMDAwMDAwMH0sInNjaGVtYV92ZXJzaW9uIjoiMSJ9",
          "dependencies": [
            "module.us-west-2.module.vpc.aws_vpc.vpc_1"
          ],
          "create_before_destroy": true
        }
      ]
    },
    {
      "module": "module.us-west-2.module.vpc",
      "mode": "managed",
      "type": "aws_vpc",
      "name": "vpc_1",
      "provider": "module.us-west-2.provider[\"registry.terraform.io/hashicorp/aws\"]",
      "instances": [
        {
          "schema_version": 1,
          "attributes": {
            "arn": "arn:aws:ec2:us-west-2:159184128979:vpc/vpc-026274b8f5fceb83e",
            "assign_generated_ipv6_cidr_block": false,
            "cidr_block": "10.0.0.0/16",
            "default_network_acl_id": "acl-02b7b541b0f042037",
            "default_route_table_id": "rtb-03d2629f2de53f33a",
            "default_security_group_id": "sg-066fca9e43456a3ab",
            "dhcp_options_id": "dopt-0a104df655c24d9c1",
            "enable_classiclink": false,
            "enable_classiclink_dns_support": false,
            "enable_dns_hostnames": true,
            "enable_dns_support": true,
            "enable_network_address_usage_metrics": false,
            "id": "vpc-026274b8f5fceb83e",
            "instance_tenancy": "default",
            "ipv4_ipam_pool_id": null,
            "ipv4_netmask_length": null,
            "ipv6_association_id": "",
            "ipv6_cidr_block": "",
            "ipv6_cidr_block_network_border_group": "",
            "ipv6_ipam_pool_id": "",
            "ipv6_netmask_length": 0,
            "main_route_table_id": "rtb-03d2629f2de53f33a",
            "owner_id": "159184128979",
            "tags": {
              "Name": "vpc_1"
            },
            "tags_all": {
              "Name": "vpc_1"
            }
          },
          "sensitive_attributes": [],
          "private": "eyJzY2hlbWFfdmVyc2lvbiI6IjEifQ==",
          "create_before_destroy": true
        }
      ]
    },
    {
      "module": "module.us-west-2.module.vpc",
      "mode": "managed",
      "type": "aws_vpc",
      "name": "vpc_2",
      "provider": "module.us-west-2.provider[\"registry.terraform.io/hashicorp/aws\"]",
      "instances": [
        {
          "schema_version": 1,
          "attributes": {
            "arn": "arn:aws:ec2:us-west-2:159184128979:vpc/vpc-05fe43992bbfb3453",
            "assign_generated_ipv6_cidr_block": false,
            "cidr_block": "10.1.0.0/16",
            "default_network_acl_id": "acl-06e88437f1451eb62",
            "default_route_table_id": "rtb-09a60169acae52c75",
            "default_security_group_id": "sg-08af67e910ba0d05b",
            "dhcp_options_id": "dopt-0a104df655c24d9c1",
            "enable_classiclink": false,
            "enable_classiclink_dns_support": false,
            "enable_dns_hostnames": true,
            "enable_dns_support": true,
            "enable_network_address_usage_metrics": false,
            "id": "vpc-05fe43992bbfb3453",
            "instance_tenancy": "default",
            "ipv4_ipam_pool_id": null,
            "ipv4_netmask_length": null,
            "ipv6_association_id": "",
            "ipv6_cidr_block": "",
            "ipv6_cidr_block_network_border_group": "",
            "ipv6_ipam_pool_id": "",
            "ipv6_netmask_length": 0,
            "main_route_table_id": "rtb-09a60169acae52c75",
            "owner_id": "159184128979",
            "tags": {
              "Name": "vpc_2"
            },
            "tags_all": {
              "Name": "vpc_2"
            }
          },
          "sensitive_attributes": [],
          "private": "eyJzY2hlbWFfdmVyc2lvbiI6IjEifQ==",
          "create_before_destroy": true
        }
      ]
    }
  ],
  "check_results": null
}
