{
  "version": 4,
  "terraform_version": "1.8.0",
  "serial": 4542,
  "lineage": "4448c0e5-e53f-3477-ddc4-52db5cff8da4",
  "outputs": {},
  "resources": [
    {
      "mode": "data",
      "type": "aws_iam_policy_document",
      "name": "ec2",
      "provider": "provider[\"registry.terraform.io/hashicorp/aws\"]",
      "instances": [
        {
          "schema_version": 0,
          "attributes": {
            "id": "1903849331",
            "json": "{\n  \"Version\": \"2012-10-17\",\n  \"Statement\": [\n    {\n      \"Sid\": \"\",\n      \"Effect\": \"Allow\",\n      \"Action\": \"sts:AssumeRole\",\n      \"Principal\": {\n        \"Service\": \"ec2.amazonaws.com\"\n      }\n    }\n  ]\n}",
            "override_json": null,
            "override_policy_documents": null,
            "policy_id": null,
            "source_json": null,
            "source_policy_documents": null,
            "statement": [
              {
                "actions": [
                  "sts:AssumeRole"
                ],
                "condition": [],
                "effect": "Allow",
                "not_actions": [],
                "not_principals": [],
                "not_resources": [],
                "principals": [
                  {
                    "identifiers": [
                      "ec2.amazonaws.com"
                    ],
                    "type": "Service"
                  }
                ],
                "resources": [],
                "sid": ""
              }
            ],
            "version": "2012-10-17"
          },
          "sensitive_attributes": []
        }
      ]
    },
    {
      "mode": "managed",
      "type": "aws_iam_instance_profile",
      "name": "session_manager",
      "provider": "provider[\"registry.terraform.io/hashicorp/aws\"]",
      "instances": [
        {
          "schema_version": 0,
          "attributes": {
            "arn": "arn:aws:iam::159184128979:instance-profile/session_manager",
            "create_date": "2024-05-27T07:23:45Z",
            "id": "session_manager",
            "name": "session_manager",
            "name_prefix": "",
            "path": "/",
            "role": "session_manager",
            "tags": null,
            "tags_all": {},
            "unique_id": "AIPASKEA5BPJ3HGF5ZH45"
          },
          "sensitive_attributes": [],
          "private": "bnVsbA==",
          "dependencies": [
            "aws_iam_role.session_manager",
            "data.aws_iam_policy_document.ec2"
          ],
          "create_before_destroy": true
        }
      ]
    },
    {
      "mode": "managed",
      "type": "aws_iam_policy",
      "name": "session_manager",
      "provider": "provider[\"registry.terraform.io/hashicorp/aws\"]",
      "instances": [
        {
          "schema_version": 0,
          "attributes": {
            "arn": "arn:aws:iam::159184128979:policy/session_manager",
            "description": "session_manager",
            "id": "arn:aws:iam::159184128979:policy/session_manager",
            "name": "session_manager",
            "name_prefix": "",
            "path": "/",
            "policy": "{\"Statement\":[{\"Action\":\"ec2:*\",\"Effect\":\"Allow\",\"Resource\":\"*\"},{\"Action\":\"elasticloadbalancing:*\",\"Effect\":\"Allow\",\"Resource\":\"*\"},{\"Action\":\"cloudwatch:*\",\"Effect\":\"Allow\",\"Resource\":\"*\"},{\"Action\":\"autoscaling:*\",\"Effect\":\"Allow\",\"Resource\":\"*\"},{\"Action\":\"iam:CreateServiceLinkedRole\",\"Condition\":{\"StringEquals\":{\"iam:AWSServiceName\":[\"autoscaling.amazonaws.com\",\"ec2scheduled.amazonaws.com\",\"elasticloadbalancing.amazonaws.com\",\"spot.amazonaws.com\",\"spotfleet.amazonaws.com\",\"transitgateway.amazonaws.com\"]}},\"Effect\":\"Allow\",\"Resource\":\"*\"}],\"Version\":\"2012-10-17\"}",
            "policy_id": "ANPASKEA5BPJR2S7W5TYC",
            "tags": null,
            "tags_all": {}
          },
          "sensitive_attributes": [],
          "private": "bnVsbA=="
        }
      ]
    },
    {
      "mode": "managed",
      "type": "aws_iam_role",
      "name": "session_manager",
      "provider": "provider[\"registry.terraform.io/hashicorp/aws\"]",
      "instances": [
        {
          "schema_version": 0,
          "attributes": {
            "arn": "arn:aws:iam::159184128979:role/session_manager",
            "assume_role_policy": "{\"Statement\":[{\"Action\":\"sts:AssumeRole\",\"Effect\":\"Allow\",\"Principal\":{\"Service\":\"ec2.amazonaws.com\"},\"Sid\":\"\"}],\"Version\":\"2012-10-17\"}",
            "create_date": "2024-05-27T07:23:44Z",
            "description": "",
            "force_detach_policies": false,
            "id": "session_manager",
            "inline_policy": [],
            "managed_policy_arns": [],
            "max_session_duration": 3600,
            "name": "session_manager",
            "name_prefix": "",
            "path": "/",
            "permissions_boundary": null,
            "role_last_used": [
              {
                "last_used_date": "",
                "region": ""
              }
            ],
            "tags": {
              "Name": "session_manager"
            },
            "tags_all": {
              "Name": "session_manager"
            },
            "unique_id": "AROASKEA5BPJ5SZYDOKP3"
          },
          "sensitive_attributes": [],
          "private": "bnVsbA==",
          "dependencies": [
            "data.aws_iam_policy_document.ec2"
          ],
          "create_before_destroy": true
        }
      ]
    },
    {
      "module": "module.ap-northeast-1",
      "mode": "managed",
      "type": "aws_security_group",
      "name": "ec2_security_group_tokyo",
      "provider": "provider[\"registry.terraform.io/hashicorp/aws\"]",
      "instances": [
        {
          "schema_version": 1,
          "attributes": {
            "arn": "arn:aws:ec2:us-west-2:159184128979:security-group/sg-0aa0489d1bc361f39",
            "description": "Allow inbound access from the ALB only",
            "egress": [
              {
                "cidr_blocks": [
                  "0.0.0.0/0"
                ],
                "description": "",
                "from_port": 0,
                "ipv6_cidr_blocks": [],
                "prefix_list_ids": [],
                "protocol": "-1",
                "security_groups": [],
                "self": false,
                "to_port": 0
              }
            ],
            "id": "sg-0aa0489d1bc361f39",
            "ingress": [
              {
                "cidr_blocks": [
                  "0.0.0.0/0"
                ],
                "description": "HTTP",
                "from_port": 80,
                "ipv6_cidr_blocks": [],
                "prefix_list_ids": [],
                "protocol": "tcp",
                "security_groups": [],
                "self": false,
                "to_port": 80
              },
              {
                "cidr_blocks": [
                  "0.0.0.0/0"
                ],
                "description": "HTTPS",
                "from_port": 443,
                "ipv6_cidr_blocks": [],
                "prefix_list_ids": [],
                "protocol": "tcp",
                "security_groups": [],
                "self": false,
                "to_port": 443
              },
              {
                "cidr_blocks": [
                  "0.0.0.0/0"
                ],
                "description": "SSH",
                "from_port": 22,
                "ipv6_cidr_blocks": [],
                "prefix_list_ids": [],
                "protocol": "tcp",
                "security_groups": [],
                "self": false,
                "to_port": 22
              }
            ],
            "name": "ec2_security_group",
            "name_prefix": "",
            "owner_id": "159184128979",
            "revoke_rules_on_delete": false,
            "tags": {
              "Name": "ec2_security_group"
            },
            "tags_all": {
              "Name": "ec2_security_group"
            },
            "timeouts": null,
            "vpc_id": "vpc-0268beb3cb0776c4f"
          },
          "sensitive_attributes": [],
          "private": "eyJlMmJmYjczMC1lY2FhLTExZTYtOGY4OC0zNDM2M2JjN2M0YzAiOnsiY3JlYXRlIjo2MDAwMDAwMDAwMDAsImRlbGV0ZSI6OTAwMDAwMDAwMDAwfSwic2NoZW1hX3ZlcnNpb24iOiIxIn0=",
          "dependencies": [
            "module.ap-northeast-1.module.vpc.aws_vpc.vpc_tokyo"
          ],
          "create_before_destroy": true
        }
      ]
    },
    {
      "module": "module.ap-northeast-1.module.keypair",
      "mode": "managed",
      "type": "tls_private_key",
      "name": "ec2key",
      "provider": "provider[\"registry.terraform.io/hashicorp/tls\"]",
      "instances": [
        {
          "schema_version": 1,
          "attributes": {
            "algorithm": "RSA",
            "ecdsa_curve": "P224",
            "id": "bd448440c88df27c08a6dc3da89c7e6428d7b0f7",
            "private_key_openssh": "-----BEGIN OPENSSH PRIVATE KEY-----\nb3BlbnNzaC1rZXktdjEAAAAABG5vbmUAAAAEbm9uZQAAAAAAAAABAAACFwAAAAdz\nc2gtcnNhAAAAAwEAAQAAAgEA8aPnSUyEGTQ7eBzafRBQB4c4g8kzat313+u79S3h\nbIv5IQRD5cJQLE5TwEjgtB38Lc2tg96Dx9Zadxxt2aoWNeH/m3um8nh3tkWVS1jM\nxxBrNmiH0cTAhZVwDvRN+S/Nfgk/7TNB6ptoOjTd5UlBByVyS8sq2/QmAfArUqDP\nDntZa5HHu2Gw2s75DuhTsSjW4vpwk4dfll3rTydrqhOJSHi25WJZHi5YHt26PRn4\n0PI7euxEl9TsRogere+bnqUtoQN6nCVa6IcukEyfZ4+uPGdwCG5UeJCkZhJ3w/C3\nta17C4xk5I/kV3MZ7gLzmU5+rSK610IKkCF5pGjNFJyBLxGva8B6jNC+E3Elf9Ks\n7CIYI9TmS2k+gZlYWk+dj/FdJLcibaATShhze90pnSNGQZPi5n64n0nLss5AkS6a\nJVMexE8z7WJdlNEsA38RqtbueSuE30NOG3cC7qsjpiyHBz+CKU2McVnMOnvISR0t\nSSQY36RtMgCGBj6cHFQlsYNFMCgci8/MIgCSTN4lusoRu6OajoFoFnsLQwVDngvH\nksAdeD/B3vkh65KjSMfKnKxiZh2Spg0w6c/IWev4RLMUrinSAPO+O8e0WAhDK39L\nYQPqd0RCOVm9iXWiWlTJCgMrtT4+lT3IBm0z401aJG/KjysQMBH9QrFlKi1laWrH\nNhkAAAc4AWT51QFk+dUAAAAHc3NoLXJzYQAAAgEA8aPnSUyEGTQ7eBzafRBQB4c4\ng8kzat313+u79S3hbIv5IQRD5cJQLE5TwEjgtB38Lc2tg96Dx9Zadxxt2aoWNeH/\nm3um8nh3tkWVS1jMxxBrNmiH0cTAhZVwDvRN+S/Nfgk/7TNB6ptoOjTd5UlBByVy\nS8sq2/QmAfArUqDPDntZa5HHu2Gw2s75DuhTsSjW4vpwk4dfll3rTydrqhOJSHi2\n5WJZHi5YHt26PRn40PI7euxEl9TsRogere+bnqUtoQN6nCVa6IcukEyfZ4+uPGdw\nCG5UeJCkZhJ3w/C3ta17C4xk5I/kV3MZ7gLzmU5+rSK610IKkCF5pGjNFJyBLxGv\na8B6jNC+E3Elf9Ks7CIYI9TmS2k+gZlYWk+dj/FdJLcibaATShhze90pnSNGQZPi\n5n64n0nLss5AkS6aJVMexE8z7WJdlNEsA38RqtbueSuE30NOG3cC7qsjpiyHBz+C\nKU2McVnMOnvISR0tSSQY36RtMgCGBj6cHFQlsYNFMCgci8/MIgCSTN4lusoRu6Oa\njoFoFnsLQwVDngvHksAdeD/B3vkh65KjSMfKnKxiZh2Spg0w6c/IWev4RLMUrinS\nAPO+O8e0WAhDK39LYQPqd0RCOVm9iXWiWlTJCgMrtT4+lT3IBm0z401aJG/KjysQ\nMBH9QrFlKi1laWrHNhkAAAADAQABAAACAQCMWjlS9+Caix4nrAq0La9uT/phgZId\n9oKD53aq+FVBKSQxKzsMzwqmUXCP9USfGfOJ3zdzquE8R6MQIDEmBocUEQrYkr/r\nglF2S4Bl3VREI6NCXQDWtMNmU+Bcr0ZDAKMJG/JHokgdLtshQ+fG7/+XWQbEQ2PH\nkk4pPgjL25+ot7i+pFQw4JNK5IEBSayi8Ceweuq8phq9ShwNQ8ZjaSmKMKN7JN7C\niwSgGQW9y8IcCzbFNUq6LfB3H0VCnjPzt9mC9nRXEdN10F8ZbYgBLRF1AFewbfUe\nelUi/IMYCk+KdRNNJ+TKZVGqAa8D8i7v0wn9InkH4tIj2W3AMyc7W5QkU804xnoZ\n8kuVrmdr3eU8Ovo6M87WELxZfFeXRnIqXm32x/7eIFAHMw8Ai1lDWQ8tvLKcYCNP\nViZUfb5Ku0axKYe8r7S1rwhAcxU8n4hdn4szcmCgmM9tsTwDstCmV5HcCbdmiVRV\nyAJvwtaQ7uqOKTMQoGE66xGSt4pPhx696AimoELMfqXPerGM5FKSOxcj4Vuh8X4n\n6jDghIqKXJKB+6y4ag4CnN0qxEsW0EcMv1dp0JJ1fMA88mQVM4RVfhAj5QA9unTe\nW43AE8fchoCT/393PdeQpLWE7HkLv0PakbbMUqjvwNNALTFHwbRpMMe5TqSVW7UZ\nqxY5ihJh2H3GAQAAAQEAnm/b9/bRhgtqtGBRrmn9bOflypMmzsXSnF/HkejhWmzj\n06pybBqozLnmk97P+ERU+ydLKK7dPb2ZtcGy+HFGImj/zCG5yXW8SPej8B5wUoHn\nymaJvwc7SK1zlWS5ATAF7yPkMJG+ixCX+xFYCwix3P15PzKtVd4obDREZaVDneG4\nOHoYp7P1dAyhW3FWsyjUPbtE96XRoeDsmc0g9MSzh3eyK3yq1Y5+Of+B0do+3I57\n17yTwcYn7pkSpg5TpRgfVc234jcPHx1goJt3s7bWrB49JjZg7PVy2OBJXELaZpZ/\nJcvXsLWqKB4Y9R569DzUnbl8n19iJlw3sJ5xSlInkQAAAQEA8viFM9FN3iW2yO3K\nSTgngai8qORmTZAFcRlQOyeRG5ms4/B2h7HrSf+dFtWi+ah3lb0kJXr32VVXUQ3i\nTFnxo4MH5L+vOQcDntiQdDjdzEYjUNbOhSiw0AP6CYuB/xzcipiwAh1H5CAKT304\n1Eu1GIcQmP5kjPSSaJh98fVNYmhJ13r+PvvU6KtWWdPRVJNZaQSNLuMlCBoHw7Uy\nBGX6gflNVDlJ46HgQslGR6/oi/joHcJwnH3q/xwS2KTxn3R3Yfqj3oO1U14pOE7H\nxEZc5l5+t2wFHQx6tNTGPZDkJa7wlUyKjaU+iCvXplqYuacVfiXCuWVg4c1Hz4Sb\n5p/keQAAAQEA/pkeINLwZSQqLZjYdWTvqpLZokhVzD2+LiFX+HKZuZU3vAXLJSTH\nqGnrbdplIX0jxkXDg4Ru5dUENZwvLQZnJTmx9IoF4xZpoVVm0wV5owRsTj6fd8mP\nm/7a7A2OCx1y5b2OipBuOpV43QqtrxET3YHl8Nsfamssn1vKtMkgR5wJq3OWkVKe\n106L82johQvmx0eUvmdXzboGzcFhEqIgKDL2YLyd/uRD2OXdkfC7UeUNcnLWEb3k\nZPuVX10AgKE1qBWKH5TTQMEB/756hsH2fV7XEEEhf7oZRXa6b3un/IxlsNv3jME4\nClwXF4k0KzQ72vT44LUdI5decaaQPn82oQAAAAAB\n-----END OPENSSH PRIVATE KEY-----\n",
            "private_key_pem": "-----BEGIN RSA PRIVATE KEY-----\nMIIJKgIBAAKCAgEA8aPnSUyEGTQ7eBzafRBQB4c4g8kzat313+u79S3hbIv5IQRD\n5cJQLE5TwEjgtB38Lc2tg96Dx9Zadxxt2aoWNeH/m3um8nh3tkWVS1jMxxBrNmiH\n0cTAhZVwDvRN+S/Nfgk/7TNB6ptoOjTd5UlBByVyS8sq2/QmAfArUqDPDntZa5HH\nu2Gw2s75DuhTsSjW4vpwk4dfll3rTydrqhOJSHi25WJZHi5YHt26PRn40PI7euxE\nl9TsRogere+bnqUtoQN6nCVa6IcukEyfZ4+uPGdwCG5UeJCkZhJ3w/C3ta17C4xk\n5I/kV3MZ7gLzmU5+rSK610IKkCF5pGjNFJyBLxGva8B6jNC+E3Elf9Ks7CIYI9Tm\nS2k+gZlYWk+dj/FdJLcibaATShhze90pnSNGQZPi5n64n0nLss5AkS6aJVMexE8z\n7WJdlNEsA38RqtbueSuE30NOG3cC7qsjpiyHBz+CKU2McVnMOnvISR0tSSQY36Rt\nMgCGBj6cHFQlsYNFMCgci8/MIgCSTN4lusoRu6OajoFoFnsLQwVDngvHksAdeD/B\n3vkh65KjSMfKnKxiZh2Spg0w6c/IWev4RLMUrinSAPO+O8e0WAhDK39LYQPqd0RC\nOVm9iXWiWlTJCgMrtT4+lT3IBm0z401aJG/KjysQMBH9QrFlKi1laWrHNhkCAwEA\nAQKCAgEAjFo5UvfgmoseJ6wKtC2vbk/6YYGSHfaCg+d2qvhVQSkkMSs7DM8KplFw\nj/VEnxnzid83c6rhPEejECAxJgaHFBEK2JK/64JRdkuAZd1URCOjQl0A1rTDZlPg\nXK9GQwCjCRvyR6JIHS7bIUPnxu//l1kGxENjx5JOKT4Iy9ufqLe4vqRUMOCTSuSB\nAUmsovAnsHrqvKYavUocDUPGY2kpijCjeyTewosEoBkFvcvCHAs2xTVKui3wdx9F\nQp4z87fZgvZ0VxHTddBfGW2IAS0RdQBXsG31HnpVIvyDGApPinUTTSfkymVRqgGv\nA/Iu79MJ/SJ5B+LSI9ltwDMnO1uUJFPNOMZ6GfJLla5na93lPDr6OjPO1hC8WXxX\nl0ZyKl5t9sf+3iBQBzMPAItZQ1kPLbyynGAjT1YmVH2+SrtGsSmHvK+0ta8IQHMV\nPJ+IXZ+LM3JgoJjPbbE8A7LQpleR3Am3ZolUVcgCb8LWkO7qjikzEKBhOusRkreK\nT4cevegIpqBCzH6lz3qxjORSkjsXI+FbofF+J+ow4ISKilySgfusuGoOApzdKsRL\nFtBHDL9XadCSdXzAPPJkFTOEVX4QI+UAPbp03luNwBPH3IaAk/9/dz3XkKS1hOx5\nC79D2pG2zFKo78DTQC0xR8G0aTDHuU6klVu1GasWOYoSYdh9xgECggEBAPL4hTPR\nTd4ltsjtykk4J4GovKjkZk2QBXEZUDsnkRuZrOPwdoex60n/nRbVovmod5W9JCV6\n99lVV1EN4kxZ8aODB+S/rzkHA57YkHQ43cxGI1DWzoUosNAD+gmLgf8c3IqYsAId\nR+QgCk99ONRLtRiHEJj+ZIz0kmiYffH1TWJoSdd6/j771OirVlnT0VSTWWkEjS7j\nJQgaB8O1MgRl+oH5TVQ5SeOh4ELJRkev6Iv46B3CcJx96v8cEtik8Z90d2H6o96D\ntVNeKThOx8RGXOZefrdsBR0MerTUxj2Q5CWu8JVMio2lPogr16ZamLmnFX4lwrll\nYOHNR8+Em+af5HkCggEBAP6ZHiDS8GUkKi2Y2HVk76qS2aJIVcw9vi4hV/hymbmV\nN7wFyyUkx6hp623aZSF9I8ZFw4OEbuXVBDWcLy0GZyU5sfSKBeMWaaFVZtMFeaME\nbE4+n3fJj5v+2uwNjgsdcuW9joqQbjqVeN0Kra8RE92B5fDbH2prLJ9byrTJIEec\nCatzlpFSntdOi/No6IUL5sdHlL5nV826Bs3BYRKiICgy9mC8nf7kQ9jl3ZHwu1Hl\nDXJy1hG95GT7lV9dAIChNagVih+U00DBAf++eobB9n1e1xBBIX+6GUV2um97p/yM\nZbDb94zBOApcFxeJNCs0O9r0+OC1HSOXXnGmkD5/NqECggEBALtdHgrpeqy2VI/5\nnyZ7YSvBXUq4ZpOlXizrIk2bo3CvPv2/bwgREapMrWzwbe8sFJup8Xfdrccw4lak\n6D+MlKRM5QdnMc4+NHKH+k1FlPRzmcQ7AaL5z+95QZWeuS5rqT5PpFrdDZVDh+/o\nVqyPfSVe8lOoyQ1RhJ2YCndNfNFILrk2JV2YgYSyq7I1f5VC044CboUbsHDg8d/f\nmKR/p4AXKaSrUOly6SdXYxTg9+kIlqZsTL7A8zirA3WBLLqT64Po7fkng+q4D/1V\n8wLOZ9FWSU1UxVSzTOSpt/29/9F3aBsZnTbBmMkVVgT4lBGGYTKYF+Mz5FP8I0ZJ\nspdT8bECggEAFvWL5/3du+E1BIOiEYQWsNUpVx8azZ5LxjEvk7IR9tBkBEqpdSIJ\n90AGARQOxqRYU4r7BKMutP8ur/7zqiXHq222hIzl1wKwZ+IhsanuvCqr8apoCw9c\nKf8jkuHuC0aOk/UyI4C+z/2mtpg97Wmm1vTd3YiFHr2nen92mjMA/DQwEwwLafN/\na38j08GEJmtaVmI4IauEGYNLFcb4kAuaxsVBvpuDy/adv7OK9Zw16D61pbqBX3w2\nWnztjXn/j5n6ErxOhmaPXmmJWpy8w+Y96jRhRI/7C1+m48K/MUp/baDjkr1jZ4gN\nG7IOSwsOb074jthEkU8D36/IzorsuxYRwQKCAQEAnm/b9/bRhgtqtGBRrmn9bOfl\nypMmzsXSnF/HkejhWmzj06pybBqozLnmk97P+ERU+ydLKK7dPb2ZtcGy+HFGImj/\nzCG5yXW8SPej8B5wUoHnymaJvwc7SK1zlWS5ATAF7yPkMJG+ixCX+xFYCwix3P15\nPzKtVd4obDREZaVDneG4OHoYp7P1dAyhW3FWsyjUPbtE96XRoeDsmc0g9MSzh3ey\nK3yq1Y5+Of+B0do+3I5717yTwcYn7pkSpg5TpRgfVc234jcPHx1goJt3s7bWrB49\nJjZg7PVy2OBJXELaZpZ/JcvXsLWqKB4Y9R569DzUnbl8n19iJlw3sJ5xSlInkQ==\n-----END RSA PRIVATE KEY-----\n",
            "private_key_pem_pkcs8": "-----BEGIN PRIVATE KEY-----\nMIIJRAIBADANBgkqhkiG9w0BAQEFAASCCS4wggkqAgEAAoICAQDxo+dJTIQZNDt4\nHNp9EFAHhziDyTNq3fXf67v1LeFsi/khBEPlwlAsTlPASOC0Hfwtza2D3oPH1lp3\nHG3ZqhY14f+be6byeHe2RZVLWMzHEGs2aIfRxMCFlXAO9E35L81+CT/tM0Hqm2g6\nNN3lSUEHJXJLyyrb9CYB8CtSoM8Oe1lrkce7YbDazvkO6FOxKNbi+nCTh1+WXetP\nJ2uqE4lIeLblYlkeLlge3bo9GfjQ8jt67ESX1OxGiB6t75uepS2hA3qcJVrohy6Q\nTJ9nj648Z3AIblR4kKRmEnfD8Le1rXsLjGTkj+RXcxnuAvOZTn6tIrrXQgqQIXmk\naM0UnIEvEa9rwHqM0L4TcSV/0qzsIhgj1OZLaT6BmVhaT52P8V0ktyJtoBNKGHN7\n3SmdI0ZBk+LmfrifScuyzkCRLpolUx7ETzPtYl2U0SwDfxGq1u55K4TfQ04bdwLu\nqyOmLIcHP4IpTYxxWcw6e8hJHS1JJBjfpG0yAIYGPpwcVCWxg0UwKByLz8wiAJJM\n3iW6yhG7o5qOgWgWewtDBUOeC8eSwB14P8He+SHrkqNIx8qcrGJmHZKmDTDpz8hZ\n6/hEsxSuKdIA8747x7RYCEMrf0thA+p3REI5Wb2JdaJaVMkKAyu1Pj6VPcgGbTPj\nTVokb8qPKxAwEf1CsWUqLWVpasc2GQIDAQABAoICAQCMWjlS9+Caix4nrAq0La9u\nT/phgZId9oKD53aq+FVBKSQxKzsMzwqmUXCP9USfGfOJ3zdzquE8R6MQIDEmBocU\nEQrYkr/rglF2S4Bl3VREI6NCXQDWtMNmU+Bcr0ZDAKMJG/JHokgdLtshQ+fG7/+X\nWQbEQ2PHkk4pPgjL25+ot7i+pFQw4JNK5IEBSayi8Ceweuq8phq9ShwNQ8ZjaSmK\nMKN7JN7CiwSgGQW9y8IcCzbFNUq6LfB3H0VCnjPzt9mC9nRXEdN10F8ZbYgBLRF1\nAFewbfUeelUi/IMYCk+KdRNNJ+TKZVGqAa8D8i7v0wn9InkH4tIj2W3AMyc7W5Qk\nU804xnoZ8kuVrmdr3eU8Ovo6M87WELxZfFeXRnIqXm32x/7eIFAHMw8Ai1lDWQ8t\nvLKcYCNPViZUfb5Ku0axKYe8r7S1rwhAcxU8n4hdn4szcmCgmM9tsTwDstCmV5Hc\nCbdmiVRVyAJvwtaQ7uqOKTMQoGE66xGSt4pPhx696AimoELMfqXPerGM5FKSOxcj\n4Vuh8X4n6jDghIqKXJKB+6y4ag4CnN0qxEsW0EcMv1dp0JJ1fMA88mQVM4RVfhAj\n5QA9unTeW43AE8fchoCT/393PdeQpLWE7HkLv0PakbbMUqjvwNNALTFHwbRpMMe5\nTqSVW7UZqxY5ihJh2H3GAQKCAQEA8viFM9FN3iW2yO3KSTgngai8qORmTZAFcRlQ\nOyeRG5ms4/B2h7HrSf+dFtWi+ah3lb0kJXr32VVXUQ3iTFnxo4MH5L+vOQcDntiQ\ndDjdzEYjUNbOhSiw0AP6CYuB/xzcipiwAh1H5CAKT3041Eu1GIcQmP5kjPSSaJh9\n8fVNYmhJ13r+PvvU6KtWWdPRVJNZaQSNLuMlCBoHw7UyBGX6gflNVDlJ46HgQslG\nR6/oi/joHcJwnH3q/xwS2KTxn3R3Yfqj3oO1U14pOE7HxEZc5l5+t2wFHQx6tNTG\nPZDkJa7wlUyKjaU+iCvXplqYuacVfiXCuWVg4c1Hz4Sb5p/keQKCAQEA/pkeINLw\nZSQqLZjYdWTvqpLZokhVzD2+LiFX+HKZuZU3vAXLJSTHqGnrbdplIX0jxkXDg4Ru\n5dUENZwvLQZnJTmx9IoF4xZpoVVm0wV5owRsTj6fd8mPm/7a7A2OCx1y5b2OipBu\nOpV43QqtrxET3YHl8Nsfamssn1vKtMkgR5wJq3OWkVKe106L82johQvmx0eUvmdX\nzboGzcFhEqIgKDL2YLyd/uRD2OXdkfC7UeUNcnLWEb3kZPuVX10AgKE1qBWKH5TT\nQMEB/756hsH2fV7XEEEhf7oZRXa6b3un/IxlsNv3jME4ClwXF4k0KzQ72vT44LUd\nI5decaaQPn82oQKCAQEAu10eCul6rLZUj/mfJnthK8FdSrhmk6VeLOsiTZujcK8+\n/b9vCBERqkytbPBt7ywUm6nxd92txzDiVqToP4yUpEzlB2cxzj40cof6TUWU9HOZ\nxDsBovnP73lBlZ65LmupPk+kWt0NlUOH7+hWrI99JV7yU6jJDVGEnZgKd0180Ugu\nuTYlXZiBhLKrsjV/lULTjgJuhRuwcODx39+YpH+ngBcppKtQ6XLpJ1djFOD36QiW\npmxMvsDzOKsDdYEsupPrg+jt+SeD6rgP/VXzAs5n0VZJTVTFVLNM5Km3/b3/0Xdo\nGxmdNsGYyRVWBPiUEYZhMpgX4zPkU/wjRkmyl1PxsQKCAQAW9Yvn/d274TUEg6IR\nhBaw1SlXHxrNnkvGMS+TshH20GQESql1Ign3QAYBFA7GpFhTivsEoy60/y6v/vOq\nJcerbbaEjOXXArBn4iGxqe68KqvxqmgLD1wp/yOS4e4LRo6T9TIjgL7P/aa2mD3t\naabW9N3diIUevad6f3aaMwD8NDATDAtp839rfyPTwYQma1pWYjghq4QZg0sVxviQ\nC5rGxUG+m4PL9p2/s4r1nDXoPrWluoFffDZafO2Nef+PmfoSvE6GZo9eaYlanLzD\n5j3qNGFEj/sLX6bjwr8xSn9toOOSvWNniA0bsg5LCw5vTviO2ESRTwPfr8jOiuy7\nFhHBAoIBAQCeb9v39tGGC2q0YFGuaf1s5+XKkybOxdKcX8eR6OFabOPTqnJsGqjM\nueaT3s/4RFT7J0sort09vZm1wbL4cUYiaP/MIbnJdbxI96PwHnBSgefKZom/BztI\nrXOVZLkBMAXvI+Qwkb6LEJf7EVgLCLHc/Xk/Mq1V3ihsNERlpUOd4bg4ehins/V0\nDKFbcVazKNQ9u0T3pdGh4OyZzSD0xLOHd7IrfKrVjn45/4HR2j7cjnvXvJPBxifu\nmRKmDlOlGB9VzbfiNw8fHWCgm3ezttasHj0mNmDs9XLY4ElcQtpmln8ly9ewtaoo\nHhj1Hnr0PNSduXyfX2ImXDewnnFKUieR\n-----END PRIVATE KEY-----\n",
            "public_key_fingerprint_md5": "c8:55:8e:ef:7f:af:6b:01:58:26:6c:10:d4:ed:e8:b4",
            "public_key_fingerprint_sha256": "SHA256:TCKJfV1pFJ0SzvwrlM8XX7qYt96YEfX9/+6ZtoUO1/w",
            "public_key_openssh": "ssh-rsa AAAAB3NzaC1yc2EAAAADAQABAAACAQDxo+dJTIQZNDt4HNp9EFAHhziDyTNq3fXf67v1LeFsi/khBEPlwlAsTlPASOC0Hfwtza2D3oPH1lp3HG3ZqhY14f+be6byeHe2RZVLWMzHEGs2aIfRxMCFlXAO9E35L81+CT/tM0Hqm2g6NN3lSUEHJXJLyyrb9CYB8CtSoM8Oe1lrkce7YbDazvkO6FOxKNbi+nCTh1+WXetPJ2uqE4lIeLblYlkeLlge3bo9GfjQ8jt67ESX1OxGiB6t75uepS2hA3qcJVrohy6QTJ9nj648Z3AIblR4kKRmEnfD8Le1rXsLjGTkj+RXcxnuAvOZTn6tIrrXQgqQIXmkaM0UnIEvEa9rwHqM0L4TcSV/0qzsIhgj1OZLaT6BmVhaT52P8V0ktyJtoBNKGHN73SmdI0ZBk+LmfrifScuyzkCRLpolUx7ETzPtYl2U0SwDfxGq1u55K4TfQ04bdwLuqyOmLIcHP4IpTYxxWcw6e8hJHS1JJBjfpG0yAIYGPpwcVCWxg0UwKByLz8wiAJJM3iW6yhG7o5qOgWgWewtDBUOeC8eSwB14P8He+SHrkqNIx8qcrGJmHZKmDTDpz8hZ6/hEsxSuKdIA8747x7RYCEMrf0thA+p3REI5Wb2JdaJaVMkKAyu1Pj6VPcgGbTPjTVokb8qPKxAwEf1CsWUqLWVpasc2GQ==\n",
            "public_key_pem": "-----BEGIN PUBLIC KEY-----\nMIICIjANBgkqhkiG9w0BAQEFAAOCAg8AMIICCgKCAgEA8aPnSUyEGTQ7eBzafRBQ\nB4c4g8kzat313+u79S3hbIv5IQRD5cJQLE5TwEjgtB38Lc2tg96Dx9Zadxxt2aoW\nNeH/m3um8nh3tkWVS1jMxxBrNmiH0cTAhZVwDvRN+S/Nfgk/7TNB6ptoOjTd5UlB\nByVyS8sq2/QmAfArUqDPDntZa5HHu2Gw2s75DuhTsSjW4vpwk4dfll3rTydrqhOJ\nSHi25WJZHi5YHt26PRn40PI7euxEl9TsRogere+bnqUtoQN6nCVa6IcukEyfZ4+u\nPGdwCG5UeJCkZhJ3w/C3ta17C4xk5I/kV3MZ7gLzmU5+rSK610IKkCF5pGjNFJyB\nLxGva8B6jNC+E3Elf9Ks7CIYI9TmS2k+gZlYWk+dj/FdJLcibaATShhze90pnSNG\nQZPi5n64n0nLss5AkS6aJVMexE8z7WJdlNEsA38RqtbueSuE30NOG3cC7qsjpiyH\nBz+CKU2McVnMOnvISR0tSSQY36RtMgCGBj6cHFQlsYNFMCgci8/MIgCSTN4lusoR\nu6OajoFoFnsLQwVDngvHksAdeD/B3vkh65KjSMfKnKxiZh2Spg0w6c/IWev4RLMU\nrinSAPO+O8e0WAhDK39LYQPqd0RCOVm9iXWiWlTJCgMrtT4+lT3IBm0z401aJG/K\njysQMBH9QrFlKi1laWrHNhkCAwEAAQ==\n-----END PUBLIC KEY-----\n",
            "rsa_bits": 4096
          },
          "sensitive_attributes": [
            [
              {
                "type": "get_attr",
                "value": "private_key_openssh"
              }
            ],
            [
              {
                "type": "get_attr",
                "value": "private_key_pem"
              }
            ],
            [
              {
                "type": "get_attr",
                "value": "private_key_pem_pkcs8"
              }
            ]
          ],
          "create_before_destroy": true
        }
      ]
    },
    {
      "module": "module.ap-northeast-1.module.vpc",
      "mode": "managed",
      "type": "aws_internet_gateway",
      "name": "igw_vpc_tokyo",
      "provider": "provider[\"registry.terraform.io/hashicorp/aws\"]",
      "instances": [
        {
          "schema_version": 0,
          "attributes": {
            "arn": "arn:aws:ec2:us-west-2:159184128979:internet-gateway/igw-0e94a8e83119d24d5",
            "id": "igw-0e94a8e83119d24d5",
            "owner_id": "159184128979",
            "tags": {
              "Name": "igw_vpc_tokyo"
            },
            "tags_all": {
              "Name": "igw_vpc_tokyo"
            },
            "timeouts": null,
            "vpc_id": "vpc-0268beb3cb0776c4f"
          },
          "sensitive_attributes": [],
          "private": "eyJlMmJmYjczMC1lY2FhLTExZTYtOGY4OC0zNDM2M2JjN2M0YzAiOnsiY3JlYXRlIjoxMjAwMDAwMDAwMDAwLCJkZWxldGUiOjEyMDAwMDAwMDAwMDAsInVwZGF0ZSI6MTIwMDAwMDAwMDAwMH19",
          "dependencies": [
            "module.ap-northeast-1.module.vpc.aws_vpc.vpc_tokyo"
          ]
        }
      ]
    },
    {
      "module": "module.ap-northeast-1.module.vpc",
      "mode": "managed",
      "type": "aws_route_table",
      "name": "route_private_subnet_vpc_tokyo",
      "provider": "provider[\"registry.terraform.io/hashicorp/aws\"]",
      "instances": [
        {
          "schema_version": 0,
          "attributes": {
            "arn": "arn:aws:ec2:us-west-2:159184128979:route-table/rtb-07b592b86b7221116",
            "id": "rtb-07b592b86b7221116",
            "owner_id": "159184128979",
            "propagating_vgws": [],
            "route": [],
            "tags": {
              "Name": "route_private_subnet_vpc_tokyo"
            },
            "tags_all": {
              "Name": "route_private_subnet_vpc_tokyo"
            },
            "timeouts": null,
            "vpc_id": "vpc-0268beb3cb0776c4f"
          },
          "sensitive_attributes": [],
          "private": "eyJlMmJmYjczMC1lY2FhLTExZTYtOGY4OC0zNDM2M2JjN2M0YzAiOnsiY3JlYXRlIjozMDAwMDAwMDAwMDAsImRlbGV0ZSI6MzAwMDAwMDAwMDAwLCJ1cGRhdGUiOjEyMDAwMDAwMDAwMH19",
          "dependencies": [
            "module.ap-northeast-1.module.vpc.aws_vpc.vpc_tokyo"
          ]
        }
      ]
    },
    {
      "module": "module.ap-northeast-1.module.vpc",
      "mode": "managed",
      "type": "aws_route_table",
      "name": "route_public_subnet_vpc_tokyo",
      "provider": "provider[\"registry.terraform.io/hashicorp/aws\"]",
      "instances": [
        {
          "schema_version": 0,
          "attributes": {
            "arn": "arn:aws:ec2:us-west-2:159184128979:route-table/rtb-0d306afabfe4ac679",
            "id": "rtb-0d306afabfe4ac679",
            "owner_id": "159184128979",
            "propagating_vgws": [],
            "route": [
              {
                "carrier_gateway_id": "",
                "cidr_block": "0.0.0.0/0",
                "core_network_arn": "",
                "destination_prefix_list_id": "",
                "egress_only_gateway_id": "",
                "gateway_id": "igw-0e94a8e83119d24d5",
                "instance_id": "",
                "ipv6_cidr_block": "",
                "local_gateway_id": "",
                "nat_gateway_id": "",
                "network_interface_id": "",
                "transit_gateway_id": "",
                "vpc_endpoint_id": "",
                "vpc_peering_connection_id": ""
              }
            ],
            "tags": {
              "Name": "route_public_subnet_vpc_tokyo"
            },
            "tags_all": {
              "Name": "route_public_subnet_vpc_tokyo"
            },
            "timeouts": null,
            "vpc_id": "vpc-0268beb3cb0776c4f"
          },
          "sensitive_attributes": [],
          "private": "eyJlMmJmYjczMC1lY2FhLTExZTYtOGY4OC0zNDM2M2JjN2M0YzAiOnsiY3JlYXRlIjozMDAwMDAwMDAwMDAsImRlbGV0ZSI6MzAwMDAwMDAwMDAwLCJ1cGRhdGUiOjEyMDAwMDAwMDAwMH19",
          "dependencies": [
            "module.ap-northeast-1.module.vpc.aws_internet_gateway.igw_vpc_tokyo",
            "module.ap-northeast-1.module.vpc.aws_vpc.vpc_tokyo"
          ]
        }
      ]
    },
    {
      "module": "module.ap-northeast-1.module.vpc",
      "mode": "managed",
      "type": "aws_vpc",
      "name": "vpc_tokyo",
      "provider": "provider[\"registry.terraform.io/hashicorp/aws\"]",
      "instances": [
        {
          "schema_version": 1,
          "attributes": {
            "arn": "arn:aws:ec2:us-west-2:159184128979:vpc/vpc-0268beb3cb0776c4f",
            "assign_generated_ipv6_cidr_block": false,
            "cidr_block": "11.0.0.0/16",
            "default_network_acl_id": "acl-08d2bc4fd3b29c689",
            "default_route_table_id": "rtb-04da47bdaf14d7386",
            "default_security_group_id": "sg-0c4f623d8e8f4fa65",
            "dhcp_options_id": "dopt-0a104df655c24d9c1",
            "enable_classiclink": false,
            "enable_classiclink_dns_support": false,
            "enable_dns_hostnames": true,
            "enable_dns_support": true,
            "enable_network_address_usage_metrics": false,
            "id": "vpc-0268beb3cb0776c4f",
            "instance_tenancy": "default",
            "ipv4_ipam_pool_id": null,
            "ipv4_netmask_length": null,
            "ipv6_association_id": "",
            "ipv6_cidr_block": "",
            "ipv6_cidr_block_network_border_group": "",
            "ipv6_ipam_pool_id": "",
            "ipv6_netmask_length": 0,
            "main_route_table_id": "rtb-04da47bdaf14d7386",
            "owner_id": "159184128979",
            "tags": {
              "Name": "vpc_tokyo"
            },
            "tags_all": {
              "Name": "vpc_tokyo"
            }
          },
          "sensitive_attributes": [],
          "private": "eyJzY2hlbWFfdmVyc2lvbiI6IjEifQ==",
          "create_before_destroy": true
        }
      ]
    },
    {
      "module": "module.us-west-2",
      "mode": "managed",
      "type": "aws_instance",
      "name": "bastion",
      "provider": "provider[\"registry.terraform.io/hashicorp/aws\"]",
      "instances": [
        {
          "index_key": 0,
          "schema_version": 1,
          "attributes": {
            "ami": "ami-01cd4de4363ab6ee8",
            "arn": "arn:aws:ec2:us-west-2:159184128979:instance/i-0ba71b15751ce786a",
            "associate_public_ip_address": true,
            "availability_zone": "us-west-2a",
            "capacity_reservation_specification": [
              {
                "capacity_reservation_preference": "open",
                "capacity_reservation_target": []
              }
            ],
            "cpu_core_count": 1,
            "cpu_options": [
              {
                "amd_sev_snp": "",
                "core_count": 1,
                "threads_per_core": 1
              }
            ],
            "cpu_threads_per_core": 1,
            "credit_specification": [
              {
                "cpu_credits": "standard"
              }
            ],
            "disable_api_stop": false,
            "disable_api_termination": false,
            "ebs_block_device": [],
            "ebs_optimized": false,
            "enclave_options": [
              {
                "enabled": false
              }
            ],
            "ephemeral_block_device": [],
            "get_password_data": false,
            "hibernation": false,
            "host_id": "",
            "host_resource_group_arn": null,
            "iam_instance_profile": "session_manager",
            "id": "i-0ba71b15751ce786a",
            "instance_initiated_shutdown_behavior": "stop",
            "instance_state": "running",
            "instance_type": "t2.micro",
            "ipv6_address_count": 0,
            "ipv6_addresses": [],
            "key_name": "ec2key",
            "launch_template": [],
            "maintenance_options": [
              {
                "auto_recovery": "default"
              }
            ],
            "metadata_options": [
              {
                "http_endpoint": "enabled",
                "http_put_response_hop_limit": 2,
                "http_tokens": "required",
                "instance_metadata_tags": "disabled"
              }
            ],
            "monitoring": false,
            "network_interface": [],
            "outpost_arn": "",
            "password_data": "",
            "placement_group": "",
            "placement_partition_number": 0,
            "primary_network_interface_id": "eni-07756939386c7a985",
            "private_dns": "ip-10-0-1-122.us-west-2.compute.internal",
            "private_dns_name_options": [
              {
                "enable_resource_name_dns_a_record": false,
                "enable_resource_name_dns_aaaa_record": false,
                "hostname_type": "ip-name"
              }
            ],
            "private_ip": "10.0.1.122",
            "public_dns": "ec2-35-163-254-203.us-west-2.compute.amazonaws.com",
            "public_ip": "35.163.254.203",
            "root_block_device": [
              {
                "delete_on_termination": true,
                "device_name": "/dev/xvda",
                "encrypted": false,
                "iops": 3000,
                "kms_key_id": "",
                "tags": {},
                "throughput": 125,
                "volume_id": "vol-046317ca6ef247288",
                "volume_size": 8,
                "volume_type": "gp3"
              }
            ],
            "secondary_private_ips": [],
            "security_groups": [
              "sg-072c176d3d023103c"
            ],
            "source_dest_check": true,
            "subnet_id": "subnet-0702b125e74ada4d1",
            "tags": {
              "Name": "Bastion_1_public"
            },
            "tags_all": {
              "Name": "Bastion_1_public"
            },
            "tenancy": "default",
            "timeouts": null,
            "user_data": "57264057ebd024bd7871eea80fcbb0fec4308b67",
            "user_data_base64": null,
            "user_data_replace_on_change": false,
            "volume_tags": null,
            "vpc_security_group_ids": [
              "sg-072c176d3d023103c"
            ]
          },
          "sensitive_attributes": [],
          "private": "eyJlMmJmYjczMC1lY2FhLTExZTYtOGY4OC0zNDM2M2JjN2M0YzAiOnsiY3JlYXRlIjo2MDAwMDAwMDAwMDAsImRlbGV0ZSI6MTIwMDAwMDAwMDAwMCwidXBkYXRlIjo2MDAwMDAwMDAwMDB9LCJzY2hlbWFfdmVyc2lvbiI6IjEifQ==",
          "dependencies": [
            "aws_iam_instance_profile.session_manager",
            "aws_iam_role.session_manager",
            "data.aws_iam_policy_document.ec2",
            "module.us-west-2.aws_security_group.ec2_security_group",
            "module.us-west-2.module.keypair.aws_key_pair.generated_key",
            "module.us-west-2.module.keypair.tls_private_key.ec2key",
            "module.us-west-2.module.vpc.aws_subnet.public_sebnet_1_vpc_1",
            "module.us-west-2.module.vpc.aws_subnet.public_subnet_2_vpc_1",
            "module.us-west-2.module.vpc.aws_vpc.vpc_1"
          ],
          "create_before_destroy": true
        },
        {
          "index_key": 1,
          "schema_version": 1,
          "attributes": {
            "ami": "ami-01cd4de4363ab6ee8",
            "arn": "arn:aws:ec2:us-west-2:159184128979:instance/i-0fd8028c9a5497e79",
            "associate_public_ip_address": true,
            "availability_zone": "us-west-2b",
            "capacity_reservation_specification": [
              {
                "capacity_reservation_preference": "open",
                "capacity_reservation_target": []
              }
            ],
            "cpu_core_count": 1,
            "cpu_options": [
              {
                "amd_sev_snp": "",
                "core_count": 1,
                "threads_per_core": 1
              }
            ],
            "cpu_threads_per_core": 1,
            "credit_specification": [
              {
                "cpu_credits": "standard"
              }
            ],
            "disable_api_stop": false,
            "disable_api_termination": false,
            "ebs_block_device": [],
            "ebs_optimized": false,
            "enclave_options": [
              {
                "enabled": false
              }
            ],
            "ephemeral_block_device": [],
            "get_password_data": false,
            "hibernation": false,
            "host_id": "",
            "host_resource_group_arn": null,
            "iam_instance_profile": "session_manager",
            "id": "i-0fd8028c9a5497e79",
            "instance_initiated_shutdown_behavior": "stop",
            "instance_state": "running",
            "instance_type": "t2.micro",
            "ipv6_address_count": 0,
            "ipv6_addresses": [],
            "key_name": "ec2key",
            "launch_template": [],
            "maintenance_options": [
              {
                "auto_recovery": "default"
              }
            ],
            "metadata_options": [
              {
                "http_endpoint": "enabled",
                "http_put_response_hop_limit": 2,
                "http_tokens": "required",
                "instance_metadata_tags": "disabled"
              }
            ],
            "monitoring": false,
            "network_interface": [],
            "outpost_arn": "",
            "password_data": "",
            "placement_group": "",
            "placement_partition_number": 0,
            "primary_network_interface_id": "eni-0fdcd52792e51533d",
            "private_dns": "ip-10-0-2-181.us-west-2.compute.internal",
            "private_dns_name_options": [
              {
                "enable_resource_name_dns_a_record": false,
                "enable_resource_name_dns_aaaa_record": false,
                "hostname_type": "ip-name"
              }
            ],
            "private_ip": "10.0.2.181",
            "public_dns": "ec2-34-212-112-122.us-west-2.compute.amazonaws.com",
            "public_ip": "34.212.112.122",
            "root_block_device": [
              {
                "delete_on_termination": true,
                "device_name": "/dev/xvda",
                "encrypted": false,
                "iops": 3000,
                "kms_key_id": "",
                "tags": {},
                "throughput": 125,
                "volume_id": "vol-0e2970f79c7a7a5ec",
                "volume_size": 8,
                "volume_type": "gp3"
              }
            ],
            "secondary_private_ips": [],
            "security_groups": [
              "sg-072c176d3d023103c"
            ],
            "source_dest_check": true,
            "subnet_id": "subnet-0b7e8662a5818a32e",
            "tags": {
              "Name": "Bastion_2_public"
            },
            "tags_all": {
              "Name": "Bastion_2_public"
            },
            "tenancy": "default",
            "timeouts": null,
            "user_data": "57264057ebd024bd7871eea80fcbb0fec4308b67",
            "user_data_base64": null,
            "user_data_replace_on_change": false,
            "volume_tags": null,
            "vpc_security_group_ids": [
              "sg-072c176d3d023103c"
            ]
          },
          "sensitive_attributes": [],
          "private": "eyJlMmJmYjczMC1lY2FhLTExZTYtOGY4OC0zNDM2M2JjN2M0YzAiOnsiY3JlYXRlIjo2MDAwMDAwMDAwMDAsImRlbGV0ZSI6MTIwMDAwMDAwMDAwMCwidXBkYXRlIjo2MDAwMDAwMDAwMDB9LCJzY2hlbWFfdmVyc2lvbiI6IjEifQ==",
          "dependencies": [
            "aws_iam_instance_profile.session_manager",
            "aws_iam_role.session_manager",
            "data.aws_iam_policy_document.ec2",
            "module.us-west-2.aws_security_group.ec2_security_group",
            "module.us-west-2.module.keypair.aws_key_pair.generated_key",
            "module.us-west-2.module.keypair.tls_private_key.ec2key",
            "module.us-west-2.module.vpc.aws_subnet.public_sebnet_1_vpc_1",
            "module.us-west-2.module.vpc.aws_subnet.public_subnet_2_vpc_1",
            "module.us-west-2.module.vpc.aws_vpc.vpc_1"
          ],
          "create_before_destroy": true
        }
      ]
    },
    {
      "module": "module.us-west-2",
      "mode": "managed",
      "type": "aws_instance",
      "name": "bastion2",
      "provider": "provider[\"registry.terraform.io/hashicorp/aws\"]",
      "instances": [
        {
          "schema_version": 1,
          "attributes": {
            "ami": "ami-01cd4de4363ab6ee8",
            "arn": "arn:aws:ec2:us-west-2:159184128979:instance/i-0355d058bbd532a29",
            "associate_public_ip_address": true,
            "availability_zone": "us-west-2a",
            "capacity_reservation_specification": [
              {
                "capacity_reservation_preference": "open",
                "capacity_reservation_target": []
              }
            ],
            "cpu_core_count": 1,
            "cpu_options": [
              {
                "amd_sev_snp": "",
                "core_count": 1,
                "threads_per_core": 1
              }
            ],
            "cpu_threads_per_core": 1,
            "credit_specification": [
              {
                "cpu_credits": "standard"
              }
            ],
            "disable_api_stop": false,
            "disable_api_termination": false,
            "ebs_block_device": [],
            "ebs_optimized": false,
            "enclave_options": [
              {
                "enabled": false
              }
            ],
            "ephemeral_block_device": [],
            "get_password_data": false,
            "hibernation": false,
            "host_id": "",
            "host_resource_group_arn": null,
            "iam_instance_profile": "session_manager",
            "id": "i-0355d058bbd532a29",
            "instance_initiated_shutdown_behavior": "stop",
            "instance_state": "running",
            "instance_type": "t2.micro",
            "ipv6_address_count": 0,
            "ipv6_addresses": [],
            "key_name": "ec2key",
            "launch_template": [],
            "maintenance_options": [
              {
                "auto_recovery": "default"
              }
            ],
            "metadata_options": [
              {
                "http_endpoint": "enabled",
                "http_put_response_hop_limit": 2,
                "http_tokens": "required",
                "instance_metadata_tags": "disabled"
              }
            ],
            "monitoring": false,
            "network_interface": [],
            "outpost_arn": "",
            "password_data": "",
            "placement_group": "",
            "placement_partition_number": 0,
            "primary_network_interface_id": "eni-0efbeda25e52ea06a",
            "private_dns": "ip-10-1-1-229.us-west-2.compute.internal",
            "private_dns_name_options": [
              {
                "enable_resource_name_dns_a_record": false,
                "enable_resource_name_dns_aaaa_record": false,
                "hostname_type": "ip-name"
              }
            ],
            "private_ip": "10.1.1.229",
            "public_dns": "ec2-54-200-17-133.us-west-2.compute.amazonaws.com",
            "public_ip": "54.200.17.133",
            "root_block_device": [
              {
                "delete_on_termination": true,
                "device_name": "/dev/xvda",
                "encrypted": false,
                "iops": 3000,
                "kms_key_id": "",
                "tags": {},
                "throughput": 125,
                "volume_id": "vol-0aa9eb86a0cfb0d49",
                "volume_size": 8,
                "volume_type": "gp3"
              }
            ],
            "secondary_private_ips": [],
            "security_groups": [
              "sg-02d73aba9de8c6d3f"
            ],
            "source_dest_check": true,
            "subnet_id": "subnet-0bd198e888a63ea9e",
            "tags": {
              "Name": "Bastion_2_public"
            },
            "tags_all": {
              "Name": "Bastion_2_public"
            },
            "tenancy": "default",
            "timeouts": null,
            "user_data": "57264057ebd024bd7871eea80fcbb0fec4308b67",
            "user_data_base64": null,
            "user_data_replace_on_change": false,
            "volume_tags": null,
            "vpc_security_group_ids": [
              "sg-02d73aba9de8c6d3f"
            ]
          },
          "sensitive_attributes": [],
          "private": "eyJlMmJmYjczMC1lY2FhLTExZTYtOGY4OC0zNDM2M2JjN2M0YzAiOnsiY3JlYXRlIjo2MDAwMDAwMDAwMDAsImRlbGV0ZSI6MTIwMDAwMDAwMDAwMCwidXBkYXRlIjo2MDAwMDAwMDAwMDB9LCJzY2hlbWFfdmVyc2lvbiI6IjEifQ==",
          "dependencies": [
            "aws_iam_instance_profile.session_manager",
            "aws_iam_role.session_manager",
            "data.aws_iam_policy_document.ec2",
            "module.us-west-2.aws_security_group.ec2_security_group_vpc_2",
            "module.us-west-2.module.keypair.aws_key_pair.generated_key",
            "module.us-west-2.module.keypair.tls_private_key.ec2key",
            "module.us-west-2.module.vpc.aws_subnet.public_subnet_1_vpc_2",
            "module.us-west-2.module.vpc.aws_vpc.vpc_2"
          ],
          "create_before_destroy": true
        }
      ]
    },
    {
      "module": "module.us-west-2",
      "mode": "managed",
      "type": "aws_instance",
      "name": "webserver2",
      "provider": "provider[\"registry.terraform.io/hashicorp/aws\"]",
      "instances": [
        {
          "schema_version": 1,
          "attributes": {
            "ami": "ami-01cd4de4363ab6ee8",
            "arn": "arn:aws:ec2:us-west-2:159184128979:instance/i-0a38e8f74cef3b3c5",
            "associate_public_ip_address": true,
            "availability_zone": "us-west-2a",
            "capacity_reservation_specification": [
              {
                "capacity_reservation_preference": "open",
                "capacity_reservation_target": []
              }
            ],
            "cpu_core_count": 1,
            "cpu_options": [
              {
                "amd_sev_snp": "",
                "core_count": 1,
                "threads_per_core": 1
              }
            ],
            "cpu_threads_per_core": 1,
            "credit_specification": [
              {
                "cpu_credits": "standard"
              }
            ],
            "disable_api_stop": false,
            "disable_api_termination": false,
            "ebs_block_device": [],
            "ebs_optimized": false,
            "enclave_options": [
              {
                "enabled": false
              }
            ],
            "ephemeral_block_device": [],
            "get_password_data": false,
            "hibernation": false,
            "host_id": "",
            "host_resource_group_arn": null,
            "iam_instance_profile": "session_manager",
            "id": "i-0a38e8f74cef3b3c5",
            "instance_initiated_shutdown_behavior": "stop",
            "instance_state": "running",
            "instance_type": "t2.micro",
            "ipv6_address_count": 0,
            "ipv6_addresses": [],
            "key_name": "ec2key",
            "launch_template": [],
            "maintenance_options": [
              {
                "auto_recovery": "default"
              }
            ],
            "metadata_options": [
              {
                "http_endpoint": "enabled",
                "http_put_response_hop_limit": 2,
                "http_tokens": "required",
                "instance_metadata_tags": "disabled"
              }
            ],
            "monitoring": false,
            "network_interface": [],
            "outpost_arn": "",
            "password_data": "",
            "placement_group": "",
            "placement_partition_number": 0,
            "primary_network_interface_id": "eni-0b0644f204a5c70f7",
            "private_dns": "ip-10-1-2-42.us-west-2.compute.internal",
            "private_dns_name_options": [
              {
                "enable_resource_name_dns_a_record": false,
                "enable_resource_name_dns_aaaa_record": false,
                "hostname_type": "ip-name"
              }
            ],
            "private_ip": "10.1.2.42",
            "public_dns": "ec2-35-91-68-248.us-west-2.compute.amazonaws.com",
            "public_ip": "35.91.68.248",
            "root_block_device": [
              {
                "delete_on_termination": true,
                "device_name": "/dev/xvda",
                "encrypted": false,
                "iops": 3000,
                "kms_key_id": "",
                "tags": {},
                "throughput": 125,
                "volume_id": "vol-0bd6127215e67a728",
                "volume_size": 8,
                "volume_type": "gp3"
              }
            ],
            "secondary_private_ips": [],
            "security_groups": [
              "sg-02d73aba9de8c6d3f"
            ],
            "source_dest_check": true,
            "subnet_id": "subnet-07786fa5c7f56a1c9",
            "tags": {
              "Name": "webserver_2_private"
            },
            "tags_all": {
              "Name": "webserver_2_private"
            },
            "tenancy": "default",
            "timeouts": null,
            "user_data": "57264057ebd024bd7871eea80fcbb0fec4308b67",
            "user_data_base64": null,
            "user_data_replace_on_change": false,
            "volume_tags": null,
            "vpc_security_group_ids": [
              "sg-02d73aba9de8c6d3f"
            ]
          },
          "sensitive_attributes": [],
          "private": "eyJlMmJmYjczMC1lY2FhLTExZTYtOGY4OC0zNDM2M2JjN2M0YzAiOnsiY3JlYXRlIjo2MDAwMDAwMDAwMDAsImRlbGV0ZSI6MTIwMDAwMDAwMDAwMCwidXBkYXRlIjo2MDAwMDAwMDAwMDB9LCJzY2hlbWFfdmVyc2lvbiI6IjEifQ==",
          "dependencies": [
            "aws_iam_instance_profile.session_manager",
            "aws_iam_role.session_manager",
            "data.aws_iam_policy_document.ec2",
            "module.us-west-2.aws_security_group.ec2_security_group_vpc_2",
            "module.us-west-2.module.keypair.aws_key_pair.generated_key",
            "module.us-west-2.module.keypair.tls_private_key.ec2key",
            "module.us-west-2.module.vpc.aws_subnet.private_subnet_1_vcp_2",
            "module.us-west-2.module.vpc.aws_vpc.vpc_2"
          ],
          "create_before_destroy": true
        }
      ]
    },
    {
      "module": "module.us-west-2",
      "mode": "managed",
      "type": "aws_launch_configuration",
      "name": "ec2",
      "provider": "provider[\"registry.terraform.io/hashicorp/aws\"]",
      "instances": [
        {
          "schema_version": 0,
          "attributes": {
            "arn": "arn:aws:autoscaling:us-west-2:159184128979:launchConfiguration:bd0f8d93-7f3d-4172-b3ae-337be384bfb5:launchConfigurationName/terraform-lab-us-west-2_instances_1c",
            "associate_public_ip_address": false,
            "ebs_block_device": [],
            "ebs_optimized": false,
            "enable_monitoring": true,
            "ephemeral_block_device": [],
            "iam_instance_profile": "session_manager",
            "id": "terraform-lab-us-west-2_instances_1c",
            "image_id": "ami-01cd4de4363ab6ee8",
            "instance_type": "t2.micro",
            "key_name": "ec2key",
            "metadata_options": [],
            "name": "terraform-lab-us-west-2_instances_1c",
            "name_prefix": "",
            "placement_tenancy": "",
            "root_block_device": [],
            "security_groups": [
              "sg-072c176d3d023103c"
            ],
            "spot_price": "",
            "user_data": "4bbb97f87931289dd2228bc447e254f179f66009",
            "user_data_base64": null,
            "vpc_classic_link_id": "",
            "vpc_classic_link_security_groups": null
          },
          "sensitive_attributes": [],
          "private": "bnVsbA==",
          "dependencies": [
            "aws_iam_instance_profile.session_manager",
            "aws_iam_role.session_manager",
            "data.aws_iam_policy_document.ec2",
            "module.us-west-2.aws_security_group.ec2_security_group",
            "module.us-west-2.module.keypair.aws_key_pair.generated_key",
            "module.us-west-2.module.keypair.tls_private_key.ec2key",
            "module.us-west-2.module.vpc.aws_vpc.vpc_1"
          ],
          "create_before_destroy": true
        }
      ]
    },
    {
      "module": "module.us-west-2",
      "mode": "managed",
      "type": "aws_security_group",
      "name": "ec2_security_group",
      "provider": "provider[\"registry.terraform.io/hashicorp/aws\"]",
      "instances": [
        {
          "schema_version": 1,
          "attributes": {
            "arn": "arn:aws:ec2:us-west-2:159184128979:security-group/sg-072c176d3d023103c",
            "description": "Allow inbound access from the ALB only",
            "egress": [
              {
                "cidr_blocks": [
                  "0.0.0.0/0"
                ],
                "description": "",
                "from_port": 0,
                "ipv6_cidr_blocks": [],
                "prefix_list_ids": [],
                "protocol": "-1",
                "security_groups": [],
                "self": false,
                "to_port": 0
              }
            ],
            "id": "sg-072c176d3d023103c",
            "ingress": [
              {
                "cidr_blocks": [
                  "0.0.0.0/0"
                ],
                "description": "HTTP",
                "from_port": 80,
                "ipv6_cidr_blocks": [],
                "prefix_list_ids": [],
                "protocol": "tcp",
                "security_groups": [],
                "self": false,
                "to_port": 80
              },
              {
                "cidr_blocks": [
                  "0.0.0.0/0"
                ],
                "description": "HTTPS",
                "from_port": 443,
                "ipv6_cidr_blocks": [],
                "prefix_list_ids": [],
                "protocol": "tcp",
                "security_groups": [],
                "self": false,
                "to_port": 443
              },
              {
                "cidr_blocks": [
                  "0.0.0.0/0"
                ],
                "description": "SSH",
                "from_port": 22,
                "ipv6_cidr_blocks": [],
                "prefix_list_ids": [],
                "protocol": "tcp",
                "security_groups": [],
                "self": false,
                "to_port": 22
              }
            ],
            "name": "ec2_security_group",
            "name_prefix": "",
            "owner_id": "159184128979",
            "revoke_rules_on_delete": false,
            "tags": {
              "Name": "ec2_security_group"
            },
            "tags_all": {
              "Name": "ec2_security_group"
            },
            "timeouts": null,
            "vpc_id": "vpc-00817035927fb141f"
          },
          "sensitive_attributes": [],
          "private": "eyJlMmJmYjczMC1lY2FhLTExZTYtOGY4OC0zNDM2M2JjN2M0YzAiOnsiY3JlYXRlIjo2MDAwMDAwMDAwMDAsImRlbGV0ZSI6OTAwMDAwMDAwMDAwfSwic2NoZW1hX3ZlcnNpb24iOiIxIn0=",
          "dependencies": [
            "module.us-west-2.module.vpc.aws_vpc.vpc_1"
          ],
          "create_before_destroy": true
        }
      ]
    },
    {
      "module": "module.us-west-2",
      "mode": "managed",
      "type": "aws_security_group",
      "name": "ec2_security_group_vpc_2",
      "provider": "provider[\"registry.terraform.io/hashicorp/aws\"]",
      "instances": [
        {
          "schema_version": 1,
          "attributes": {
            "arn": "arn:aws:ec2:us-west-2:159184128979:security-group/sg-02d73aba9de8c6d3f",
            "description": "Allow inbound access from the ALB only",
            "egress": [
              {
                "cidr_blocks": [
                  "0.0.0.0/0"
                ],
                "description": "",
                "from_port": 0,
                "ipv6_cidr_blocks": [],
                "prefix_list_ids": [],
                "protocol": "-1",
                "security_groups": [],
                "self": false,
                "to_port": 0
              }
            ],
            "id": "sg-02d73aba9de8c6d3f",
            "ingress": [
              {
                "cidr_blocks": [
                  "0.0.0.0/0"
                ],
                "description": "HTTP",
                "from_port": 80,
                "ipv6_cidr_blocks": [],
                "prefix_list_ids": [],
                "protocol": "tcp",
                "security_groups": [],
                "self": false,
                "to_port": 80
              },
              {
                "cidr_blocks": [
                  "0.0.0.0/0"
                ],
                "description": "HTTPS",
                "from_port": 443,
                "ipv6_cidr_blocks": [],
                "prefix_list_ids": [],
                "protocol": "tcp",
                "security_groups": [],
                "self": false,
                "to_port": 443
              },
              {
                "cidr_blocks": [
                  "0.0.0.0/0"
                ],
                "description": "SSH",
                "from_port": 22,
                "ipv6_cidr_blocks": [],
                "prefix_list_ids": [],
                "protocol": "tcp",
                "security_groups": [],
                "self": false,
                "to_port": 22
              }
            ],
            "name": "ec2_security_group_2",
            "name_prefix": "",
            "owner_id": "159184128979",
            "revoke_rules_on_delete": false,
            "tags": {
              "Name": "ec2_security_group_2"
            },
            "tags_all": {
              "Name": "ec2_security_group_2"
            },
            "timeouts": null,
            "vpc_id": "vpc-0cc4bd4da4011d7fe"
          },
          "sensitive_attributes": [],
          "private": "eyJlMmJmYjczMC1lY2FhLTExZTYtOGY4OC0zNDM2M2JjN2M0YzAiOnsiY3JlYXRlIjo2MDAwMDAwMDAwMDAsImRlbGV0ZSI6OTAwMDAwMDAwMDAwfSwic2NoZW1hX3ZlcnNpb24iOiIxIn0=",
          "dependencies": [
            "module.us-west-2.module.vpc.aws_vpc.vpc_2"
          ],
          "create_before_destroy": true
        }
      ]
    },
    {
      "module": "module.us-west-2.module.autoscaling",
      "mode": "managed",
      "type": "aws_autoscaling_group",
      "name": "ec2-ec2_cluster",
      "provider": "provider[\"registry.terraform.io/hashicorp/aws\"]",
      "instances": [
        {
          "schema_version": 0,
          "attributes": {
            "arn": "arn:aws:autoscaling:us-west-2:159184128979:autoScalingGroup:4c77b57d-8c8e-4728-8253-e8ef0c4b0588:autoScalingGroupName/terraform-lab-us-west-2_auto_scaling_group",
            "availability_zones": [
              "us-west-2a",
              "us-west-2b"
            ],
            "capacity_rebalance": false,
            "context": "",
            "default_cooldown": 300,
            "default_instance_warmup": 0,
            "desired_capacity": 2,
            "desired_capacity_type": "",
            "enabled_metrics": null,
            "force_delete": false,
            "force_delete_warm_pool": false,
            "health_check_grace_period": 300,
            "health_check_type": "EC2",
            "id": "terraform-lab-us-west-2_auto_scaling_group",
            "initial_lifecycle_hook": [],
            "instance_refresh": [],
            "launch_configuration": "terraform-lab-us-west-2_instances_1c",
            "launch_template": [],
            "load_balancers": null,
            "max_instance_lifetime": 0,
            "max_size": 2,
            "metrics_granularity": "1Minute",
            "min_elb_capacity": null,
            "min_size": 2,
            "mixed_instances_policy": [],
            "name": "terraform-lab-us-west-2_auto_scaling_group",
            "name_prefix": "",
            "placement_group": "",
            "predicted_capacity": 0,
            "protect_from_scale_in": false,
            "service_linked_role_arn": "arn:aws:iam::159184128979:role/aws-service-role/autoscaling.amazonaws.com/AWSServiceRoleForAutoScaling",
            "suspended_processes": null,
            "tag": [],
            "tags": null,
            "target_group_arns": null,
            "termination_policies": null,
            "timeouts": null,
            "vpc_zone_identifier": [
              "subnet-01c99babb0c9ad9e3",
              "subnet-085577f0989f4861c"
            ],
            "wait_for_capacity_timeout": "10m",
            "wait_for_elb_capacity": null,
            "warm_pool": [],
            "warm_pool_size": 0
          },
          "sensitive_attributes": [],
          "private": "eyJlMmJmYjczMC1lY2FhLTExZTYtOGY4OC0zNDM2M2JjN2M0YzAiOnsiZGVsZXRlIjo2MDAwMDAwMDAwMDAsInVwZGF0ZSI6NjAwMDAwMDAwMDAwfX0=",
          "dependencies": [
            "aws_iam_instance_profile.session_manager",
            "aws_iam_role.session_manager",
            "data.aws_iam_policy_document.ec2",
            "module.us-west-2.aws_launch_configuration.ec2",
            "module.us-west-2.aws_security_group.ec2_security_group",
            "module.us-west-2.module.keypair.aws_key_pair.generated_key",
            "module.us-west-2.module.keypair.tls_private_key.ec2key",
            "module.us-west-2.module.vpc.aws_subnet.private_subnet_1_vpc_1",
            "module.us-west-2.module.vpc.aws_subnet.private_subnet_2_vpc_1",
            "module.us-west-2.module.vpc.aws_vpc.vpc_1"
          ]
        }
      ]
    },
    {
      "module": "module.us-west-2.module.keypair",
      "mode": "managed",
      "type": "aws_key_pair",
      "name": "generated_key",
      "provider": "provider[\"registry.terraform.io/hashicorp/aws\"]",
      "instances": [
        {
          "schema_version": 1,
          "attributes": {
            "arn": "arn:aws:ec2:us-west-2:159184128979:key-pair/ec2key",
            "fingerprint": "88:55:24:6e:ca:4e:0f:e0:79:3f:b3:23:f8:aa:a5:17",
            "id": "ec2key",
            "key_name": "ec2key",
            "key_name_prefix": "",
            "key_pair_id": "key-04fa689dab8019fbd",
            "key_type": "rsa",
            "public_key": "ssh-rsa AAAAB3NzaC1yc2EAAAADAQABAAACAQDDTYsGy7c5kF3izqRCeT33glxyY/s5fg+h2YHARWy42C5T7K+cbVZifgPo7eZlLyCyqhuM4iH0CHgUIAF7xQ738uf0MRwAu6Wl1DMNY3zSm29iwaQSwxlcfSd4CoyvWV2vlCEsp1A7+OL/Bu0nYtDp1gclbfQQwgOZxKFDCOZmV/X1TeLhPASxohrFikIZJYHEuebgP2vRIWXcaKm77e57209sZIKIwPFqZsFbVP+4L42ghOV8x0xO0Y6rLMTpVKPrkiona2qXcMlAMgKOuc+al/9rAhPslfqTyN45tRtzsPKoGRf5sP6ZrZVcc4Pp7izYA0HWOGD+Ic7+funpjmOSV0NscLp3gLYZ+pyYo3MIQ/ANckQQqVOZPLUTmNsfupGJhpKNDrc1t3wngIHMBw4EMAOz+aY9Vo8MzepzrZyhZYGIv0k2JvP/rUm3zJmrg1rY2wbuVcIvU0ekCYHpnxLMxwtwjBo1NyCA9PW5uBN7Wh6wrUgo92nOvjrvULX7ra6TcMtznghwY/0LYaLCK/gldwmHGErNSadIBFN/zoqvsP0Bcwm2j50ZcaEe6Vmco33zFDHM1Rw2eP4jxQezyMSY60/LusdQBJtV9bWOzcx0R8W3yyugHpleVI1Pxr5bkAHHLw7gbczSsmgHn6i2WDQR2az8AWMuqwTnYguCOA1f9w==",
            "tags": null,
            "tags_all": {}
          },
          "sensitive_attributes": [],
          "private": "eyJzY2hlbWFfdmVyc2lvbiI6IjEifQ==",
          "dependencies": [
            "module.us-west-2.module.keypair.tls_private_key.ec2key"
          ],
          "create_before_destroy": true
        }
      ]
    },
    {
      "module": "module.us-west-2.module.keypair",
      "mode": "managed",
      "type": "local_file",
      "name": "key",
      "provider": "provider[\"registry.terraform.io/hashicorp/local\"]",
      "instances": [
        {
          "schema_version": 0,
          "attributes": {
            "content": "-----BEGIN RSA PRIVATE KEY-----\nMIIJKQIBAAKCAgEAw02LBsu3OZBd4s6kQnk994JccmP7OX4PodmBwEVsuNguU+yv\nnG1WYn4D6O3mZS8gsqobjOIh9Ah4FCABe8UO9/Ln9DEcALulpdQzDWN80ptvYsGk\nEsMZXH0neAqMr1ldr5QhLKdQO/ji/wbtJ2LQ6dYHJW30EMIDmcShQwjmZlf19U3i\n4TwEsaIaxYpCGSWBxLnm4D9r0SFl3Gipu+3ue9tPbGSCiMDxambBW1T/uC+NoITl\nfMdMTtGOqyzE6VSj65IqJ2tql3DJQDICjrnPmpf/awIT7JX6k8jeObUbc7DyqBkX\n+bD+ma2VXHOD6e4s2ANB1jhg/iHO/n7p6Y5jkldDbHC6d4C2GfqcmKNzCEPwDXJE\nEKlTmTy1E5jbH7qRiYaSjQ63Nbd8J4CBzAcOBDADs/mmPVaPDM3qc62coWWBiL9J\nNibz/61Jt8yZq4Na2NsG7lXCL1NHpAmB6Z8SzMcLcIwaNTcggPT1ubgTe1oesK1I\nKPdpzr4671C1+62uk3DLc54IcGP9C2Giwiv4JXcJhxhKzUmnSARTf86Kr7D9AXMJ\nto+dGXGhHulZnKN98xQxzNUcNnj+I8UHs8jEmOtPy7rHUASbVfW1js3MdEfFt8sr\noB6ZXlSNT8a+W5ABxy8O4G3M0rJoB5+otlg0Edms/AFjLqsE52ILgjgNX/cCAwEA\nAQKCAgBo+ZMSsgjn/fsY3+1WdYijMwSxz5/HRUTtv9WIHUjVCg3MulmiAPr/sbA0\nUTsXg/9VSS3JyfpqCutQFev2NPNYvs2Caasdkb71pVtThPgg079JG8Au/YLyPasr\nULBRx/0dVMeIEt6DfcG1RmnOU8TrC0mICtO29jGtQw1S1MPSmtDva0/ZtMLpH7K4\nHxpsHcbkkO/R9QTkwcjYccFZ7AfVtwm3v0aSbvLUOCsSBlv1Ckpbz1LygMU5UFYZ\nF9U3fXEmO8hAq/H9OHhT8w2A3csC01RMli9TaUHokX0xE3GP+7pSNDq40TPoMm8n\n5EcxQ/4Cla2bkW5A6rcx/9GG4iwOGisomK649mSa0GmRRyU44GUyUw+bg1BRjR7K\nGYZYyzcSZP//GDItEMEiv7d422iNdiGbIPTuhHpV7HZP4OmuuuXB7LxCh0nowo5Z\n6h61Tpnk5jIG4O5gfsiie4L185u3p/vbpCH2cUDmqaY0jG2dm4S/NKUafJ0hJ4oe\nn4Y6uYGoKu7WnzOo1WKfsZDWFxgqwvH5n3SkwEpeYcUZchPZHKeocqNlzMUtnv3U\noks4aNMc9nKdCJzNcZh73gndQfIvaNDOifY0yccSWkR2rjENSKvd60Hmu4LRVV/I\nxtRUH9oHqL8QKGxbQsa2yxXrs4zOCcle1Xytygbq+3yKUdpfUQKCAQEA2Dvw4RxK\n51IaLF5PO0wHe1Xn38i/b+uIt4SMcdcPflzDdPSzAC07a9/TH/NP99kB6w/9bZsi\n9Ryj8knMCAreHwpmJp/V/KEu4EA4Qpo5OGqrVec9kh1Xjp4u/0HRJpGMqcId4i7K\nnPK7wblZm5xZnc6g3PyPhLuo5aAjfrDCLa2P8vjHgDCDKCJUG1kkA+dVEdcdZSwp\n/OgVAftZkATzeMwxPVWOcQbF7nfjDtdCipCUNcVBBNlQadwkjLh1JplZPsK+cR3b\ni162auTZ/3D/Ob1hGoO7K0KsZkb26SONQV9kK1krnLKau3UOwfZp6L3DeISzeh0U\nq+HI8jmK/UUhOwKCAQEA5zgu1ViKfEBsjAjumnBYV/Focc7jQyzQklOTqh2kZ8DN\n1G/oJ3E3Rrm8qFeKCRAr676jPag94PQsMuC091hLjG6VLzm189gc+VhrFdTze3m1\nfd0+lklWH+cW+GQo/hiMNLDbPx8RkXouEGs74tWBZRZaioMKh7b8k8JM5CsHEQOa\nam0i0kLJIvIfnjCP/FQu+qqnjI6gW2PFX22uVrpT5nEbXd1B+bwONabCI4/OVMjg\nHWCAKYyeTF47lC96FPQjRBLoJV0C7bCjbYWZNuSU40rJfdu5p+gfkJNsdDhPy7Ce\nrILBbBFeiBQV2YUTSepPjXLt2seCaK7kVq23sgyQdQKCAQEAzy43cOjT1+mxjDtc\nfPsu2/yGa8ODsS+i0ftdOaIOhUtKN2BRteSg344YUq+lOlshXGD4uDEBgIrNhtMw\ne7A1/NXQ5EcXF7Q0HsdJYH82PhjuSyOBueMFRm/HpekhBWxFs017poCgv1pPjaES\n+2cF8o7NUI9oz4uim0khWTzxACUhHHNDa06QDD9ACOgS+u6Gcs6CqrJzFJAluL1k\npfooceBreVHlZeRQd1lFI64aYnt+ljqGPqgdRSCZoH8IOFCL0vdy0x0Bgvrfm3Hk\ncbyJvn/2bxoylpOObXynDOB0cmN8rZAFmmECooPY/P0lostXY7z53hHJAZsXFwcN\nZff7iwKCAQEA5mwQCB7/i4msYvV3y0LQV3vFyT0TMFuV020kyDBYKelzdhS7t6rV\nGk95Gg57CkMqcfn+tjBW0jqjXWSgE6rTRzTgyTprAIHLhhW+Sfh5WQDWhIManyyg\nfpSOSKWQUIDoII5rQAFXQbIP+97RxGFfXP0k58plkRAjr6C/fdb/aM49cXgnboCN\n75x5M+1TYHQIiVfON33fgpPwGwSz68wuVoU7b5RS7myhgIgaCtSCG+4/oicMMdvn\n2VVDbI7Py9fs2Sc6YBnMFFGm3Dt6j8DGO6jJGfsBjrn90teICl4f726pAmQgG/FH\nUrcpeydqLIwsEVuKfC+831QDS/o9CVwKDQKCAQBo+K7nht0di8s3T91Cl/D/LJ/g\n836PDc218VTUHO7ymQkhyk94RVGax0LLLE8wv8+fyThGXUywd5nCBZNk9fuuj23Y\nRzOQMGa1vaaygz8llcSPC9HRaVKKIqRAp2jCSWViCDu8bv7N2dwGjf+UDDhcZvU+\nOdfS5NOtx/xGyTaluMhPZq88WarQ4tjwQEyvk9POGBsKmrZX29wgDy03Im1SL98s\nQrDYh3ADCgv8REJG1uWr3Imr5nn8hOAE1/hTmypg2rGDNRaQ8H0BAJ3Yg4cL2M4d\nxWgqcZiFRuXkeeB22GFygWOy0ASz4ca49grPdieNKXL7Skm6tztScnhRD/Hh\n-----END RSA PRIVATE KEY-----\n",
            "content_base64": null,
            "content_base64sha256": "sapik5ZPd6nCZP5ZXMUNS6OZeohweSVNkZFIanlcoBo=",
            "content_base64sha512": "jHR1kUTxG19ftlCA9IZpxPaaLZAzPR0n2uTAxkoCF7A7LLILL8KTUkPhhIXK7bI7WA8ancNpkhoeoSEl/vyA7g==",
            "content_md5": "ab3fd2625d32f7f6de9dd403d0877498",
            "content_sha1": "3db800afe92d275c26b9427684a973cd9ff98382",
            "content_sha256": "b1aa6293964f77a9c264fe595cc50d4ba3997a887079254d9191486a795ca01a",
            "content_sha512": "8c74759144f11b5f5fb65080f48669c4f69a2d90333d1d27dae4c0c64a0217b03b2cb20b2fc2935243e18485caedb23b580f1a9dc369921a1ea12125fefc80ee",
            "directory_permission": "0777",
            "file_permission": "0400",
            "filename": "ec2key.pem",
            "id": "3db800afe92d275c26b9427684a973cd9ff98382",
            "sensitive_content": null,
            "source": null
          },
          "sensitive_attributes": [
            [
              {
                "type": "get_attr",
                "value": "content"
              }
            ],
            [
              {
                "type": "get_attr",
                "value": "sensitive_content"
              }
            ]
          ],
          "dependencies": [
            "module.us-west-2.module.keypair.tls_private_key.ec2key"
          ]
        }
      ]
    },
    {
      "module": "module.us-west-2.module.keypair",
      "mode": "managed",
      "type": "tls_private_key",
      "name": "ec2key",
      "provider": "provider[\"registry.terraform.io/hashicorp/tls\"]",
      "instances": [
        {
          "schema_version": 1,
          "attributes": {
            "algorithm": "RSA",
            "ecdsa_curve": "P224",
            "id": "280a5334d7a928847c0860078092d3b032387f14",
            "private_key_openssh": "-----BEGIN OPENSSH PRIVATE KEY-----\nb3BlbnNzaC1rZXktdjEAAAAABG5vbmUAAAAEbm9uZQAAAAAAAAABAAACFwAAAAdz\nc2gtcnNhAAAAAwEAAQAAAgEAw02LBsu3OZBd4s6kQnk994JccmP7OX4PodmBwEVs\nuNguU+yvnG1WYn4D6O3mZS8gsqobjOIh9Ah4FCABe8UO9/Ln9DEcALulpdQzDWN8\n0ptvYsGkEsMZXH0neAqMr1ldr5QhLKdQO/ji/wbtJ2LQ6dYHJW30EMIDmcShQwjm\nZlf19U3i4TwEsaIaxYpCGSWBxLnm4D9r0SFl3Gipu+3ue9tPbGSCiMDxambBW1T/\nuC+NoITlfMdMTtGOqyzE6VSj65IqJ2tql3DJQDICjrnPmpf/awIT7JX6k8jeObUb\nc7DyqBkX+bD+ma2VXHOD6e4s2ANB1jhg/iHO/n7p6Y5jkldDbHC6d4C2GfqcmKNz\nCEPwDXJEEKlTmTy1E5jbH7qRiYaSjQ63Nbd8J4CBzAcOBDADs/mmPVaPDM3qc62c\noWWBiL9JNibz/61Jt8yZq4Na2NsG7lXCL1NHpAmB6Z8SzMcLcIwaNTcggPT1ubgT\ne1oesK1IKPdpzr4671C1+62uk3DLc54IcGP9C2Giwiv4JXcJhxhKzUmnSARTf86K\nr7D9AXMJto+dGXGhHulZnKN98xQxzNUcNnj+I8UHs8jEmOtPy7rHUASbVfW1js3M\ndEfFt8sroB6ZXlSNT8a+W5ABxy8O4G3M0rJoB5+otlg0Edms/AFjLqsE52ILgjgN\nX/cAAAc4xJOFksSThZIAAAAHc3NoLXJzYQAAAgEAw02LBsu3OZBd4s6kQnk994Jc\ncmP7OX4PodmBwEVsuNguU+yvnG1WYn4D6O3mZS8gsqobjOIh9Ah4FCABe8UO9/Ln\n9DEcALulpdQzDWN80ptvYsGkEsMZXH0neAqMr1ldr5QhLKdQO/ji/wbtJ2LQ6dYH\nJW30EMIDmcShQwjmZlf19U3i4TwEsaIaxYpCGSWBxLnm4D9r0SFl3Gipu+3ue9tP\nbGSCiMDxambBW1T/uC+NoITlfMdMTtGOqyzE6VSj65IqJ2tql3DJQDICjrnPmpf/\nawIT7JX6k8jeObUbc7DyqBkX+bD+ma2VXHOD6e4s2ANB1jhg/iHO/n7p6Y5jkldD\nbHC6d4C2GfqcmKNzCEPwDXJEEKlTmTy1E5jbH7qRiYaSjQ63Nbd8J4CBzAcOBDAD\ns/mmPVaPDM3qc62coWWBiL9JNibz/61Jt8yZq4Na2NsG7lXCL1NHpAmB6Z8SzMcL\ncIwaNTcggPT1ubgTe1oesK1IKPdpzr4671C1+62uk3DLc54IcGP9C2Giwiv4JXcJ\nhxhKzUmnSARTf86Kr7D9AXMJto+dGXGhHulZnKN98xQxzNUcNnj+I8UHs8jEmOtP\ny7rHUASbVfW1js3MdEfFt8sroB6ZXlSNT8a+W5ABxy8O4G3M0rJoB5+otlg0Edms\n/AFjLqsE52ILgjgNX/cAAAADAQABAAACAGj5kxKyCOf9+xjf7VZ1iKMzBLHPn8dF\nRO2/1YgdSNUKDcy6WaIA+v+xsDRROxeD/1VJLcnJ+moK61AV6/Y081i+zYJpqx2R\nvvWlW1OE+CDTv0kbwC79gvI9qytQsFHH/R1Ux4gS3oN9wbVGac5TxOsLSYgK07b2\nMa1DDVLUw9Ka0O9rT9m0wukfsrgfGmwdxuSQ79H1BOTByNhxwVnsB9W3Cbe/RpJu\n8tQ4KxIGW/UKSlvPUvKAxTlQVhkX1Td9cSY7yECr8f04eFPzDYDdywLTVEyWL1Np\nQeiRfTETcY/7ulI0OrjRM+gybyfkRzFD/gKVrZuRbkDqtzH/0YbiLA4aKyiYrrj2\nZJrQaZFHJTjgZTJTD5uDUFGNHsoZhljLNxJk//8YMi0QwSK/t3jbaI12IZsg9O6E\nelXsdk/g6a665cHsvEKHSejCjlnqHrVOmeTmMgbg7mB+yKJ7gvXzm7en+9ukIfZx\nQOappjSMbZ2bhL80pRp8nSEnih6fhjq5gagq7tafM6jVYp+xkNYXGCrC8fmfdKTA\nSl5hxRlyE9kcp6hyo2XMxS2e/dSiSzho0xz2cp0InM1xmHveCd1B8i9o0M6J9jTJ\nxxJaRHauMQ1Iq93rQea7gtFVX8jG1FQf2geovxAobFtCxrbLFeuzjM4JyV7VfK3K\nBur7fIpR2l9RAAABAGj4rueG3R2LyzdP3UKX8P8sn+Dzfo8NzbXxVNQc7vKZCSHK\nT3hFUZrHQsssTzC/z5/JOEZdTLB3mcIFk2T1+66PbdhHM5AwZrW9prKDPyWVxI8L\n0dFpUooipECnaMJJZWIIO7xu/s3Z3AaN/5QMOFxm9T4519Lk063H/EbJNqW4yE9m\nrzxZqtDi2PBATK+T084YGwqatlfb3CAPLTcibVIv3yxCsNiHcAMKC/xEQkbW5avc\niavmefyE4ATX+FObKmDasYM1FpDwfQEAndiDhwvYzh3FaCpxmIVG5eR54HbYYXKB\nY7LQBLPhxrj2Cs92J40pcvtKSbq3O1JyeFEP8eEAAAEBANg78OEcSudSGixeTztM\nB3tV59/Iv2/riLeEjHHXD35cw3T0swAtO2vf0x/zT/fZAesP/W2bIvUco/JJzAgK\n3h8KZiaf1fyhLuBAOEKaOThqq1XnPZIdV46eLv9B0SaRjKnCHeIuypzyu8G5WZuc\nWZ3OoNz8j4S7qOWgI36wwi2tj/L4x4AwgygiVBtZJAPnVRHXHWUsKfzoFQH7WZAE\n83jMMT1VjnEGxe534w7XQoqQlDXFQQTZUGncJIy4dSaZWT7CvnEd24tetmrk2f9w\n/zm9YRqDuytCrGZG9ukjjUFfZCtZK5yymrt1DsH2aei9w3iEs3odFKvhyPI5iv1F\nITsAAAEBAOc4LtVYinxAbIwI7ppwWFfxaHHO40Ms0JJTk6odpGfAzdRv6CdxN0a5\nvKhXigkQK+u+oz2oPeD0LDLgtPdYS4xulS85tfPYHPlYaxXU83t5tX3dPpZJVh/n\nFvhkKP4YjDSw2z8fEZF6LhBrO+LVgWUWWoqDCoe2/JPCTOQrBxEDmmptItJCySLy\nH54wj/xULvqqp4yOoFtjxV9trla6U+ZxG13dQfm8DjWmwiOPzlTI4B1ggCmMnkxe\nO5QvehT0I0QS6CVdAu2wo22FmTbklONKyX3buafoH5CTbHQ4T8uwnqyCwWwRXogU\nFdmFE0nqT41y7drHgmiu5Fatt7IMkHUAAAAAAQID\n-----END OPENSSH PRIVATE KEY-----\n",
            "private_key_pem": "-----BEGIN RSA PRIVATE KEY-----\nMIIJKQIBAAKCAgEAw02LBsu3OZBd4s6kQnk994JccmP7OX4PodmBwEVsuNguU+yv\nnG1WYn4D6O3mZS8gsqobjOIh9Ah4FCABe8UO9/Ln9DEcALulpdQzDWN80ptvYsGk\nEsMZXH0neAqMr1ldr5QhLKdQO/ji/wbtJ2LQ6dYHJW30EMIDmcShQwjmZlf19U3i\n4TwEsaIaxYpCGSWBxLnm4D9r0SFl3Gipu+3ue9tPbGSCiMDxambBW1T/uC+NoITl\nfMdMTtGOqyzE6VSj65IqJ2tql3DJQDICjrnPmpf/awIT7JX6k8jeObUbc7DyqBkX\n+bD+ma2VXHOD6e4s2ANB1jhg/iHO/n7p6Y5jkldDbHC6d4C2GfqcmKNzCEPwDXJE\nEKlTmTy1E5jbH7qRiYaSjQ63Nbd8J4CBzAcOBDADs/mmPVaPDM3qc62coWWBiL9J\nNibz/61Jt8yZq4Na2NsG7lXCL1NHpAmB6Z8SzMcLcIwaNTcggPT1ubgTe1oesK1I\nKPdpzr4671C1+62uk3DLc54IcGP9C2Giwiv4JXcJhxhKzUmnSARTf86Kr7D9AXMJ\nto+dGXGhHulZnKN98xQxzNUcNnj+I8UHs8jEmOtPy7rHUASbVfW1js3MdEfFt8sr\noB6ZXlSNT8a+W5ABxy8O4G3M0rJoB5+otlg0Edms/AFjLqsE52ILgjgNX/cCAwEA\nAQKCAgBo+ZMSsgjn/fsY3+1WdYijMwSxz5/HRUTtv9WIHUjVCg3MulmiAPr/sbA0\nUTsXg/9VSS3JyfpqCutQFev2NPNYvs2Caasdkb71pVtThPgg079JG8Au/YLyPasr\nULBRx/0dVMeIEt6DfcG1RmnOU8TrC0mICtO29jGtQw1S1MPSmtDva0/ZtMLpH7K4\nHxpsHcbkkO/R9QTkwcjYccFZ7AfVtwm3v0aSbvLUOCsSBlv1Ckpbz1LygMU5UFYZ\nF9U3fXEmO8hAq/H9OHhT8w2A3csC01RMli9TaUHokX0xE3GP+7pSNDq40TPoMm8n\n5EcxQ/4Cla2bkW5A6rcx/9GG4iwOGisomK649mSa0GmRRyU44GUyUw+bg1BRjR7K\nGYZYyzcSZP//GDItEMEiv7d422iNdiGbIPTuhHpV7HZP4OmuuuXB7LxCh0nowo5Z\n6h61Tpnk5jIG4O5gfsiie4L185u3p/vbpCH2cUDmqaY0jG2dm4S/NKUafJ0hJ4oe\nn4Y6uYGoKu7WnzOo1WKfsZDWFxgqwvH5n3SkwEpeYcUZchPZHKeocqNlzMUtnv3U\noks4aNMc9nKdCJzNcZh73gndQfIvaNDOifY0yccSWkR2rjENSKvd60Hmu4LRVV/I\nxtRUH9oHqL8QKGxbQsa2yxXrs4zOCcle1Xytygbq+3yKUdpfUQKCAQEA2Dvw4RxK\n51IaLF5PO0wHe1Xn38i/b+uIt4SMcdcPflzDdPSzAC07a9/TH/NP99kB6w/9bZsi\n9Ryj8knMCAreHwpmJp/V/KEu4EA4Qpo5OGqrVec9kh1Xjp4u/0HRJpGMqcId4i7K\nnPK7wblZm5xZnc6g3PyPhLuo5aAjfrDCLa2P8vjHgDCDKCJUG1kkA+dVEdcdZSwp\n/OgVAftZkATzeMwxPVWOcQbF7nfjDtdCipCUNcVBBNlQadwkjLh1JplZPsK+cR3b\ni162auTZ/3D/Ob1hGoO7K0KsZkb26SONQV9kK1krnLKau3UOwfZp6L3DeISzeh0U\nq+HI8jmK/UUhOwKCAQEA5zgu1ViKfEBsjAjumnBYV/Focc7jQyzQklOTqh2kZ8DN\n1G/oJ3E3Rrm8qFeKCRAr676jPag94PQsMuC091hLjG6VLzm189gc+VhrFdTze3m1\nfd0+lklWH+cW+GQo/hiMNLDbPx8RkXouEGs74tWBZRZaioMKh7b8k8JM5CsHEQOa\nam0i0kLJIvIfnjCP/FQu+qqnjI6gW2PFX22uVrpT5nEbXd1B+bwONabCI4/OVMjg\nHWCAKYyeTF47lC96FPQjRBLoJV0C7bCjbYWZNuSU40rJfdu5p+gfkJNsdDhPy7Ce\nrILBbBFeiBQV2YUTSepPjXLt2seCaK7kVq23sgyQdQKCAQEAzy43cOjT1+mxjDtc\nfPsu2/yGa8ODsS+i0ftdOaIOhUtKN2BRteSg344YUq+lOlshXGD4uDEBgIrNhtMw\ne7A1/NXQ5EcXF7Q0HsdJYH82PhjuSyOBueMFRm/HpekhBWxFs017poCgv1pPjaES\n+2cF8o7NUI9oz4uim0khWTzxACUhHHNDa06QDD9ACOgS+u6Gcs6CqrJzFJAluL1k\npfooceBreVHlZeRQd1lFI64aYnt+ljqGPqgdRSCZoH8IOFCL0vdy0x0Bgvrfm3Hk\ncbyJvn/2bxoylpOObXynDOB0cmN8rZAFmmECooPY/P0lostXY7z53hHJAZsXFwcN\nZff7iwKCAQEA5mwQCB7/i4msYvV3y0LQV3vFyT0TMFuV020kyDBYKelzdhS7t6rV\nGk95Gg57CkMqcfn+tjBW0jqjXWSgE6rTRzTgyTprAIHLhhW+Sfh5WQDWhIManyyg\nfpSOSKWQUIDoII5rQAFXQbIP+97RxGFfXP0k58plkRAjr6C/fdb/aM49cXgnboCN\n75x5M+1TYHQIiVfON33fgpPwGwSz68wuVoU7b5RS7myhgIgaCtSCG+4/oicMMdvn\n2VVDbI7Py9fs2Sc6YBnMFFGm3Dt6j8DGO6jJGfsBjrn90teICl4f726pAmQgG/FH\nUrcpeydqLIwsEVuKfC+831QDS/o9CVwKDQKCAQBo+K7nht0di8s3T91Cl/D/LJ/g\n836PDc218VTUHO7ymQkhyk94RVGax0LLLE8wv8+fyThGXUywd5nCBZNk9fuuj23Y\nRzOQMGa1vaaygz8llcSPC9HRaVKKIqRAp2jCSWViCDu8bv7N2dwGjf+UDDhcZvU+\nOdfS5NOtx/xGyTaluMhPZq88WarQ4tjwQEyvk9POGBsKmrZX29wgDy03Im1SL98s\nQrDYh3ADCgv8REJG1uWr3Imr5nn8hOAE1/hTmypg2rGDNRaQ8H0BAJ3Yg4cL2M4d\nxWgqcZiFRuXkeeB22GFygWOy0ASz4ca49grPdieNKXL7Skm6tztScnhRD/Hh\n-----END RSA PRIVATE KEY-----\n",
            "private_key_pem_pkcs8": "-----BEGIN PRIVATE KEY-----\nMIIJQwIBADANBgkqhkiG9w0BAQEFAASCCS0wggkpAgEAAoICAQDDTYsGy7c5kF3i\nzqRCeT33glxyY/s5fg+h2YHARWy42C5T7K+cbVZifgPo7eZlLyCyqhuM4iH0CHgU\nIAF7xQ738uf0MRwAu6Wl1DMNY3zSm29iwaQSwxlcfSd4CoyvWV2vlCEsp1A7+OL/\nBu0nYtDp1gclbfQQwgOZxKFDCOZmV/X1TeLhPASxohrFikIZJYHEuebgP2vRIWXc\naKm77e57209sZIKIwPFqZsFbVP+4L42ghOV8x0xO0Y6rLMTpVKPrkiona2qXcMlA\nMgKOuc+al/9rAhPslfqTyN45tRtzsPKoGRf5sP6ZrZVcc4Pp7izYA0HWOGD+Ic7+\nfunpjmOSV0NscLp3gLYZ+pyYo3MIQ/ANckQQqVOZPLUTmNsfupGJhpKNDrc1t3wn\ngIHMBw4EMAOz+aY9Vo8MzepzrZyhZYGIv0k2JvP/rUm3zJmrg1rY2wbuVcIvU0ek\nCYHpnxLMxwtwjBo1NyCA9PW5uBN7Wh6wrUgo92nOvjrvULX7ra6TcMtznghwY/0L\nYaLCK/gldwmHGErNSadIBFN/zoqvsP0Bcwm2j50ZcaEe6Vmco33zFDHM1Rw2eP4j\nxQezyMSY60/LusdQBJtV9bWOzcx0R8W3yyugHpleVI1Pxr5bkAHHLw7gbczSsmgH\nn6i2WDQR2az8AWMuqwTnYguCOA1f9wIDAQABAoICAGj5kxKyCOf9+xjf7VZ1iKMz\nBLHPn8dFRO2/1YgdSNUKDcy6WaIA+v+xsDRROxeD/1VJLcnJ+moK61AV6/Y081i+\nzYJpqx2RvvWlW1OE+CDTv0kbwC79gvI9qytQsFHH/R1Ux4gS3oN9wbVGac5TxOsL\nSYgK07b2Ma1DDVLUw9Ka0O9rT9m0wukfsrgfGmwdxuSQ79H1BOTByNhxwVnsB9W3\nCbe/RpJu8tQ4KxIGW/UKSlvPUvKAxTlQVhkX1Td9cSY7yECr8f04eFPzDYDdywLT\nVEyWL1NpQeiRfTETcY/7ulI0OrjRM+gybyfkRzFD/gKVrZuRbkDqtzH/0YbiLA4a\nKyiYrrj2ZJrQaZFHJTjgZTJTD5uDUFGNHsoZhljLNxJk//8YMi0QwSK/t3jbaI12\nIZsg9O6EelXsdk/g6a665cHsvEKHSejCjlnqHrVOmeTmMgbg7mB+yKJ7gvXzm7en\n+9ukIfZxQOappjSMbZ2bhL80pRp8nSEnih6fhjq5gagq7tafM6jVYp+xkNYXGCrC\n8fmfdKTASl5hxRlyE9kcp6hyo2XMxS2e/dSiSzho0xz2cp0InM1xmHveCd1B8i9o\n0M6J9jTJxxJaRHauMQ1Iq93rQea7gtFVX8jG1FQf2geovxAobFtCxrbLFeuzjM4J\nyV7VfK3KBur7fIpR2l9RAoIBAQDYO/DhHErnUhosXk87TAd7VeffyL9v64i3hIxx\n1w9+XMN09LMALTtr39Mf80/32QHrD/1tmyL1HKPyScwICt4fCmYmn9X8oS7gQDhC\nmjk4aqtV5z2SHVeOni7/QdEmkYypwh3iLsqc8rvBuVmbnFmdzqDc/I+Eu6jloCN+\nsMItrY/y+MeAMIMoIlQbWSQD51UR1x1lLCn86BUB+1mQBPN4zDE9VY5xBsXud+MO\n10KKkJQ1xUEE2VBp3CSMuHUmmVk+wr5xHduLXrZq5Nn/cP85vWEag7srQqxmRvbp\nI41BX2QrWSucspq7dQ7B9mnovcN4hLN6HRSr4cjyOYr9RSE7AoIBAQDnOC7VWIp8\nQGyMCO6acFhX8WhxzuNDLNCSU5OqHaRnwM3Ub+gncTdGubyoV4oJECvrvqM9qD3g\n9Cwy4LT3WEuMbpUvObXz2Bz5WGsV1PN7ebV93T6WSVYf5xb4ZCj+GIw0sNs/HxGR\nei4Qazvi1YFlFlqKgwqHtvyTwkzkKwcRA5pqbSLSQski8h+eMI/8VC76qqeMjqBb\nY8Vfba5WulPmcRtd3UH5vA41psIjj85UyOAdYIApjJ5MXjuUL3oU9CNEEuglXQLt\nsKNthZk25JTjSsl927mn6B+Qk2x0OE/LsJ6sgsFsEV6IFBXZhRNJ6k+Ncu3ax4Jo\nruRWrbeyDJB1AoIBAQDPLjdw6NPX6bGMO1x8+y7b/IZrw4OxL6LR+105og6FS0o3\nYFG15KDfjhhSr6U6WyFcYPi4MQGAis2G0zB7sDX81dDkRxcXtDQex0lgfzY+GO5L\nI4G54wVGb8el6SEFbEWzTXumgKC/Wk+NoRL7ZwXyjs1Qj2jPi6KbSSFZPPEAJSEc\nc0NrTpAMP0AI6BL67oZyzoKqsnMUkCW4vWSl+ihx4Gt5UeVl5FB3WUUjrhpie36W\nOoY+qB1FIJmgfwg4UIvS93LTHQGC+t+bceRxvIm+f/ZvGjKWk45tfKcM4HRyY3yt\nkAWaYQKig9j8/SWiy1djvPneEckBmxcXBw1l9/uLAoIBAQDmbBAIHv+Liaxi9XfL\nQtBXe8XJPRMwW5XTbSTIMFgp6XN2FLu3qtUaT3kaDnsKQypx+f62MFbSOqNdZKAT\nqtNHNODJOmsAgcuGFb5J+HlZANaEgxqfLKB+lI5IpZBQgOggjmtAAVdBsg/73tHE\nYV9c/STnymWRECOvoL991v9ozj1xeCdugI3vnHkz7VNgdAiJV843fd+Ck/AbBLPr\nzC5WhTtvlFLubKGAiBoK1IIb7j+iJwwx2+fZVUNsjs/L1+zZJzpgGcwUUabcO3qP\nwMY7qMkZ+wGOuf3S14gKXh/vbqkCZCAb8UdStyl7J2osjCwRW4p8L7zfVANL+j0J\nXAoNAoIBAGj4rueG3R2LyzdP3UKX8P8sn+Dzfo8NzbXxVNQc7vKZCSHKT3hFUZrH\nQsssTzC/z5/JOEZdTLB3mcIFk2T1+66PbdhHM5AwZrW9prKDPyWVxI8L0dFpUooi\npECnaMJJZWIIO7xu/s3Z3AaN/5QMOFxm9T4519Lk063H/EbJNqW4yE9mrzxZqtDi\n2PBATK+T084YGwqatlfb3CAPLTcibVIv3yxCsNiHcAMKC/xEQkbW5avciavmefyE\n4ATX+FObKmDasYM1FpDwfQEAndiDhwvYzh3FaCpxmIVG5eR54HbYYXKBY7LQBLPh\nxrj2Cs92J40pcvtKSbq3O1JyeFEP8eE=\n-----END PRIVATE KEY-----\n",
            "public_key_fingerprint_md5": "60:20:16:8b:8d:08:97:f7:33:cb:fd:7d:2c:02:9b:0b",
            "public_key_fingerprint_sha256": "SHA256:eVQ8Ayxyze2ngln1xa+95zR1Gg4Diu9t9IhWyvG1EmQ",
            "public_key_openssh": "ssh-rsa AAAAB3NzaC1yc2EAAAADAQABAAACAQDDTYsGy7c5kF3izqRCeT33glxyY/s5fg+h2YHARWy42C5T7K+cbVZifgPo7eZlLyCyqhuM4iH0CHgUIAF7xQ738uf0MRwAu6Wl1DMNY3zSm29iwaQSwxlcfSd4CoyvWV2vlCEsp1A7+OL/Bu0nYtDp1gclbfQQwgOZxKFDCOZmV/X1TeLhPASxohrFikIZJYHEuebgP2vRIWXcaKm77e57209sZIKIwPFqZsFbVP+4L42ghOV8x0xO0Y6rLMTpVKPrkiona2qXcMlAMgKOuc+al/9rAhPslfqTyN45tRtzsPKoGRf5sP6ZrZVcc4Pp7izYA0HWOGD+Ic7+funpjmOSV0NscLp3gLYZ+pyYo3MIQ/ANckQQqVOZPLUTmNsfupGJhpKNDrc1t3wngIHMBw4EMAOz+aY9Vo8MzepzrZyhZYGIv0k2JvP/rUm3zJmrg1rY2wbuVcIvU0ekCYHpnxLMxwtwjBo1NyCA9PW5uBN7Wh6wrUgo92nOvjrvULX7ra6TcMtznghwY/0LYaLCK/gldwmHGErNSadIBFN/zoqvsP0Bcwm2j50ZcaEe6Vmco33zFDHM1Rw2eP4jxQezyMSY60/LusdQBJtV9bWOzcx0R8W3yyugHpleVI1Pxr5bkAHHLw7gbczSsmgHn6i2WDQR2az8AWMuqwTnYguCOA1f9w==\n",
            "public_key_pem": "-----BEGIN PUBLIC KEY-----\nMIICIjANBgkqhkiG9w0BAQEFAAOCAg8AMIICCgKCAgEAw02LBsu3OZBd4s6kQnk9\n94JccmP7OX4PodmBwEVsuNguU+yvnG1WYn4D6O3mZS8gsqobjOIh9Ah4FCABe8UO\n9/Ln9DEcALulpdQzDWN80ptvYsGkEsMZXH0neAqMr1ldr5QhLKdQO/ji/wbtJ2LQ\n6dYHJW30EMIDmcShQwjmZlf19U3i4TwEsaIaxYpCGSWBxLnm4D9r0SFl3Gipu+3u\ne9tPbGSCiMDxambBW1T/uC+NoITlfMdMTtGOqyzE6VSj65IqJ2tql3DJQDICjrnP\nmpf/awIT7JX6k8jeObUbc7DyqBkX+bD+ma2VXHOD6e4s2ANB1jhg/iHO/n7p6Y5j\nkldDbHC6d4C2GfqcmKNzCEPwDXJEEKlTmTy1E5jbH7qRiYaSjQ63Nbd8J4CBzAcO\nBDADs/mmPVaPDM3qc62coWWBiL9JNibz/61Jt8yZq4Na2NsG7lXCL1NHpAmB6Z8S\nzMcLcIwaNTcggPT1ubgTe1oesK1IKPdpzr4671C1+62uk3DLc54IcGP9C2Giwiv4\nJXcJhxhKzUmnSARTf86Kr7D9AXMJto+dGXGhHulZnKN98xQxzNUcNnj+I8UHs8jE\nmOtPy7rHUASbVfW1js3MdEfFt8sroB6ZXlSNT8a+W5ABxy8O4G3M0rJoB5+otlg0\nEdms/AFjLqsE52ILgjgNX/cCAwEAAQ==\n-----END PUBLIC KEY-----\n",
            "rsa_bits": 4096
          },
          "sensitive_attributes": [
            [
              {
                "type": "get_attr",
                "value": "private_key_pem"
              }
            ],
            [
              {
                "type": "get_attr",
                "value": "private_key_openssh"
              }
            ],
            [
              {
                "type": "get_attr",
                "value": "private_key_pem_pkcs8"
              }
            ]
          ],
          "create_before_destroy": true
        }
      ]
    },
    {
      "module": "module.us-west-2.module.vpc",
      "mode": "managed",
      "type": "aws_internet_gateway",
      "name": "igw_vpc_1",
      "provider": "provider[\"registry.terraform.io/hashicorp/aws\"]",
      "instances": [
        {
          "schema_version": 0,
          "attributes": {
            "arn": "arn:aws:ec2:us-west-2:159184128979:internet-gateway/igw-0e76bf4c128ee2f61",
            "id": "igw-0e76bf4c128ee2f61",
            "owner_id": "159184128979",
            "tags": {
              "Name": "igw_vpc_1"
            },
            "tags_all": {
              "Name": "igw_vpc_1"
            },
            "timeouts": null,
            "vpc_id": "vpc-00817035927fb141f"
          },
          "sensitive_attributes": [],
          "private": "eyJlMmJmYjczMC1lY2FhLTExZTYtOGY4OC0zNDM2M2JjN2M0YzAiOnsiY3JlYXRlIjoxMjAwMDAwMDAwMDAwLCJkZWxldGUiOjEyMDAwMDAwMDAwMDAsInVwZGF0ZSI6MTIwMDAwMDAwMDAwMH19",
          "dependencies": [
            "module.us-west-2.module.vpc.aws_vpc.vpc_1"
          ]
        }
      ]
    },
    {
      "module": "module.us-west-2.module.vpc",
      "mode": "managed",
      "type": "aws_route_table",
      "name": "route_private_subnet_vpc_1",
      "provider": "provider[\"registry.terraform.io/hashicorp/aws\"]",
      "instances": [
        {
          "schema_version": 0,
          "attributes": {
            "arn": "arn:aws:ec2:us-west-2:159184128979:route-table/rtb-02de0ea6b817c3d5e",
            "id": "rtb-02de0ea6b817c3d5e",
            "owner_id": "159184128979",
            "propagating_vgws": [],
            "route": [],
            "tags": {
              "Name": "route_private_subnet_vpc_1"
            },
            "tags_all": {
              "Name": "route_private_subnet_vpc_1"
            },
            "timeouts": null,
            "vpc_id": "vpc-00817035927fb141f"
          },
          "sensitive_attributes": [],
          "private": "eyJlMmJmYjczMC1lY2FhLTExZTYtOGY4OC0zNDM2M2JjN2M0YzAiOnsiY3JlYXRlIjozMDAwMDAwMDAwMDAsImRlbGV0ZSI6MzAwMDAwMDAwMDAwLCJ1cGRhdGUiOjEyMDAwMDAwMDAwMH19",
          "dependencies": [
            "module.us-west-2.module.vpc.aws_vpc.vpc_1"
          ]
        }
      ]
    },
    {
      "module": "module.us-west-2.module.vpc",
      "mode": "managed",
      "type": "aws_route_table",
      "name": "route_private_subnet_vpc_2",
      "provider": "provider[\"registry.terraform.io/hashicorp/aws\"]",
      "instances": [
        {
          "schema_version": 0,
          "attributes": {
            "arn": "arn:aws:ec2:us-west-2:159184128979:route-table/rtb-0b8e1b9845eb00543",
            "id": "rtb-0b8e1b9845eb00543",
            "owner_id": "159184128979",
            "propagating_vgws": [],
            "route": [],
            "tags": {
              "Name": "route_private_subnet_vpc_2"
            },
            "tags_all": {
              "Name": "route_private_subnet_vpc_2"
            },
            "timeouts": null,
            "vpc_id": "vpc-0cc4bd4da4011d7fe"
          },
          "sensitive_attributes": [],
          "private": "eyJlMmJmYjczMC1lY2FhLTExZTYtOGY4OC0zNDM2M2JjN2M0YzAiOnsiY3JlYXRlIjozMDAwMDAwMDAwMDAsImRlbGV0ZSI6MzAwMDAwMDAwMDAwLCJ1cGRhdGUiOjEyMDAwMDAwMDAwMH19",
          "dependencies": [
            "module.us-west-2.module.vpc.aws_vpc.vpc_2"
          ]
        }
      ]
    },
    {
      "module": "module.us-west-2.module.vpc",
      "mode": "managed",
      "type": "aws_route_table",
      "name": "route_public_subnet_vpc_1",
      "provider": "provider[\"registry.terraform.io/hashicorp/aws\"]",
      "instances": [
        {
          "schema_version": 0,
          "attributes": {
            "arn": "arn:aws:ec2:us-west-2:159184128979:route-table/rtb-0eab67637f2b536d7",
            "id": "rtb-0eab67637f2b536d7",
            "owner_id": "159184128979",
            "propagating_vgws": [],
            "route": [
              {
                "carrier_gateway_id": "",
                "cidr_block": "0.0.0.0/0",
                "core_network_arn": "",
                "destination_prefix_list_id": "",
                "egress_only_gateway_id": "",
                "gateway_id": "igw-0e76bf4c128ee2f61",
                "instance_id": "",
                "ipv6_cidr_block": "",
                "local_gateway_id": "",
                "nat_gateway_id": "",
                "network_interface_id": "",
                "transit_gateway_id": "",
                "vpc_endpoint_id": "",
                "vpc_peering_connection_id": ""
              }
            ],
            "tags": {
              "Name": "route_public_subnet_vpc_1"
            },
            "tags_all": {
              "Name": "route_public_subnet_vpc_1"
            },
            "timeouts": null,
            "vpc_id": "vpc-00817035927fb141f"
          },
          "sensitive_attributes": [],
          "private": "eyJlMmJmYjczMC1lY2FhLTExZTYtOGY4OC0zNDM2M2JjN2M0YzAiOnsiY3JlYXRlIjozMDAwMDAwMDAwMDAsImRlbGV0ZSI6MzAwMDAwMDAwMDAwLCJ1cGRhdGUiOjEyMDAwMDAwMDAwMH19",
          "dependencies": [
            "module.us-west-2.module.vpc.aws_internet_gateway.igw_vpc_1",
            "module.us-west-2.module.vpc.aws_vpc.vpc_1"
          ]
        }
      ]
    },
    {
      "module": "module.us-west-2.module.vpc",
      "mode": "managed",
      "type": "aws_route_table_association",
      "name": "private_route_1_association",
      "provider": "provider[\"registry.terraform.io/hashicorp/aws\"]",
      "instances": [
        {
          "schema_version": 0,
          "attributes": {
            "gateway_id": "",
            "id": "rtbassoc-06a63cc6563fafc2b",
            "route_table_id": "rtb-02de0ea6b817c3d5e",
            "subnet_id": "subnet-085577f0989f4861c",
            "timeouts": null
          },
          "sensitive_attributes": [],
          "private": "eyJlMmJmYjczMC1lY2FhLTExZTYtOGY4OC0zNDM2M2JjN2M0YzAiOnsiY3JlYXRlIjozMDAwMDAwMDAwMDAsImRlbGV0ZSI6MzAwMDAwMDAwMDAwLCJ1cGRhdGUiOjEyMDAwMDAwMDAwMH19",
          "dependencies": [
            "module.us-west-2.module.vpc.aws_route_table.route_private_subnet_vpc_1",
            "module.us-west-2.module.vpc.aws_subnet.private_subnet_1_vpc_1",
            "module.us-west-2.module.vpc.aws_vpc.vpc_1"
          ]
        }
      ]
    },
    {
      "module": "module.us-west-2.module.vpc",
      "mode": "managed",
      "type": "aws_route_table_association",
      "name": "private_route_1_association_vpc_2",
      "provider": "provider[\"registry.terraform.io/hashicorp/aws\"]",
      "instances": [
        {
          "schema_version": 0,
          "attributes": {
            "gateway_id": "",
            "id": "rtbassoc-0978545847edcd00e",
            "route_table_id": "rtb-0b8e1b9845eb00543",
            "subnet_id": "subnet-07786fa5c7f56a1c9",
            "timeouts": null
          },
          "sensitive_attributes": [],
          "private": "eyJlMmJmYjczMC1lY2FhLTExZTYtOGY4OC0zNDM2M2JjN2M0YzAiOnsiY3JlYXRlIjozMDAwMDAwMDAwMDAsImRlbGV0ZSI6MzAwMDAwMDAwMDAwLCJ1cGRhdGUiOjEyMDAwMDAwMDAwMH19",
          "dependencies": [
            "module.us-west-2.module.vpc.aws_route_table.route_private_subnet_vpc_2",
            "module.us-west-2.module.vpc.aws_subnet.private_subnet_1_vcp_2",
            "module.us-west-2.module.vpc.aws_vpc.vpc_2"
          ]
        }
      ]
    },
    {
      "module": "module.us-west-2.module.vpc",
      "mode": "managed",
      "type": "aws_route_table_association",
      "name": "private_route_2_association",
      "provider": "provider[\"registry.terraform.io/hashicorp/aws\"]",
      "instances": [
        {
          "schema_version": 0,
          "attributes": {
            "gateway_id": "",
            "id": "rtbassoc-0e9c6df1369ed3854",
            "route_table_id": "rtb-02de0ea6b817c3d5e",
            "subnet_id": "subnet-01c99babb0c9ad9e3",
            "timeouts": null
          },
          "sensitive_attributes": [],
          "private": "eyJlMmJmYjczMC1lY2FhLTExZTYtOGY4OC0zNDM2M2JjN2M0YzAiOnsiY3JlYXRlIjozMDAwMDAwMDAwMDAsImRlbGV0ZSI6MzAwMDAwMDAwMDAwLCJ1cGRhdGUiOjEyMDAwMDAwMDAwMH19",
          "dependencies": [
            "module.us-west-2.module.vpc.aws_route_table.route_private_subnet_vpc_1",
            "module.us-west-2.module.vpc.aws_subnet.private_subnet_2_vpc_1",
            "module.us-west-2.module.vpc.aws_vpc.vpc_1"
          ]
        }
      ]
    },
    {
      "module": "module.us-west-2.module.vpc",
      "mode": "managed",
      "type": "aws_route_table_association",
      "name": "public_route_1_association",
      "provider": "provider[\"registry.terraform.io/hashicorp/aws\"]",
      "instances": [
        {
          "schema_version": 0,
          "attributes": {
            "gateway_id": "",
            "id": "rtbassoc-00f71ed9935e5320d",
            "route_table_id": "rtb-0eab67637f2b536d7",
            "subnet_id": "subnet-0702b125e74ada4d1",
            "timeouts": null
          },
          "sensitive_attributes": [],
          "private": "eyJlMmJmYjczMC1lY2FhLTExZTYtOGY4OC0zNDM2M2JjN2M0YzAiOnsiY3JlYXRlIjozMDAwMDAwMDAwMDAsImRlbGV0ZSI6MzAwMDAwMDAwMDAwLCJ1cGRhdGUiOjEyMDAwMDAwMDAwMH19",
          "dependencies": [
            "module.us-west-2.module.vpc.aws_internet_gateway.igw_vpc_1",
            "module.us-west-2.module.vpc.aws_route_table.route_public_subnet_vpc_1",
            "module.us-west-2.module.vpc.aws_subnet.public_sebnet_1_vpc_1",
            "module.us-west-2.module.vpc.aws_vpc.vpc_1"
          ]
        }
      ]
    },
    {
      "module": "module.us-west-2.module.vpc",
      "mode": "managed",
      "type": "aws_route_table_association",
      "name": "public_route_2_association",
      "provider": "provider[\"registry.terraform.io/hashicorp/aws\"]",
      "instances": [
        {
          "schema_version": 0,
          "attributes": {
            "gateway_id": "",
            "id": "rtbassoc-081c93f4471ba1ccf",
            "route_table_id": "rtb-0eab67637f2b536d7",
            "subnet_id": "subnet-0b7e8662a5818a32e",
            "timeouts": null
          },
          "sensitive_attributes": [],
          "private": "eyJlMmJmYjczMC1lY2FhLTExZTYtOGY4OC0zNDM2M2JjN2M0YzAiOnsiY3JlYXRlIjozMDAwMDAwMDAwMDAsImRlbGV0ZSI6MzAwMDAwMDAwMDAwLCJ1cGRhdGUiOjEyMDAwMDAwMDAwMH19",
          "dependencies": [
            "module.us-west-2.module.vpc.aws_internet_gateway.igw_vpc_1",
            "module.us-west-2.module.vpc.aws_route_table.route_public_subnet_vpc_1",
            "module.us-west-2.module.vpc.aws_subnet.public_subnet_2_vpc_1",
            "module.us-west-2.module.vpc.aws_vpc.vpc_1"
          ]
        }
      ]
    },
    {
      "module": "module.us-west-2.module.vpc",
      "mode": "managed",
      "type": "aws_subnet",
      "name": "private_subnet_1_vcp_2",
      "provider": "provider[\"registry.terraform.io/hashicorp/aws\"]",
      "instances": [
        {
          "schema_version": 1,
          "attributes": {
            "arn": "arn:aws:ec2:us-west-2:159184128979:subnet/subnet-07786fa5c7f56a1c9",
            "assign_ipv6_address_on_creation": false,
            "availability_zone": "us-west-2a",
            "availability_zone_id": "usw2-az2",
            "cidr_block": "10.1.2.0/24",
            "customer_owned_ipv4_pool": "",
            "enable_dns64": false,
            "enable_lni_at_device_index": 0,
            "enable_resource_name_dns_a_record_on_launch": false,
            "enable_resource_name_dns_aaaa_record_on_launch": false,
            "id": "subnet-07786fa5c7f56a1c9",
            "ipv6_cidr_block": "",
            "ipv6_cidr_block_association_id": "",
            "ipv6_native": false,
            "map_customer_owned_ip_on_launch": false,
            "map_public_ip_on_launch": true,
            "outpost_arn": "",
            "owner_id": "159184128979",
            "private_dns_hostname_type_on_launch": "ip-name",
            "tags": {
              "Name": "private_subnet_1_vpc_2"
            },
            "tags_all": {
              "Name": "private_subnet_1_vpc_2"
            },
            "timeouts": null,
            "vpc_id": "vpc-0cc4bd4da4011d7fe"
          },
          "sensitive_attributes": [],
          "private": "eyJlMmJmYjczMC1lY2FhLTExZTYtOGY4OC0zNDM2M2JjN2M0YzAiOnsiY3JlYXRlIjo2MDAwMDAwMDAwMDAsImRlbGV0ZSI6MTIwMDAwMDAwMDAwMH0sInNjaGVtYV92ZXJzaW9uIjoiMSJ9",
          "dependencies": [
            "module.us-west-2.module.vpc.aws_vpc.vpc_2"
          ],
          "create_before_destroy": true
        }
      ]
    },
    {
      "module": "module.us-west-2.module.vpc",
      "mode": "managed",
      "type": "aws_subnet",
      "name": "private_subnet_1_vpc_1",
      "provider": "provider[\"registry.terraform.io/hashicorp/aws\"]",
      "instances": [
        {
          "schema_version": 1,
          "attributes": {
            "arn": "arn:aws:ec2:us-west-2:159184128979:subnet/subnet-085577f0989f4861c",
            "assign_ipv6_address_on_creation": false,
            "availability_zone": "us-west-2a",
            "availability_zone_id": "usw2-az2",
            "cidr_block": "10.0.3.0/24",
            "customer_owned_ipv4_pool": "",
            "enable_dns64": false,
            "enable_lni_at_device_index": 0,
            "enable_resource_name_dns_a_record_on_launch": false,
            "enable_resource_name_dns_aaaa_record_on_launch": false,
            "id": "subnet-085577f0989f4861c",
            "ipv6_cidr_block": "",
            "ipv6_cidr_block_association_id": "",
            "ipv6_native": false,
            "map_customer_owned_ip_on_launch": false,
            "map_public_ip_on_launch": true,
            "outpost_arn": "",
            "owner_id": "159184128979",
            "private_dns_hostname_type_on_launch": "ip-name",
            "tags": {
              "Name": "private_subnet_1_vpc_1"
            },
            "tags_all": {
              "Name": "private_subnet_1_vpc_1"
            },
            "timeouts": null,
            "vpc_id": "vpc-00817035927fb141f"
          },
          "sensitive_attributes": [],
          "private": "eyJlMmJmYjczMC1lY2FhLTExZTYtOGY4OC0zNDM2M2JjN2M0YzAiOnsiY3JlYXRlIjo2MDAwMDAwMDAwMDAsImRlbGV0ZSI6MTIwMDAwMDAwMDAwMH0sInNjaGVtYV92ZXJzaW9uIjoiMSJ9",
          "dependencies": [
            "module.us-west-2.module.vpc.aws_vpc.vpc_1"
          ]
        }
      ]
    },
    {
      "module": "module.us-west-2.module.vpc",
      "mode": "managed",
      "type": "aws_subnet",
      "name": "private_subnet_2_vpc_1",
      "provider": "provider[\"registry.terraform.io/hashicorp/aws\"]",
      "instances": [
        {
          "schema_version": 1,
          "attributes": {
            "arn": "arn:aws:ec2:us-west-2:159184128979:subnet/subnet-01c99babb0c9ad9e3",
            "assign_ipv6_address_on_creation": false,
            "availability_zone": "us-west-2b",
            "availability_zone_id": "usw2-az1",
            "cidr_block": "10.0.4.0/24",
            "customer_owned_ipv4_pool": "",
            "enable_dns64": false,
            "enable_lni_at_device_index": 0,
            "enable_resource_name_dns_a_record_on_launch": false,
            "enable_resource_name_dns_aaaa_record_on_launch": false,
            "id": "subnet-01c99babb0c9ad9e3",
            "ipv6_cidr_block": "",
            "ipv6_cidr_block_association_id": "",
            "ipv6_native": false,
            "map_customer_owned_ip_on_launch": false,
            "map_public_ip_on_launch": true,
            "outpost_arn": "",
            "owner_id": "159184128979",
            "private_dns_hostname_type_on_launch": "ip-name",
            "tags": {
              "Name": "private_subnet_2_vpc_1"
            },
            "tags_all": {
              "Name": "private_subnet_2_vpc_1"
            },
            "timeouts": null,
            "vpc_id": "vpc-00817035927fb141f"
          },
          "sensitive_attributes": [],
          "private": "eyJlMmJmYjczMC1lY2FhLTExZTYtOGY4OC0zNDM2M2JjN2M0YzAiOnsiY3JlYXRlIjo2MDAwMDAwMDAwMDAsImRlbGV0ZSI6MTIwMDAwMDAwMDAwMH0sInNjaGVtYV92ZXJzaW9uIjoiMSJ9",
          "dependencies": [
            "module.us-west-2.module.vpc.aws_vpc.vpc_1"
          ]
        }
      ]
    },
    {
      "module": "module.us-west-2.module.vpc",
      "mode": "managed",
      "type": "aws_subnet",
      "name": "public_sebnet_1_vpc_1",
      "provider": "provider[\"registry.terraform.io/hashicorp/aws\"]",
      "instances": [
        {
          "schema_version": 1,
          "attributes": {
            "arn": "arn:aws:ec2:us-west-2:159184128979:subnet/subnet-0702b125e74ada4d1",
            "assign_ipv6_address_on_creation": false,
            "availability_zone": "us-west-2a",
            "availability_zone_id": "usw2-az2",
            "cidr_block": "10.0.1.0/24",
            "customer_owned_ipv4_pool": "",
            "enable_dns64": false,
            "enable_lni_at_device_index": 0,
            "enable_resource_name_dns_a_record_on_launch": false,
            "enable_resource_name_dns_aaaa_record_on_launch": false,
            "id": "subnet-0702b125e74ada4d1",
            "ipv6_cidr_block": "",
            "ipv6_cidr_block_association_id": "",
            "ipv6_native": false,
            "map_customer_owned_ip_on_launch": false,
            "map_public_ip_on_launch": true,
            "outpost_arn": "",
            "owner_id": "159184128979",
            "private_dns_hostname_type_on_launch": "ip-name",
            "tags": {
              "Name": "public_sebnet_1_vpc_1"
            },
            "tags_all": {
              "Name": "public_sebnet_1_vpc_1"
            },
            "timeouts": null,
            "vpc_id": "vpc-00817035927fb141f"
          },
          "sensitive_attributes": [],
          "private": "eyJlMmJmYjczMC1lY2FhLTExZTYtOGY4OC0zNDM2M2JjN2M0YzAiOnsiY3JlYXRlIjo2MDAwMDAwMDAwMDAsImRlbGV0ZSI6MTIwMDAwMDAwMDAwMH0sInNjaGVtYV92ZXJzaW9uIjoiMSJ9",
          "dependencies": [
            "module.us-west-2.module.vpc.aws_vpc.vpc_1"
          ],
          "create_before_destroy": true
        }
      ]
    },
    {
      "module": "module.us-west-2.module.vpc",
      "mode": "managed",
      "type": "aws_subnet",
      "name": "public_subnet_1_vpc_2",
      "provider": "provider[\"registry.terraform.io/hashicorp/aws\"]",
      "instances": [
        {
          "schema_version": 1,
          "attributes": {
            "arn": "arn:aws:ec2:us-west-2:159184128979:subnet/subnet-0bd198e888a63ea9e",
            "assign_ipv6_address_on_creation": false,
            "availability_zone": "us-west-2a",
            "availability_zone_id": "usw2-az2",
            "cidr_block": "10.1.1.0/24",
            "customer_owned_ipv4_pool": "",
            "enable_dns64": false,
            "enable_lni_at_device_index": 0,
            "enable_resource_name_dns_a_record_on_launch": false,
            "enable_resource_name_dns_aaaa_record_on_launch": false,
            "id": "subnet-0bd198e888a63ea9e",
            "ipv6_cidr_block": "",
            "ipv6_cidr_block_association_id": "",
            "ipv6_native": false,
            "map_customer_owned_ip_on_launch": false,
            "map_public_ip_on_launch": true,
            "outpost_arn": "",
            "owner_id": "159184128979",
            "private_dns_hostname_type_on_launch": "ip-name",
            "tags": {
              "Name": "public_subnet_1_vpc_2"
            },
            "tags_all": {
              "Name": "public_subnet_1_vpc_2"
            },
            "timeouts": null,
            "vpc_id": "vpc-0cc4bd4da4011d7fe"
          },
          "sensitive_attributes": [],
          "private": "eyJlMmJmYjczMC1lY2FhLTExZTYtOGY4OC0zNDM2M2JjN2M0YzAiOnsiY3JlYXRlIjo2MDAwMDAwMDAwMDAsImRlbGV0ZSI6MTIwMDAwMDAwMDAwMH0sInNjaGVtYV92ZXJzaW9uIjoiMSJ9",
          "dependencies": [
            "module.us-west-2.module.vpc.aws_vpc.vpc_2"
          ],
          "create_before_destroy": true
        }
      ]
    },
    {
      "module": "module.us-west-2.module.vpc",
      "mode": "managed",
      "type": "aws_subnet",
      "name": "public_subnet_2_vpc_1",
      "provider": "provider[\"registry.terraform.io/hashicorp/aws\"]",
      "instances": [
        {
          "schema_version": 1,
          "attributes": {
            "arn": "arn:aws:ec2:us-west-2:159184128979:subnet/subnet-0b7e8662a5818a32e",
            "assign_ipv6_address_on_creation": false,
            "availability_zone": "us-west-2b",
            "availability_zone_id": "usw2-az1",
            "cidr_block": "10.0.2.0/24",
            "customer_owned_ipv4_pool": "",
            "enable_dns64": false,
            "enable_lni_at_device_index": 0,
            "enable_resource_name_dns_a_record_on_launch": false,
            "enable_resource_name_dns_aaaa_record_on_launch": false,
            "id": "subnet-0b7e8662a5818a32e",
            "ipv6_cidr_block": "",
            "ipv6_cidr_block_association_id": "",
            "ipv6_native": false,
            "map_customer_owned_ip_on_launch": false,
            "map_public_ip_on_launch": true,
            "outpost_arn": "",
            "owner_id": "159184128979",
            "private_dns_hostname_type_on_launch": "ip-name",
            "tags": {
              "Name": "public_subnet_2_vpc_1"
            },
            "tags_all": {
              "Name": "public_subnet_2_vpc_1"
            },
            "timeouts": null,
            "vpc_id": "vpc-00817035927fb141f"
          },
          "sensitive_attributes": [],
          "private": "eyJlMmJmYjczMC1lY2FhLTExZTYtOGY4OC0zNDM2M2JjN2M0YzAiOnsiY3JlYXRlIjo2MDAwMDAwMDAwMDAsImRlbGV0ZSI6MTIwMDAwMDAwMDAwMH0sInNjaGVtYV92ZXJzaW9uIjoiMSJ9",
          "dependencies": [
            "module.us-west-2.module.vpc.aws_vpc.vpc_1"
          ],
          "create_before_destroy": true
        }
      ]
    },
    {
      "module": "module.us-west-2.module.vpc",
      "mode": "managed",
      "type": "aws_vpc",
      "name": "vpc_1",
      "provider": "provider[\"registry.terraform.io/hashicorp/aws\"]",
      "instances": [
        {
          "schema_version": 1,
          "attributes": {
            "arn": "arn:aws:ec2:us-west-2:159184128979:vpc/vpc-00817035927fb141f",
            "assign_generated_ipv6_cidr_block": false,
            "cidr_block": "10.0.0.0/16",
            "default_network_acl_id": "acl-0a5fe83427d8e5319",
            "default_route_table_id": "rtb-0f343bc41fd985c23",
            "default_security_group_id": "sg-0d34f5c4a105b401a",
            "dhcp_options_id": "dopt-0a104df655c24d9c1",
            "enable_classiclink": false,
            "enable_classiclink_dns_support": false,
            "enable_dns_hostnames": true,
            "enable_dns_support": true,
            "enable_network_address_usage_metrics": false,
            "id": "vpc-00817035927fb141f",
            "instance_tenancy": "default",
            "ipv4_ipam_pool_id": null,
            "ipv4_netmask_length": null,
            "ipv6_association_id": "",
            "ipv6_cidr_block": "",
            "ipv6_cidr_block_network_border_group": "",
            "ipv6_ipam_pool_id": "",
            "ipv6_netmask_length": 0,
            "main_route_table_id": "rtb-0f343bc41fd985c23",
            "owner_id": "159184128979",
            "tags": {
              "Name": "vpc_1"
            },
            "tags_all": {
              "Name": "vpc_1"
            }
          },
          "sensitive_attributes": [],
          "private": "eyJzY2hlbWFfdmVyc2lvbiI6IjEifQ==",
          "create_before_destroy": true
        }
      ]
    },
    {
      "module": "module.us-west-2.module.vpc",
      "mode": "managed",
      "type": "aws_vpc",
      "name": "vpc_2",
      "provider": "provider[\"registry.terraform.io/hashicorp/aws\"]",
      "instances": [
        {
          "schema_version": 1,
          "attributes": {
            "arn": "arn:aws:ec2:us-west-2:159184128979:vpc/vpc-0cc4bd4da4011d7fe",
            "assign_generated_ipv6_cidr_block": false,
            "cidr_block": "10.1.0.0/16",
            "default_network_acl_id": "acl-05ad77317894663f6",
            "default_route_table_id": "rtb-01410ef72eae0e777",
            "default_security_group_id": "sg-0e8f832d8e0a80a7c",
            "dhcp_options_id": "dopt-0a104df655c24d9c1",
            "enable_classiclink": false,
            "enable_classiclink_dns_support": false,
            "enable_dns_hostnames": true,
            "enable_dns_support": true,
            "enable_network_address_usage_metrics": false,
            "id": "vpc-0cc4bd4da4011d7fe",
            "instance_tenancy": "default",
            "ipv4_ipam_pool_id": null,
            "ipv4_netmask_length": null,
            "ipv6_association_id": "",
            "ipv6_cidr_block": "",
            "ipv6_cidr_block_network_border_group": "",
            "ipv6_ipam_pool_id": "",
            "ipv6_netmask_length": 0,
            "main_route_table_id": "rtb-01410ef72eae0e777",
            "owner_id": "159184128979",
            "tags": {
              "Name": "vpc_2"
            },
            "tags_all": {
              "Name": "vpc_2"
            }
          },
          "sensitive_attributes": [],
          "private": "eyJzY2hlbWFfdmVyc2lvbiI6IjEifQ==",
          "create_before_destroy": true
        }
      ]
    }
  ],
  "check_results": null
}
