{
  "version": 4,
  "terraform_version": "1.8.0",
  "serial": 4463,
  "lineage": "4448c0e5-e53f-3477-ddc4-52db5cff8da4",
  "outputs": {},
  "resources": [
    {
      "module": "module.us-west-2",
      "mode": "data",
      "type": "aws_iam_policy_document",
      "name": "ec2",
      "provider": "provider[\"registry.terraform.io/hashicorp/aws\"].uswest2",
      "instances": [
        {
          "schema_version": 0,
          "attributes": {
            "id": "1903849331",
            "json": "{\n  \"Version\": \"2012-10-17\",\n  \"Statement\": [\n    {\n      \"Sid\": \"\",\n      \"Effect\": \"Allow\",\n      \"Action\": \"sts:AssumeRole\",\n      \"Principal\": {\n        \"Service\": \"ec2.amazonaws.com\"\n      }\n    }\n  ]\n}",
            "override_json": null,
            "override_policy_documents": null,
            "policy_id": null,
            "source_json": null,
            "source_policy_documents": null,
            "statement": [
              {
                "actions": [
                  "sts:AssumeRole"
                ],
                "condition": [],
                "effect": "Allow",
                "not_actions": [],
                "not_principals": [],
                "not_resources": [],
                "principals": [
                  {
                    "identifiers": [
                      "ec2.amazonaws.com"
                    ],
                    "type": "Service"
                  }
                ],
                "resources": [],
                "sid": ""
              }
            ],
            "version": "2012-10-17"
          },
          "sensitive_attributes": []
        }
      ]
    },
    {
      "module": "module.us-west-2",
      "mode": "managed",
      "type": "aws_iam_instance_profile",
      "name": "session_manager",
      "provider": "provider[\"registry.terraform.io/hashicorp/aws\"].uswest2",
      "instances": [
        {
          "schema_version": 0,
          "attributes": {
            "arn": "arn:aws:iam::159184128979:instance-profile/session_manager",
            "create_date": "2024-05-24T07:09:55Z",
            "id": "session_manager",
            "name": "session_manager",
            "name_prefix": "",
            "path": "/",
            "role": "session_manager",
            "tags": null,
            "tags_all": {},
            "unique_id": "AIPASKEA5BPJX7FSEIXGJ"
          },
          "sensitive_attributes": [],
          "private": "bnVsbA==",
          "dependencies": [
            "module.us-west-2.aws_iam_role.session_manager",
            "module.us-west-2.data.aws_iam_policy_document.ec2"
          ],
          "create_before_destroy": true
        }
      ]
    },
    {
      "module": "module.us-west-2",
      "mode": "managed",
      "type": "aws_iam_policy",
      "name": "session_manager",
      "provider": "provider[\"registry.terraform.io/hashicorp/aws\"].uswest2",
      "instances": [
        {
          "schema_version": 0,
          "attributes": {
            "arn": "arn:aws:iam::159184128979:policy/session_manager",
            "description": "session_manager",
            "id": "arn:aws:iam::159184128979:policy/session_manager",
            "name": "session_manager",
            "name_prefix": "",
            "path": "/",
            "policy": "{\"Statement\":[{\"Action\":\"ec2:*\",\"Effect\":\"Allow\",\"Resource\":\"*\"},{\"Action\":\"elasticloadbalancing:*\",\"Effect\":\"Allow\",\"Resource\":\"*\"},{\"Action\":\"cloudwatch:*\",\"Effect\":\"Allow\",\"Resource\":\"*\"},{\"Action\":\"autoscaling:*\",\"Effect\":\"Allow\",\"Resource\":\"*\"},{\"Action\":\"iam:CreateServiceLinkedRole\",\"Condition\":{\"StringEquals\":{\"iam:AWSServiceName\":[\"autoscaling.amazonaws.com\",\"ec2scheduled.amazonaws.com\",\"elasticloadbalancing.amazonaws.com\",\"spot.amazonaws.com\",\"spotfleet.amazonaws.com\",\"transitgateway.amazonaws.com\"]}},\"Effect\":\"Allow\",\"Resource\":\"*\"}],\"Version\":\"2012-10-17\"}",
            "policy_id": "ANPASKEA5BPJ4DA5RJOVN",
            "tags": null,
            "tags_all": {}
          },
          "sensitive_attributes": [],
          "private": "bnVsbA=="
        }
      ]
    },
    {
      "module": "module.us-west-2",
      "mode": "managed",
      "type": "aws_iam_role",
      "name": "session_manager",
      "provider": "provider[\"registry.terraform.io/hashicorp/aws\"].uswest2",
      "instances": [
        {
          "schema_version": 0,
          "attributes": {
            "arn": "arn:aws:iam::159184128979:role/session_manager",
            "assume_role_policy": "{\"Statement\":[{\"Action\":\"sts:AssumeRole\",\"Effect\":\"Allow\",\"Principal\":{\"Service\":\"ec2.amazonaws.com\"},\"Sid\":\"\"}],\"Version\":\"2012-10-17\"}",
            "create_date": "2024-05-24T07:09:54Z",
            "description": "",
            "force_detach_policies": false,
            "id": "session_manager",
            "inline_policy": [],
            "managed_policy_arns": [],
            "max_session_duration": 3600,
            "name": "session_manager",
            "name_prefix": "",
            "path": "/",
            "permissions_boundary": null,
            "role_last_used": [
              {
                "last_used_date": "",
                "region": ""
              }
            ],
            "tags": {
              "Name": "session_manager"
            },
            "tags_all": {
              "Name": "session_manager"
            },
            "unique_id": "AROASKEA5BPJ4QPB726WV"
          },
          "sensitive_attributes": [],
          "private": "bnVsbA==",
          "dependencies": [
            "module.us-west-2.data.aws_iam_policy_document.ec2"
          ],
          "create_before_destroy": true
        }
      ]
    },
    {
      "module": "module.us-west-2",
      "mode": "managed",
      "type": "aws_instance",
      "name": "bastion",
      "provider": "provider[\"registry.terraform.io/hashicorp/aws\"].uswest2",
      "instances": [
        {
          "index_key": 0,
          "schema_version": 1,
          "attributes": {
            "ami": "ami-086f060214da77a16",
            "arn": "arn:aws:ec2:us-west-2:159184128979:instance/i-007108a9595260ef7",
            "associate_public_ip_address": true,
            "availability_zone": "us-west-2a",
            "capacity_reservation_specification": [
              {
                "capacity_reservation_preference": "open",
                "capacity_reservation_target": []
              }
            ],
            "cpu_core_count": 1,
            "cpu_options": [
              {
                "amd_sev_snp": "",
                "core_count": 1,
                "threads_per_core": 1
              }
            ],
            "cpu_threads_per_core": 1,
            "credit_specification": [
              {
                "cpu_credits": "standard"
              }
            ],
            "disable_api_stop": false,
            "disable_api_termination": false,
            "ebs_block_device": [],
            "ebs_optimized": false,
            "enclave_options": [
              {
                "enabled": false
              }
            ],
            "ephemeral_block_device": [],
            "get_password_data": false,
            "hibernation": false,
            "host_id": "",
            "host_resource_group_arn": null,
            "iam_instance_profile": "session_manager",
            "id": "i-007108a9595260ef7",
            "instance_initiated_shutdown_behavior": "stop",
            "instance_state": "running",
            "instance_type": "t2.micro",
            "ipv6_address_count": 0,
            "ipv6_addresses": [],
            "key_name": "ec2key",
            "launch_template": [],
            "maintenance_options": [
              {
                "auto_recovery": "default"
              }
            ],
            "metadata_options": [
              {
                "http_endpoint": "enabled",
                "http_put_response_hop_limit": 1,
                "http_tokens": "optional",
                "instance_metadata_tags": "disabled"
              }
            ],
            "monitoring": false,
            "network_interface": [],
            "outpost_arn": "",
            "password_data": "",
            "placement_group": "",
            "placement_partition_number": 0,
            "primary_network_interface_id": "eni-083089ef371fd4e1f",
            "private_dns": "ip-10-0-1-216.us-west-2.compute.internal",
            "private_dns_name_options": [
              {
                "enable_resource_name_dns_a_record": false,
                "enable_resource_name_dns_aaaa_record": false,
                "hostname_type": "ip-name"
              }
            ],
            "private_ip": "10.0.1.216",
            "public_dns": "ec2-35-89-163-58.us-west-2.compute.amazonaws.com",
            "public_ip": "35.89.163.58",
            "root_block_device": [
              {
                "delete_on_termination": true,
                "device_name": "/dev/xvda",
                "encrypted": false,
                "iops": 100,
                "kms_key_id": "",
                "tags": {},
                "throughput": 0,
                "volume_id": "vol-0469578e458e1d4d4",
                "volume_size": 8,
                "volume_type": "gp2"
              }
            ],
            "secondary_private_ips": [],
            "security_groups": [
              "sg-02e633272d262da48"
            ],
            "source_dest_check": true,
            "subnet_id": "subnet-0c793020d3ffc0c51",
            "tags": {
              "Name": "Bastion_1_public"
            },
            "tags_all": {
              "Name": "Bastion_1_public"
            },
            "tenancy": "default",
            "timeouts": null,
            "user_data": "57264057ebd024bd7871eea80fcbb0fec4308b67",
            "user_data_base64": null,
            "user_data_replace_on_change": false,
            "volume_tags": null,
            "vpc_security_group_ids": [
              "sg-02e633272d262da48"
            ]
          },
          "sensitive_attributes": [],
          "private": "eyJlMmJmYjczMC1lY2FhLTExZTYtOGY4OC0zNDM2M2JjN2M0YzAiOnsiY3JlYXRlIjo2MDAwMDAwMDAwMDAsImRlbGV0ZSI6MTIwMDAwMDAwMDAwMCwidXBkYXRlIjo2MDAwMDAwMDAwMDB9LCJzY2hlbWFfdmVyc2lvbiI6IjEifQ==",
          "dependencies": [
            "module.us-west-2.aws_iam_instance_profile.session_manager",
            "module.us-west-2.aws_iam_role.session_manager",
            "module.us-west-2.aws_security_group.ec2_security_group",
            "module.us-west-2.data.aws_iam_policy_document.ec2",
            "module.us-west-2.module.keypair.aws_key_pair.generated_key",
            "module.us-west-2.module.keypair.tls_private_key.ec2key",
            "module.us-west-2.module.vpc.aws_subnet.public_sebnet_1_vpc_1",
            "module.us-west-2.module.vpc.aws_subnet.public_subnet_2_vpc_1",
            "module.us-west-2.module.vpc.aws_vpc.vpc_1"
          ],
          "create_before_destroy": true
        },
        {
          "index_key": 1,
          "schema_version": 1,
          "attributes": {
            "ami": "ami-086f060214da77a16",
            "arn": "arn:aws:ec2:us-west-2:159184128979:instance/i-00796ae4058ed6745",
            "associate_public_ip_address": true,
            "availability_zone": "us-west-2b",
            "capacity_reservation_specification": [
              {
                "capacity_reservation_preference": "open",
                "capacity_reservation_target": []
              }
            ],
            "cpu_core_count": 1,
            "cpu_options": [
              {
                "amd_sev_snp": "",
                "core_count": 1,
                "threads_per_core": 1
              }
            ],
            "cpu_threads_per_core": 1,
            "credit_specification": [
              {
                "cpu_credits": "standard"
              }
            ],
            "disable_api_stop": false,
            "disable_api_termination": false,
            "ebs_block_device": [],
            "ebs_optimized": false,
            "enclave_options": [
              {
                "enabled": false
              }
            ],
            "ephemeral_block_device": [],
            "get_password_data": false,
            "hibernation": false,
            "host_id": "",
            "host_resource_group_arn": null,
            "iam_instance_profile": "session_manager",
            "id": "i-00796ae4058ed6745",
            "instance_initiated_shutdown_behavior": "stop",
            "instance_state": "running",
            "instance_type": "t2.micro",
            "ipv6_address_count": 0,
            "ipv6_addresses": [],
            "key_name": "ec2key",
            "launch_template": [],
            "maintenance_options": [
              {
                "auto_recovery": "default"
              }
            ],
            "metadata_options": [
              {
                "http_endpoint": "enabled",
                "http_put_response_hop_limit": 1,
                "http_tokens": "optional",
                "instance_metadata_tags": "disabled"
              }
            ],
            "monitoring": false,
            "network_interface": [],
            "outpost_arn": "",
            "password_data": "",
            "placement_group": "",
            "placement_partition_number": 0,
            "primary_network_interface_id": "eni-02193c3b8e074d4cd",
            "private_dns": "ip-10-0-2-94.us-west-2.compute.internal",
            "private_dns_name_options": [
              {
                "enable_resource_name_dns_a_record": false,
                "enable_resource_name_dns_aaaa_record": false,
                "hostname_type": "ip-name"
              }
            ],
            "private_ip": "10.0.2.94",
            "public_dns": "ec2-35-94-176-155.us-west-2.compute.amazonaws.com",
            "public_ip": "35.94.176.155",
            "root_block_device": [
              {
                "delete_on_termination": true,
                "device_name": "/dev/xvda",
                "encrypted": false,
                "iops": 100,
                "kms_key_id": "",
                "tags": {},
                "throughput": 0,
                "volume_id": "vol-0f5c0acd93f003f65",
                "volume_size": 8,
                "volume_type": "gp2"
              }
            ],
            "secondary_private_ips": [],
            "security_groups": [
              "sg-02e633272d262da48"
            ],
            "source_dest_check": true,
            "subnet_id": "subnet-03bbe01d1a3329fa7",
            "tags": {
              "Name": "Bastion_2_public"
            },
            "tags_all": {
              "Name": "Bastion_2_public"
            },
            "tenancy": "default",
            "timeouts": null,
            "user_data": "57264057ebd024bd7871eea80fcbb0fec4308b67",
            "user_data_base64": null,
            "user_data_replace_on_change": false,
            "volume_tags": null,
            "vpc_security_group_ids": [
              "sg-02e633272d262da48"
            ]
          },
          "sensitive_attributes": [],
          "private": "eyJlMmJmYjczMC1lY2FhLTExZTYtOGY4OC0zNDM2M2JjN2M0YzAiOnsiY3JlYXRlIjo2MDAwMDAwMDAwMDAsImRlbGV0ZSI6MTIwMDAwMDAwMDAwMCwidXBkYXRlIjo2MDAwMDAwMDAwMDB9LCJzY2hlbWFfdmVyc2lvbiI6IjEifQ==",
          "dependencies": [
            "module.us-west-2.aws_iam_instance_profile.session_manager",
            "module.us-west-2.aws_iam_role.session_manager",
            "module.us-west-2.aws_security_group.ec2_security_group",
            "module.us-west-2.data.aws_iam_policy_document.ec2",
            "module.us-west-2.module.keypair.aws_key_pair.generated_key",
            "module.us-west-2.module.keypair.tls_private_key.ec2key",
            "module.us-west-2.module.vpc.aws_subnet.public_sebnet_1_vpc_1",
            "module.us-west-2.module.vpc.aws_subnet.public_subnet_2_vpc_1",
            "module.us-west-2.module.vpc.aws_vpc.vpc_1"
          ],
          "create_before_destroy": true
        }
      ]
    },
    {
      "module": "module.us-west-2",
      "mode": "managed",
      "type": "aws_instance",
      "name": "bastion2",
      "provider": "provider[\"registry.terraform.io/hashicorp/aws\"].uswest2",
      "instances": [
        {
          "schema_version": 1,
          "attributes": {
            "ami": "ami-086f060214da77a16",
            "arn": "arn:aws:ec2:us-west-2:159184128979:instance/i-0146298b7a13b784c",
            "associate_public_ip_address": true,
            "availability_zone": "us-west-2a",
            "capacity_reservation_specification": [
              {
                "capacity_reservation_preference": "open",
                "capacity_reservation_target": []
              }
            ],
            "cpu_core_count": 1,
            "cpu_options": [
              {
                "amd_sev_snp": "",
                "core_count": 1,
                "threads_per_core": 1
              }
            ],
            "cpu_threads_per_core": 1,
            "credit_specification": [
              {
                "cpu_credits": "standard"
              }
            ],
            "disable_api_stop": false,
            "disable_api_termination": false,
            "ebs_block_device": [],
            "ebs_optimized": false,
            "enclave_options": [
              {
                "enabled": false
              }
            ],
            "ephemeral_block_device": [],
            "get_password_data": false,
            "hibernation": false,
            "host_id": "",
            "host_resource_group_arn": null,
            "iam_instance_profile": "session_manager",
            "id": "i-0146298b7a13b784c",
            "instance_initiated_shutdown_behavior": "stop",
            "instance_state": "running",
            "instance_type": "t2.micro",
            "ipv6_address_count": 0,
            "ipv6_addresses": [],
            "key_name": "ec2key",
            "launch_template": [],
            "maintenance_options": [
              {
                "auto_recovery": "default"
              }
            ],
            "metadata_options": [
              {
                "http_endpoint": "enabled",
                "http_put_response_hop_limit": 1,
                "http_tokens": "optional",
                "instance_metadata_tags": "disabled"
              }
            ],
            "monitoring": false,
            "network_interface": [],
            "outpost_arn": "",
            "password_data": "",
            "placement_group": "",
            "placement_partition_number": 0,
            "primary_network_interface_id": "eni-0c517a8d6c1ce5089",
            "private_dns": "ip-10-1-1-113.us-west-2.compute.internal",
            "private_dns_name_options": [
              {
                "enable_resource_name_dns_a_record": false,
                "enable_resource_name_dns_aaaa_record": false,
                "hostname_type": "ip-name"
              }
            ],
            "private_ip": "10.1.1.113",
            "public_dns": "ec2-35-93-65-107.us-west-2.compute.amazonaws.com",
            "public_ip": "35.93.65.107",
            "root_block_device": [
              {
                "delete_on_termination": true,
                "device_name": "/dev/xvda",
                "encrypted": false,
                "iops": 100,
                "kms_key_id": "",
                "tags": {},
                "throughput": 0,
                "volume_id": "vol-04eb01873cd39ff6f",
                "volume_size": 8,
                "volume_type": "gp2"
              }
            ],
            "secondary_private_ips": [],
            "security_groups": [
              "sg-00fac6b53cb478653"
            ],
            "source_dest_check": true,
            "subnet_id": "subnet-0e317ed79932adab6",
            "tags": {
              "Name": "Bastion_2_public"
            },
            "tags_all": {
              "Name": "Bastion_2_public"
            },
            "tenancy": "default",
            "timeouts": null,
            "user_data": "57264057ebd024bd7871eea80fcbb0fec4308b67",
            "user_data_base64": null,
            "user_data_replace_on_change": false,
            "volume_tags": null,
            "vpc_security_group_ids": [
              "sg-00fac6b53cb478653"
            ]
          },
          "sensitive_attributes": [],
          "private": "eyJlMmJmYjczMC1lY2FhLTExZTYtOGY4OC0zNDM2M2JjN2M0YzAiOnsiY3JlYXRlIjo2MDAwMDAwMDAwMDAsImRlbGV0ZSI6MTIwMDAwMDAwMDAwMCwidXBkYXRlIjo2MDAwMDAwMDAwMDB9LCJzY2hlbWFfdmVyc2lvbiI6IjEifQ==",
          "dependencies": [
            "module.us-west-2.aws_iam_instance_profile.session_manager",
            "module.us-west-2.aws_iam_role.session_manager",
            "module.us-west-2.aws_security_group.ec2_security_group_2",
            "module.us-west-2.data.aws_iam_policy_document.ec2",
            "module.us-west-2.module.keypair.aws_key_pair.generated_key",
            "module.us-west-2.module.keypair.tls_private_key.ec2key",
            "module.us-west-2.module.vpc.aws_subnet.public_subnet_1_vpc_2",
            "module.us-west-2.module.vpc.aws_vpc.vpc_2"
          ],
          "create_before_destroy": true
        }
      ]
    },
    {
      "module": "module.us-west-2",
      "mode": "managed",
      "type": "aws_instance",
      "name": "webserver2",
      "provider": "provider[\"registry.terraform.io/hashicorp/aws\"].uswest2",
      "instances": [
        {
          "schema_version": 1,
          "attributes": {
            "ami": "ami-086f060214da77a16",
            "arn": "arn:aws:ec2:us-west-2:159184128979:instance/i-04144702b4fd10d9a",
            "associate_public_ip_address": true,
            "availability_zone": "us-west-2a",
            "capacity_reservation_specification": [
              {
                "capacity_reservation_preference": "open",
                "capacity_reservation_target": []
              }
            ],
            "cpu_core_count": 1,
            "cpu_options": [
              {
                "amd_sev_snp": "",
                "core_count": 1,
                "threads_per_core": 1
              }
            ],
            "cpu_threads_per_core": 1,
            "credit_specification": [
              {
                "cpu_credits": "standard"
              }
            ],
            "disable_api_stop": false,
            "disable_api_termination": false,
            "ebs_block_device": [],
            "ebs_optimized": false,
            "enclave_options": [
              {
                "enabled": false
              }
            ],
            "ephemeral_block_device": [],
            "get_password_data": false,
            "hibernation": false,
            "host_id": "",
            "host_resource_group_arn": null,
            "iam_instance_profile": "session_manager",
            "id": "i-04144702b4fd10d9a",
            "instance_initiated_shutdown_behavior": "stop",
            "instance_state": "running",
            "instance_type": "t2.micro",
            "ipv6_address_count": 0,
            "ipv6_addresses": [],
            "key_name": "ec2key",
            "launch_template": [],
            "maintenance_options": [
              {
                "auto_recovery": "default"
              }
            ],
            "metadata_options": [
              {
                "http_endpoint": "enabled",
                "http_put_response_hop_limit": 1,
                "http_tokens": "optional",
                "instance_metadata_tags": "disabled"
              }
            ],
            "monitoring": false,
            "network_interface": [],
            "outpost_arn": "",
            "password_data": "",
            "placement_group": "",
            "placement_partition_number": 0,
            "primary_network_interface_id": "eni-0010f67ab3f7514f4",
            "private_dns": "ip-10-1-2-227.us-west-2.compute.internal",
            "private_dns_name_options": [
              {
                "enable_resource_name_dns_a_record": false,
                "enable_resource_name_dns_aaaa_record": false,
                "hostname_type": "ip-name"
              }
            ],
            "private_ip": "10.1.2.227",
            "public_dns": "ec2-34-219-225-250.us-west-2.compute.amazonaws.com",
            "public_ip": "34.219.225.250",
            "root_block_device": [
              {
                "delete_on_termination": true,
                "device_name": "/dev/xvda",
                "encrypted": false,
                "iops": 100,
                "kms_key_id": "",
                "tags": {},
                "throughput": 0,
                "volume_id": "vol-0931c3320629f1754",
                "volume_size": 8,
                "volume_type": "gp2"
              }
            ],
            "secondary_private_ips": [],
            "security_groups": [
              "sg-00fac6b53cb478653"
            ],
            "source_dest_check": true,
            "subnet_id": "subnet-07b7f2cf5c13f8db4",
            "tags": {
              "Name": "webserver_2_private"
            },
            "tags_all": {
              "Name": "webserver_2_private"
            },
            "tenancy": "default",
            "timeouts": null,
            "user_data": "57264057ebd024bd7871eea80fcbb0fec4308b67",
            "user_data_base64": null,
            "user_data_replace_on_change": false,
            "volume_tags": null,
            "vpc_security_group_ids": [
              "sg-00fac6b53cb478653"
            ]
          },
          "sensitive_attributes": [],
          "private": "eyJlMmJmYjczMC1lY2FhLTExZTYtOGY4OC0zNDM2M2JjN2M0YzAiOnsiY3JlYXRlIjo2MDAwMDAwMDAwMDAsImRlbGV0ZSI6MTIwMDAwMDAwMDAwMCwidXBkYXRlIjo2MDAwMDAwMDAwMDB9LCJzY2hlbWFfdmVyc2lvbiI6IjEifQ==",
          "dependencies": [
            "module.us-west-2.aws_iam_instance_profile.session_manager",
            "module.us-west-2.aws_iam_role.session_manager",
            "module.us-west-2.aws_security_group.ec2_security_group_2",
            "module.us-west-2.data.aws_iam_policy_document.ec2",
            "module.us-west-2.module.keypair.aws_key_pair.generated_key",
            "module.us-west-2.module.keypair.tls_private_key.ec2key",
            "module.us-west-2.module.vpc.aws_subnet.private_subnet_1_vcp_2",
            "module.us-west-2.module.vpc.aws_vpc.vpc_2"
          ],
          "create_before_destroy": true
        }
      ]
    },
    {
      "module": "module.us-west-2",
      "mode": "managed",
      "type": "aws_launch_configuration",
      "name": "ec2",
      "provider": "provider[\"registry.terraform.io/hashicorp/aws\"].uswest2",
      "instances": [
        {
          "schema_version": 0,
          "attributes": {
            "arn": "arn:aws:autoscaling:us-west-2:159184128979:launchConfiguration:9255f234-12d4-499d-99c9-ec5f84f09584:launchConfigurationName/terraform-lab_instances_1c",
            "associate_public_ip_address": false,
            "ebs_block_device": [],
            "ebs_optimized": false,
            "enable_monitoring": true,
            "ephemeral_block_device": [],
            "iam_instance_profile": "session_manager",
            "id": "terraform-lab_instances_1c",
            "image_id": "ami-086f060214da77a16",
            "instance_type": "t2.micro",
            "key_name": "ec2key",
            "metadata_options": [],
            "name": "terraform-lab_instances_1c",
            "name_prefix": "",
            "placement_tenancy": "",
            "root_block_device": [],
            "security_groups": [
              "sg-02e633272d262da48"
            ],
            "spot_price": "",
            "user_data": "4bbb97f87931289dd2228bc447e254f179f66009",
            "user_data_base64": null,
            "vpc_classic_link_id": "",
            "vpc_classic_link_security_groups": null
          },
          "sensitive_attributes": [],
          "private": "bnVsbA==",
          "dependencies": [
            "module.us-west-2.aws_iam_instance_profile.session_manager",
            "module.us-west-2.aws_iam_role.session_manager",
            "module.us-west-2.aws_security_group.ec2_security_group",
            "module.us-west-2.data.aws_iam_policy_document.ec2",
            "module.us-west-2.module.keypair.aws_key_pair.generated_key",
            "module.us-west-2.module.keypair.tls_private_key.ec2key",
            "module.us-west-2.module.vpc.aws_vpc.vpc_1"
          ],
          "create_before_destroy": true
        }
      ]
    },
    {
      "module": "module.us-west-2",
      "mode": "managed",
      "type": "aws_security_group",
      "name": "ec2_security_group",
      "provider": "provider[\"registry.terraform.io/hashicorp/aws\"].uswest2",
      "instances": [
        {
          "schema_version": 1,
          "attributes": {
            "arn": "arn:aws:ec2:us-west-2:159184128979:security-group/sg-02e633272d262da48",
            "description": "Allow inbound access from the ALB only",
            "egress": [
              {
                "cidr_blocks": [
                  "0.0.0.0/0"
                ],
                "description": "",
                "from_port": 0,
                "ipv6_cidr_blocks": [],
                "prefix_list_ids": [],
                "protocol": "-1",
                "security_groups": [],
                "self": false,
                "to_port": 0
              }
            ],
            "id": "sg-02e633272d262da48",
            "ingress": [
              {
                "cidr_blocks": [
                  "0.0.0.0/0"
                ],
                "description": "HTTP",
                "from_port": 80,
                "ipv6_cidr_blocks": [],
                "prefix_list_ids": [],
                "protocol": "tcp",
                "security_groups": [],
                "self": false,
                "to_port": 80
              },
              {
                "cidr_blocks": [
                  "0.0.0.0/0"
                ],
                "description": "HTTPS",
                "from_port": 443,
                "ipv6_cidr_blocks": [],
                "prefix_list_ids": [],
                "protocol": "tcp",
                "security_groups": [],
                "self": false,
                "to_port": 443
              },
              {
                "cidr_blocks": [
                  "0.0.0.0/0"
                ],
                "description": "SSH",
                "from_port": 22,
                "ipv6_cidr_blocks": [],
                "prefix_list_ids": [],
                "protocol": "tcp",
                "security_groups": [],
                "self": false,
                "to_port": 22
              }
            ],
            "name": "ec2_security_group",
            "name_prefix": "",
            "owner_id": "159184128979",
            "revoke_rules_on_delete": false,
            "tags": {
              "Name": "ec2_security_group"
            },
            "tags_all": {
              "Name": "ec2_security_group"
            },
            "timeouts": null,
            "vpc_id": "vpc-059ac746c0fce8520"
          },
          "sensitive_attributes": [],
          "private": "eyJlMmJmYjczMC1lY2FhLTExZTYtOGY4OC0zNDM2M2JjN2M0YzAiOnsiY3JlYXRlIjo2MDAwMDAwMDAwMDAsImRlbGV0ZSI6OTAwMDAwMDAwMDAwfSwic2NoZW1hX3ZlcnNpb24iOiIxIn0=",
          "dependencies": [
            "module.us-west-2.module.vpc.aws_vpc.vpc_1"
          ],
          "create_before_destroy": true
        }
      ]
    },
    {
      "module": "module.us-west-2",
      "mode": "managed",
      "type": "aws_security_group",
      "name": "ec2_security_group_2",
      "provider": "provider[\"registry.terraform.io/hashicorp/aws\"].uswest2",
      "instances": [
        {
          "schema_version": 1,
          "attributes": {
            "arn": "arn:aws:ec2:us-west-2:159184128979:security-group/sg-00fac6b53cb478653",
            "description": "Allow inbound access from the ALB only",
            "egress": [
              {
                "cidr_blocks": [
                  "0.0.0.0/0"
                ],
                "description": "",
                "from_port": 0,
                "ipv6_cidr_blocks": [],
                "prefix_list_ids": [],
                "protocol": "-1",
                "security_groups": [],
                "self": false,
                "to_port": 0
              }
            ],
            "id": "sg-00fac6b53cb478653",
            "ingress": [
              {
                "cidr_blocks": [
                  "0.0.0.0/0"
                ],
                "description": "HTTP",
                "from_port": 80,
                "ipv6_cidr_blocks": [],
                "prefix_list_ids": [],
                "protocol": "tcp",
                "security_groups": [],
                "self": false,
                "to_port": 80
              },
              {
                "cidr_blocks": [
                  "0.0.0.0/0"
                ],
                "description": "HTTPS",
                "from_port": 443,
                "ipv6_cidr_blocks": [],
                "prefix_list_ids": [],
                "protocol": "tcp",
                "security_groups": [],
                "self": false,
                "to_port": 443
              },
              {
                "cidr_blocks": [
                  "0.0.0.0/0"
                ],
                "description": "SSH",
                "from_port": 22,
                "ipv6_cidr_blocks": [],
                "prefix_list_ids": [],
                "protocol": "tcp",
                "security_groups": [],
                "self": false,
                "to_port": 22
              }
            ],
            "name": "ec2_security_group_2",
            "name_prefix": "",
            "owner_id": "159184128979",
            "revoke_rules_on_delete": false,
            "tags": {
              "Name": "ec2_security_group_2"
            },
            "tags_all": {
              "Name": "ec2_security_group_2"
            },
            "timeouts": null,
            "vpc_id": "vpc-08c4c67c3a1bb8677"
          },
          "sensitive_attributes": [],
          "private": "eyJlMmJmYjczMC1lY2FhLTExZTYtOGY4OC0zNDM2M2JjN2M0YzAiOnsiY3JlYXRlIjo2MDAwMDAwMDAwMDAsImRlbGV0ZSI6OTAwMDAwMDAwMDAwfSwic2NoZW1hX3ZlcnNpb24iOiIxIn0=",
          "dependencies": [
            "module.us-west-2.module.vpc.aws_vpc.vpc_2"
          ],
          "create_before_destroy": true
        }
      ]
    },
    {
      "module": "module.us-west-2.module.autoscaling",
      "mode": "managed",
      "type": "aws_autoscaling_group",
      "name": "ec2-ec2_cluster",
      "provider": "provider[\"registry.terraform.io/hashicorp/aws\"].uswest2",
      "instances": [
        {
          "schema_version": 0,
          "attributes": {
            "arn": "arn:aws:autoscaling:us-west-2:159184128979:autoScalingGroup:6afb0deb-4188-4554-8239-ec163f260ffd:autoScalingGroupName/terraform-lab_auto_scaling_group",
            "availability_zones": [
              "us-west-2a",
              "us-west-2b"
            ],
            "capacity_rebalance": false,
            "context": "",
            "default_cooldown": 300,
            "default_instance_warmup": 0,
            "desired_capacity": 2,
            "desired_capacity_type": "",
            "enabled_metrics": null,
            "force_delete": false,
            "force_delete_warm_pool": false,
            "health_check_grace_period": 300,
            "health_check_type": "EC2",
            "id": "terraform-lab_auto_scaling_group",
            "initial_lifecycle_hook": [],
            "instance_refresh": [],
            "launch_configuration": "terraform-lab_instances_1c",
            "launch_template": [],
            "load_balancers": null,
            "max_instance_lifetime": 0,
            "max_size": 2,
            "metrics_granularity": "1Minute",
            "min_elb_capacity": null,
            "min_size": 2,
            "mixed_instances_policy": [],
            "name": "terraform-lab_auto_scaling_group",
            "name_prefix": "",
            "placement_group": "",
            "predicted_capacity": 0,
            "protect_from_scale_in": false,
            "service_linked_role_arn": "arn:aws:iam::159184128979:role/aws-service-role/autoscaling.amazonaws.com/AWSServiceRoleForAutoScaling",
            "suspended_processes": null,
            "tag": [],
            "tags": null,
            "target_group_arns": null,
            "termination_policies": null,
            "timeouts": null,
            "vpc_zone_identifier": [
              "subnet-025ddb3c6a4591518",
              "subnet-075e1616c9b1fc22f"
            ],
            "wait_for_capacity_timeout": "10m",
            "wait_for_elb_capacity": null,
            "warm_pool": [],
            "warm_pool_size": 0
          },
          "sensitive_attributes": [],
          "private": "eyJlMmJmYjczMC1lY2FhLTExZTYtOGY4OC0zNDM2M2JjN2M0YzAiOnsiZGVsZXRlIjo2MDAwMDAwMDAwMDAsInVwZGF0ZSI6NjAwMDAwMDAwMDAwfX0=",
          "dependencies": [
            "module.us-west-2.aws_iam_instance_profile.session_manager",
            "module.us-west-2.aws_iam_role.session_manager",
            "module.us-west-2.aws_launch_configuration.ec2",
            "module.us-west-2.aws_security_group.ec2_security_group",
            "module.us-west-2.data.aws_iam_policy_document.ec2",
            "module.us-west-2.module.keypair.aws_key_pair.generated_key",
            "module.us-west-2.module.keypair.tls_private_key.ec2key",
            "module.us-west-2.module.vpc.aws_subnet.private_subnet_1_vpc_1",
            "module.us-west-2.module.vpc.aws_subnet.private_subnet_2_vpc_1",
            "module.us-west-2.module.vpc.aws_vpc.vpc_1"
          ]
        }
      ]
    },
    {
      "module": "module.us-west-2.module.keypair",
      "mode": "managed",
      "type": "aws_key_pair",
      "name": "generated_key",
      "provider": "provider[\"registry.terraform.io/hashicorp/aws\"].uswest2",
      "instances": [
        {
          "schema_version": 1,
          "attributes": {
            "arn": "arn:aws:ec2:us-west-2:159184128979:key-pair/ec2key",
            "fingerprint": "85:76:33:72:8d:65:03:fb:85:6f:ef:ab:d2:8d:0d:c5",
            "id": "ec2key",
            "key_name": "ec2key",
            "key_name_prefix": "",
            "key_pair_id": "key-0a1df4fc9bc180f62",
            "key_type": "rsa",
            "public_key": "ssh-rsa AAAAB3NzaC1yc2EAAAADAQABAAACAQCw8lDGgaT2cdcqTfj1vYBr501m+58jGx86VlMF8Gd6vhWXqozO8EmdcJ1dh2+f/tMfPUXZ1YIA1+zOI7m/e6ZCgRATmtHpGt+3uhQ31cH+M+tm8lzl3vvQfas90nc1H/jdpw/2Vyx+22myxflZ/MM6aSuKJnMXK96PzeEQgK4l6cpI9WHuIdsVZ3Xu5OBEZCvoz3kBOalkTIi9SdH3ejw96t7iicYRCnnMrkivcedornQZ4UisLNLW4SG9ds4+WaqilMZLMSZGQ7MpfbRw+wxvJXbJ0EXHh+qK5oA78W0UNDqFoBB0gG8HUe/p7aeyrdEO5bEiFear4QjxlcPShKJfxh8xXlKL3I/B73xYnUru1A9Ykvrj9DVVuqiEdrctWWeCaTClU0bCP8HF+5UT8ccEoI4XRR+/QIO6ZVpj796emdoVm9+nBj/b8SazRK9wiuoDHkRY7geyBxNnwK4CH8leNJ3NhpE9XVOu3PCdao0JvJRFtuihjYm9ZhvHAUXGQ+JkYbiSYwhdtp/qQJ+hgY4s5Ad6vzxWExit0JZFpn7gqQfXJhxY0u9GdD0N0eKij/21UyrsGDpz/dc6hL7RRKcEhaVI5SXWAON8RnJ/yOZ++vOTGCaCeu2/0HAL/S7Ly6aIzj6RghrFS0x7uZejdt+qnWw6XzFRS+MKF8v1z21k2Q==",
            "tags": null,
            "tags_all": {}
          },
          "sensitive_attributes": [],
          "private": "eyJzY2hlbWFfdmVyc2lvbiI6IjEifQ==",
          "dependencies": [
            "module.us-west-2.module.keypair.tls_private_key.ec2key"
          ],
          "create_before_destroy": true
        }
      ]
    },
    {
      "module": "module.us-west-2.module.keypair",
      "mode": "managed",
      "type": "local_file",
      "name": "key",
      "provider": "provider[\"registry.terraform.io/hashicorp/local\"]",
      "instances": [
        {
          "schema_version": 0,
          "attributes": {
            "content": "-----BEGIN RSA PRIVATE KEY-----\nMIIJKQIBAAKCAgEAsPJQxoGk9nHXKk349b2Aa+dNZvufIxsfOlZTBfBner4Vl6qM\nzvBJnXCdXYdvn/7THz1F2dWCANfsziO5v3umQoEQE5rR6Rrft7oUN9XB/jPrZvJc\n5d770H2rPdJ3NR/43acP9lcsfttpssX5WfzDOmkriiZzFyvej83hEICuJenKSPVh\n7iHbFWd17uTgRGQr6M95ATmpZEyIvUnR93o8Pere4onGEQp5zK5Ir3HnaK50GeFI\nrCzS1uEhvXbOPlmqopTGSzEmRkOzKX20cPsMbyV2ydBFx4fqiuaAO/FtFDQ6haAQ\ndIBvB1Hv6e2nsq3RDuWxIhXmq+EI8ZXD0oSiX8YfMV5Si9yPwe98WJ1K7tQPWJL6\n4/Q1VbqohHa3LVlngmkwpVNGwj/BxfuVE/HHBKCOF0Ufv0CDumVaY+/enpnaFZvf\npwY/2/Ems0SvcIrqAx5EWO4HsgcTZ8CuAh/JXjSdzYaRPV1TrtzwnWqNCbyURbbo\noY2JvWYbxwFFxkPiZGG4kmMIXbaf6kCfoYGOLOQHer88VhMYrdCWRaZ+4KkH1yYc\nWNLvRnQ9DdHioo/9tVMq7Bg6c/3XOoS+0USnBIWlSOUl1gDjfEZyf8jmfvrzkxgm\ngnrtv9BwC/0uy8umiM4+kYIaxUtMe7mXo3bfqp1sOl8xUUvjChfL9c9tZNkCAwEA\nAQKCAgBkM1P6lT/NLvohQrZQslcew4TZZHPhdWJhrrClFFYE889Wa4YBSaDmPvde\nF2vmtm7nqdL8YCOWRrAaq7Br9qFX164669kin81ARWddlvab9NrBGU3x/iurDP8D\nq0NGGizbl9c6MHNKAwX/7owdoT0MvrGhMdTKslT+Kh/hMH1tis66Mfqa1yExJb1q\n4sD8+ZzD4XkscHK0EYL9begwtE+Y4IAG2O4IiF4gwjD26RGZ/fBRF3oHxfo/JI3u\ntHBmbnBqUMVZnyOFdqDmRgEAWanY5uY1snNRYm426gCD8VtLrafWM6Yd0v0MsCGj\n3qiwTi2sufVsz+ooOu7Nn3mcpO8tS0LBd7Tj1s5IAuyguM2Jsywg//oDm7WesB1e\nOzLyVxZo0GAnnOBTtMX1pYeE8zvJjW7e/DxUh115nnrrXjjfZ2a6V6sgDbkBeb1r\nCMlqBWZJJMXtG6r78INgbk5SLp7iupRWwkRs5NliQ1N/OqBj7BOekL0OkuE4PkAf\n5qpz74Reh2FZsVNEnf7ISV9j2vhEYUVQm6QRagi0plE17hKBc9QEAEKJYlk/DXZa\nanvQMAmCQ7INYlcjRb8DmrxV6WbWI7AgBNIC6eTpJvgFtAurZyPxhE0M3TkPK79f\nZzplleIjpHen3nEOzkLCbW5KHy8IbznefNuXnocaPGY87PXSYQKCAQEA5iZhNDig\nRQygdQeBkP1JDfNWnqbab1eH+5cF7jy5ycLIJcOb2Mv7Km4B1fysiY/pmnTaNyL+\nzz6lTK638N07jYi7PtQ88keYuYoio2caem7KMYgIoSTafCXR6Ey9MX6/kqfxLoWZ\n/emSkjYCnngzcbCklNO18ZtM8n93tZb+fNaUd1hnLz8bEBEovaKf6utlytJWrXNT\nV+QXgRYd9t1GtrSLrNMJ4/DtlBbAcayHdm+rClsrW4kjxqGQB3UWwJT+jXgZobym\nkKWliMd7JKY/Y8KuB+4H+UXX5bwqwYd1vBWREWvUnS3fsntMu2LpfKrQnJmPijcb\nBiR7HnBseEZTFwKCAQEAxNImyW3/KCK7YQokw+nbaHoDTkIFuhxdvONfIRwojTXO\nzOIjYV8EFPwPx80yvgWSfUs0esmzcts7bBP1G4Gm0AOkNgv31zRdIonvVrKoL9Lr\nlyayL7FmR8YC/PnLmgSGuk2YM2+xb5hqkOI1miRouIsmmApwqK4u5XQJt3EC3ces\nS7i7b4Q9LbxZmTrU7ZPwCNyAfyDUR3gkTneEWG/iMb/mEhoPKXiD+8J5hHrKuZPf\ns5A6cYAa+/spSnazBsTvGxCg9s0SG8+PQB2ajJ9j08myEkW2+QirPHDPJGidFMFo\ntaBhPwjzEQ2M6lWssgR1I2hXydDZG1EDKwUp9bu9jwKCAQEAmR21k7mMnwOciN96\nisyH2tkmqpxVPLgeRvqdvnb2H84PvFgcCisDKaJQZF4bJ9Xv04ukVgRZQ+XosVCY\nHY4B/dKWyGEJPyL075OAIfgJPKUSrctT+ml7VhcPRJ4xTImHyHkk0w+deLj5g36d\nVXKgvyWHCWCkbl4k3jyBlvUi0EkuMwxEccFpLtJLqYZVIESFz18KvZC5RQMBxCbD\nvqZOUmVhe5RXwydZ2Cke1UG0Sc5XG6e1+8sMWyzHlr6GaY92nwXk/55zrk4WCB62\nxZY5HBS8FZh+A5A856G9TE3jvUMX5WA47m1Dowm27gALWJ6H9XeQcKLivr5sjr66\n23Xl9wKCAQAAge45rL/wsY48JNONccfwEAh8Ji1vmm0fdJKlOjZcjtv2qUqgEKep\nCjFcOYo89TS4f/4lpumAjVIs6CxEouP0O14sCYHdGzR2R1bHqXRHk0qqPB5PgyyZ\nWMhfMKG2xvY1+sc+srYJbKIxt3Od7yQZ/bnewIAj3zcdvlvcDj2Mptwp4dMR6Yxi\n1s6AV6d+6VfAHhlyunnxqTymuyYrODakHDOSrmCFodrtRkYb8lkde2UjSGbuLf9j\n0PT9TSsPBGj9b+CKYmL+kV10M99XJ34RaL69z1I2eDBA2qWeGWr2R71mYoB9sh82\nVwua+xeT6fEHY1h+m7xDlsTkUoIWMSK/AoIBAQCAqSFDRcchPmwvbSuxBTbWiRt3\nQVXfJ6d16WbNNlR6CHJFvrL2C2hRIkx1h2/bgAQb0tKnJLEm3ttgEPWhgfd1zAZJ\ng3xkT8OL4yhKk7gxoYKTEls3XYppCldwnfukjVlJPrfmmCHYLwExvZ8gXL3r5K/o\ntqCjEW74n8c8bjOnd67rTSvphBfhOjQZVgvwPyRk54RE3YGcbDZ4inu9S+NONc4K\npE55HWhLasSV1/zYydf5PKv2ChrNBMDhHxQV4GiXb4Uw2y9QPIzP7H2GRWslJUJo\ncKb7e9180CHJjwQIiaUZoiv/8fxGFtDydlb1G2KEwAR8RscwQ3sWP4Wiyg+4\n-----END RSA PRIVATE KEY-----\n",
            "content_base64": null,
            "content_base64sha256": "A6nVGVuxI1bJfZcC4T4MbJStEjLz/uuPeajm/ez4fI8=",
            "content_base64sha512": "uN8ZXI7YyTwRjHVF2odMG5qmM8VdS0U4XUMSFizRvtsOcAqDu5z0N5p/5VNrK7XPmpl2FWqK4Vt6QQtPPw9Msg==",
            "content_md5": "54681c166f4a3b77ce728a80d4a32d73",
            "content_sha1": "34f926f8da8a578304fd2e922aeed94c5f7fcb6a",
            "content_sha256": "03a9d5195bb12356c97d9702e13e0c6c94ad1232f3feeb8f79a8e6fdecf87c8f",
            "content_sha512": "b8df195c8ed8c93c118c7545da874c1b9aa633c55d4b45385d4312162cd1bedb0e700a83bb9cf4379a7fe5536b2bb5cf9a9976156a8ae15b7a410b4f3f0f4cb2",
            "directory_permission": "0777",
            "file_permission": "0400",
            "filename": "ec2key.pem",
            "id": "34f926f8da8a578304fd2e922aeed94c5f7fcb6a",
            "sensitive_content": null,
            "source": null
          },
          "sensitive_attributes": [
            [
              {
                "type": "get_attr",
                "value": "sensitive_content"
              }
            ],
            [
              {
                "type": "get_attr",
                "value": "content"
              }
            ]
          ],
          "dependencies": [
            "module.us-west-2.module.keypair.tls_private_key.ec2key"
          ]
        }
      ]
    },
    {
      "module": "module.us-west-2.module.keypair",
      "mode": "managed",
      "type": "tls_private_key",
      "name": "ec2key",
      "provider": "provider[\"registry.terraform.io/hashicorp/tls\"]",
      "instances": [
        {
          "schema_version": 1,
          "attributes": {
            "algorithm": "RSA",
            "ecdsa_curve": "P224",
            "id": "b809b1ff0d82ce614aa49979c88a122768f19137",
            "private_key_openssh": "-----BEGIN OPENSSH PRIVATE KEY-----\nb3BlbnNzaC1rZXktdjEAAAAABG5vbmUAAAAEbm9uZQAAAAAAAAABAAACFwAAAAdz\nc2gtcnNhAAAAAwEAAQAAAgEAsPJQxoGk9nHXKk349b2Aa+dNZvufIxsfOlZTBfBn\ner4Vl6qMzvBJnXCdXYdvn/7THz1F2dWCANfsziO5v3umQoEQE5rR6Rrft7oUN9XB\n/jPrZvJc5d770H2rPdJ3NR/43acP9lcsfttpssX5WfzDOmkriiZzFyvej83hEICu\nJenKSPVh7iHbFWd17uTgRGQr6M95ATmpZEyIvUnR93o8Pere4onGEQp5zK5Ir3Hn\naK50GeFIrCzS1uEhvXbOPlmqopTGSzEmRkOzKX20cPsMbyV2ydBFx4fqiuaAO/Ft\nFDQ6haAQdIBvB1Hv6e2nsq3RDuWxIhXmq+EI8ZXD0oSiX8YfMV5Si9yPwe98WJ1K\n7tQPWJL64/Q1VbqohHa3LVlngmkwpVNGwj/BxfuVE/HHBKCOF0Ufv0CDumVaY+/e\nnpnaFZvfpwY/2/Ems0SvcIrqAx5EWO4HsgcTZ8CuAh/JXjSdzYaRPV1TrtzwnWqN\nCbyURbbooY2JvWYbxwFFxkPiZGG4kmMIXbaf6kCfoYGOLOQHer88VhMYrdCWRaZ+\n4KkH1yYcWNLvRnQ9DdHioo/9tVMq7Bg6c/3XOoS+0USnBIWlSOUl1gDjfEZyf8jm\nfvrzkxgmgnrtv9BwC/0uy8umiM4+kYIaxUtMe7mXo3bfqp1sOl8xUUvjChfL9c9t\nZNkAAAc4Rt3piEbd6YgAAAAHc3NoLXJzYQAAAgEAsPJQxoGk9nHXKk349b2Aa+dN\nZvufIxsfOlZTBfBner4Vl6qMzvBJnXCdXYdvn/7THz1F2dWCANfsziO5v3umQoEQ\nE5rR6Rrft7oUN9XB/jPrZvJc5d770H2rPdJ3NR/43acP9lcsfttpssX5WfzDOmkr\niiZzFyvej83hEICuJenKSPVh7iHbFWd17uTgRGQr6M95ATmpZEyIvUnR93o8Pere\n4onGEQp5zK5Ir3HnaK50GeFIrCzS1uEhvXbOPlmqopTGSzEmRkOzKX20cPsMbyV2\nydBFx4fqiuaAO/FtFDQ6haAQdIBvB1Hv6e2nsq3RDuWxIhXmq+EI8ZXD0oSiX8Yf\nMV5Si9yPwe98WJ1K7tQPWJL64/Q1VbqohHa3LVlngmkwpVNGwj/BxfuVE/HHBKCO\nF0Ufv0CDumVaY+/enpnaFZvfpwY/2/Ems0SvcIrqAx5EWO4HsgcTZ8CuAh/JXjSd\nzYaRPV1TrtzwnWqNCbyURbbooY2JvWYbxwFFxkPiZGG4kmMIXbaf6kCfoYGOLOQH\ner88VhMYrdCWRaZ+4KkH1yYcWNLvRnQ9DdHioo/9tVMq7Bg6c/3XOoS+0USnBIWl\nSOUl1gDjfEZyf8jmfvrzkxgmgnrtv9BwC/0uy8umiM4+kYIaxUtMe7mXo3bfqp1s\nOl8xUUvjChfL9c9tZNkAAAADAQABAAACAGQzU/qVP80u+iFCtlCyVx7DhNlkc+F1\nYmGusKUUVgTzz1ZrhgFJoOY+914Xa+a2buep0vxgI5ZGsBqrsGv2oVfXrjrr2SKf\nzUBFZ12W9pv02sEZTfH+K6sM/wOrQ0YaLNuX1zowc0oDBf/ujB2hPQy+saEx1Mqy\nVP4qH+EwfW2Kzrox+prXITElvWriwPz5nMPheSxwcrQRgv1t6DC0T5jggAbY7giI\nXiDCMPbpEZn98FEXegfF+j8kje60cGZucGpQxVmfI4V2oOZGAQBZqdjm5jWyc1Fi\nbjbqAIPxW0utp9Yzph3S/QywIaPeqLBOLay59WzP6ig67s2feZyk7y1LQsF3tOPW\nzkgC7KC4zYmzLCD/+gObtZ6wHV47MvJXFmjQYCec4FO0xfWlh4TzO8mNbt78PFSH\nXXmeeuteON9nZrpXqyANuQF5vWsIyWoFZkkkxe0bqvvwg2BuTlIunuK6lFbCRGzk\n2WJDU386oGPsE56QvQ6S4Tg+QB/mqnPvhF6HYVmxU0Sd/shJX2Pa+ERhRVCbpBFq\nCLSmUTXuEoFz1AQAQoliWT8Ndlpqe9AwCYJDsg1iVyNFvwOavFXpZtYjsCAE0gLp\n5Okm+AW0C6tnI/GETQzdOQ8rv19nOmWV4iOkd6fecQ7OQsJtbkofLwhvOd5825ee\nhxo8Zjzs9dJhAAABAQCAqSFDRcchPmwvbSuxBTbWiRt3QVXfJ6d16WbNNlR6CHJF\nvrL2C2hRIkx1h2/bgAQb0tKnJLEm3ttgEPWhgfd1zAZJg3xkT8OL4yhKk7gxoYKT\nEls3XYppCldwnfukjVlJPrfmmCHYLwExvZ8gXL3r5K/otqCjEW74n8c8bjOnd67r\nTSvphBfhOjQZVgvwPyRk54RE3YGcbDZ4inu9S+NONc4KpE55HWhLasSV1/zYydf5\nPKv2ChrNBMDhHxQV4GiXb4Uw2y9QPIzP7H2GRWslJUJocKb7e9180CHJjwQIiaUZ\noiv/8fxGFtDydlb1G2KEwAR8RscwQ3sWP4Wiyg+4AAABAQDmJmE0OKBFDKB1B4GQ\n/UkN81aeptpvV4f7lwXuPLnJwsglw5vYy/sqbgHV/KyJj+madNo3Iv7PPqVMrrfw\n3TuNiLs+1DzyR5i5iiKjZxp6bsoxiAihJNp8JdHoTL0xfr+Sp/EuhZn96ZKSNgKe\neDNxsKSU07Xxm0zyf3e1lv581pR3WGcvPxsQESi9op/q62XK0latc1NX5BeBFh32\n3Ua2tIus0wnj8O2UFsBxrId2b6sKWytbiSPGoZAHdRbAlP6NeBmhvKaQpaWIx3sk\npj9jwq4H7gf5RdflvCrBh3W8FZERa9SdLd+ye0y7Yul8qtCcmY+KNxsGJHsecGx4\nRlMXAAABAQDE0ibJbf8oIrthCiTD6dtoegNOQgW6HF28418hHCiNNc7M4iNhXwQU\n/A/HzTK+BZJ9SzR6ybNy2ztsE/UbgabQA6Q2C/fXNF0iie9Wsqgv0uuXJrIvsWZH\nxgL8+cuaBIa6TZgzb7FvmGqQ4jWaJGi4iyaYCnCori7ldAm3cQLdx6xLuLtvhD0t\nvFmZOtTtk/AI3IB/INRHeCROd4RYb+Ixv+YSGg8peIP7wnmEesq5k9+zkDpxgBr7\n+ylKdrMGxO8bEKD2zRIbz49AHZqMn2PTybISRbb5CKs8cM8kaJ0UwWi1oGE/CPMR\nDYzqVayyBHUjaFfJ0NkbUQMrBSn1u72PAAAAAAEC\n-----END OPENSSH PRIVATE KEY-----\n",
            "private_key_pem": "-----BEGIN RSA PRIVATE KEY-----\nMIIJKQIBAAKCAgEAsPJQxoGk9nHXKk349b2Aa+dNZvufIxsfOlZTBfBner4Vl6qM\nzvBJnXCdXYdvn/7THz1F2dWCANfsziO5v3umQoEQE5rR6Rrft7oUN9XB/jPrZvJc\n5d770H2rPdJ3NR/43acP9lcsfttpssX5WfzDOmkriiZzFyvej83hEICuJenKSPVh\n7iHbFWd17uTgRGQr6M95ATmpZEyIvUnR93o8Pere4onGEQp5zK5Ir3HnaK50GeFI\nrCzS1uEhvXbOPlmqopTGSzEmRkOzKX20cPsMbyV2ydBFx4fqiuaAO/FtFDQ6haAQ\ndIBvB1Hv6e2nsq3RDuWxIhXmq+EI8ZXD0oSiX8YfMV5Si9yPwe98WJ1K7tQPWJL6\n4/Q1VbqohHa3LVlngmkwpVNGwj/BxfuVE/HHBKCOF0Ufv0CDumVaY+/enpnaFZvf\npwY/2/Ems0SvcIrqAx5EWO4HsgcTZ8CuAh/JXjSdzYaRPV1TrtzwnWqNCbyURbbo\noY2JvWYbxwFFxkPiZGG4kmMIXbaf6kCfoYGOLOQHer88VhMYrdCWRaZ+4KkH1yYc\nWNLvRnQ9DdHioo/9tVMq7Bg6c/3XOoS+0USnBIWlSOUl1gDjfEZyf8jmfvrzkxgm\ngnrtv9BwC/0uy8umiM4+kYIaxUtMe7mXo3bfqp1sOl8xUUvjChfL9c9tZNkCAwEA\nAQKCAgBkM1P6lT/NLvohQrZQslcew4TZZHPhdWJhrrClFFYE889Wa4YBSaDmPvde\nF2vmtm7nqdL8YCOWRrAaq7Br9qFX164669kin81ARWddlvab9NrBGU3x/iurDP8D\nq0NGGizbl9c6MHNKAwX/7owdoT0MvrGhMdTKslT+Kh/hMH1tis66Mfqa1yExJb1q\n4sD8+ZzD4XkscHK0EYL9begwtE+Y4IAG2O4IiF4gwjD26RGZ/fBRF3oHxfo/JI3u\ntHBmbnBqUMVZnyOFdqDmRgEAWanY5uY1snNRYm426gCD8VtLrafWM6Yd0v0MsCGj\n3qiwTi2sufVsz+ooOu7Nn3mcpO8tS0LBd7Tj1s5IAuyguM2Jsywg//oDm7WesB1e\nOzLyVxZo0GAnnOBTtMX1pYeE8zvJjW7e/DxUh115nnrrXjjfZ2a6V6sgDbkBeb1r\nCMlqBWZJJMXtG6r78INgbk5SLp7iupRWwkRs5NliQ1N/OqBj7BOekL0OkuE4PkAf\n5qpz74Reh2FZsVNEnf7ISV9j2vhEYUVQm6QRagi0plE17hKBc9QEAEKJYlk/DXZa\nanvQMAmCQ7INYlcjRb8DmrxV6WbWI7AgBNIC6eTpJvgFtAurZyPxhE0M3TkPK79f\nZzplleIjpHen3nEOzkLCbW5KHy8IbznefNuXnocaPGY87PXSYQKCAQEA5iZhNDig\nRQygdQeBkP1JDfNWnqbab1eH+5cF7jy5ycLIJcOb2Mv7Km4B1fysiY/pmnTaNyL+\nzz6lTK638N07jYi7PtQ88keYuYoio2caem7KMYgIoSTafCXR6Ey9MX6/kqfxLoWZ\n/emSkjYCnngzcbCklNO18ZtM8n93tZb+fNaUd1hnLz8bEBEovaKf6utlytJWrXNT\nV+QXgRYd9t1GtrSLrNMJ4/DtlBbAcayHdm+rClsrW4kjxqGQB3UWwJT+jXgZobym\nkKWliMd7JKY/Y8KuB+4H+UXX5bwqwYd1vBWREWvUnS3fsntMu2LpfKrQnJmPijcb\nBiR7HnBseEZTFwKCAQEAxNImyW3/KCK7YQokw+nbaHoDTkIFuhxdvONfIRwojTXO\nzOIjYV8EFPwPx80yvgWSfUs0esmzcts7bBP1G4Gm0AOkNgv31zRdIonvVrKoL9Lr\nlyayL7FmR8YC/PnLmgSGuk2YM2+xb5hqkOI1miRouIsmmApwqK4u5XQJt3EC3ces\nS7i7b4Q9LbxZmTrU7ZPwCNyAfyDUR3gkTneEWG/iMb/mEhoPKXiD+8J5hHrKuZPf\ns5A6cYAa+/spSnazBsTvGxCg9s0SG8+PQB2ajJ9j08myEkW2+QirPHDPJGidFMFo\ntaBhPwjzEQ2M6lWssgR1I2hXydDZG1EDKwUp9bu9jwKCAQEAmR21k7mMnwOciN96\nisyH2tkmqpxVPLgeRvqdvnb2H84PvFgcCisDKaJQZF4bJ9Xv04ukVgRZQ+XosVCY\nHY4B/dKWyGEJPyL075OAIfgJPKUSrctT+ml7VhcPRJ4xTImHyHkk0w+deLj5g36d\nVXKgvyWHCWCkbl4k3jyBlvUi0EkuMwxEccFpLtJLqYZVIESFz18KvZC5RQMBxCbD\nvqZOUmVhe5RXwydZ2Cke1UG0Sc5XG6e1+8sMWyzHlr6GaY92nwXk/55zrk4WCB62\nxZY5HBS8FZh+A5A856G9TE3jvUMX5WA47m1Dowm27gALWJ6H9XeQcKLivr5sjr66\n23Xl9wKCAQAAge45rL/wsY48JNONccfwEAh8Ji1vmm0fdJKlOjZcjtv2qUqgEKep\nCjFcOYo89TS4f/4lpumAjVIs6CxEouP0O14sCYHdGzR2R1bHqXRHk0qqPB5PgyyZ\nWMhfMKG2xvY1+sc+srYJbKIxt3Od7yQZ/bnewIAj3zcdvlvcDj2Mptwp4dMR6Yxi\n1s6AV6d+6VfAHhlyunnxqTymuyYrODakHDOSrmCFodrtRkYb8lkde2UjSGbuLf9j\n0PT9TSsPBGj9b+CKYmL+kV10M99XJ34RaL69z1I2eDBA2qWeGWr2R71mYoB9sh82\nVwua+xeT6fEHY1h+m7xDlsTkUoIWMSK/AoIBAQCAqSFDRcchPmwvbSuxBTbWiRt3\nQVXfJ6d16WbNNlR6CHJFvrL2C2hRIkx1h2/bgAQb0tKnJLEm3ttgEPWhgfd1zAZJ\ng3xkT8OL4yhKk7gxoYKTEls3XYppCldwnfukjVlJPrfmmCHYLwExvZ8gXL3r5K/o\ntqCjEW74n8c8bjOnd67rTSvphBfhOjQZVgvwPyRk54RE3YGcbDZ4inu9S+NONc4K\npE55HWhLasSV1/zYydf5PKv2ChrNBMDhHxQV4GiXb4Uw2y9QPIzP7H2GRWslJUJo\ncKb7e9180CHJjwQIiaUZoiv/8fxGFtDydlb1G2KEwAR8RscwQ3sWP4Wiyg+4\n-----END RSA PRIVATE KEY-----\n",
            "private_key_pem_pkcs8": "-----BEGIN PRIVATE KEY-----\nMIIJQwIBADANBgkqhkiG9w0BAQEFAASCCS0wggkpAgEAAoICAQCw8lDGgaT2cdcq\nTfj1vYBr501m+58jGx86VlMF8Gd6vhWXqozO8EmdcJ1dh2+f/tMfPUXZ1YIA1+zO\nI7m/e6ZCgRATmtHpGt+3uhQ31cH+M+tm8lzl3vvQfas90nc1H/jdpw/2Vyx+22my\nxflZ/MM6aSuKJnMXK96PzeEQgK4l6cpI9WHuIdsVZ3Xu5OBEZCvoz3kBOalkTIi9\nSdH3ejw96t7iicYRCnnMrkivcedornQZ4UisLNLW4SG9ds4+WaqilMZLMSZGQ7Mp\nfbRw+wxvJXbJ0EXHh+qK5oA78W0UNDqFoBB0gG8HUe/p7aeyrdEO5bEiFear4Qjx\nlcPShKJfxh8xXlKL3I/B73xYnUru1A9Ykvrj9DVVuqiEdrctWWeCaTClU0bCP8HF\n+5UT8ccEoI4XRR+/QIO6ZVpj796emdoVm9+nBj/b8SazRK9wiuoDHkRY7geyBxNn\nwK4CH8leNJ3NhpE9XVOu3PCdao0JvJRFtuihjYm9ZhvHAUXGQ+JkYbiSYwhdtp/q\nQJ+hgY4s5Ad6vzxWExit0JZFpn7gqQfXJhxY0u9GdD0N0eKij/21UyrsGDpz/dc6\nhL7RRKcEhaVI5SXWAON8RnJ/yOZ++vOTGCaCeu2/0HAL/S7Ly6aIzj6RghrFS0x7\nuZejdt+qnWw6XzFRS+MKF8v1z21k2QIDAQABAoICAGQzU/qVP80u+iFCtlCyVx7D\nhNlkc+F1YmGusKUUVgTzz1ZrhgFJoOY+914Xa+a2buep0vxgI5ZGsBqrsGv2oVfX\nrjrr2SKfzUBFZ12W9pv02sEZTfH+K6sM/wOrQ0YaLNuX1zowc0oDBf/ujB2hPQy+\nsaEx1MqyVP4qH+EwfW2Kzrox+prXITElvWriwPz5nMPheSxwcrQRgv1t6DC0T5jg\ngAbY7giIXiDCMPbpEZn98FEXegfF+j8kje60cGZucGpQxVmfI4V2oOZGAQBZqdjm\n5jWyc1FibjbqAIPxW0utp9Yzph3S/QywIaPeqLBOLay59WzP6ig67s2feZyk7y1L\nQsF3tOPWzkgC7KC4zYmzLCD/+gObtZ6wHV47MvJXFmjQYCec4FO0xfWlh4TzO8mN\nbt78PFSHXXmeeuteON9nZrpXqyANuQF5vWsIyWoFZkkkxe0bqvvwg2BuTlIunuK6\nlFbCRGzk2WJDU386oGPsE56QvQ6S4Tg+QB/mqnPvhF6HYVmxU0Sd/shJX2Pa+ERh\nRVCbpBFqCLSmUTXuEoFz1AQAQoliWT8Ndlpqe9AwCYJDsg1iVyNFvwOavFXpZtYj\nsCAE0gLp5Okm+AW0C6tnI/GETQzdOQ8rv19nOmWV4iOkd6fecQ7OQsJtbkofLwhv\nOd5825eehxo8Zjzs9dJhAoIBAQDmJmE0OKBFDKB1B4GQ/UkN81aeptpvV4f7lwXu\nPLnJwsglw5vYy/sqbgHV/KyJj+madNo3Iv7PPqVMrrfw3TuNiLs+1DzyR5i5iiKj\nZxp6bsoxiAihJNp8JdHoTL0xfr+Sp/EuhZn96ZKSNgKeeDNxsKSU07Xxm0zyf3e1\nlv581pR3WGcvPxsQESi9op/q62XK0latc1NX5BeBFh323Ua2tIus0wnj8O2UFsBx\nrId2b6sKWytbiSPGoZAHdRbAlP6NeBmhvKaQpaWIx3skpj9jwq4H7gf5RdflvCrB\nh3W8FZERa9SdLd+ye0y7Yul8qtCcmY+KNxsGJHsecGx4RlMXAoIBAQDE0ibJbf8o\nIrthCiTD6dtoegNOQgW6HF28418hHCiNNc7M4iNhXwQU/A/HzTK+BZJ9SzR6ybNy\n2ztsE/UbgabQA6Q2C/fXNF0iie9Wsqgv0uuXJrIvsWZHxgL8+cuaBIa6TZgzb7Fv\nmGqQ4jWaJGi4iyaYCnCori7ldAm3cQLdx6xLuLtvhD0tvFmZOtTtk/AI3IB/INRH\neCROd4RYb+Ixv+YSGg8peIP7wnmEesq5k9+zkDpxgBr7+ylKdrMGxO8bEKD2zRIb\nz49AHZqMn2PTybISRbb5CKs8cM8kaJ0UwWi1oGE/CPMRDYzqVayyBHUjaFfJ0Nkb\nUQMrBSn1u72PAoIBAQCZHbWTuYyfA5yI33qKzIfa2SaqnFU8uB5G+p2+dvYfzg+8\nWBwKKwMpolBkXhsn1e/Ti6RWBFlD5eixUJgdjgH90pbIYQk/IvTvk4Ah+Ak8pRKt\ny1P6aXtWFw9EnjFMiYfIeSTTD514uPmDfp1VcqC/JYcJYKRuXiTePIGW9SLQSS4z\nDERxwWku0kuphlUgRIXPXwq9kLlFAwHEJsO+pk5SZWF7lFfDJ1nYKR7VQbRJzlcb\np7X7ywxbLMeWvoZpj3afBeT/nnOuThYIHrbFljkcFLwVmH4DkDznob1MTeO9Qxfl\nYDjubUOjCbbuAAtYnof1d5BwouK+vmyOvrrbdeX3AoIBAACB7jmsv/Cxjjwk041x\nx/AQCHwmLW+abR90kqU6NlyO2/apSqAQp6kKMVw5ijz1NLh//iWm6YCNUizoLESi\n4/Q7XiwJgd0bNHZHVsepdEeTSqo8Hk+DLJlYyF8wobbG9jX6xz6ytglsojG3c53v\nJBn9ud7AgCPfNx2+W9wOPYym3Cnh0xHpjGLWzoBXp37pV8AeGXK6efGpPKa7Jis4\nNqQcM5KuYIWh2u1GRhvyWR17ZSNIZu4t/2PQ9P1NKw8EaP1v4IpiYv6RXXQz31cn\nfhFovr3PUjZ4MEDapZ4ZavZHvWZigH2yHzZXC5r7F5Pp8QdjWH6bvEOWxORSghYx\nIr8CggEBAICpIUNFxyE+bC9tK7EFNtaJG3dBVd8np3XpZs02VHoIckW+svYLaFEi\nTHWHb9uABBvS0qcksSbe22AQ9aGB93XMBkmDfGRPw4vjKEqTuDGhgpMSWzddimkK\nV3Cd+6SNWUk+t+aYIdgvATG9nyBcvevkr+i2oKMRbvifxzxuM6d3rutNK+mEF+E6\nNBlWC/A/JGTnhETdgZxsNniKe71L4041zgqkTnkdaEtqxJXX/NjJ1/k8q/YKGs0E\nwOEfFBXgaJdvhTDbL1A8jM/sfYZFayUlQmhwpvt73XzQIcmPBAiJpRmiK//x/EYW\n0PJ2VvUbYoTABHxGxzBDexY/haLKD7g=\n-----END PRIVATE KEY-----\n",
            "public_key_fingerprint_md5": "8c:9d:6c:2a:96:0e:7a:ad:bb:1a:cc:cf:16:db:a5:39",
            "public_key_fingerprint_sha256": "SHA256:cP7mXCHduj42OEqUcb9WqygMElbLcgtnx2kIDiiaIaA",
            "public_key_openssh": "ssh-rsa AAAAB3NzaC1yc2EAAAADAQABAAACAQCw8lDGgaT2cdcqTfj1vYBr501m+58jGx86VlMF8Gd6vhWXqozO8EmdcJ1dh2+f/tMfPUXZ1YIA1+zOI7m/e6ZCgRATmtHpGt+3uhQ31cH+M+tm8lzl3vvQfas90nc1H/jdpw/2Vyx+22myxflZ/MM6aSuKJnMXK96PzeEQgK4l6cpI9WHuIdsVZ3Xu5OBEZCvoz3kBOalkTIi9SdH3ejw96t7iicYRCnnMrkivcedornQZ4UisLNLW4SG9ds4+WaqilMZLMSZGQ7MpfbRw+wxvJXbJ0EXHh+qK5oA78W0UNDqFoBB0gG8HUe/p7aeyrdEO5bEiFear4QjxlcPShKJfxh8xXlKL3I/B73xYnUru1A9Ykvrj9DVVuqiEdrctWWeCaTClU0bCP8HF+5UT8ccEoI4XRR+/QIO6ZVpj796emdoVm9+nBj/b8SazRK9wiuoDHkRY7geyBxNnwK4CH8leNJ3NhpE9XVOu3PCdao0JvJRFtuihjYm9ZhvHAUXGQ+JkYbiSYwhdtp/qQJ+hgY4s5Ad6vzxWExit0JZFpn7gqQfXJhxY0u9GdD0N0eKij/21UyrsGDpz/dc6hL7RRKcEhaVI5SXWAON8RnJ/yOZ++vOTGCaCeu2/0HAL/S7Ly6aIzj6RghrFS0x7uZejdt+qnWw6XzFRS+MKF8v1z21k2Q==\n",
            "public_key_pem": "-----BEGIN PUBLIC KEY-----\nMIICIjANBgkqhkiG9w0BAQEFAAOCAg8AMIICCgKCAgEAsPJQxoGk9nHXKk349b2A\na+dNZvufIxsfOlZTBfBner4Vl6qMzvBJnXCdXYdvn/7THz1F2dWCANfsziO5v3um\nQoEQE5rR6Rrft7oUN9XB/jPrZvJc5d770H2rPdJ3NR/43acP9lcsfttpssX5WfzD\nOmkriiZzFyvej83hEICuJenKSPVh7iHbFWd17uTgRGQr6M95ATmpZEyIvUnR93o8\nPere4onGEQp5zK5Ir3HnaK50GeFIrCzS1uEhvXbOPlmqopTGSzEmRkOzKX20cPsM\nbyV2ydBFx4fqiuaAO/FtFDQ6haAQdIBvB1Hv6e2nsq3RDuWxIhXmq+EI8ZXD0oSi\nX8YfMV5Si9yPwe98WJ1K7tQPWJL64/Q1VbqohHa3LVlngmkwpVNGwj/BxfuVE/HH\nBKCOF0Ufv0CDumVaY+/enpnaFZvfpwY/2/Ems0SvcIrqAx5EWO4HsgcTZ8CuAh/J\nXjSdzYaRPV1TrtzwnWqNCbyURbbooY2JvWYbxwFFxkPiZGG4kmMIXbaf6kCfoYGO\nLOQHer88VhMYrdCWRaZ+4KkH1yYcWNLvRnQ9DdHioo/9tVMq7Bg6c/3XOoS+0USn\nBIWlSOUl1gDjfEZyf8jmfvrzkxgmgnrtv9BwC/0uy8umiM4+kYIaxUtMe7mXo3bf\nqp1sOl8xUUvjChfL9c9tZNkCAwEAAQ==\n-----END PUBLIC KEY-----\n",
            "rsa_bits": 4096
          },
          "sensitive_attributes": [
            [
              {
                "type": "get_attr",
                "value": "private_key_pem_pkcs8"
              }
            ],
            [
              {
                "type": "get_attr",
                "value": "private_key_openssh"
              }
            ],
            [
              {
                "type": "get_attr",
                "value": "private_key_pem"
              }
            ]
          ],
          "create_before_destroy": true
        }
      ]
    },
    {
      "module": "module.us-west-2.module.vpc",
      "mode": "managed",
      "type": "aws_internet_gateway",
      "name": "igw_vpc_1",
      "provider": "provider[\"registry.terraform.io/hashicorp/aws\"].uswest2",
      "instances": [
        {
          "schema_version": 0,
          "attributes": {
            "arn": "arn:aws:ec2:us-west-2:159184128979:internet-gateway/igw-02afdfcb9c4f5ef3f",
            "id": "igw-02afdfcb9c4f5ef3f",
            "owner_id": "159184128979",
            "tags": {
              "Name": "igw_vpc_1"
            },
            "tags_all": {
              "Name": "igw_vpc_1"
            },
            "timeouts": null,
            "vpc_id": "vpc-059ac746c0fce8520"
          },
          "sensitive_attributes": [],
          "private": "eyJlMmJmYjczMC1lY2FhLTExZTYtOGY4OC0zNDM2M2JjN2M0YzAiOnsiY3JlYXRlIjoxMjAwMDAwMDAwMDAwLCJkZWxldGUiOjEyMDAwMDAwMDAwMDAsInVwZGF0ZSI6MTIwMDAwMDAwMDAwMH19",
          "dependencies": [
            "module.us-west-2.module.vpc.aws_vpc.vpc_1"
          ]
        }
      ]
    },
    {
      "module": "module.us-west-2.module.vpc",
      "mode": "managed",
      "type": "aws_internet_gateway",
      "name": "igw_vpc_2",
      "provider": "provider[\"registry.terraform.io/hashicorp/aws\"].uswest2",
      "instances": [
        {
          "schema_version": 0,
          "attributes": {
            "arn": "arn:aws:ec2:us-west-2:159184128979:internet-gateway/igw-0cf56646b947f1f2c",
            "id": "igw-0cf56646b947f1f2c",
            "owner_id": "159184128979",
            "tags": {
              "Name": "igw_vpc_2"
            },
            "tags_all": {
              "Name": "igw_vpc_2"
            },
            "timeouts": null,
            "vpc_id": "vpc-08c4c67c3a1bb8677"
          },
          "sensitive_attributes": [],
          "private": "eyJlMmJmYjczMC1lY2FhLTExZTYtOGY4OC0zNDM2M2JjN2M0YzAiOnsiY3JlYXRlIjoxMjAwMDAwMDAwMDAwLCJkZWxldGUiOjEyMDAwMDAwMDAwMDAsInVwZGF0ZSI6MTIwMDAwMDAwMDAwMH19",
          "dependencies": [
            "module.us-west-2.module.vpc.aws_vpc.vpc_2"
          ]
        }
      ]
    },
    {
      "module": "module.us-west-2.module.vpc",
      "mode": "managed",
      "type": "aws_route_table",
      "name": "route_private_subnet_vpc_1",
      "provider": "provider[\"registry.terraform.io/hashicorp/aws\"].uswest2",
      "instances": [
        {
          "schema_version": 0,
          "attributes": {
            "arn": "arn:aws:ec2:us-west-2:159184128979:route-table/rtb-01002be718b51e29b",
            "id": "rtb-01002be718b51e29b",
            "owner_id": "159184128979",
            "propagating_vgws": [],
            "route": [],
            "tags": {
              "Name": "route_private_subnet_vpc_1"
            },
            "tags_all": {
              "Name": "route_private_subnet_vpc_1"
            },
            "timeouts": null,
            "vpc_id": "vpc-059ac746c0fce8520"
          },
          "sensitive_attributes": [],
          "private": "eyJlMmJmYjczMC1lY2FhLTExZTYtOGY4OC0zNDM2M2JjN2M0YzAiOnsiY3JlYXRlIjozMDAwMDAwMDAwMDAsImRlbGV0ZSI6MzAwMDAwMDAwMDAwLCJ1cGRhdGUiOjEyMDAwMDAwMDAwMH19",
          "dependencies": [
            "module.us-west-2.module.vpc.aws_vpc.vpc_1"
          ]
        }
      ]
    },
    {
      "module": "module.us-west-2.module.vpc",
      "mode": "managed",
      "type": "aws_route_table",
      "name": "route_private_subnet_vpc_2",
      "provider": "provider[\"registry.terraform.io/hashicorp/aws\"].uswest2",
      "instances": [
        {
          "schema_version": 0,
          "attributes": {
            "arn": "arn:aws:ec2:us-west-2:159184128979:route-table/rtb-051a76911f4b4c874",
            "id": "rtb-051a76911f4b4c874",
            "owner_id": "159184128979",
            "propagating_vgws": [],
            "route": [],
            "tags": {
              "Name": "route_private_subnet_vpc_2"
            },
            "tags_all": {
              "Name": "route_private_subnet_vpc_2"
            },
            "timeouts": null,
            "vpc_id": "vpc-08c4c67c3a1bb8677"
          },
          "sensitive_attributes": [],
          "private": "eyJlMmJmYjczMC1lY2FhLTExZTYtOGY4OC0zNDM2M2JjN2M0YzAiOnsiY3JlYXRlIjozMDAwMDAwMDAwMDAsImRlbGV0ZSI6MzAwMDAwMDAwMDAwLCJ1cGRhdGUiOjEyMDAwMDAwMDAwMH19",
          "dependencies": [
            "module.us-west-2.module.vpc.aws_vpc.vpc_2"
          ]
        }
      ]
    },
    {
      "module": "module.us-west-2.module.vpc",
      "mode": "managed",
      "type": "aws_route_table",
      "name": "route_public_subnet_vpc_1",
      "provider": "provider[\"registry.terraform.io/hashicorp/aws\"].uswest2",
      "instances": [
        {
          "schema_version": 0,
          "attributes": {
            "arn": "arn:aws:ec2:us-west-2:159184128979:route-table/rtb-0996dc2b5538b47f5",
            "id": "rtb-0996dc2b5538b47f5",
            "owner_id": "159184128979",
            "propagating_vgws": [],
            "route": [
              {
                "carrier_gateway_id": "",
                "cidr_block": "0.0.0.0/0",
                "core_network_arn": "",
                "destination_prefix_list_id": "",
                "egress_only_gateway_id": "",
                "gateway_id": "igw-02afdfcb9c4f5ef3f",
                "instance_id": "",
                "ipv6_cidr_block": "",
                "local_gateway_id": "",
                "nat_gateway_id": "",
                "network_interface_id": "",
                "transit_gateway_id": "",
                "vpc_endpoint_id": "",
                "vpc_peering_connection_id": ""
              }
            ],
            "tags": {
              "Name": "route_public_subnet_vpc_1"
            },
            "tags_all": {
              "Name": "route_public_subnet_vpc_1"
            },
            "timeouts": null,
            "vpc_id": "vpc-059ac746c0fce8520"
          },
          "sensitive_attributes": [],
          "private": "eyJlMmJmYjczMC1lY2FhLTExZTYtOGY4OC0zNDM2M2JjN2M0YzAiOnsiY3JlYXRlIjozMDAwMDAwMDAwMDAsImRlbGV0ZSI6MzAwMDAwMDAwMDAwLCJ1cGRhdGUiOjEyMDAwMDAwMDAwMH19",
          "dependencies": [
            "module.us-west-2.module.vpc.aws_internet_gateway.igw_vpc_1",
            "module.us-west-2.module.vpc.aws_vpc.vpc_1"
          ]
        }
      ]
    },
    {
      "module": "module.us-west-2.module.vpc",
      "mode": "managed",
      "type": "aws_route_table",
      "name": "route_public_subnet_vpc_2",
      "provider": "provider[\"registry.terraform.io/hashicorp/aws\"].uswest2",
      "instances": [
        {
          "schema_version": 0,
          "attributes": {
            "arn": "arn:aws:ec2:us-west-2:159184128979:route-table/rtb-0639a3ddcf5f12675",
            "id": "rtb-0639a3ddcf5f12675",
            "owner_id": "159184128979",
            "propagating_vgws": [],
            "route": [
              {
                "carrier_gateway_id": "",
                "cidr_block": "0.0.0.0/0",
                "core_network_arn": "",
                "destination_prefix_list_id": "",
                "egress_only_gateway_id": "",
                "gateway_id": "igw-0cf56646b947f1f2c",
                "instance_id": "",
                "ipv6_cidr_block": "",
                "local_gateway_id": "",
                "nat_gateway_id": "",
                "network_interface_id": "",
                "transit_gateway_id": "",
                "vpc_endpoint_id": "",
                "vpc_peering_connection_id": ""
              }
            ],
            "tags": {
              "Name": "route_public_subnet_vpc_2"
            },
            "tags_all": {
              "Name": "route_public_subnet_vpc_2"
            },
            "timeouts": null,
            "vpc_id": "vpc-08c4c67c3a1bb8677"
          },
          "sensitive_attributes": [],
          "private": "eyJlMmJmYjczMC1lY2FhLTExZTYtOGY4OC0zNDM2M2JjN2M0YzAiOnsiY3JlYXRlIjozMDAwMDAwMDAwMDAsImRlbGV0ZSI6MzAwMDAwMDAwMDAwLCJ1cGRhdGUiOjEyMDAwMDAwMDAwMH19",
          "dependencies": [
            "module.us-west-2.module.vpc.aws_internet_gateway.igw_vpc_2",
            "module.us-west-2.module.vpc.aws_vpc.vpc_2"
          ]
        }
      ]
    },
    {
      "module": "module.us-west-2.module.vpc",
      "mode": "managed",
      "type": "aws_route_table_association",
      "name": "private_route_1_association",
      "provider": "provider[\"registry.terraform.io/hashicorp/aws\"].uswest2",
      "instances": [
        {
          "schema_version": 0,
          "attributes": {
            "gateway_id": "",
            "id": "rtbassoc-0d2114a449ec5f615",
            "route_table_id": "rtb-01002be718b51e29b",
            "subnet_id": "subnet-025ddb3c6a4591518",
            "timeouts": null
          },
          "sensitive_attributes": [],
          "private": "eyJlMmJmYjczMC1lY2FhLTExZTYtOGY4OC0zNDM2M2JjN2M0YzAiOnsiY3JlYXRlIjozMDAwMDAwMDAwMDAsImRlbGV0ZSI6MzAwMDAwMDAwMDAwLCJ1cGRhdGUiOjEyMDAwMDAwMDAwMH19",
          "dependencies": [
            "module.us-west-2.module.vpc.aws_route_table.route_private_subnet_vpc_1",
            "module.us-west-2.module.vpc.aws_subnet.private_subnet_1_vpc_1",
            "module.us-west-2.module.vpc.aws_vpc.vpc_1"
          ]
        }
      ]
    },
    {
      "module": "module.us-west-2.module.vpc",
      "mode": "managed",
      "type": "aws_route_table_association",
      "name": "private_route_1_association_vpc_2",
      "provider": "provider[\"registry.terraform.io/hashicorp/aws\"].uswest2",
      "instances": [
        {
          "schema_version": 0,
          "attributes": {
            "gateway_id": "",
            "id": "rtbassoc-080ddfc917703257b",
            "route_table_id": "rtb-051a76911f4b4c874",
            "subnet_id": "subnet-07b7f2cf5c13f8db4",
            "timeouts": null
          },
          "sensitive_attributes": [],
          "private": "eyJlMmJmYjczMC1lY2FhLTExZTYtOGY4OC0zNDM2M2JjN2M0YzAiOnsiY3JlYXRlIjozMDAwMDAwMDAwMDAsImRlbGV0ZSI6MzAwMDAwMDAwMDAwLCJ1cGRhdGUiOjEyMDAwMDAwMDAwMH19",
          "dependencies": [
            "module.us-west-2.module.vpc.aws_route_table.route_private_subnet_vpc_2",
            "module.us-west-2.module.vpc.aws_subnet.private_subnet_1_vcp_2",
            "module.us-west-2.module.vpc.aws_vpc.vpc_2"
          ]
        }
      ]
    },
    {
      "module": "module.us-west-2.module.vpc",
      "mode": "managed",
      "type": "aws_route_table_association",
      "name": "private_route_2_association",
      "provider": "provider[\"registry.terraform.io/hashicorp/aws\"].uswest2",
      "instances": [
        {
          "schema_version": 0,
          "attributes": {
            "gateway_id": "",
            "id": "rtbassoc-0f828c664e0ea1720",
            "route_table_id": "rtb-01002be718b51e29b",
            "subnet_id": "subnet-075e1616c9b1fc22f",
            "timeouts": null
          },
          "sensitive_attributes": [],
          "private": "eyJlMmJmYjczMC1lY2FhLTExZTYtOGY4OC0zNDM2M2JjN2M0YzAiOnsiY3JlYXRlIjozMDAwMDAwMDAwMDAsImRlbGV0ZSI6MzAwMDAwMDAwMDAwLCJ1cGRhdGUiOjEyMDAwMDAwMDAwMH19",
          "dependencies": [
            "module.us-west-2.module.vpc.aws_route_table.route_private_subnet_vpc_1",
            "module.us-west-2.module.vpc.aws_subnet.private_subnet_2_vpc_1",
            "module.us-west-2.module.vpc.aws_vpc.vpc_1"
          ]
        }
      ]
    },
    {
      "module": "module.us-west-2.module.vpc",
      "mode": "managed",
      "type": "aws_route_table_association",
      "name": "public_route_1_association",
      "provider": "provider[\"registry.terraform.io/hashicorp/aws\"].uswest2",
      "instances": [
        {
          "schema_version": 0,
          "attributes": {
            "gateway_id": "",
            "id": "rtbassoc-05d41c41dd6ac95d9",
            "route_table_id": "rtb-0996dc2b5538b47f5",
            "subnet_id": "subnet-0c793020d3ffc0c51",
            "timeouts": null
          },
          "sensitive_attributes": [],
          "private": "eyJlMmJmYjczMC1lY2FhLTExZTYtOGY4OC0zNDM2M2JjN2M0YzAiOnsiY3JlYXRlIjozMDAwMDAwMDAwMDAsImRlbGV0ZSI6MzAwMDAwMDAwMDAwLCJ1cGRhdGUiOjEyMDAwMDAwMDAwMH19",
          "dependencies": [
            "module.us-west-2.module.vpc.aws_internet_gateway.igw_vpc_1",
            "module.us-west-2.module.vpc.aws_route_table.route_public_subnet_vpc_1",
            "module.us-west-2.module.vpc.aws_subnet.public_sebnet_1_vpc_1",
            "module.us-west-2.module.vpc.aws_vpc.vpc_1"
          ]
        }
      ]
    },
    {
      "module": "module.us-west-2.module.vpc",
      "mode": "managed",
      "type": "aws_route_table_association",
      "name": "public_route_1_association_vpc_2",
      "provider": "provider[\"registry.terraform.io/hashicorp/aws\"].uswest2",
      "instances": [
        {
          "schema_version": 0,
          "attributes": {
            "gateway_id": "",
            "id": "rtbassoc-0d231ffcf3cf6d240",
            "route_table_id": "rtb-0639a3ddcf5f12675",
            "subnet_id": "subnet-0e317ed79932adab6",
            "timeouts": null
          },
          "sensitive_attributes": [],
          "private": "eyJlMmJmYjczMC1lY2FhLTExZTYtOGY4OC0zNDM2M2JjN2M0YzAiOnsiY3JlYXRlIjozMDAwMDAwMDAwMDAsImRlbGV0ZSI6MzAwMDAwMDAwMDAwLCJ1cGRhdGUiOjEyMDAwMDAwMDAwMH19",
          "dependencies": [
            "module.us-west-2.module.vpc.aws_internet_gateway.igw_vpc_2",
            "module.us-west-2.module.vpc.aws_route_table.route_public_subnet_vpc_2",
            "module.us-west-2.module.vpc.aws_subnet.public_subnet_1_vpc_2",
            "module.us-west-2.module.vpc.aws_vpc.vpc_2"
          ]
        }
      ]
    },
    {
      "module": "module.us-west-2.module.vpc",
      "mode": "managed",
      "type": "aws_route_table_association",
      "name": "public_route_2_association",
      "provider": "provider[\"registry.terraform.io/hashicorp/aws\"].uswest2",
      "instances": [
        {
          "schema_version": 0,
          "attributes": {
            "gateway_id": "",
            "id": "rtbassoc-089b0c222b2720062",
            "route_table_id": "rtb-0996dc2b5538b47f5",
            "subnet_id": "subnet-03bbe01d1a3329fa7",
            "timeouts": null
          },
          "sensitive_attributes": [],
          "private": "eyJlMmJmYjczMC1lY2FhLTExZTYtOGY4OC0zNDM2M2JjN2M0YzAiOnsiY3JlYXRlIjozMDAwMDAwMDAwMDAsImRlbGV0ZSI6MzAwMDAwMDAwMDAwLCJ1cGRhdGUiOjEyMDAwMDAwMDAwMH19",
          "dependencies": [
            "module.us-west-2.module.vpc.aws_internet_gateway.igw_vpc_1",
            "module.us-west-2.module.vpc.aws_route_table.route_public_subnet_vpc_1",
            "module.us-west-2.module.vpc.aws_subnet.public_subnet_2_vpc_1",
            "module.us-west-2.module.vpc.aws_vpc.vpc_1"
          ]
        }
      ]
    },
    {
      "module": "module.us-west-2.module.vpc",
      "mode": "managed",
      "type": "aws_subnet",
      "name": "private_subnet_1_vcp_2",
      "provider": "provider[\"registry.terraform.io/hashicorp/aws\"].uswest2",
      "instances": [
        {
          "schema_version": 1,
          "attributes": {
            "arn": "arn:aws:ec2:us-west-2:159184128979:subnet/subnet-07b7f2cf5c13f8db4",
            "assign_ipv6_address_on_creation": false,
            "availability_zone": "us-west-2a",
            "availability_zone_id": "usw2-az2",
            "cidr_block": "10.1.2.0/24",
            "customer_owned_ipv4_pool": "",
            "enable_dns64": false,
            "enable_lni_at_device_index": 0,
            "enable_resource_name_dns_a_record_on_launch": false,
            "enable_resource_name_dns_aaaa_record_on_launch": false,
            "id": "subnet-07b7f2cf5c13f8db4",
            "ipv6_cidr_block": "",
            "ipv6_cidr_block_association_id": "",
            "ipv6_native": false,
            "map_customer_owned_ip_on_launch": false,
            "map_public_ip_on_launch": true,
            "outpost_arn": "",
            "owner_id": "159184128979",
            "private_dns_hostname_type_on_launch": "ip-name",
            "tags": {
              "Name": "private_subnet_1_vpc_2"
            },
            "tags_all": {
              "Name": "private_subnet_1_vpc_2"
            },
            "timeouts": null,
            "vpc_id": "vpc-08c4c67c3a1bb8677"
          },
          "sensitive_attributes": [],
          "private": "eyJlMmJmYjczMC1lY2FhLTExZTYtOGY4OC0zNDM2M2JjN2M0YzAiOnsiY3JlYXRlIjo2MDAwMDAwMDAwMDAsImRlbGV0ZSI6MTIwMDAwMDAwMDAwMH0sInNjaGVtYV92ZXJzaW9uIjoiMSJ9",
          "dependencies": [
            "module.us-west-2.module.vpc.aws_vpc.vpc_2"
          ],
          "create_before_destroy": true
        }
      ]
    },
    {
      "module": "module.us-west-2.module.vpc",
      "mode": "managed",
      "type": "aws_subnet",
      "name": "private_subnet_1_vpc_1",
      "provider": "provider[\"registry.terraform.io/hashicorp/aws\"].uswest2",
      "instances": [
        {
          "schema_version": 1,
          "attributes": {
            "arn": "arn:aws:ec2:us-west-2:159184128979:subnet/subnet-025ddb3c6a4591518",
            "assign_ipv6_address_on_creation": false,
            "availability_zone": "us-west-2a",
            "availability_zone_id": "usw2-az2",
            "cidr_block": "10.0.3.0/24",
            "customer_owned_ipv4_pool": "",
            "enable_dns64": false,
            "enable_lni_at_device_index": 0,
            "enable_resource_name_dns_a_record_on_launch": false,
            "enable_resource_name_dns_aaaa_record_on_launch": false,
            "id": "subnet-025ddb3c6a4591518",
            "ipv6_cidr_block": "",
            "ipv6_cidr_block_association_id": "",
            "ipv6_native": false,
            "map_customer_owned_ip_on_launch": false,
            "map_public_ip_on_launch": true,
            "outpost_arn": "",
            "owner_id": "159184128979",
            "private_dns_hostname_type_on_launch": "ip-name",
            "tags": {
              "Name": "private_subnet_1_vpc_1"
            },
            "tags_all": {
              "Name": "private_subnet_1_vpc_1"
            },
            "timeouts": null,
            "vpc_id": "vpc-059ac746c0fce8520"
          },
          "sensitive_attributes": [],
          "private": "eyJlMmJmYjczMC1lY2FhLTExZTYtOGY4OC0zNDM2M2JjN2M0YzAiOnsiY3JlYXRlIjo2MDAwMDAwMDAwMDAsImRlbGV0ZSI6MTIwMDAwMDAwMDAwMH0sInNjaGVtYV92ZXJzaW9uIjoiMSJ9",
          "dependencies": [
            "module.us-west-2.module.vpc.aws_vpc.vpc_1"
          ]
        }
      ]
    },
    {
      "module": "module.us-west-2.module.vpc",
      "mode": "managed",
      "type": "aws_subnet",
      "name": "private_subnet_2_vpc_1",
      "provider": "provider[\"registry.terraform.io/hashicorp/aws\"].uswest2",
      "instances": [
        {
          "schema_version": 1,
          "attributes": {
            "arn": "arn:aws:ec2:us-west-2:159184128979:subnet/subnet-075e1616c9b1fc22f",
            "assign_ipv6_address_on_creation": false,
            "availability_zone": "us-west-2b",
            "availability_zone_id": "usw2-az1",
            "cidr_block": "10.0.4.0/24",
            "customer_owned_ipv4_pool": "",
            "enable_dns64": false,
            "enable_lni_at_device_index": 0,
            "enable_resource_name_dns_a_record_on_launch": false,
            "enable_resource_name_dns_aaaa_record_on_launch": false,
            "id": "subnet-075e1616c9b1fc22f",
            "ipv6_cidr_block": "",
            "ipv6_cidr_block_association_id": "",
            "ipv6_native": false,
            "map_customer_owned_ip_on_launch": false,
            "map_public_ip_on_launch": true,
            "outpost_arn": "",
            "owner_id": "159184128979",
            "private_dns_hostname_type_on_launch": "ip-name",
            "tags": {
              "Name": "private_subnet_2_vpc_1"
            },
            "tags_all": {
              "Name": "private_subnet_2_vpc_1"
            },
            "timeouts": null,
            "vpc_id": "vpc-059ac746c0fce8520"
          },
          "sensitive_attributes": [],
          "private": "eyJlMmJmYjczMC1lY2FhLTExZTYtOGY4OC0zNDM2M2JjN2M0YzAiOnsiY3JlYXRlIjo2MDAwMDAwMDAwMDAsImRlbGV0ZSI6MTIwMDAwMDAwMDAwMH0sInNjaGVtYV92ZXJzaW9uIjoiMSJ9",
          "dependencies": [
            "module.us-west-2.module.vpc.aws_vpc.vpc_1"
          ]
        }
      ]
    },
    {
      "module": "module.us-west-2.module.vpc",
      "mode": "managed",
      "type": "aws_subnet",
      "name": "public_sebnet_1_vpc_1",
      "provider": "provider[\"registry.terraform.io/hashicorp/aws\"].uswest2",
      "instances": [
        {
          "schema_version": 1,
          "attributes": {
            "arn": "arn:aws:ec2:us-west-2:159184128979:subnet/subnet-0c793020d3ffc0c51",
            "assign_ipv6_address_on_creation": false,
            "availability_zone": "us-west-2a",
            "availability_zone_id": "usw2-az2",
            "cidr_block": "10.0.1.0/24",
            "customer_owned_ipv4_pool": "",
            "enable_dns64": false,
            "enable_lni_at_device_index": 0,
            "enable_resource_name_dns_a_record_on_launch": false,
            "enable_resource_name_dns_aaaa_record_on_launch": false,
            "id": "subnet-0c793020d3ffc0c51",
            "ipv6_cidr_block": "",
            "ipv6_cidr_block_association_id": "",
            "ipv6_native": false,
            "map_customer_owned_ip_on_launch": false,
            "map_public_ip_on_launch": true,
            "outpost_arn": "",
            "owner_id": "159184128979",
            "private_dns_hostname_type_on_launch": "ip-name",
            "tags": {
              "Name": "public_sebnet_1_vpc_1"
            },
            "tags_all": {
              "Name": "public_sebnet_1_vpc_1"
            },
            "timeouts": null,
            "vpc_id": "vpc-059ac746c0fce8520"
          },
          "sensitive_attributes": [],
          "private": "eyJlMmJmYjczMC1lY2FhLTExZTYtOGY4OC0zNDM2M2JjN2M0YzAiOnsiY3JlYXRlIjo2MDAwMDAwMDAwMDAsImRlbGV0ZSI6MTIwMDAwMDAwMDAwMH0sInNjaGVtYV92ZXJzaW9uIjoiMSJ9",
          "dependencies": [
            "module.us-west-2.module.vpc.aws_vpc.vpc_1"
          ],
          "create_before_destroy": true
        }
      ]
    },
    {
      "module": "module.us-west-2.module.vpc",
      "mode": "managed",
      "type": "aws_subnet",
      "name": "public_subnet_1_vpc_2",
      "provider": "provider[\"registry.terraform.io/hashicorp/aws\"].uswest2",
      "instances": [
        {
          "schema_version": 1,
          "attributes": {
            "arn": "arn:aws:ec2:us-west-2:159184128979:subnet/subnet-0e317ed79932adab6",
            "assign_ipv6_address_on_creation": false,
            "availability_zone": "us-west-2a",
            "availability_zone_id": "usw2-az2",
            "cidr_block": "10.1.1.0/24",
            "customer_owned_ipv4_pool": "",
            "enable_dns64": false,
            "enable_lni_at_device_index": 0,
            "enable_resource_name_dns_a_record_on_launch": false,
            "enable_resource_name_dns_aaaa_record_on_launch": false,
            "id": "subnet-0e317ed79932adab6",
            "ipv6_cidr_block": "",
            "ipv6_cidr_block_association_id": "",
            "ipv6_native": false,
            "map_customer_owned_ip_on_launch": false,
            "map_public_ip_on_launch": true,
            "outpost_arn": "",
            "owner_id": "159184128979",
            "private_dns_hostname_type_on_launch": "ip-name",
            "tags": {
              "Name": "public_subnet_1_vpc_2"
            },
            "tags_all": {
              "Name": "public_subnet_1_vpc_2"
            },
            "timeouts": null,
            "vpc_id": "vpc-08c4c67c3a1bb8677"
          },
          "sensitive_attributes": [],
          "private": "eyJlMmJmYjczMC1lY2FhLTExZTYtOGY4OC0zNDM2M2JjN2M0YzAiOnsiY3JlYXRlIjo2MDAwMDAwMDAwMDAsImRlbGV0ZSI6MTIwMDAwMDAwMDAwMH0sInNjaGVtYV92ZXJzaW9uIjoiMSJ9",
          "dependencies": [
            "module.us-west-2.module.vpc.aws_vpc.vpc_2"
          ],
          "create_before_destroy": true
        }
      ]
    },
    {
      "module": "module.us-west-2.module.vpc",
      "mode": "managed",
      "type": "aws_subnet",
      "name": "public_subnet_2_vpc_1",
      "provider": "provider[\"registry.terraform.io/hashicorp/aws\"].uswest2",
      "instances": [
        {
          "schema_version": 1,
          "attributes": {
            "arn": "arn:aws:ec2:us-west-2:159184128979:subnet/subnet-03bbe01d1a3329fa7",
            "assign_ipv6_address_on_creation": false,
            "availability_zone": "us-west-2b",
            "availability_zone_id": "usw2-az1",
            "cidr_block": "10.0.2.0/24",
            "customer_owned_ipv4_pool": "",
            "enable_dns64": false,
            "enable_lni_at_device_index": 0,
            "enable_resource_name_dns_a_record_on_launch": false,
            "enable_resource_name_dns_aaaa_record_on_launch": false,
            "id": "subnet-03bbe01d1a3329fa7",
            "ipv6_cidr_block": "",
            "ipv6_cidr_block_association_id": "",
            "ipv6_native": false,
            "map_customer_owned_ip_on_launch": false,
            "map_public_ip_on_launch": true,
            "outpost_arn": "",
            "owner_id": "159184128979",
            "private_dns_hostname_type_on_launch": "ip-name",
            "tags": {
              "Name": "public_subnet_2_vpc_1"
            },
            "tags_all": {
              "Name": "public_subnet_2_vpc_1"
            },
            "timeouts": null,
            "vpc_id": "vpc-059ac746c0fce8520"
          },
          "sensitive_attributes": [],
          "private": "eyJlMmJmYjczMC1lY2FhLTExZTYtOGY4OC0zNDM2M2JjN2M0YzAiOnsiY3JlYXRlIjo2MDAwMDAwMDAwMDAsImRlbGV0ZSI6MTIwMDAwMDAwMDAwMH0sInNjaGVtYV92ZXJzaW9uIjoiMSJ9",
          "dependencies": [
            "module.us-west-2.module.vpc.aws_vpc.vpc_1"
          ],
          "create_before_destroy": true
        }
      ]
    },
    {
      "module": "module.us-west-2.module.vpc",
      "mode": "managed",
      "type": "aws_vpc",
      "name": "vpc_1",
      "provider": "provider[\"registry.terraform.io/hashicorp/aws\"].uswest2",
      "instances": [
        {
          "schema_version": 1,
          "attributes": {
            "arn": "arn:aws:ec2:us-west-2:159184128979:vpc/vpc-059ac746c0fce8520",
            "assign_generated_ipv6_cidr_block": false,
            "cidr_block": "10.0.0.0/16",
            "default_network_acl_id": "acl-0b3557141ac7018eb",
            "default_route_table_id": "rtb-010f668d562128210",
            "default_security_group_id": "sg-0da03184a2a35b9a9",
            "dhcp_options_id": "dopt-0a104df655c24d9c1",
            "enable_classiclink": false,
            "enable_classiclink_dns_support": false,
            "enable_dns_hostnames": true,
            "enable_dns_support": true,
            "enable_network_address_usage_metrics": false,
            "id": "vpc-059ac746c0fce8520",
            "instance_tenancy": "default",
            "ipv4_ipam_pool_id": null,
            "ipv4_netmask_length": null,
            "ipv6_association_id": "",
            "ipv6_cidr_block": "",
            "ipv6_cidr_block_network_border_group": "",
            "ipv6_ipam_pool_id": "",
            "ipv6_netmask_length": 0,
            "main_route_table_id": "rtb-010f668d562128210",
            "owner_id": "159184128979",
            "tags": {
              "Name": "vpc_1"
            },
            "tags_all": {
              "Name": "vpc_1"
            }
          },
          "sensitive_attributes": [],
          "private": "eyJzY2hlbWFfdmVyc2lvbiI6IjEifQ==",
          "create_before_destroy": true
        }
      ]
    },
    {
      "module": "module.us-west-2.module.vpc",
      "mode": "managed",
      "type": "aws_vpc",
      "name": "vpc_2",
      "provider": "provider[\"registry.terraform.io/hashicorp/aws\"].uswest2",
      "instances": [
        {
          "schema_version": 1,
          "attributes": {
            "arn": "arn:aws:ec2:us-west-2:159184128979:vpc/vpc-08c4c67c3a1bb8677",
            "assign_generated_ipv6_cidr_block": false,
            "cidr_block": "10.1.0.0/16",
            "default_network_acl_id": "acl-0c1d5f723437146d1",
            "default_route_table_id": "rtb-0940e3047209176fc",
            "default_security_group_id": "sg-05ff6649fb2911edf",
            "dhcp_options_id": "dopt-0a104df655c24d9c1",
            "enable_classiclink": false,
            "enable_classiclink_dns_support": false,
            "enable_dns_hostnames": true,
            "enable_dns_support": true,
            "enable_network_address_usage_metrics": false,
            "id": "vpc-08c4c67c3a1bb8677",
            "instance_tenancy": "default",
            "ipv4_ipam_pool_id": null,
            "ipv4_netmask_length": null,
            "ipv6_association_id": "",
            "ipv6_cidr_block": "",
            "ipv6_cidr_block_network_border_group": "",
            "ipv6_ipam_pool_id": "",
            "ipv6_netmask_length": 0,
            "main_route_table_id": "rtb-0940e3047209176fc",
            "owner_id": "159184128979",
            "tags": {
              "Name": "vpc_2"
            },
            "tags_all": {
              "Name": "vpc_2"
            }
          },
          "sensitive_attributes": [],
          "private": "eyJzY2hlbWFfdmVyc2lvbiI6IjEifQ==",
          "create_before_destroy": true
        }
      ]
    }
  ],
  "check_results": null
}
