{
  "version": 4,
  "terraform_version": "1.8.0",
  "serial": 62,
  "lineage": "f1678b31-18f4-e604-63dc-53c7ec6e94cc",
  "outputs": {},
  "resources": [
    {
      "mode": "data",
      "type": "aws_iam_policy_document",
      "name": "ec2",
      "provider": "provider[\"registry.terraform.io/hashicorp/aws\"]",
      "instances": [
        {
          "schema_version": 0,
          "attributes": {
            "id": "1903849331",
            "json": "{\n  \"Version\": \"2012-10-17\",\n  \"Statement\": [\n    {\n      \"Sid\": \"\",\n      \"Effect\": \"Allow\",\n      \"Action\": \"sts:AssumeRole\",\n      \"Principal\": {\n        \"Service\": \"ec2.amazonaws.com\"\n      }\n    }\n  ]\n}",
            "override_json": null,
            "override_policy_documents": null,
            "policy_id": null,
            "source_json": null,
            "source_policy_documents": null,
            "statement": [
              {
                "actions": [
                  "sts:AssumeRole"
                ],
                "condition": [],
                "effect": "Allow",
                "not_actions": [],
                "not_principals": [],
                "not_resources": [],
                "principals": [
                  {
                    "identifiers": [
                      "ec2.amazonaws.com"
                    ],
                    "type": "Service"
                  }
                ],
                "resources": [],
                "sid": ""
              }
            ],
            "version": "2012-10-17"
          },
          "sensitive_attributes": []
        }
      ]
    },
    {
      "mode": "managed",
      "type": "aws_iam_instance_profile",
      "name": "session_manager",
      "provider": "provider[\"registry.terraform.io/hashicorp/aws\"]",
      "instances": [
        {
          "schema_version": 0,
          "attributes": {
            "arn": "arn:aws:iam::159184128979:instance-profile/session_manager",
            "create_date": "2024-05-28T06:25:24Z",
            "id": "session_manager",
            "name": "session_manager",
            "name_prefix": "",
            "path": "/",
            "role": "session_manager",
            "tags": {},
            "tags_all": {},
            "unique_id": "AIPASKEA5BPJYVLBI3BQ4"
          },
          "sensitive_attributes": [],
          "private": "bnVsbA==",
          "dependencies": [
            "aws_iam_role.session_manager",
            "data.aws_iam_policy_document.ec2"
          ],
          "create_before_destroy": true
        }
      ]
    },
    {
      "mode": "managed",
      "type": "aws_iam_policy",
      "name": "session_manager",
      "provider": "provider[\"registry.terraform.io/hashicorp/aws\"]",
      "instances": [
        {
          "schema_version": 0,
          "attributes": {
            "arn": "arn:aws:iam::159184128979:policy/session_manager",
            "description": "session_manager",
            "id": "arn:aws:iam::159184128979:policy/session_manager",
            "name": "session_manager",
            "name_prefix": "",
            "path": "/",
            "policy": "{\"Statement\":[{\"Action\":\"ec2:*\",\"Effect\":\"Allow\",\"Resource\":\"*\"},{\"Action\":\"elasticloadbalancing:*\",\"Effect\":\"Allow\",\"Resource\":\"*\"},{\"Action\":\"cloudwatch:*\",\"Effect\":\"Allow\",\"Resource\":\"*\"},{\"Action\":\"autoscaling:*\",\"Effect\":\"Allow\",\"Resource\":\"*\"},{\"Action\":\"iam:CreateServiceLinkedRole\",\"Condition\":{\"StringEquals\":{\"iam:AWSServiceName\":[\"autoscaling.amazonaws.com\",\"ec2scheduled.amazonaws.com\",\"elasticloadbalancing.amazonaws.com\",\"spot.amazonaws.com\",\"spotfleet.amazonaws.com\",\"transitgateway.amazonaws.com\"]}},\"Effect\":\"Allow\",\"Resource\":\"*\"}],\"Version\":\"2012-10-17\"}",
            "policy_id": "ANPASKEA5BPJ7PCFSOVGI",
            "tags": {},
            "tags_all": {}
          },
          "sensitive_attributes": [],
          "private": "bnVsbA=="
        }
      ]
    },
    {
      "mode": "managed",
      "type": "aws_iam_role",
      "name": "session_manager",
      "provider": "provider[\"registry.terraform.io/hashicorp/aws\"]",
      "instances": [
        {
          "schema_version": 0,
          "attributes": {
            "arn": "arn:aws:iam::159184128979:role/session_manager",
            "assume_role_policy": "{\"Statement\":[{\"Action\":\"sts:AssumeRole\",\"Effect\":\"Allow\",\"Principal\":{\"Service\":\"ec2.amazonaws.com\"},\"Sid\":\"\"}],\"Version\":\"2012-10-17\"}",
            "create_date": "2024-05-28T06:25:23Z",
            "description": "",
            "force_detach_policies": false,
            "id": "session_manager",
            "inline_policy": [],
            "managed_policy_arns": [],
            "max_session_duration": 3600,
            "name": "session_manager",
            "name_prefix": "",
            "path": "/",
            "permissions_boundary": null,
            "role_last_used": [
              {
                "last_used_date": "",
                "region": ""
              }
            ],
            "tags": {
              "Name": "session_manager"
            },
            "tags_all": {
              "Name": "session_manager"
            },
            "unique_id": "AROASKEA5BPJXX2JHDONX"
          },
          "sensitive_attributes": [],
          "private": "bnVsbA==",
          "dependencies": [
            "data.aws_iam_policy_document.ec2"
          ],
          "create_before_destroy": true
        }
      ]
    },
    {
      "module": "module.ap-northeast-1",
      "mode": "managed",
      "type": "aws_instance",
      "name": "bastion2_tokyo",
      "provider": "module.ap-northeast-1.provider[\"registry.terraform.io/hashicorp/aws\"]",
      "instances": [
        {
          "schema_version": 1,
          "attributes": {
            "ami": "ami-02a405b3302affc24",
            "arn": "arn:aws:ec2:ap-northeast-1:159184128979:instance/i-03fe63f51489d81a5",
            "associate_public_ip_address": true,
            "availability_zone": "ap-northeast-1a",
            "capacity_reservation_specification": [
              {
                "capacity_reservation_preference": "open",
                "capacity_reservation_target": []
              }
            ],
            "cpu_core_count": 1,
            "cpu_options": [
              {
                "amd_sev_snp": "",
                "core_count": 1,
                "threads_per_core": 1
              }
            ],
            "cpu_threads_per_core": 1,
            "credit_specification": [
              {
                "cpu_credits": "standard"
              }
            ],
            "disable_api_stop": false,
            "disable_api_termination": false,
            "ebs_block_device": [],
            "ebs_optimized": false,
            "enclave_options": [
              {
                "enabled": false
              }
            ],
            "ephemeral_block_device": [],
            "get_password_data": false,
            "hibernation": false,
            "host_id": "",
            "host_resource_group_arn": null,
            "iam_instance_profile": "session_manager",
            "id": "i-03fe63f51489d81a5",
            "instance_initiated_shutdown_behavior": "stop",
            "instance_state": "running",
            "instance_type": "t2.micro",
            "ipv6_address_count": 0,
            "ipv6_addresses": [],
            "key_name": "ec2key_tokyo",
            "launch_template": [],
            "maintenance_options": [
              {
                "auto_recovery": "default"
              }
            ],
            "metadata_options": [
              {
                "http_endpoint": "enabled",
                "http_put_response_hop_limit": 2,
                "http_tokens": "required",
                "instance_metadata_tags": "disabled"
              }
            ],
            "monitoring": false,
            "network_interface": [],
            "outpost_arn": "",
            "password_data": "",
            "placement_group": "",
            "placement_partition_number": 0,
            "primary_network_interface_id": "eni-0452087cf923f95bb",
            "private_dns": "ip-11-0-1-243.ap-northeast-1.compute.internal",
            "private_dns_name_options": [
              {
                "enable_resource_name_dns_a_record": false,
                "enable_resource_name_dns_aaaa_record": false,
                "hostname_type": "ip-name"
              }
            ],
            "private_ip": "11.0.1.243",
            "public_dns": "ec2-54-199-239-50.ap-northeast-1.compute.amazonaws.com",
            "public_ip": "54.199.239.50",
            "root_block_device": [
              {
                "delete_on_termination": true,
                "device_name": "/dev/xvda",
                "encrypted": false,
                "iops": 3000,
                "kms_key_id": "",
                "tags": {},
                "throughput": 125,
                "volume_id": "vol-042f0b5b7d5de64f1",
                "volume_size": 8,
                "volume_type": "gp3"
              }
            ],
            "secondary_private_ips": [],
            "security_groups": [
              "sg-00ac3ade5d11ed348"
            ],
            "source_dest_check": true,
            "subnet_id": "subnet-052ee3689b646d21b",
            "tags": {
              "Name": "Bastion_2_tokyo_public"
            },
            "tags_all": {
              "Name": "Bastion_2_tokyo_public"
            },
            "tenancy": "default",
            "timeouts": null,
            "user_data": "57264057ebd024bd7871eea80fcbb0fec4308b67",
            "user_data_base64": null,
            "user_data_replace_on_change": false,
            "volume_tags": null,
            "vpc_security_group_ids": [
              "sg-00ac3ade5d11ed348"
            ]
          },
          "sensitive_attributes": [],
          "private": "eyJlMmJmYjczMC1lY2FhLTExZTYtOGY4OC0zNDM2M2JjN2M0YzAiOnsiY3JlYXRlIjo2MDAwMDAwMDAwMDAsImRlbGV0ZSI6MTIwMDAwMDAwMDAwMCwidXBkYXRlIjo2MDAwMDAwMDAwMDB9LCJzY2hlbWFfdmVyc2lvbiI6IjEifQ==",
          "dependencies": [
            "aws_iam_instance_profile.session_manager",
            "aws_iam_role.session_manager",
            "data.aws_iam_policy_document.ec2",
            "module.ap-northeast-1.aws_security_group.ec2_security_group_tokyo",
            "module.ap-northeast-1.module.keypair.aws_key_pair.generated_key_tokyo",
            "module.ap-northeast-1.module.keypair.tls_private_key.ec2key_tokyo",
            "module.ap-northeast-1.module.vpc.aws_subnet.public_subnet_1_vpc_tokyo",
            "module.ap-northeast-1.module.vpc.aws_vpc.vpc_tokyo"
          ],
          "create_before_destroy": true
        }
      ]
    },
    {
      "module": "module.ap-northeast-1",
      "mode": "managed",
      "type": "aws_instance",
      "name": "webserver2",
      "provider": "module.ap-northeast-1.provider[\"registry.terraform.io/hashicorp/aws\"]",
      "instances": [
        {
          "schema_version": 1,
          "attributes": {
            "ami": "ami-02a405b3302affc24",
            "arn": "arn:aws:ec2:ap-northeast-1:159184128979:instance/i-0535058ec6c9060d8",
            "associate_public_ip_address": true,
            "availability_zone": "ap-northeast-1a",
            "capacity_reservation_specification": [
              {
                "capacity_reservation_preference": "open",
                "capacity_reservation_target": []
              }
            ],
            "cpu_core_count": 1,
            "cpu_options": [
              {
                "amd_sev_snp": "",
                "core_count": 1,
                "threads_per_core": 1
              }
            ],
            "cpu_threads_per_core": 1,
            "credit_specification": [
              {
                "cpu_credits": "standard"
              }
            ],
            "disable_api_stop": false,
            "disable_api_termination": false,
            "ebs_block_device": [],
            "ebs_optimized": false,
            "enclave_options": [
              {
                "enabled": false
              }
            ],
            "ephemeral_block_device": [],
            "get_password_data": false,
            "hibernation": false,
            "host_id": "",
            "host_resource_group_arn": null,
            "iam_instance_profile": "session_manager",
            "id": "i-0535058ec6c9060d8",
            "instance_initiated_shutdown_behavior": "stop",
            "instance_state": "running",
            "instance_type": "t2.micro",
            "ipv6_address_count": 0,
            "ipv6_addresses": [],
            "key_name": "ec2key_tokyo",
            "launch_template": [],
            "maintenance_options": [
              {
                "auto_recovery": "default"
              }
            ],
            "metadata_options": [
              {
                "http_endpoint": "enabled",
                "http_put_response_hop_limit": 2,
                "http_tokens": "required",
                "instance_metadata_tags": "disabled"
              }
            ],
            "monitoring": false,
            "network_interface": [],
            "outpost_arn": "",
            "password_data": "",
            "placement_group": "",
            "placement_partition_number": 0,
            "primary_network_interface_id": "eni-04c7f66f1f294daa3",
            "private_dns": "ip-11-0-3-232.ap-northeast-1.compute.internal",
            "private_dns_name_options": [
              {
                "enable_resource_name_dns_a_record": false,
                "enable_resource_name_dns_aaaa_record": false,
                "hostname_type": "ip-name"
              }
            ],
            "private_ip": "11.0.3.232",
            "public_dns": "ec2-43-207-121-17.ap-northeast-1.compute.amazonaws.com",
            "public_ip": "43.207.121.17",
            "root_block_device": [
              {
                "delete_on_termination": true,
                "device_name": "/dev/xvda",
                "encrypted": false,
                "iops": 3000,
                "kms_key_id": "",
                "tags": {},
                "throughput": 125,
                "volume_id": "vol-05c67b40d76caff54",
                "volume_size": 8,
                "volume_type": "gp3"
              }
            ],
            "secondary_private_ips": [],
            "security_groups": [
              "sg-00ac3ade5d11ed348"
            ],
            "source_dest_check": true,
            "subnet_id": "subnet-0982f0bbe9059a248",
            "tags": {
              "Name": "webserver_2_private"
            },
            "tags_all": {
              "Name": "webserver_2_private"
            },
            "tenancy": "default",
            "timeouts": null,
            "user_data": "57264057ebd024bd7871eea80fcbb0fec4308b67",
            "user_data_base64": null,
            "user_data_replace_on_change": false,
            "volume_tags": null,
            "vpc_security_group_ids": [
              "sg-00ac3ade5d11ed348"
            ]
          },
          "sensitive_attributes": [],
          "private": "eyJlMmJmYjczMC1lY2FhLTExZTYtOGY4OC0zNDM2M2JjN2M0YzAiOnsiY3JlYXRlIjo2MDAwMDAwMDAwMDAsImRlbGV0ZSI6MTIwMDAwMDAwMDAwMCwidXBkYXRlIjo2MDAwMDAwMDAwMDB9LCJzY2hlbWFfdmVyc2lvbiI6IjEifQ==",
          "dependencies": [
            "aws_iam_instance_profile.session_manager",
            "aws_iam_role.session_manager",
            "data.aws_iam_policy_document.ec2",
            "module.ap-northeast-1.aws_security_group.ec2_security_group_tokyo",
            "module.ap-northeast-1.module.keypair.aws_key_pair.generated_key_tokyo",
            "module.ap-northeast-1.module.keypair.tls_private_key.ec2key_tokyo",
            "module.ap-northeast-1.module.vpc.aws_subnet.private_subnet_1_vcp_2",
            "module.ap-northeast-1.module.vpc.aws_vpc.vpc_tokyo"
          ],
          "create_before_destroy": true
        }
      ]
    },
    {
      "module": "module.ap-northeast-1",
      "mode": "managed",
      "type": "aws_security_group",
      "name": "ec2_security_group_tokyo",
      "provider": "module.ap-northeast-1.provider[\"registry.terraform.io/hashicorp/aws\"]",
      "instances": [
        {
          "schema_version": 1,
          "attributes": {
            "arn": "arn:aws:ec2:ap-northeast-1:159184128979:security-group/sg-00ac3ade5d11ed348",
            "description": "Allow inbound access from the ALB only",
            "egress": [
              {
                "cidr_blocks": [
                  "0.0.0.0/0"
                ],
                "description": "",
                "from_port": 0,
                "ipv6_cidr_blocks": [],
                "prefix_list_ids": [],
                "protocol": "-1",
                "security_groups": [],
                "self": false,
                "to_port": 0
              }
            ],
            "id": "sg-00ac3ade5d11ed348",
            "ingress": [
              {
                "cidr_blocks": [
                  "0.0.0.0/0"
                ],
                "description": "HTTP",
                "from_port": 80,
                "ipv6_cidr_blocks": [],
                "prefix_list_ids": [],
                "protocol": "tcp",
                "security_groups": [],
                "self": false,
                "to_port": 80
              },
              {
                "cidr_blocks": [
                  "0.0.0.0/0"
                ],
                "description": "HTTPS",
                "from_port": 443,
                "ipv6_cidr_blocks": [],
                "prefix_list_ids": [],
                "protocol": "tcp",
                "security_groups": [],
                "self": false,
                "to_port": 443
              },
              {
                "cidr_blocks": [
                  "0.0.0.0/0"
                ],
                "description": "SSH",
                "from_port": 22,
                "ipv6_cidr_blocks": [],
                "prefix_list_ids": [],
                "protocol": "tcp",
                "security_groups": [],
                "self": false,
                "to_port": 22
              }
            ],
            "name": "ec2_security_group",
            "name_prefix": "",
            "owner_id": "159184128979",
            "revoke_rules_on_delete": false,
            "tags": {
              "Name": "ec2_security_group"
            },
            "tags_all": {
              "Name": "ec2_security_group"
            },
            "timeouts": null,
            "vpc_id": "vpc-0c62c8ff9bcdf9ad1"
          },
          "sensitive_attributes": [],
          "private": "eyJlMmJmYjczMC1lY2FhLTExZTYtOGY4OC0zNDM2M2JjN2M0YzAiOnsiY3JlYXRlIjo2MDAwMDAwMDAwMDAsImRlbGV0ZSI6OTAwMDAwMDAwMDAwfSwic2NoZW1hX3ZlcnNpb24iOiIxIn0=",
          "dependencies": [
            "module.ap-northeast-1.module.vpc.aws_vpc.vpc_tokyo"
          ],
          "create_before_destroy": true
        }
      ]
    },
    {
      "module": "module.ap-northeast-1.module.keypair",
      "mode": "managed",
      "type": "aws_key_pair",
      "name": "generated_key_tokyo",
      "provider": "module.ap-northeast-1.provider[\"registry.terraform.io/hashicorp/aws\"]",
      "instances": [
        {
          "schema_version": 1,
          "attributes": {
            "arn": "arn:aws:ec2:ap-northeast-1:159184128979:key-pair/ec2key_tokyo",
            "fingerprint": "bd:8f:c6:ef:7e:f9:a6:2a:2f:0e:92:b3:a5:1a:36:da",
            "id": "ec2key_tokyo",
            "key_name": "ec2key_tokyo",
            "key_name_prefix": "",
            "key_pair_id": "key-0eef74181a841b755",
            "key_type": "rsa",
            "public_key": "ssh-rsa AAAAB3NzaC1yc2EAAAADAQABAAACAQDRNfBVYj6bJSr8Ev5HJLWhKWo7wkzBx5pAm+DTXg5d4DvBdNlAMEPLqO4vHnavbfFooxs1KHbbcOYmb08M/7BZ0lr5GV36DSD/4xX1mEtEpNsXVn9qeU+D6NKP9nnd0Dj0CA6ckOblGi7bErg7wCVq23xULw/AskPEBLibj8rLG0Ss3fB8PD1FciNLw0Q0g8xfVxfKXjYl3wqYV8ltDOhe5414shPA70ny8mEHHzvuIYRLZRAMiYClnnuR2PAoVATe69D6bnk6+Z//AiZg0lSP+EBLG0KNKXUlWoXVI5NNGuv/WQAT6vo4LnbAuz/x9BnN9MKYOvP5sFVNCSGvaRxwmDwNyW0CRcPeJrN1NVd85+4ehaBiIqvm3m0IYLg3rNanG//eIZr1MpuUlF8BQQAstrtoILGg84m5Iso8BV33IQnYNiNfq4znrdozF2ZkY0wsLlv3Cg86snEQz/dC5mMRXM/riGfDoCJOMBr+iP/nYp3VgBr2VkONRuWAL1UKUNwUox3dEKDhOkxFdaLFmLqUoB4LCuXdDwJ0b6k70Ck94ZzJdd12Ygb2ISscodXAeh0mG8wTgujXmHFu+HRG7w91sgUQgIzV4nLfCqUIuyReHvW76SlgR+G/ujyqjGLe4Ki/8KxuAI9Ovz2p9K7jx4onxXAObTUe8vjbUj1G1wrBMQ==",
            "tags": {},
            "tags_all": {}
          },
          "sensitive_attributes": [],
          "private": "eyJzY2hlbWFfdmVyc2lvbiI6IjEifQ==",
          "dependencies": [
            "module.ap-northeast-1.module.keypair.tls_private_key.ec2key_tokyo"
          ],
          "create_before_destroy": true
        }
      ]
    },
    {
      "module": "module.ap-northeast-1.module.keypair",
      "mode": "managed",
      "type": "local_file",
      "name": "key_tokyo",
      "provider": "provider[\"registry.terraform.io/hashicorp/local\"]",
      "instances": [
        {
          "schema_version": 0,
          "attributes": {
            "content": "-----BEGIN RSA PRIVATE KEY-----\nMIIJKwIBAAKCAgEA0TXwVWI+myUq/BL+RyS1oSlqO8JMwceaQJvg014OXeA7wXTZ\nQDBDy6juLx52r23xaKMbNSh223DmJm9PDP+wWdJa+Rld+g0g/+MV9ZhLRKTbF1Z/\nanlPg+jSj/Z53dA49AgOnJDm5Rou2xK4O8Alatt8VC8PwLJDxAS4m4/KyxtErN3w\nfDw9RXIjS8NENIPMX1cXyl42Jd8KmFfJbQzoXueNeLITwO9J8vJhBx877iGES2UQ\nDImApZ57kdjwKFQE3uvQ+m55Ovmf/wImYNJUj/hASxtCjSl1JVqF1SOTTRrr/1kA\nE+r6OC52wLs/8fQZzfTCmDrz+bBVTQkhr2kccJg8DcltAkXD3iazdTVXfOfuHoWg\nYiKr5t5tCGC4N6zWpxv/3iGa9TKblJRfAUEALLa7aCCxoPOJuSLKPAVd9yEJ2DYj\nX6uM563aMxdmZGNMLC5b9woPOrJxEM/3QuZjEVzP64hnw6AiTjAa/oj/52Kd1YAa\n9lZDjUblgC9VClDcFKMd3RCg4TpMRXWixZi6lKAeCwrl3Q8CdG+pO9ApPeGcyXXd\ndmIG9iErHKHVwHodJhvME4Lo15hxbvh0Ru8PdbIFEICM1eJy3wqlCLskXh71u+kp\nYEfhv7o8qoxi3uCov/CsbgCPTr89qfSu48eKJ8VwDm01HvL421I9RtcKwTECAwEA\nAQKCAgEAgjZGLX6GZN3PUTEpHnKUsYgrXKJkT7/CHDBo0GWcH4Wu64ukpDTmHV45\nUQ5u5GVTecL67i0PPSmZtZZV50tFIcKxaJUHTtjZDyrxwfhV8JWC35WwnD6A5SMF\n2yCXXR16NTjGj2AItdOEEkombNn87/NIAMWB0nehgeFGXVwz5hJEvisswMZlhFGz\n8jXIv77Adx6n6gaVQSD/YS5SahM8lcUc4mBDtzO4HQQKq/oevOoTgzGVuZfjgDGR\ny4bwgsk4dt7jJNuZjMFNedSGuoBurWTf7186Hs4M4YDkB3Kq/bSh6j4ktEDuGAWj\nV/WzqQ46+Vs7urAGpgPAM8BZPOn5DmMJt5M2cI5zhA2IAx1nw5wH+9cWKwpDKSWo\na+HQAxKe4M/wUjYqD1M+SiePzMS99WinjOptb94QWYvO80WND+Byx9dGRZQGXivk\nFGBf9rUEKrI91Hil+8vaL+9ydbK3FD0l4hYIUpsv9u/uXTO/8fDDE4h5isN7sqXs\nRIelO/xitWnzpqizCM1CLLOsDOuay1oqVpc/uogGbhYaAviSaqYZ1Zu0BV9bYyE9\n+sWvpwUw1rQKzsSOR+lZLXM6VaAlKbeXko6CItf1Cp/iKJvm+q3vsBJnq3lMOvI7\nhtc7bHg+R+w1X0KE3AjFD5C4cjMefe+X0ORDxnQiaeXsg+i7f4ECggEBAPA7AIQj\nBzR5Xxu7cYE2AWPrx9TlYJ15gZJ3g7w+iyepX+dMG7SRy8oSdccbIe2HsfG+xqGk\n2wOtgwz/bXFQ/eaKJeaj/Dk6E0HES4L6EPLu7PlAPR+dJoMV2MWM+QyGxb+sbfZS\nYl504UPj7ldn6nPTl4Mh3NwTaCHrGOhs68BkmCi0BG/mKjAHZ0aEArYVxyD46YLs\nYv+aQ2KmI4qbVROdFauJvtWXF2PXQZUJl6XJfu/kdCCLvg8xE5in0N/ffEZ3g9bU\n8iS/8w57gQ1Tv5ADEyuTHPXPoH108sBXwS0zZJmuch+rU+EwlcBWzLevJp8T8wJF\nkPSUK4hA+Mlba2kCggEBAN7xqLwurm5wjRHL9xE8mefTcd8ZDtkRlpVqqD0fOwH1\nItzHuppY3uqAoFcjPB7MJqEBqrwZ4C+/vt1EWsttrbFtATAEKMBI8zX8BUAFTdja\n3r3148Ynl4f5ZtmI68QD103/NQuPZRNRqATFeOPZ84Omx9aOj+ZfJuEHJBYOMTTh\n3dP9t/cQiWyIgusyMC24OjRPtyrSyujnV/i2+OAP2oRj64l/bd8miaUbi/+9m2/y\n06nEiM6YBC/2JNhpwjjxenA6DU8TRd9qIOlRDa9MdGcXubXeeddAGUwg3mcML1BO\nAUNNZEzQDmnP0pVfKefFtaLKT7v+NgRDInzpwQKhVokCggEBALuF8zMyfK9ThxCI\n02N/mro7FTR1EWQbsy94J9dMIygEqR5OZNohbSkCG/oeje9zG06QE1Ge9G/8g+4j\nfXUVOf06HbfajkrFsL6H0kIdnhlktIskwBHrhGKTLTGYh9hlY/vpR7UePjdpmWZ7\niFOmhHeB1iXAyzzn0UOY10qnq6f1Xml3jHck/g2b2dxLtCoa+eQdKXrPt7+61Zsu\nAVRzSIgU+RN8ZQEp/lIrd8A1SrFZhsMQXC4Dp4sITjm91ejL9aC0LrAGbjaNt9e4\nRNb4ZvKt08sR/WtMdgU4wz2twtfb5E2qxN8/yCxi1qLbntZL3SQUWH+PekXRW+Hy\nhcH4oPECggEBAK1CuZOl48HIjpmqHdSzeBiGZxSu8K8Z0CFGxoDZ6I3Y6MMUJZ0W\nPAea9wFBTNPSbKLsHLgak/QH3Fkxai52imo9AJNEaDcnenwV5C6g8KL7VefjVKUG\n1+jAloGwuymWopjnIV5ejnq5Fw6+OPk6xNknoF7KZGLwx9JSLmVFmlAyyKabo4DK\nxUInxTbrxi2B4xoMaZlKQI9IW0HbUQcwyu3giYhOFCE8XfSGuAKEZGxYFs71Ai0s\nTvTHIlNdvadrY3AcbYNqwv6iB/nLGAuIK16DPbxtrdru4bocQTtsaMjMFocreiuH\n9eudq1aSooqRSFu/RsAfC/O8CO1y7KESqaECggEBAKeY6nEIsptuQGAhVMXPFr7z\nDZ1n8yyqSz7Qg19WkQgGAICVOVvVI+HrpRog5TY7M6yKreV7sbtUPKFjic2KcyOt\nKgDi6M6eMw7h9Er3dQYbGo034JOfr/DJ12zovgzMXwJ2UHvz4OyK1SGnf0FlXmi4\nvZA2jQybfKHmN/5l4sCNKgGoBG0KmIKUKbuIjYSm+4Dzh78lS+G3VcOX+n1CxXbz\nAMoK5cjF9UzwAr4sJr45WJD3Ok1Mrdv6hSQyqE+6BBR/IAKsShAQAet1NVXFdFKq\nOiOU2zNSm/1cuntPQ0YD4mMJj0SOUxOKMi9sitfde1u1CE8leGxg/US4fnPHMwg=\n-----END RSA PRIVATE KEY-----\n",
            "content_base64": null,
            "content_base64sha256": "DkcKnQU9CEzzM8eF1A+6xQefspsqd3Y02BfEQrK9+KI=",
            "content_base64sha512": "Zuy/mxWRPniLBdZyDAnAaNJhVOiARfr72PIpfkVezvGUCUkH/RYMXaKxdsSgOwQ7x0T+ejUsM1UUMqEKgprARA==",
            "content_md5": "91d74ceeb91f9708bf68e34023295d21",
            "content_sha1": "4113becb0cad83451363cba779e646d891c6987c",
            "content_sha256": "0e470a9d053d084cf333c785d40fbac5079fb29b2a777634d817c442b2bdf8a2",
            "content_sha512": "66ecbf9b15913e788b05d6720c09c068d26154e88045fafbd8f2297e455ecef194094907fd160c5da2b176c4a03b043bc744fe7a352c33551432a10a829ac044",
            "directory_permission": "0777",
            "file_permission": "0400",
            "filename": "ec2key_tokyo.pem",
            "id": "4113becb0cad83451363cba779e646d891c6987c",
            "sensitive_content": null,
            "source": null
          },
          "sensitive_attributes": [
            [
              {
                "type": "get_attr",
                "value": "content"
              }
            ],
            [
              {
                "type": "get_attr",
                "value": "sensitive_content"
              }
            ]
          ],
          "dependencies": [
            "module.ap-northeast-1.module.keypair.tls_private_key.ec2key_tokyo"
          ]
        }
      ]
    },
    {
      "module": "module.ap-northeast-1.module.keypair",
      "mode": "managed",
      "type": "tls_private_key",
      "name": "ec2key_tokyo",
      "provider": "provider[\"registry.terraform.io/hashicorp/tls\"]",
      "instances": [
        {
          "schema_version": 1,
          "attributes": {
            "algorithm": "RSA",
            "ecdsa_curve": "P224",
            "id": "307c77f48b96b384fc9572327172e4ae5b041302",
            "private_key_openssh": "-----BEGIN OPENSSH PRIVATE KEY-----\nb3BlbnNzaC1rZXktdjEAAAAABG5vbmUAAAAEbm9uZQAAAAAAAAABAAACFwAAAAdz\nc2gtcnNhAAAAAwEAAQAAAgEA0TXwVWI+myUq/BL+RyS1oSlqO8JMwceaQJvg014O\nXeA7wXTZQDBDy6juLx52r23xaKMbNSh223DmJm9PDP+wWdJa+Rld+g0g/+MV9ZhL\nRKTbF1Z/anlPg+jSj/Z53dA49AgOnJDm5Rou2xK4O8Alatt8VC8PwLJDxAS4m4/K\nyxtErN3wfDw9RXIjS8NENIPMX1cXyl42Jd8KmFfJbQzoXueNeLITwO9J8vJhBx87\n7iGES2UQDImApZ57kdjwKFQE3uvQ+m55Ovmf/wImYNJUj/hASxtCjSl1JVqF1SOT\nTRrr/1kAE+r6OC52wLs/8fQZzfTCmDrz+bBVTQkhr2kccJg8DcltAkXD3iazdTVX\nfOfuHoWgYiKr5t5tCGC4N6zWpxv/3iGa9TKblJRfAUEALLa7aCCxoPOJuSLKPAVd\n9yEJ2DYjX6uM563aMxdmZGNMLC5b9woPOrJxEM/3QuZjEVzP64hnw6AiTjAa/oj/\n52Kd1YAa9lZDjUblgC9VClDcFKMd3RCg4TpMRXWixZi6lKAeCwrl3Q8CdG+pO9Ap\nPeGcyXXddmIG9iErHKHVwHodJhvME4Lo15hxbvh0Ru8PdbIFEICM1eJy3wqlCLsk\nXh71u+kpYEfhv7o8qoxi3uCov/CsbgCPTr89qfSu48eKJ8VwDm01HvL421I9RtcK\nwTEAAAc4H9+pEx/fqRMAAAAHc3NoLXJzYQAAAgEA0TXwVWI+myUq/BL+RyS1oSlq\nO8JMwceaQJvg014OXeA7wXTZQDBDy6juLx52r23xaKMbNSh223DmJm9PDP+wWdJa\n+Rld+g0g/+MV9ZhLRKTbF1Z/anlPg+jSj/Z53dA49AgOnJDm5Rou2xK4O8Alatt8\nVC8PwLJDxAS4m4/KyxtErN3wfDw9RXIjS8NENIPMX1cXyl42Jd8KmFfJbQzoXueN\neLITwO9J8vJhBx877iGES2UQDImApZ57kdjwKFQE3uvQ+m55Ovmf/wImYNJUj/hA\nSxtCjSl1JVqF1SOTTRrr/1kAE+r6OC52wLs/8fQZzfTCmDrz+bBVTQkhr2kccJg8\nDcltAkXD3iazdTVXfOfuHoWgYiKr5t5tCGC4N6zWpxv/3iGa9TKblJRfAUEALLa7\naCCxoPOJuSLKPAVd9yEJ2DYjX6uM563aMxdmZGNMLC5b9woPOrJxEM/3QuZjEVzP\n64hnw6AiTjAa/oj/52Kd1YAa9lZDjUblgC9VClDcFKMd3RCg4TpMRXWixZi6lKAe\nCwrl3Q8CdG+pO9ApPeGcyXXddmIG9iErHKHVwHodJhvME4Lo15hxbvh0Ru8PdbIF\nEICM1eJy3wqlCLskXh71u+kpYEfhv7o8qoxi3uCov/CsbgCPTr89qfSu48eKJ8Vw\nDm01HvL421I9RtcKwTEAAAADAQABAAACAQCCNkYtfoZk3c9RMSkecpSxiCtcomRP\nv8IcMGjQZZwfha7ri6SkNOYdXjlRDm7kZVN5wvruLQ89KZm1llXnS0UhwrFolQdO\n2NkPKvHB+FXwlYLflbCcPoDlIwXbIJddHXo1OMaPYAi104QSSiZs2fzv80gAxYHS\nd6GB4UZdXDPmEkS+KyzAxmWEUbPyNci/vsB3HqfqBpVBIP9hLlJqEzyVxRziYEO3\nM7gdBAqr+h686hODMZW5l+OAMZHLhvCCyTh23uMk25mMwU151Ia6gG6tZN/vXzoe\nzgzhgOQHcqr9tKHqPiS0QO4YBaNX9bOpDjr5Wzu6sAamA8AzwFk86fkOYwm3kzZw\njnOEDYgDHWfDnAf71xYrCkMpJahr4dADEp7gz/BSNioPUz5KJ4/MxL31aKeM6m1v\n3hBZi87zRY0P4HLH10ZFlAZeK+QUYF/2tQQqsj3UeKX7y9ov73J1srcUPSXiFghS\nmy/27+5dM7/x8MMTiHmKw3uypexEh6U7/GK1afOmqLMIzUIss6wM65rLWipWlz+6\niAZuFhoC+JJqphnVm7QFX1tjIT36xa+nBTDWtArOxI5H6VktczpVoCUpt5eSjoIi\n1/UKn+Iom+b6re+wEmereUw68juG1ztseD5H7DVfQoTcCMUPkLhyMx5975fQ5EPG\ndCJp5eyD6Lt/gQAAAQEAp5jqcQiym25AYCFUxc8WvvMNnWfzLKpLPtCDX1aRCAYA\ngJU5W9Uj4eulGiDlNjszrIqt5Xuxu1Q8oWOJzYpzI60qAOLozp4zDuH0Svd1Bhsa\njTfgk5+v8MnXbOi+DMxfAnZQe/Pg7IrVIad/QWVeaLi9kDaNDJt8oeY3/mXiwI0q\nAagEbQqYgpQpu4iNhKb7gPOHvyVL4bdVw5f6fULFdvMAygrlyMX1TPACviwmvjlY\nkPc6TUyt2/qFJDKoT7oEFH8gAqxKEBAB63U1VcV0Uqo6I5TbM1Kb/Vy6e09DRgPi\nYwmPRI5TE4oyL2yK1917W7UITyV4bGD9RLh+c8czCAAAAQEA8DsAhCMHNHlfG7tx\ngTYBY+vH1OVgnXmBkneDvD6LJ6lf50wbtJHLyhJ1xxsh7Yex8b7GoaTbA62DDP9t\ncVD95ool5qP8OToTQcRLgvoQ8u7s+UA9H50mgxXYxYz5DIbFv6xt9lJiXnThQ+Pu\nV2fqc9OXgyHc3BNoIesY6GzrwGSYKLQEb+YqMAdnRoQCthXHIPjpguxi/5pDYqYj\niptVE50Vq4m+1ZcXY9dBlQmXpcl+7+R0IIu+DzETmKfQ3998RneD1tTyJL/zDnuB\nDVO/kAMTK5Mc9c+gfXTywFfBLTNkma5yH6tT4TCVwFbMt68mnxPzAkWQ9JQriED4\nyVtraQAAAQEA3vGovC6ubnCNEcv3ETyZ59Nx3xkO2RGWlWqoPR87AfUi3Me6mlje\n6oCgVyM8HswmoQGqvBngL7++3URay22tsW0BMAQowEjzNfwFQAVN2NrevfXjxieX\nh/lm2YjrxAPXTf81C49lE1GoBMV449nzg6bH1o6P5l8m4QckFg4xNOHd0/239xCJ\nbIiC6zIwLbg6NE+3KtLK6OdX+Lb44A/ahGPriX9t3yaJpRuL/72bb/LTqcSIzpgE\nL/Yk2GnCOPF6cDoNTxNF32og6VENr0x0Zxe5td5510AZTCDeZwwvUE4BQ01kTNAO\nac/SlV8p58W1ospPu/42BEMifOnBAqFWiQAAAAAB\n-----END OPENSSH PRIVATE KEY-----\n",
            "private_key_pem": "-----BEGIN RSA PRIVATE KEY-----\nMIIJKwIBAAKCAgEA0TXwVWI+myUq/BL+RyS1oSlqO8JMwceaQJvg014OXeA7wXTZ\nQDBDy6juLx52r23xaKMbNSh223DmJm9PDP+wWdJa+Rld+g0g/+MV9ZhLRKTbF1Z/\nanlPg+jSj/Z53dA49AgOnJDm5Rou2xK4O8Alatt8VC8PwLJDxAS4m4/KyxtErN3w\nfDw9RXIjS8NENIPMX1cXyl42Jd8KmFfJbQzoXueNeLITwO9J8vJhBx877iGES2UQ\nDImApZ57kdjwKFQE3uvQ+m55Ovmf/wImYNJUj/hASxtCjSl1JVqF1SOTTRrr/1kA\nE+r6OC52wLs/8fQZzfTCmDrz+bBVTQkhr2kccJg8DcltAkXD3iazdTVXfOfuHoWg\nYiKr5t5tCGC4N6zWpxv/3iGa9TKblJRfAUEALLa7aCCxoPOJuSLKPAVd9yEJ2DYj\nX6uM563aMxdmZGNMLC5b9woPOrJxEM/3QuZjEVzP64hnw6AiTjAa/oj/52Kd1YAa\n9lZDjUblgC9VClDcFKMd3RCg4TpMRXWixZi6lKAeCwrl3Q8CdG+pO9ApPeGcyXXd\ndmIG9iErHKHVwHodJhvME4Lo15hxbvh0Ru8PdbIFEICM1eJy3wqlCLskXh71u+kp\nYEfhv7o8qoxi3uCov/CsbgCPTr89qfSu48eKJ8VwDm01HvL421I9RtcKwTECAwEA\nAQKCAgEAgjZGLX6GZN3PUTEpHnKUsYgrXKJkT7/CHDBo0GWcH4Wu64ukpDTmHV45\nUQ5u5GVTecL67i0PPSmZtZZV50tFIcKxaJUHTtjZDyrxwfhV8JWC35WwnD6A5SMF\n2yCXXR16NTjGj2AItdOEEkombNn87/NIAMWB0nehgeFGXVwz5hJEvisswMZlhFGz\n8jXIv77Adx6n6gaVQSD/YS5SahM8lcUc4mBDtzO4HQQKq/oevOoTgzGVuZfjgDGR\ny4bwgsk4dt7jJNuZjMFNedSGuoBurWTf7186Hs4M4YDkB3Kq/bSh6j4ktEDuGAWj\nV/WzqQ46+Vs7urAGpgPAM8BZPOn5DmMJt5M2cI5zhA2IAx1nw5wH+9cWKwpDKSWo\na+HQAxKe4M/wUjYqD1M+SiePzMS99WinjOptb94QWYvO80WND+Byx9dGRZQGXivk\nFGBf9rUEKrI91Hil+8vaL+9ydbK3FD0l4hYIUpsv9u/uXTO/8fDDE4h5isN7sqXs\nRIelO/xitWnzpqizCM1CLLOsDOuay1oqVpc/uogGbhYaAviSaqYZ1Zu0BV9bYyE9\n+sWvpwUw1rQKzsSOR+lZLXM6VaAlKbeXko6CItf1Cp/iKJvm+q3vsBJnq3lMOvI7\nhtc7bHg+R+w1X0KE3AjFD5C4cjMefe+X0ORDxnQiaeXsg+i7f4ECggEBAPA7AIQj\nBzR5Xxu7cYE2AWPrx9TlYJ15gZJ3g7w+iyepX+dMG7SRy8oSdccbIe2HsfG+xqGk\n2wOtgwz/bXFQ/eaKJeaj/Dk6E0HES4L6EPLu7PlAPR+dJoMV2MWM+QyGxb+sbfZS\nYl504UPj7ldn6nPTl4Mh3NwTaCHrGOhs68BkmCi0BG/mKjAHZ0aEArYVxyD46YLs\nYv+aQ2KmI4qbVROdFauJvtWXF2PXQZUJl6XJfu/kdCCLvg8xE5in0N/ffEZ3g9bU\n8iS/8w57gQ1Tv5ADEyuTHPXPoH108sBXwS0zZJmuch+rU+EwlcBWzLevJp8T8wJF\nkPSUK4hA+Mlba2kCggEBAN7xqLwurm5wjRHL9xE8mefTcd8ZDtkRlpVqqD0fOwH1\nItzHuppY3uqAoFcjPB7MJqEBqrwZ4C+/vt1EWsttrbFtATAEKMBI8zX8BUAFTdja\n3r3148Ynl4f5ZtmI68QD103/NQuPZRNRqATFeOPZ84Omx9aOj+ZfJuEHJBYOMTTh\n3dP9t/cQiWyIgusyMC24OjRPtyrSyujnV/i2+OAP2oRj64l/bd8miaUbi/+9m2/y\n06nEiM6YBC/2JNhpwjjxenA6DU8TRd9qIOlRDa9MdGcXubXeeddAGUwg3mcML1BO\nAUNNZEzQDmnP0pVfKefFtaLKT7v+NgRDInzpwQKhVokCggEBALuF8zMyfK9ThxCI\n02N/mro7FTR1EWQbsy94J9dMIygEqR5OZNohbSkCG/oeje9zG06QE1Ge9G/8g+4j\nfXUVOf06HbfajkrFsL6H0kIdnhlktIskwBHrhGKTLTGYh9hlY/vpR7UePjdpmWZ7\niFOmhHeB1iXAyzzn0UOY10qnq6f1Xml3jHck/g2b2dxLtCoa+eQdKXrPt7+61Zsu\nAVRzSIgU+RN8ZQEp/lIrd8A1SrFZhsMQXC4Dp4sITjm91ejL9aC0LrAGbjaNt9e4\nRNb4ZvKt08sR/WtMdgU4wz2twtfb5E2qxN8/yCxi1qLbntZL3SQUWH+PekXRW+Hy\nhcH4oPECggEBAK1CuZOl48HIjpmqHdSzeBiGZxSu8K8Z0CFGxoDZ6I3Y6MMUJZ0W\nPAea9wFBTNPSbKLsHLgak/QH3Fkxai52imo9AJNEaDcnenwV5C6g8KL7VefjVKUG\n1+jAloGwuymWopjnIV5ejnq5Fw6+OPk6xNknoF7KZGLwx9JSLmVFmlAyyKabo4DK\nxUInxTbrxi2B4xoMaZlKQI9IW0HbUQcwyu3giYhOFCE8XfSGuAKEZGxYFs71Ai0s\nTvTHIlNdvadrY3AcbYNqwv6iB/nLGAuIK16DPbxtrdru4bocQTtsaMjMFocreiuH\n9eudq1aSooqRSFu/RsAfC/O8CO1y7KESqaECggEBAKeY6nEIsptuQGAhVMXPFr7z\nDZ1n8yyqSz7Qg19WkQgGAICVOVvVI+HrpRog5TY7M6yKreV7sbtUPKFjic2KcyOt\nKgDi6M6eMw7h9Er3dQYbGo034JOfr/DJ12zovgzMXwJ2UHvz4OyK1SGnf0FlXmi4\nvZA2jQybfKHmN/5l4sCNKgGoBG0KmIKUKbuIjYSm+4Dzh78lS+G3VcOX+n1CxXbz\nAMoK5cjF9UzwAr4sJr45WJD3Ok1Mrdv6hSQyqE+6BBR/IAKsShAQAet1NVXFdFKq\nOiOU2zNSm/1cuntPQ0YD4mMJj0SOUxOKMi9sitfde1u1CE8leGxg/US4fnPHMwg=\n-----END RSA PRIVATE KEY-----\n",
            "private_key_pem_pkcs8": "-----BEGIN PRIVATE KEY-----\nMIIJRQIBADANBgkqhkiG9w0BAQEFAASCCS8wggkrAgEAAoICAQDRNfBVYj6bJSr8\nEv5HJLWhKWo7wkzBx5pAm+DTXg5d4DvBdNlAMEPLqO4vHnavbfFooxs1KHbbcOYm\nb08M/7BZ0lr5GV36DSD/4xX1mEtEpNsXVn9qeU+D6NKP9nnd0Dj0CA6ckOblGi7b\nErg7wCVq23xULw/AskPEBLibj8rLG0Ss3fB8PD1FciNLw0Q0g8xfVxfKXjYl3wqY\nV8ltDOhe5414shPA70ny8mEHHzvuIYRLZRAMiYClnnuR2PAoVATe69D6bnk6+Z//\nAiZg0lSP+EBLG0KNKXUlWoXVI5NNGuv/WQAT6vo4LnbAuz/x9BnN9MKYOvP5sFVN\nCSGvaRxwmDwNyW0CRcPeJrN1NVd85+4ehaBiIqvm3m0IYLg3rNanG//eIZr1MpuU\nlF8BQQAstrtoILGg84m5Iso8BV33IQnYNiNfq4znrdozF2ZkY0wsLlv3Cg86snEQ\nz/dC5mMRXM/riGfDoCJOMBr+iP/nYp3VgBr2VkONRuWAL1UKUNwUox3dEKDhOkxF\ndaLFmLqUoB4LCuXdDwJ0b6k70Ck94ZzJdd12Ygb2ISscodXAeh0mG8wTgujXmHFu\n+HRG7w91sgUQgIzV4nLfCqUIuyReHvW76SlgR+G/ujyqjGLe4Ki/8KxuAI9Ovz2p\n9K7jx4onxXAObTUe8vjbUj1G1wrBMQIDAQABAoICAQCCNkYtfoZk3c9RMSkecpSx\niCtcomRPv8IcMGjQZZwfha7ri6SkNOYdXjlRDm7kZVN5wvruLQ89KZm1llXnS0Uh\nwrFolQdO2NkPKvHB+FXwlYLflbCcPoDlIwXbIJddHXo1OMaPYAi104QSSiZs2fzv\n80gAxYHSd6GB4UZdXDPmEkS+KyzAxmWEUbPyNci/vsB3HqfqBpVBIP9hLlJqEzyV\nxRziYEO3M7gdBAqr+h686hODMZW5l+OAMZHLhvCCyTh23uMk25mMwU151Ia6gG6t\nZN/vXzoezgzhgOQHcqr9tKHqPiS0QO4YBaNX9bOpDjr5Wzu6sAamA8AzwFk86fkO\nYwm3kzZwjnOEDYgDHWfDnAf71xYrCkMpJahr4dADEp7gz/BSNioPUz5KJ4/MxL31\naKeM6m1v3hBZi87zRY0P4HLH10ZFlAZeK+QUYF/2tQQqsj3UeKX7y9ov73J1srcU\nPSXiFghSmy/27+5dM7/x8MMTiHmKw3uypexEh6U7/GK1afOmqLMIzUIss6wM65rL\nWipWlz+6iAZuFhoC+JJqphnVm7QFX1tjIT36xa+nBTDWtArOxI5H6VktczpVoCUp\nt5eSjoIi1/UKn+Iom+b6re+wEmereUw68juG1ztseD5H7DVfQoTcCMUPkLhyMx59\n75fQ5EPGdCJp5eyD6Lt/gQKCAQEA8DsAhCMHNHlfG7txgTYBY+vH1OVgnXmBkneD\nvD6LJ6lf50wbtJHLyhJ1xxsh7Yex8b7GoaTbA62DDP9tcVD95ool5qP8OToTQcRL\ngvoQ8u7s+UA9H50mgxXYxYz5DIbFv6xt9lJiXnThQ+PuV2fqc9OXgyHc3BNoIesY\n6GzrwGSYKLQEb+YqMAdnRoQCthXHIPjpguxi/5pDYqYjiptVE50Vq4m+1ZcXY9dB\nlQmXpcl+7+R0IIu+DzETmKfQ3998RneD1tTyJL/zDnuBDVO/kAMTK5Mc9c+gfXTy\nwFfBLTNkma5yH6tT4TCVwFbMt68mnxPzAkWQ9JQriED4yVtraQKCAQEA3vGovC6u\nbnCNEcv3ETyZ59Nx3xkO2RGWlWqoPR87AfUi3Me6mlje6oCgVyM8HswmoQGqvBng\nL7++3URay22tsW0BMAQowEjzNfwFQAVN2NrevfXjxieXh/lm2YjrxAPXTf81C49l\nE1GoBMV449nzg6bH1o6P5l8m4QckFg4xNOHd0/239xCJbIiC6zIwLbg6NE+3KtLK\n6OdX+Lb44A/ahGPriX9t3yaJpRuL/72bb/LTqcSIzpgEL/Yk2GnCOPF6cDoNTxNF\n32og6VENr0x0Zxe5td5510AZTCDeZwwvUE4BQ01kTNAOac/SlV8p58W1ospPu/42\nBEMifOnBAqFWiQKCAQEAu4XzMzJ8r1OHEIjTY3+aujsVNHURZBuzL3gn10wjKASp\nHk5k2iFtKQIb+h6N73MbTpATUZ70b/yD7iN9dRU5/Todt9qOSsWwvofSQh2eGWS0\niyTAEeuEYpMtMZiH2GVj++lHtR4+N2mZZnuIU6aEd4HWJcDLPOfRQ5jXSqerp/Ve\naXeMdyT+DZvZ3Eu0Khr55B0pes+3v7rVmy4BVHNIiBT5E3xlASn+Uit3wDVKsVmG\nwxBcLgOniwhOOb3V6Mv1oLQusAZuNo2317hE1vhm8q3TyxH9a0x2BTjDPa3C19vk\nTarE3z/ILGLWotue1kvdJBRYf496RdFb4fKFwfig8QKCAQEArUK5k6XjwciOmaod\n1LN4GIZnFK7wrxnQIUbGgNnojdjowxQlnRY8B5r3AUFM09JsouwcuBqT9AfcWTFq\nLnaKaj0Ak0RoNyd6fBXkLqDwovtV5+NUpQbX6MCWgbC7KZaimOchXl6OerkXDr44\n+TrE2SegXspkYvDH0lIuZUWaUDLIppujgMrFQifFNuvGLYHjGgxpmUpAj0hbQdtR\nBzDK7eCJiE4UITxd9Ia4AoRkbFgWzvUCLSxO9MciU129p2tjcBxtg2rC/qIH+csY\nC4grXoM9vG2t2u7huhxBO2xoyMwWhyt6K4f1652rVpKiipFIW79GwB8L87wI7XLs\noRKpoQKCAQEAp5jqcQiym25AYCFUxc8WvvMNnWfzLKpLPtCDX1aRCAYAgJU5W9Uj\n4eulGiDlNjszrIqt5Xuxu1Q8oWOJzYpzI60qAOLozp4zDuH0Svd1BhsajTfgk5+v\n8MnXbOi+DMxfAnZQe/Pg7IrVIad/QWVeaLi9kDaNDJt8oeY3/mXiwI0qAagEbQqY\ngpQpu4iNhKb7gPOHvyVL4bdVw5f6fULFdvMAygrlyMX1TPACviwmvjlYkPc6TUyt\n2/qFJDKoT7oEFH8gAqxKEBAB63U1VcV0Uqo6I5TbM1Kb/Vy6e09DRgPiYwmPRI5T\nE4oyL2yK1917W7UITyV4bGD9RLh+c8czCA==\n-----END PRIVATE KEY-----\n",
            "public_key_fingerprint_md5": "1e:4e:68:ab:60:ae:02:0f:d5:61:a6:e2:e3:bb:3b:35",
            "public_key_fingerprint_sha256": "SHA256:Y6haqIOXRDv4Jlf4O8dSU1UfvgN+Tuiu4wZkVQlPNjk",
            "public_key_openssh": "ssh-rsa AAAAB3NzaC1yc2EAAAADAQABAAACAQDRNfBVYj6bJSr8Ev5HJLWhKWo7wkzBx5pAm+DTXg5d4DvBdNlAMEPLqO4vHnavbfFooxs1KHbbcOYmb08M/7BZ0lr5GV36DSD/4xX1mEtEpNsXVn9qeU+D6NKP9nnd0Dj0CA6ckOblGi7bErg7wCVq23xULw/AskPEBLibj8rLG0Ss3fB8PD1FciNLw0Q0g8xfVxfKXjYl3wqYV8ltDOhe5414shPA70ny8mEHHzvuIYRLZRAMiYClnnuR2PAoVATe69D6bnk6+Z//AiZg0lSP+EBLG0KNKXUlWoXVI5NNGuv/WQAT6vo4LnbAuz/x9BnN9MKYOvP5sFVNCSGvaRxwmDwNyW0CRcPeJrN1NVd85+4ehaBiIqvm3m0IYLg3rNanG//eIZr1MpuUlF8BQQAstrtoILGg84m5Iso8BV33IQnYNiNfq4znrdozF2ZkY0wsLlv3Cg86snEQz/dC5mMRXM/riGfDoCJOMBr+iP/nYp3VgBr2VkONRuWAL1UKUNwUox3dEKDhOkxFdaLFmLqUoB4LCuXdDwJ0b6k70Ck94ZzJdd12Ygb2ISscodXAeh0mG8wTgujXmHFu+HRG7w91sgUQgIzV4nLfCqUIuyReHvW76SlgR+G/ujyqjGLe4Ki/8KxuAI9Ovz2p9K7jx4onxXAObTUe8vjbUj1G1wrBMQ==\n",
            "public_key_pem": "-----BEGIN PUBLIC KEY-----\nMIICIjANBgkqhkiG9w0BAQEFAAOCAg8AMIICCgKCAgEA0TXwVWI+myUq/BL+RyS1\noSlqO8JMwceaQJvg014OXeA7wXTZQDBDy6juLx52r23xaKMbNSh223DmJm9PDP+w\nWdJa+Rld+g0g/+MV9ZhLRKTbF1Z/anlPg+jSj/Z53dA49AgOnJDm5Rou2xK4O8Al\natt8VC8PwLJDxAS4m4/KyxtErN3wfDw9RXIjS8NENIPMX1cXyl42Jd8KmFfJbQzo\nXueNeLITwO9J8vJhBx877iGES2UQDImApZ57kdjwKFQE3uvQ+m55Ovmf/wImYNJU\nj/hASxtCjSl1JVqF1SOTTRrr/1kAE+r6OC52wLs/8fQZzfTCmDrz+bBVTQkhr2kc\ncJg8DcltAkXD3iazdTVXfOfuHoWgYiKr5t5tCGC4N6zWpxv/3iGa9TKblJRfAUEA\nLLa7aCCxoPOJuSLKPAVd9yEJ2DYjX6uM563aMxdmZGNMLC5b9woPOrJxEM/3QuZj\nEVzP64hnw6AiTjAa/oj/52Kd1YAa9lZDjUblgC9VClDcFKMd3RCg4TpMRXWixZi6\nlKAeCwrl3Q8CdG+pO9ApPeGcyXXddmIG9iErHKHVwHodJhvME4Lo15hxbvh0Ru8P\ndbIFEICM1eJy3wqlCLskXh71u+kpYEfhv7o8qoxi3uCov/CsbgCPTr89qfSu48eK\nJ8VwDm01HvL421I9RtcKwTECAwEAAQ==\n-----END PUBLIC KEY-----\n",
            "rsa_bits": 4096
          },
          "sensitive_attributes": [
            [
              {
                "type": "get_attr",
                "value": "private_key_pem_pkcs8"
              }
            ],
            [
              {
                "type": "get_attr",
                "value": "private_key_pem"
              }
            ],
            [
              {
                "type": "get_attr",
                "value": "private_key_openssh"
              }
            ]
          ],
          "create_before_destroy": true
        }
      ]
    },
    {
      "module": "module.ap-northeast-1.module.vpc",
      "mode": "managed",
      "type": "aws_internet_gateway",
      "name": "igw_vpc_tokyo",
      "provider": "module.ap-northeast-1.provider[\"registry.terraform.io/hashicorp/aws\"]",
      "instances": [
        {
          "schema_version": 0,
          "attributes": {
            "arn": "arn:aws:ec2:ap-northeast-1:159184128979:internet-gateway/igw-06c0cfb1201d79d7f",
            "id": "igw-06c0cfb1201d79d7f",
            "owner_id": "159184128979",
            "tags": {
              "Name": "igw_vpc_tokyo"
            },
            "tags_all": {
              "Name": "igw_vpc_tokyo"
            },
            "timeouts": null,
            "vpc_id": "vpc-0c62c8ff9bcdf9ad1"
          },
          "sensitive_attributes": [],
          "private": "eyJlMmJmYjczMC1lY2FhLTExZTYtOGY4OC0zNDM2M2JjN2M0YzAiOnsiY3JlYXRlIjoxMjAwMDAwMDAwMDAwLCJkZWxldGUiOjEyMDAwMDAwMDAwMDAsInVwZGF0ZSI6MTIwMDAwMDAwMDAwMH19",
          "dependencies": [
            "module.ap-northeast-1.module.vpc.aws_vpc.vpc_tokyo"
          ]
        }
      ]
    },
    {
      "module": "module.ap-northeast-1.module.vpc",
      "mode": "managed",
      "type": "aws_route_table",
      "name": "route_private_subnet_vpc_tokyo",
      "provider": "module.ap-northeast-1.provider[\"registry.terraform.io/hashicorp/aws\"]",
      "instances": [
        {
          "schema_version": 0,
          "attributes": {
            "arn": "arn:aws:ec2:ap-northeast-1:159184128979:route-table/rtb-0e90ca7f6311cbf35",
            "id": "rtb-0e90ca7f6311cbf35",
            "owner_id": "159184128979",
            "propagating_vgws": [],
            "route": [],
            "tags": {
              "Name": "route_private_subnet_vpc_tokyo"
            },
            "tags_all": {
              "Name": "route_private_subnet_vpc_tokyo"
            },
            "timeouts": null,
            "vpc_id": "vpc-0c62c8ff9bcdf9ad1"
          },
          "sensitive_attributes": [],
          "private": "eyJlMmJmYjczMC1lY2FhLTExZTYtOGY4OC0zNDM2M2JjN2M0YzAiOnsiY3JlYXRlIjozMDAwMDAwMDAwMDAsImRlbGV0ZSI6MzAwMDAwMDAwMDAwLCJ1cGRhdGUiOjEyMDAwMDAwMDAwMH19",
          "dependencies": [
            "module.ap-northeast-1.module.vpc.aws_vpc.vpc_tokyo"
          ]
        }
      ]
    },
    {
      "module": "module.ap-northeast-1.module.vpc",
      "mode": "managed",
      "type": "aws_route_table",
      "name": "route_public_subnet_vpc_tokyo",
      "provider": "module.ap-northeast-1.provider[\"registry.terraform.io/hashicorp/aws\"]",
      "instances": [
        {
          "schema_version": 0,
          "attributes": {
            "arn": "arn:aws:ec2:ap-northeast-1:159184128979:route-table/rtb-0fd1e6f9e5e339a59",
            "id": "rtb-0fd1e6f9e5e339a59",
            "owner_id": "159184128979",
            "propagating_vgws": [],
            "route": [
              {
                "carrier_gateway_id": "",
                "cidr_block": "0.0.0.0/0",
                "core_network_arn": "",
                "destination_prefix_list_id": "",
                "egress_only_gateway_id": "",
                "gateway_id": "igw-06c0cfb1201d79d7f",
                "instance_id": "",
                "ipv6_cidr_block": "",
                "local_gateway_id": "",
                "nat_gateway_id": "",
                "network_interface_id": "",
                "transit_gateway_id": "",
                "vpc_endpoint_id": "",
                "vpc_peering_connection_id": ""
              }
            ],
            "tags": {
              "Name": "route_public_subnet_vpc_tokyo"
            },
            "tags_all": {
              "Name": "route_public_subnet_vpc_tokyo"
            },
            "timeouts": null,
            "vpc_id": "vpc-0c62c8ff9bcdf9ad1"
          },
          "sensitive_attributes": [],
          "private": "eyJlMmJmYjczMC1lY2FhLTExZTYtOGY4OC0zNDM2M2JjN2M0YzAiOnsiY3JlYXRlIjozMDAwMDAwMDAwMDAsImRlbGV0ZSI6MzAwMDAwMDAwMDAwLCJ1cGRhdGUiOjEyMDAwMDAwMDAwMH19",
          "dependencies": [
            "module.ap-northeast-1.module.vpc.aws_internet_gateway.igw_vpc_tokyo",
            "module.ap-northeast-1.module.vpc.aws_vpc.vpc_tokyo"
          ]
        }
      ]
    },
    {
      "module": "module.ap-northeast-1.module.vpc",
      "mode": "managed",
      "type": "aws_route_table_association",
      "name": "private_route_1_association_vpc_tokyo",
      "provider": "module.ap-northeast-1.provider[\"registry.terraform.io/hashicorp/aws\"]",
      "instances": [
        {
          "schema_version": 0,
          "attributes": {
            "gateway_id": "",
            "id": "rtbassoc-0ca17ca02865d2477",
            "route_table_id": "rtb-0e90ca7f6311cbf35",
            "subnet_id": "subnet-0982f0bbe9059a248",
            "timeouts": null
          },
          "sensitive_attributes": [],
          "private": "eyJlMmJmYjczMC1lY2FhLTExZTYtOGY4OC0zNDM2M2JjN2M0YzAiOnsiY3JlYXRlIjozMDAwMDAwMDAwMDAsImRlbGV0ZSI6MzAwMDAwMDAwMDAwLCJ1cGRhdGUiOjEyMDAwMDAwMDAwMH19",
          "dependencies": [
            "module.ap-northeast-1.module.vpc.aws_route_table.route_private_subnet_vpc_tokyo",
            "module.ap-northeast-1.module.vpc.aws_subnet.private_subnet_1_vcp_2",
            "module.ap-northeast-1.module.vpc.aws_vpc.vpc_tokyo"
          ]
        }
      ]
    },
    {
      "module": "module.ap-northeast-1.module.vpc",
      "mode": "managed",
      "type": "aws_route_table_association",
      "name": "public_route_1_association_vpc_tokyo",
      "provider": "module.ap-northeast-1.provider[\"registry.terraform.io/hashicorp/aws\"]",
      "instances": [
        {
          "schema_version": 0,
          "attributes": {
            "gateway_id": "",
            "id": "rtbassoc-06e6f41720ac6809b",
            "route_table_id": "rtb-0fd1e6f9e5e339a59",
            "subnet_id": "subnet-052ee3689b646d21b",
            "timeouts": null
          },
          "sensitive_attributes": [],
          "private": "eyJlMmJmYjczMC1lY2FhLTExZTYtOGY4OC0zNDM2M2JjN2M0YzAiOnsiY3JlYXRlIjozMDAwMDAwMDAwMDAsImRlbGV0ZSI6MzAwMDAwMDAwMDAwLCJ1cGRhdGUiOjEyMDAwMDAwMDAwMH19",
          "dependencies": [
            "module.ap-northeast-1.module.vpc.aws_internet_gateway.igw_vpc_tokyo",
            "module.ap-northeast-1.module.vpc.aws_route_table.route_public_subnet_vpc_tokyo",
            "module.ap-northeast-1.module.vpc.aws_subnet.public_subnet_1_vpc_tokyo",
            "module.ap-northeast-1.module.vpc.aws_vpc.vpc_tokyo"
          ]
        }
      ]
    },
    {
      "module": "module.ap-northeast-1.module.vpc",
      "mode": "managed",
      "type": "aws_subnet",
      "name": "private_subnet_1_vcp_2",
      "provider": "module.ap-northeast-1.provider[\"registry.terraform.io/hashicorp/aws\"]",
      "instances": [
        {
          "schema_version": 1,
          "attributes": {
            "arn": "arn:aws:ec2:ap-northeast-1:159184128979:subnet/subnet-0982f0bbe9059a248",
            "assign_ipv6_address_on_creation": false,
            "availability_zone": "ap-northeast-1a",
            "availability_zone_id": "apne1-az4",
            "cidr_block": "11.0.3.0/24",
            "customer_owned_ipv4_pool": "",
            "enable_dns64": false,
            "enable_lni_at_device_index": 0,
            "enable_resource_name_dns_a_record_on_launch": false,
            "enable_resource_name_dns_aaaa_record_on_launch": false,
            "id": "subnet-0982f0bbe9059a248",
            "ipv6_cidr_block": "",
            "ipv6_cidr_block_association_id": "",
            "ipv6_native": false,
            "map_customer_owned_ip_on_launch": false,
            "map_public_ip_on_launch": true,
            "outpost_arn": "",
            "owner_id": "159184128979",
            "private_dns_hostname_type_on_launch": "ip-name",
            "tags": {
              "Name": "private_subnet_1_vpc_tokyo"
            },
            "tags_all": {
              "Name": "private_subnet_1_vpc_tokyo"
            },
            "timeouts": null,
            "vpc_id": "vpc-0c62c8ff9bcdf9ad1"
          },
          "sensitive_attributes": [],
          "private": "eyJlMmJmYjczMC1lY2FhLTExZTYtOGY4OC0zNDM2M2JjN2M0YzAiOnsiY3JlYXRlIjo2MDAwMDAwMDAwMDAsImRlbGV0ZSI6MTIwMDAwMDAwMDAwMH0sInNjaGVtYV92ZXJzaW9uIjoiMSJ9",
          "dependencies": [
            "module.ap-northeast-1.module.vpc.aws_vpc.vpc_tokyo"
          ],
          "create_before_destroy": true
        }
      ]
    },
    {
      "module": "module.ap-northeast-1.module.vpc",
      "mode": "managed",
      "type": "aws_subnet",
      "name": "public_subnet_1_vpc_tokyo",
      "provider": "module.ap-northeast-1.provider[\"registry.terraform.io/hashicorp/aws\"]",
      "instances": [
        {
          "schema_version": 1,
          "attributes": {
            "arn": "arn:aws:ec2:ap-northeast-1:159184128979:subnet/subnet-052ee3689b646d21b",
            "assign_ipv6_address_on_creation": false,
            "availability_zone": "ap-northeast-1a",
            "availability_zone_id": "apne1-az4",
            "cidr_block": "11.0.1.0/24",
            "customer_owned_ipv4_pool": "",
            "enable_dns64": false,
            "enable_lni_at_device_index": 0,
            "enable_resource_name_dns_a_record_on_launch": false,
            "enable_resource_name_dns_aaaa_record_on_launch": false,
            "id": "subnet-052ee3689b646d21b",
            "ipv6_cidr_block": "",
            "ipv6_cidr_block_association_id": "",
            "ipv6_native": false,
            "map_customer_owned_ip_on_launch": false,
            "map_public_ip_on_launch": true,
            "outpost_arn": "",
            "owner_id": "159184128979",
            "private_dns_hostname_type_on_launch": "ip-name",
            "tags": {
              "Name": "public_subnet_1_vpc_tokyo"
            },
            "tags_all": {
              "Name": "public_subnet_1_vpc_tokyo"
            },
            "timeouts": null,
            "vpc_id": "vpc-0c62c8ff9bcdf9ad1"
          },
          "sensitive_attributes": [],
          "private": "eyJlMmJmYjczMC1lY2FhLTExZTYtOGY4OC0zNDM2M2JjN2M0YzAiOnsiY3JlYXRlIjo2MDAwMDAwMDAwMDAsImRlbGV0ZSI6MTIwMDAwMDAwMDAwMH0sInNjaGVtYV92ZXJzaW9uIjoiMSJ9",
          "dependencies": [
            "module.ap-northeast-1.module.vpc.aws_vpc.vpc_tokyo"
          ],
          "create_before_destroy": true
        }
      ]
    },
    {
      "module": "module.ap-northeast-1.module.vpc",
      "mode": "managed",
      "type": "aws_vpc",
      "name": "vpc_tokyo",
      "provider": "module.ap-northeast-1.provider[\"registry.terraform.io/hashicorp/aws\"]",
      "instances": [
        {
          "schema_version": 1,
          "attributes": {
            "arn": "arn:aws:ec2:ap-northeast-1:159184128979:vpc/vpc-0c62c8ff9bcdf9ad1",
            "assign_generated_ipv6_cidr_block": false,
            "cidr_block": "11.0.0.0/16",
            "default_network_acl_id": "acl-05e1f976ba49566ee",
            "default_route_table_id": "rtb-000814d37968c05af",
            "default_security_group_id": "sg-0d1f94d0a29d85a96",
            "dhcp_options_id": "dopt-0ca4663de072b8e15",
            "enable_classiclink": false,
            "enable_classiclink_dns_support": false,
            "enable_dns_hostnames": true,
            "enable_dns_support": true,
            "enable_network_address_usage_metrics": false,
            "id": "vpc-0c62c8ff9bcdf9ad1",
            "instance_tenancy": "default",
            "ipv4_ipam_pool_id": null,
            "ipv4_netmask_length": null,
            "ipv6_association_id": "",
            "ipv6_cidr_block": "",
            "ipv6_cidr_block_network_border_group": "",
            "ipv6_ipam_pool_id": "",
            "ipv6_netmask_length": 0,
            "main_route_table_id": "rtb-000814d37968c05af",
            "owner_id": "159184128979",
            "tags": {
              "Name": "vpc_tokyo"
            },
            "tags_all": {
              "Name": "vpc_tokyo"
            }
          },
          "sensitive_attributes": [],
          "private": "eyJzY2hlbWFfdmVyc2lvbiI6IjEifQ==",
          "create_before_destroy": true
        }
      ]
    },
    {
      "module": "module.us-west-2",
      "mode": "managed",
      "type": "aws_instance",
      "name": "bastion",
      "provider": "module.us-west-2.provider[\"registry.terraform.io/hashicorp/aws\"]",
      "instances": [
        {
          "index_key": 0,
          "schema_version": 1,
          "attributes": {
            "ami": "ami-01cd4de4363ab6ee8",
            "arn": "arn:aws:ec2:us-west-2:159184128979:instance/i-0bb97832d23d8638e",
            "associate_public_ip_address": true,
            "availability_zone": "us-west-2a",
            "capacity_reservation_specification": [
              {
                "capacity_reservation_preference": "open",
                "capacity_reservation_target": []
              }
            ],
            "cpu_core_count": 1,
            "cpu_options": [
              {
                "amd_sev_snp": "",
                "core_count": 1,
                "threads_per_core": 1
              }
            ],
            "cpu_threads_per_core": 1,
            "credit_specification": [
              {
                "cpu_credits": "standard"
              }
            ],
            "disable_api_stop": false,
            "disable_api_termination": false,
            "ebs_block_device": [],
            "ebs_optimized": false,
            "enclave_options": [
              {
                "enabled": false
              }
            ],
            "ephemeral_block_device": [],
            "get_password_data": false,
            "hibernation": false,
            "host_id": "",
            "host_resource_group_arn": null,
            "iam_instance_profile": "session_manager",
            "id": "i-0bb97832d23d8638e",
            "instance_initiated_shutdown_behavior": "stop",
            "instance_state": "running",
            "instance_type": "t2.micro",
            "ipv6_address_count": 0,
            "ipv6_addresses": [],
            "key_name": "ec2key",
            "launch_template": [],
            "maintenance_options": [
              {
                "auto_recovery": "default"
              }
            ],
            "metadata_options": [
              {
                "http_endpoint": "enabled",
                "http_put_response_hop_limit": 2,
                "http_tokens": "required",
                "instance_metadata_tags": "disabled"
              }
            ],
            "monitoring": false,
            "network_interface": [],
            "outpost_arn": "",
            "password_data": "",
            "placement_group": "",
            "placement_partition_number": 0,
            "primary_network_interface_id": "eni-0fc1e95a33545bab4",
            "private_dns": "ip-10-0-1-149.us-west-2.compute.internal",
            "private_dns_name_options": [
              {
                "enable_resource_name_dns_a_record": false,
                "enable_resource_name_dns_aaaa_record": false,
                "hostname_type": "ip-name"
              }
            ],
            "private_ip": "10.0.1.149",
            "public_dns": "ec2-54-185-189-65.us-west-2.compute.amazonaws.com",
            "public_ip": "54.185.189.65",
            "root_block_device": [
              {
                "delete_on_termination": true,
                "device_name": "/dev/xvda",
                "encrypted": false,
                "iops": 3000,
                "kms_key_id": "",
                "tags": {},
                "throughput": 125,
                "volume_id": "vol-006765209f20af332",
                "volume_size": 8,
                "volume_type": "gp3"
              }
            ],
            "secondary_private_ips": [],
            "security_groups": [
              "sg-016a16309f3bccd4c"
            ],
            "source_dest_check": true,
            "subnet_id": "subnet-0e16b54c9c89f01f0",
            "tags": {
              "Name": "Bastion_1_public"
            },
            "tags_all": {
              "Name": "Bastion_1_public"
            },
            "tenancy": "default",
            "timeouts": null,
            "user_data": "57264057ebd024bd7871eea80fcbb0fec4308b67",
            "user_data_base64": null,
            "user_data_replace_on_change": false,
            "volume_tags": null,
            "vpc_security_group_ids": [
              "sg-016a16309f3bccd4c"
            ]
          },
          "sensitive_attributes": [],
          "private": "eyJlMmJmYjczMC1lY2FhLTExZTYtOGY4OC0zNDM2M2JjN2M0YzAiOnsiY3JlYXRlIjo2MDAwMDAwMDAwMDAsImRlbGV0ZSI6MTIwMDAwMDAwMDAwMCwidXBkYXRlIjo2MDAwMDAwMDAwMDB9LCJzY2hlbWFfdmVyc2lvbiI6IjEifQ==",
          "dependencies": [
            "aws_iam_instance_profile.session_manager",
            "aws_iam_role.session_manager",
            "data.aws_iam_policy_document.ec2",
            "module.us-west-2.aws_security_group.ec2_security_group",
            "module.us-west-2.module.keypair.aws_key_pair.generated_key",
            "module.us-west-2.module.keypair.tls_private_key.ec2key",
            "module.us-west-2.module.vpc.aws_subnet.public_sebnet_1_vpc_1",
            "module.us-west-2.module.vpc.aws_subnet.public_subnet_2_vpc_1",
            "module.us-west-2.module.vpc.aws_vpc.vpc_1"
          ],
          "create_before_destroy": true
        },
        {
          "index_key": 1,
          "schema_version": 1,
          "attributes": {
            "ami": "ami-01cd4de4363ab6ee8",
            "arn": "arn:aws:ec2:us-west-2:159184128979:instance/i-071ea0021f0eea461",
            "associate_public_ip_address": true,
            "availability_zone": "us-west-2b",
            "capacity_reservation_specification": [
              {
                "capacity_reservation_preference": "open",
                "capacity_reservation_target": []
              }
            ],
            "cpu_core_count": 1,
            "cpu_options": [
              {
                "amd_sev_snp": "",
                "core_count": 1,
                "threads_per_core": 1
              }
            ],
            "cpu_threads_per_core": 1,
            "credit_specification": [
              {
                "cpu_credits": "standard"
              }
            ],
            "disable_api_stop": false,
            "disable_api_termination": false,
            "ebs_block_device": [],
            "ebs_optimized": false,
            "enclave_options": [
              {
                "enabled": false
              }
            ],
            "ephemeral_block_device": [],
            "get_password_data": false,
            "hibernation": false,
            "host_id": "",
            "host_resource_group_arn": null,
            "iam_instance_profile": "session_manager",
            "id": "i-071ea0021f0eea461",
            "instance_initiated_shutdown_behavior": "stop",
            "instance_state": "running",
            "instance_type": "t2.micro",
            "ipv6_address_count": 0,
            "ipv6_addresses": [],
            "key_name": "ec2key",
            "launch_template": [],
            "maintenance_options": [
              {
                "auto_recovery": "default"
              }
            ],
            "metadata_options": [
              {
                "http_endpoint": "enabled",
                "http_put_response_hop_limit": 2,
                "http_tokens": "required",
                "instance_metadata_tags": "disabled"
              }
            ],
            "monitoring": false,
            "network_interface": [],
            "outpost_arn": "",
            "password_data": "",
            "placement_group": "",
            "placement_partition_number": 0,
            "primary_network_interface_id": "eni-0d3983adc776a817f",
            "private_dns": "ip-10-0-2-192.us-west-2.compute.internal",
            "private_dns_name_options": [
              {
                "enable_resource_name_dns_a_record": false,
                "enable_resource_name_dns_aaaa_record": false,
                "hostname_type": "ip-name"
              }
            ],
            "private_ip": "10.0.2.192",
            "public_dns": "ec2-34-222-11-166.us-west-2.compute.amazonaws.com",
            "public_ip": "34.222.11.166",
            "root_block_device": [
              {
                "delete_on_termination": true,
                "device_name": "/dev/xvda",
                "encrypted": false,
                "iops": 3000,
                "kms_key_id": "",
                "tags": {},
                "throughput": 125,
                "volume_id": "vol-0231062f3abba172d",
                "volume_size": 8,
                "volume_type": "gp3"
              }
            ],
            "secondary_private_ips": [],
            "security_groups": [
              "sg-016a16309f3bccd4c"
            ],
            "source_dest_check": true,
            "subnet_id": "subnet-04219823be4578d26",
            "tags": {
              "Name": "Bastion_2_public"
            },
            "tags_all": {
              "Name": "Bastion_2_public"
            },
            "tenancy": "default",
            "timeouts": null,
            "user_data": "57264057ebd024bd7871eea80fcbb0fec4308b67",
            "user_data_base64": null,
            "user_data_replace_on_change": false,
            "volume_tags": null,
            "vpc_security_group_ids": [
              "sg-016a16309f3bccd4c"
            ]
          },
          "sensitive_attributes": [],
          "private": "eyJlMmJmYjczMC1lY2FhLTExZTYtOGY4OC0zNDM2M2JjN2M0YzAiOnsiY3JlYXRlIjo2MDAwMDAwMDAwMDAsImRlbGV0ZSI6MTIwMDAwMDAwMDAwMCwidXBkYXRlIjo2MDAwMDAwMDAwMDB9LCJzY2hlbWFfdmVyc2lvbiI6IjEifQ==",
          "dependencies": [
            "aws_iam_instance_profile.session_manager",
            "aws_iam_role.session_manager",
            "data.aws_iam_policy_document.ec2",
            "module.us-west-2.aws_security_group.ec2_security_group",
            "module.us-west-2.module.keypair.aws_key_pair.generated_key",
            "module.us-west-2.module.keypair.tls_private_key.ec2key",
            "module.us-west-2.module.vpc.aws_subnet.public_sebnet_1_vpc_1",
            "module.us-west-2.module.vpc.aws_subnet.public_subnet_2_vpc_1",
            "module.us-west-2.module.vpc.aws_vpc.vpc_1"
          ],
          "create_before_destroy": true
        }
      ]
    },
    {
      "module": "module.us-west-2",
      "mode": "managed",
      "type": "aws_instance",
      "name": "bastion2",
      "provider": "module.us-west-2.provider[\"registry.terraform.io/hashicorp/aws\"]",
      "instances": [
        {
          "schema_version": 1,
          "attributes": {
            "ami": "ami-01cd4de4363ab6ee8",
            "arn": "arn:aws:ec2:us-west-2:159184128979:instance/i-09cfd479fe17fcd10",
            "associate_public_ip_address": true,
            "availability_zone": "us-west-2a",
            "capacity_reservation_specification": [
              {
                "capacity_reservation_preference": "open",
                "capacity_reservation_target": []
              }
            ],
            "cpu_core_count": 1,
            "cpu_options": [
              {
                "amd_sev_snp": "",
                "core_count": 1,
                "threads_per_core": 1
              }
            ],
            "cpu_threads_per_core": 1,
            "credit_specification": [
              {
                "cpu_credits": "standard"
              }
            ],
            "disable_api_stop": false,
            "disable_api_termination": false,
            "ebs_block_device": [],
            "ebs_optimized": false,
            "enclave_options": [
              {
                "enabled": false
              }
            ],
            "ephemeral_block_device": [],
            "get_password_data": false,
            "hibernation": false,
            "host_id": "",
            "host_resource_group_arn": null,
            "iam_instance_profile": "session_manager",
            "id": "i-09cfd479fe17fcd10",
            "instance_initiated_shutdown_behavior": "stop",
            "instance_state": "running",
            "instance_type": "t2.micro",
            "ipv6_address_count": 0,
            "ipv6_addresses": [],
            "key_name": "ec2key",
            "launch_template": [],
            "maintenance_options": [
              {
                "auto_recovery": "default"
              }
            ],
            "metadata_options": [
              {
                "http_endpoint": "enabled",
                "http_put_response_hop_limit": 2,
                "http_tokens": "required",
                "instance_metadata_tags": "disabled"
              }
            ],
            "monitoring": false,
            "network_interface": [],
            "outpost_arn": "",
            "password_data": "",
            "placement_group": "",
            "placement_partition_number": 0,
            "primary_network_interface_id": "eni-0ce7472ad989c0c85",
            "private_dns": "ip-10-1-1-12.us-west-2.compute.internal",
            "private_dns_name_options": [
              {
                "enable_resource_name_dns_a_record": false,
                "enable_resource_name_dns_aaaa_record": false,
                "hostname_type": "ip-name"
              }
            ],
            "private_ip": "10.1.1.12",
            "public_dns": "ec2-35-87-6-117.us-west-2.compute.amazonaws.com",
            "public_ip": "35.87.6.117",
            "root_block_device": [
              {
                "delete_on_termination": true,
                "device_name": "/dev/xvda",
                "encrypted": false,
                "iops": 3000,
                "kms_key_id": "",
                "tags": {},
                "throughput": 125,
                "volume_id": "vol-0fb808a7d6434c93e",
                "volume_size": 8,
                "volume_type": "gp3"
              }
            ],
            "secondary_private_ips": [],
            "security_groups": [
              "sg-0b922a2fb472e441f"
            ],
            "source_dest_check": true,
            "subnet_id": "subnet-07eccd7e52b74aac3",
            "tags": {
              "Name": "Bastion_2_public_vpc_2"
            },
            "tags_all": {
              "Name": "Bastion_2_public_vpc_2"
            },
            "tenancy": "default",
            "timeouts": null,
            "user_data": "57264057ebd024bd7871eea80fcbb0fec4308b67",
            "user_data_base64": null,
            "user_data_replace_on_change": false,
            "volume_tags": null,
            "vpc_security_group_ids": [
              "sg-0b922a2fb472e441f"
            ]
          },
          "sensitive_attributes": [],
          "private": "eyJlMmJmYjczMC1lY2FhLTExZTYtOGY4OC0zNDM2M2JjN2M0YzAiOnsiY3JlYXRlIjo2MDAwMDAwMDAwMDAsImRlbGV0ZSI6MTIwMDAwMDAwMDAwMCwidXBkYXRlIjo2MDAwMDAwMDAwMDB9LCJzY2hlbWFfdmVyc2lvbiI6IjEifQ==",
          "dependencies": [
            "aws_iam_instance_profile.session_manager",
            "aws_iam_role.session_manager",
            "data.aws_iam_policy_document.ec2",
            "module.us-west-2.aws_security_group.ec2_security_group_vpc_2",
            "module.us-west-2.module.keypair.aws_key_pair.generated_key",
            "module.us-west-2.module.keypair.tls_private_key.ec2key",
            "module.us-west-2.module.vpc.aws_subnet.public_subnet_1_vpc_2",
            "module.us-west-2.module.vpc.aws_vpc.vpc_2"
          ],
          "create_before_destroy": true
        }
      ]
    },
    {
      "module": "module.us-west-2",
      "mode": "managed",
      "type": "aws_instance",
      "name": "webserver2",
      "provider": "module.us-west-2.provider[\"registry.terraform.io/hashicorp/aws\"]",
      "instances": [
        {
          "schema_version": 1,
          "attributes": {
            "ami": "ami-01cd4de4363ab6ee8",
            "arn": "arn:aws:ec2:us-west-2:159184128979:instance/i-0c535a338965a1731",
            "associate_public_ip_address": true,
            "availability_zone": "us-west-2a",
            "capacity_reservation_specification": [
              {
                "capacity_reservation_preference": "open",
                "capacity_reservation_target": []
              }
            ],
            "cpu_core_count": 1,
            "cpu_options": [
              {
                "amd_sev_snp": "",
                "core_count": 1,
                "threads_per_core": 1
              }
            ],
            "cpu_threads_per_core": 1,
            "credit_specification": [
              {
                "cpu_credits": "standard"
              }
            ],
            "disable_api_stop": false,
            "disable_api_termination": false,
            "ebs_block_device": [],
            "ebs_optimized": false,
            "enclave_options": [
              {
                "enabled": false
              }
            ],
            "ephemeral_block_device": [],
            "get_password_data": false,
            "hibernation": false,
            "host_id": "",
            "host_resource_group_arn": null,
            "iam_instance_profile": "session_manager",
            "id": "i-0c535a338965a1731",
            "instance_initiated_shutdown_behavior": "stop",
            "instance_state": "running",
            "instance_type": "t2.micro",
            "ipv6_address_count": 0,
            "ipv6_addresses": [],
            "key_name": "ec2key",
            "launch_template": [],
            "maintenance_options": [
              {
                "auto_recovery": "default"
              }
            ],
            "metadata_options": [
              {
                "http_endpoint": "enabled",
                "http_put_response_hop_limit": 2,
                "http_tokens": "required",
                "instance_metadata_tags": "disabled"
              }
            ],
            "monitoring": false,
            "network_interface": [],
            "outpost_arn": "",
            "password_data": "",
            "placement_group": "",
            "placement_partition_number": 0,
            "primary_network_interface_id": "eni-07a953fe99196a683",
            "private_dns": "ip-10-1-2-103.us-west-2.compute.internal",
            "private_dns_name_options": [
              {
                "enable_resource_name_dns_a_record": false,
                "enable_resource_name_dns_aaaa_record": false,
                "hostname_type": "ip-name"
              }
            ],
            "private_ip": "10.1.2.103",
            "public_dns": "ec2-35-92-250-122.us-west-2.compute.amazonaws.com",
            "public_ip": "35.92.250.122",
            "root_block_device": [
              {
                "delete_on_termination": true,
                "device_name": "/dev/xvda",
                "encrypted": false,
                "iops": 3000,
                "kms_key_id": "",
                "tags": {},
                "throughput": 125,
                "volume_id": "vol-09f9c96fe61cf7354",
                "volume_size": 8,
                "volume_type": "gp3"
              }
            ],
            "secondary_private_ips": [],
            "security_groups": [
              "sg-0b922a2fb472e441f"
            ],
            "source_dest_check": true,
            "subnet_id": "subnet-0332d0b911fb59987",
            "tags": {
              "Name": "webserver_2_private"
            },
            "tags_all": {
              "Name": "webserver_2_private"
            },
            "tenancy": "default",
            "timeouts": null,
            "user_data": "57264057ebd024bd7871eea80fcbb0fec4308b67",
            "user_data_base64": null,
            "user_data_replace_on_change": false,
            "volume_tags": null,
            "vpc_security_group_ids": [
              "sg-0b922a2fb472e441f"
            ]
          },
          "sensitive_attributes": [],
          "private": "eyJlMmJmYjczMC1lY2FhLTExZTYtOGY4OC0zNDM2M2JjN2M0YzAiOnsiY3JlYXRlIjo2MDAwMDAwMDAwMDAsImRlbGV0ZSI6MTIwMDAwMDAwMDAwMCwidXBkYXRlIjo2MDAwMDAwMDAwMDB9LCJzY2hlbWFfdmVyc2lvbiI6IjEifQ==",
          "dependencies": [
            "aws_iam_instance_profile.session_manager",
            "aws_iam_role.session_manager",
            "data.aws_iam_policy_document.ec2",
            "module.us-west-2.aws_security_group.ec2_security_group_vpc_2",
            "module.us-west-2.module.keypair.aws_key_pair.generated_key",
            "module.us-west-2.module.keypair.tls_private_key.ec2key",
            "module.us-west-2.module.vpc.aws_subnet.private_subnet_1_vcp_2",
            "module.us-west-2.module.vpc.aws_vpc.vpc_2"
          ],
          "create_before_destroy": true
        }
      ]
    },
    {
      "module": "module.us-west-2",
      "mode": "managed",
      "type": "aws_launch_configuration",
      "name": "ec2",
      "provider": "module.us-west-2.provider[\"registry.terraform.io/hashicorp/aws\"]",
      "instances": [
        {
          "schema_version": 0,
          "attributes": {
            "arn": "arn:aws:autoscaling:us-west-2:159184128979:launchConfiguration:add681b7-a94e-47f1-899c-6c3a18b2681b:launchConfigurationName/terraform-lab-us-west-2_instances_1c",
            "associate_public_ip_address": false,
            "ebs_block_device": [],
            "ebs_optimized": false,
            "enable_monitoring": true,
            "ephemeral_block_device": [],
            "iam_instance_profile": "session_manager",
            "id": "terraform-lab-us-west-2_instances_1c",
            "image_id": "ami-01cd4de4363ab6ee8",
            "instance_type": "t2.micro",
            "key_name": "ec2key",
            "metadata_options": [],
            "name": "terraform-lab-us-west-2_instances_1c",
            "name_prefix": "",
            "placement_tenancy": "",
            "root_block_device": [],
            "security_groups": [
              "sg-016a16309f3bccd4c"
            ],
            "spot_price": "",
            "user_data": "4bbb97f87931289dd2228bc447e254f179f66009",
            "user_data_base64": null,
            "vpc_classic_link_id": "",
            "vpc_classic_link_security_groups": []
          },
          "sensitive_attributes": [],
          "private": "bnVsbA==",
          "dependencies": [
            "aws_iam_instance_profile.session_manager",
            "aws_iam_role.session_manager",
            "data.aws_iam_policy_document.ec2",
            "module.us-west-2.aws_security_group.ec2_security_group",
            "module.us-west-2.module.keypair.aws_key_pair.generated_key",
            "module.us-west-2.module.keypair.tls_private_key.ec2key",
            "module.us-west-2.module.vpc.aws_vpc.vpc_1"
          ],
          "create_before_destroy": true
        }
      ]
    },
    {
      "module": "module.us-west-2",
      "mode": "managed",
      "type": "aws_security_group",
      "name": "ec2_security_group",
      "provider": "module.us-west-2.provider[\"registry.terraform.io/hashicorp/aws\"]",
      "instances": [
        {
          "schema_version": 1,
          "attributes": {
            "arn": "arn:aws:ec2:us-west-2:159184128979:security-group/sg-016a16309f3bccd4c",
            "description": "Allow inbound access from the ALB only",
            "egress": [
              {
                "cidr_blocks": [
                  "0.0.0.0/0"
                ],
                "description": "",
                "from_port": 0,
                "ipv6_cidr_blocks": [],
                "prefix_list_ids": [],
                "protocol": "-1",
                "security_groups": [],
                "self": false,
                "to_port": 0
              }
            ],
            "id": "sg-016a16309f3bccd4c",
            "ingress": [
              {
                "cidr_blocks": [
                  "0.0.0.0/0"
                ],
                "description": "HTTP",
                "from_port": 80,
                "ipv6_cidr_blocks": [],
                "prefix_list_ids": [],
                "protocol": "tcp",
                "security_groups": [],
                "self": false,
                "to_port": 80
              },
              {
                "cidr_blocks": [
                  "0.0.0.0/0"
                ],
                "description": "HTTPS",
                "from_port": 443,
                "ipv6_cidr_blocks": [],
                "prefix_list_ids": [],
                "protocol": "tcp",
                "security_groups": [],
                "self": false,
                "to_port": 443
              },
              {
                "cidr_blocks": [
                  "0.0.0.0/0"
                ],
                "description": "SSH",
                "from_port": 22,
                "ipv6_cidr_blocks": [],
                "prefix_list_ids": [],
                "protocol": "tcp",
                "security_groups": [],
                "self": false,
                "to_port": 22
              }
            ],
            "name": "ec2_security_group",
            "name_prefix": "",
            "owner_id": "159184128979",
            "revoke_rules_on_delete": false,
            "tags": {
              "Name": "ec2_security_group"
            },
            "tags_all": {
              "Name": "ec2_security_group"
            },
            "timeouts": null,
            "vpc_id": "vpc-0d89cff1e72ecf2ce"
          },
          "sensitive_attributes": [],
          "private": "eyJlMmJmYjczMC1lY2FhLTExZTYtOGY4OC0zNDM2M2JjN2M0YzAiOnsiY3JlYXRlIjo2MDAwMDAwMDAwMDAsImRlbGV0ZSI6OTAwMDAwMDAwMDAwfSwic2NoZW1hX3ZlcnNpb24iOiIxIn0=",
          "dependencies": [
            "module.us-west-2.module.vpc.aws_vpc.vpc_1"
          ],
          "create_before_destroy": true
        }
      ]
    },
    {
      "module": "module.us-west-2",
      "mode": "managed",
      "type": "aws_security_group",
      "name": "ec2_security_group_vpc_2",
      "provider": "module.us-west-2.provider[\"registry.terraform.io/hashicorp/aws\"]",
      "instances": [
        {
          "schema_version": 1,
          "attributes": {
            "arn": "arn:aws:ec2:us-west-2:159184128979:security-group/sg-0b922a2fb472e441f",
            "description": "Allow inbound access from the ALB only",
            "egress": [
              {
                "cidr_blocks": [
                  "0.0.0.0/0"
                ],
                "description": "",
                "from_port": 0,
                "ipv6_cidr_blocks": [],
                "prefix_list_ids": [],
                "protocol": "-1",
                "security_groups": [],
                "self": false,
                "to_port": 0
              }
            ],
            "id": "sg-0b922a2fb472e441f",
            "ingress": [
              {
                "cidr_blocks": [
                  "0.0.0.0/0"
                ],
                "description": "HTTP",
                "from_port": 80,
                "ipv6_cidr_blocks": [],
                "prefix_list_ids": [],
                "protocol": "tcp",
                "security_groups": [],
                "self": false,
                "to_port": 80
              },
              {
                "cidr_blocks": [
                  "0.0.0.0/0"
                ],
                "description": "HTTPS",
                "from_port": 443,
                "ipv6_cidr_blocks": [],
                "prefix_list_ids": [],
                "protocol": "tcp",
                "security_groups": [],
                "self": false,
                "to_port": 443
              },
              {
                "cidr_blocks": [
                  "0.0.0.0/0"
                ],
                "description": "SSH",
                "from_port": 22,
                "ipv6_cidr_blocks": [],
                "prefix_list_ids": [],
                "protocol": "tcp",
                "security_groups": [],
                "self": false,
                "to_port": 22
              }
            ],
            "name": "ec2_security_group_2",
            "name_prefix": "",
            "owner_id": "159184128979",
            "revoke_rules_on_delete": false,
            "tags": {
              "Name": "ec2_security_group_2"
            },
            "tags_all": {
              "Name": "ec2_security_group_2"
            },
            "timeouts": null,
            "vpc_id": "vpc-097075d9ced54ef56"
          },
          "sensitive_attributes": [],
          "private": "eyJlMmJmYjczMC1lY2FhLTExZTYtOGY4OC0zNDM2M2JjN2M0YzAiOnsiY3JlYXRlIjo2MDAwMDAwMDAwMDAsImRlbGV0ZSI6OTAwMDAwMDAwMDAwfSwic2NoZW1hX3ZlcnNpb24iOiIxIn0=",
          "dependencies": [
            "module.us-west-2.module.vpc.aws_vpc.vpc_2"
          ],
          "create_before_destroy": true
        }
      ]
    },
    {
      "module": "module.us-west-2.module.autoscaling",
      "mode": "managed",
      "type": "aws_autoscaling_group",
      "name": "ec2-ec2_cluster",
      "provider": "module.us-west-2.provider[\"registry.terraform.io/hashicorp/aws\"]",
      "instances": [
        {
          "schema_version": 0,
          "attributes": {
            "arn": "arn:aws:autoscaling:us-west-2:159184128979:autoScalingGroup:172b1cf8-2e7a-443e-ba84-86e227f326bb:autoScalingGroupName/terraform-lab-us-west-2_auto_scaling_group",
            "availability_zones": [
              "us-west-2a",
              "us-west-2b"
            ],
            "capacity_rebalance": false,
            "context": "",
            "default_cooldown": 300,
            "default_instance_warmup": 0,
            "desired_capacity": 2,
            "desired_capacity_type": "",
            "enabled_metrics": [],
            "force_delete": false,
            "force_delete_warm_pool": false,
            "health_check_grace_period": 300,
            "health_check_type": "EC2",
            "id": "terraform-lab-us-west-2_auto_scaling_group",
            "initial_lifecycle_hook": [],
            "instance_refresh": [],
            "launch_configuration": "terraform-lab-us-west-2_instances_1c",
            "launch_template": [],
            "load_balancers": [],
            "max_instance_lifetime": 0,
            "max_size": 2,
            "metrics_granularity": "1Minute",
            "min_elb_capacity": null,
            "min_size": 2,
            "mixed_instances_policy": [],
            "name": "terraform-lab-us-west-2_auto_scaling_group",
            "name_prefix": "",
            "placement_group": "",
            "predicted_capacity": 0,
            "protect_from_scale_in": false,
            "service_linked_role_arn": "arn:aws:iam::159184128979:role/aws-service-role/autoscaling.amazonaws.com/AWSServiceRoleForAutoScaling",
            "suspended_processes": [],
            "tag": [],
            "tags": null,
            "target_group_arns": [],
            "termination_policies": [],
            "timeouts": null,
            "vpc_zone_identifier": [
              "subnet-04c128ae2628f52b3",
              "subnet-076aa60bdb4a0ee34"
            ],
            "wait_for_capacity_timeout": "10m",
            "wait_for_elb_capacity": null,
            "warm_pool": [],
            "warm_pool_size": 0
          },
          "sensitive_attributes": [],
          "private": "eyJlMmJmYjczMC1lY2FhLTExZTYtOGY4OC0zNDM2M2JjN2M0YzAiOnsiZGVsZXRlIjo2MDAwMDAwMDAwMDAsInVwZGF0ZSI6NjAwMDAwMDAwMDAwfX0=",
          "dependencies": [
            "aws_iam_instance_profile.session_manager",
            "aws_iam_role.session_manager",
            "data.aws_iam_policy_document.ec2",
            "module.us-west-2.aws_launch_configuration.ec2",
            "module.us-west-2.aws_security_group.ec2_security_group",
            "module.us-west-2.module.keypair.aws_key_pair.generated_key",
            "module.us-west-2.module.keypair.tls_private_key.ec2key",
            "module.us-west-2.module.vpc.aws_subnet.private_subnet_1_vpc_1",
            "module.us-west-2.module.vpc.aws_subnet.private_subnet_2_vpc_1",
            "module.us-west-2.module.vpc.aws_vpc.vpc_1"
          ]
        }
      ]
    },
    {
      "module": "module.us-west-2.module.keypair",
      "mode": "managed",
      "type": "aws_key_pair",
      "name": "generated_key",
      "provider": "module.us-west-2.provider[\"registry.terraform.io/hashicorp/aws\"]",
      "instances": [
        {
          "schema_version": 1,
          "attributes": {
            "arn": "arn:aws:ec2:us-west-2:159184128979:key-pair/ec2key",
            "fingerprint": "ae:5c:ac:6a:5b:fc:12:95:2e:c1:b8:99:67:ef:b9:f2",
            "id": "ec2key",
            "key_name": "ec2key",
            "key_name_prefix": "",
            "key_pair_id": "key-053dfa2276056ccb2",
            "key_type": "rsa",
            "public_key": "ssh-rsa AAAAB3NzaC1yc2EAAAADAQABAAACAQDq0Msf8EJF95c5nq1P7J0DQdiGVV3xo4sJwo7RsY12A/uSEbDmoq7dDltkn1A9IV0ccZj1OmdK+p48XMXV7VY5RBSDu2+5Cnhp4btt4csTdhbpiYYiX+7B0Hqlvsd1hF07SQF0q7wQhq4dt8svH+/TqF3ca9FHKbLhXYIKRQe2rqvdOXH5Y1dFrGdKiLyvs5bT/NUy5eqiAtoUBCcfm476PjySxon+hXD1OfvS4ZtTIfKJCSz0S07ojI+D2iG1LQ4KkUEl7aetPWcFXdgsM+EOwKtPThoNGoFiafi3okON0Ks9xFq7yTmNOSuhej0yk+owENKDNgte3bSR+p8NAHfinFuygCCZ7TcgLcrpgbilHwGV988flIhZjcoKlFwcYSjhFIAEHGv0wGQq6v3PuDoIdl5n/SV5D34qaF8BDk1fRX6J+66p26q9duA6c7vE/5IQhuhNcboKl4LCBJGj5A9fq6zSXfM5Ooz7NyWru0kuQ0j+9qovjuxzkQrkEwktq/31RPzXJfL8j+rqMVXhLi8lNsSePtb1UZ1cUkRahQ7sMmzhnZcMcVTeb2LkG/0h6HG7n4+HQ5cALlTLp8eeHcWhLlN53+SzElL6hkeO44a/OyXbWWJ62xii7o7YA1LSySmXLpRL5nPArP+uAC8KMX6P3ZEKtI5yIIh0FZkCwVM7ww==",
            "tags": {},
            "tags_all": {}
          },
          "sensitive_attributes": [],
          "private": "eyJzY2hlbWFfdmVyc2lvbiI6IjEifQ==",
          "dependencies": [
            "module.us-west-2.module.keypair.tls_private_key.ec2key"
          ],
          "create_before_destroy": true
        }
      ]
    },
    {
      "module": "module.us-west-2.module.keypair",
      "mode": "managed",
      "type": "local_file",
      "name": "key",
      "provider": "provider[\"registry.terraform.io/hashicorp/local\"]",
      "instances": [
        {
          "schema_version": 0,
          "attributes": {
            "content": "-----BEGIN RSA PRIVATE KEY-----\nMIIJKAIBAAKCAgEA6tDLH/BCRfeXOZ6tT+ydA0HYhlVd8aOLCcKO0bGNdgP7khGw\n5qKu3Q5bZJ9QPSFdHHGY9TpnSvqePFzF1e1WOUQUg7tvuQp4aeG7beHLE3YW6YmG\nIl/uwdB6pb7HdYRdO0kBdKu8EIauHbfLLx/v06hd3GvRRymy4V2CCkUHtq6r3Tlx\n+WNXRaxnSoi8r7OW0/zVMuXqogLaFAQnH5uO+j48ksaJ/oVw9Tn70uGbUyHyiQks\n9EtO6IyPg9ohtS0OCpFBJe2nrT1nBV3YLDPhDsCrT04aDRqBYmn4t6JDjdCrPcRa\nu8k5jTkroXo9MpPqMBDSgzYLXt20kfqfDQB34pxbsoAgme03IC3K6YG4pR8BlffP\nH5SIWY3KCpRcHGEo4RSABBxr9MBkKur9z7g6CHZeZ/0leQ9+KmhfAQ5NX0V+ifuu\nqduqvXbgOnO7xP+SEIboTXG6CpeCwgSRo+QPX6us0l3zOTqM+zclq7tJLkNI/vaq\nL47sc5EK5BMJLav99UT81yXy/I/q6jFV4S4vJTbEnj7W9VGdXFJEWoUO7DJs4Z2X\nDHFU3m9i5Bv9Iehxu5+Ph0OXAC5Uy6fHnh3FoS5Ted/ksxJS+oZHjuOGvzsl21li\netsYou6O2ANS0skply6US+ZzwKz/rgAvCjF+j92RCrSOciCIdBWZAsFTO8MCAwEA\nAQKCAgBAp37Wa3QECdk0v1EfKZpN9EpnKog0aYB2DoD+kfHOZehV3tMjnfWh3jsh\n6I/SVSZrF4gzNYKNbZY2LqE2dyP/npQ7dVeczpo7JTFTXxFoaWKDqR8qxdlaukma\n633GCM0W7tIcytB8iGjWu+2RKy0AzWISuAkmm/+p9/I/W6R1E4E054VPUqAMCh1i\ns2Woxz0nX31gh1fkhf5/9mjDVjS3CH3rOAl08E8a5n1FImN/L2C1hLZBCZ9Pfqxh\ndKVFWoN8O2SByf8aP0bnfmBwQ1SbmEdTDcE0jHDFpUIbZe1N1f/ggPkurYhQL0ap\nLpw9Gecolukvwai91TPL4gL7NH7NepOGJqEAJkbZXxmoQovl90XwDxBkwMYJdhC0\nCzCoEO098NQKPlkfFoAs4zvX8hhbsHOuzDYP5Nzhj9dVmqjADVClkL6txWC/ADug\nofekqcfnX6+Nti08fqch9ZcBtu6TzeE2Mb7ZSDC3a1yKWGPbyImSGGnn0Zsh8WY1\n7/T8vrhJ84vLr4uRrOzxcvYPfVdChPPFGGK0VtvbB7B8Q8UNWgQ2L2gEDdq2t1/p\nuAQTmE6DdnJ8SmOMQAYcS8oSwylWH/lmXZatGLgyHk+ipsnWcd8JNc8f74BvI1jT\ndetJv/6Ybo2MVTqz9FyxqK2ZpA2mPR2cm8HaFhbzABlQi88MSQKCAQEA8p13l3Uy\nAGib14oBnUL1J5Vp9gRz9+0otTA3WR77S7fxxya58IwPeBB5v5KDL1R1MA9LXlAP\nB96N8uVVdHh2gz0exqEvhI0ru+6ieb7pbya4n+tnXRFHagBT5znQ+qt0HyiqwxMs\n6Mmdm1TotpFE4eQNBX/cRavhymxadxbLzJanzPcMkIGhqxlWdJdrSDMRhmA8+PMS\nkdGsvXS5ftJRTdfSduW+xFTiKr01PKZYEz9SB4XH40TlYcSJWbB9cQmXThLKe3FF\nHRyuYiWlUH032YCdA1XfI9l8abtVttDgHhK1upzJqBtVdihYTE1dMlQd6wTv2+lj\n0M9BIir6vKVArwKCAQEA98Ur2sOuwWxy6pNeSsz8QqujhCW5OolBYuteedXCylFi\no7Qu6cJWo9srievB6rXMH6i2ONGVDyyM8UjY7Xxm8vaDsCIrRtYBggvBhWWlcyh+\nQUJdm6H8XbxNrGcc5X++fDrHnjVd68ns7BINq40/5lybxZyq00pATtac7dy5Lp8z\n/eR2nyg4HXUlI4Fv2WBO7g7OBsaxfBudmVRN30aBdH+4LXTySVr/4nADZergEntv\nWrH99LAnX+br3dbpGhWqm4ZLcmVYtvTbMXUTYHC4UNAr5UKB4xQZSSSeDUCfY1eQ\n9IqraqoPnAMLOymrRVfzuzFT5nEidRrjQ2HDytwzLQKCAQA3iHWsVGYKk+dAEdXG\nwmHNGrUzW9eTo1RTDONOYfoRXdxYwnODLPwJdnP3triSZ9mfE5Ej2F1oZrfFJltG\nGqC974qQ2qo+w/WDwd6s0VcrWwidikuRkPfwunx6C9Da383np+5WUphP/H435NqT\nl3LV5dZZMOghhnNbWyvl4HDrtnxYPSBCH3n66QTSESq8Tvwu7u5l6XWRrRXGE+a1\nsbxsff8tue7Nj8RpFgAOjuDQHwlOsX+MdOOwWkU6I1zDN/fLJh/023t/a2Y7DvTl\nFJRpE7hc4BYAZbLFnNzEyNDT8WJpgaPi98a7EgcMCBVSBNEIT4v7oVN4o0f8Yywb\nbBP/AoIBABA3Diyt+8Ta1RZ2+IfKrIOsefIPCfVDwEy5/J/alnnpI5x1EVDpEAR/\nNnU7QaCbrzUvNGW5iZjJoJu12cSJDK+/5FRlmBF1tfmNzWduhIppzwF0V231BvAX\nf7nVsbVvS8cTjbbT5UamG2RDtjNQ9iqcSvF+1Espo9XFA9YpSNE9SAjIp964ohuD\nbB/Lu8ctH11DCMa2wCzQHdtIAiSnl5dJOIN5ENYuJ2rpS7+ixHFRNLNpzKXz1U/Y\na/1DsFOtsVGmU0+0RD8M/T9aWx9HoThgt060sI1s5k68H7/cR9IXi/wFCzzazlS2\nekiv7G6IWAIbM1N0ef3R+aeSQV8IVC0CggEBAK0kw7Gh58yI+uao56fh1mDWPEKP\n1Yc6GDpSSeWRPeDjhf9VVn50tvF2ORSqpW8HajmEEVEvOKTWwh+yR2lYLoQbvLzv\n87GIPCTLwfc/XNHqMHIJcrDSOu85NDLTZKgfDaZbtj2PtbdEwsRAdwUrjUZnaIQX\n488RdMWGNI1L50nZI8E0ZBSYPnKarRXnPh7IINqYr5jWh+R5mMBD9vZVhA66s/Wj\nDszwpvJw7dbX80fTSqJU1Zn1AvcTMzM7WgdSp5xbvW2u2kavAEujD/qE80CW0FH1\nwJNBC90Z+kOxvc62YYBl3GC8vl160hpJA5tjr/h+ZuL9VWTSu3p/N9YPaLQ=\n-----END RSA PRIVATE KEY-----\n",
            "content_base64": null,
            "content_base64sha256": "FohVmpp43GSRRecliLgprLOMlLh++4Vj77QTkKs4a+4=",
            "content_base64sha512": "/Mnx8h1vZNbclEBifvc6+G84y4twKlERTrbVfJdGxw4tiT5AHzXSflsgV/r6021wanY4nMaDZnPyik9epki9Zg==",
            "content_md5": "4d00fb756fefc2fedd060ed17b04c954",
            "content_sha1": "94df670f2353b2b04aedf2427cc422fc4108d1d0",
            "content_sha256": "1688559a9a78dc649145e72588b829acb38c94b87efb8563efb41390ab386bee",
            "content_sha512": "fcc9f1f21d6f64d6dc9440627ef73af86f38cb8b702a51114eb6d57c9746c70e2d893e401f35d27e5b2057fafad36d706a76389cc6836673f28a4f5ea648bd66",
            "directory_permission": "0777",
            "file_permission": "0400",
            "filename": "ec2key.pem",
            "id": "94df670f2353b2b04aedf2427cc422fc4108d1d0",
            "sensitive_content": null,
            "source": null
          },
          "sensitive_attributes": [
            [
              {
                "type": "get_attr",
                "value": "sensitive_content"
              }
            ],
            [
              {
                "type": "get_attr",
                "value": "content"
              }
            ]
          ],
          "dependencies": [
            "module.us-west-2.module.keypair.tls_private_key.ec2key"
          ]
        }
      ]
    },
    {
      "module": "module.us-west-2.module.keypair",
      "mode": "managed",
      "type": "tls_private_key",
      "name": "ec2key",
      "provider": "provider[\"registry.terraform.io/hashicorp/tls\"]",
      "instances": [
        {
          "schema_version": 1,
          "attributes": {
            "algorithm": "RSA",
            "ecdsa_curve": "P224",
            "id": "c348d6d431bf54afd8f74d30c461b2c5226a4f31",
            "private_key_openssh": "-----BEGIN OPENSSH PRIVATE KEY-----\nb3BlbnNzaC1rZXktdjEAAAAABG5vbmUAAAAEbm9uZQAAAAAAAAABAAACFwAAAAdz\nc2gtcnNhAAAAAwEAAQAAAgEA6tDLH/BCRfeXOZ6tT+ydA0HYhlVd8aOLCcKO0bGN\ndgP7khGw5qKu3Q5bZJ9QPSFdHHGY9TpnSvqePFzF1e1WOUQUg7tvuQp4aeG7beHL\nE3YW6YmGIl/uwdB6pb7HdYRdO0kBdKu8EIauHbfLLx/v06hd3GvRRymy4V2CCkUH\ntq6r3Tlx+WNXRaxnSoi8r7OW0/zVMuXqogLaFAQnH5uO+j48ksaJ/oVw9Tn70uGb\nUyHyiQks9EtO6IyPg9ohtS0OCpFBJe2nrT1nBV3YLDPhDsCrT04aDRqBYmn4t6JD\njdCrPcRau8k5jTkroXo9MpPqMBDSgzYLXt20kfqfDQB34pxbsoAgme03IC3K6YG4\npR8BlffPH5SIWY3KCpRcHGEo4RSABBxr9MBkKur9z7g6CHZeZ/0leQ9+KmhfAQ5N\nX0V+ifuuqduqvXbgOnO7xP+SEIboTXG6CpeCwgSRo+QPX6us0l3zOTqM+zclq7tJ\nLkNI/vaqL47sc5EK5BMJLav99UT81yXy/I/q6jFV4S4vJTbEnj7W9VGdXFJEWoUO\n7DJs4Z2XDHFU3m9i5Bv9Iehxu5+Ph0OXAC5Uy6fHnh3FoS5Ted/ksxJS+oZHjuOG\nvzsl21lietsYou6O2ANS0skply6US+ZzwKz/rgAvCjF+j92RCrSOciCIdBWZAsFT\nO8MAAAc435BbU9+QW1MAAAAHc3NoLXJzYQAAAgEA6tDLH/BCRfeXOZ6tT+ydA0HY\nhlVd8aOLCcKO0bGNdgP7khGw5qKu3Q5bZJ9QPSFdHHGY9TpnSvqePFzF1e1WOUQU\ng7tvuQp4aeG7beHLE3YW6YmGIl/uwdB6pb7HdYRdO0kBdKu8EIauHbfLLx/v06hd\n3GvRRymy4V2CCkUHtq6r3Tlx+WNXRaxnSoi8r7OW0/zVMuXqogLaFAQnH5uO+j48\nksaJ/oVw9Tn70uGbUyHyiQks9EtO6IyPg9ohtS0OCpFBJe2nrT1nBV3YLDPhDsCr\nT04aDRqBYmn4t6JDjdCrPcRau8k5jTkroXo9MpPqMBDSgzYLXt20kfqfDQB34pxb\nsoAgme03IC3K6YG4pR8BlffPH5SIWY3KCpRcHGEo4RSABBxr9MBkKur9z7g6CHZe\nZ/0leQ9+KmhfAQ5NX0V+ifuuqduqvXbgOnO7xP+SEIboTXG6CpeCwgSRo+QPX6us\n0l3zOTqM+zclq7tJLkNI/vaqL47sc5EK5BMJLav99UT81yXy/I/q6jFV4S4vJTbE\nnj7W9VGdXFJEWoUO7DJs4Z2XDHFU3m9i5Bv9Iehxu5+Ph0OXAC5Uy6fHnh3FoS5T\ned/ksxJS+oZHjuOGvzsl21lietsYou6O2ANS0skply6US+ZzwKz/rgAvCjF+j92R\nCrSOciCIdBWZAsFTO8MAAAADAQABAAACAECnftZrdAQJ2TS/UR8pmk30SmcqiDRp\ngHYOgP6R8c5l6FXe0yOd9aHeOyHoj9JVJmsXiDM1go1tljYuoTZ3I/+elDt1V5zO\nmjslMVNfEWhpYoOpHyrF2Vq6SZrrfcYIzRbu0hzK0HyIaNa77ZErLQDNYhK4CSab\n/6n38j9bpHUTgTTnhU9SoAwKHWKzZajHPSdffWCHV+SF/n/2aMNWNLcIfes4CXTw\nTxrmfUUiY38vYLWEtkEJn09+rGF0pUVag3w7ZIHJ/xo/Rud+YHBDVJuYR1MNwTSM\ncMWlQhtl7U3V/+CA+S6tiFAvRqkunD0Z5yiW6S/BqL3VM8viAvs0fs16k4YmoQAm\nRtlfGahCi+X3RfAPEGTAxgl2ELQLMKgQ7T3w1Ao+WR8WgCzjO9fyGFuwc67MNg/k\n3OGP11WaqMANUKWQvq3FYL8AO6Ch96Spx+dfr422LTx+pyH1lwG27pPN4TYxvtlI\nMLdrXIpYY9vIiZIYaefRmyHxZjXv9Py+uEnzi8uvi5Gs7PFy9g99V0KE88UYYrRW\n29sHsHxDxQ1aBDYvaAQN2ra3X+m4BBOYToN2cnxKY4xABhxLyhLDKVYf+WZdlq0Y\nuDIeT6KmydZx3wk1zx/vgG8jWNN160m//phujYxVOrP0XLGorZmkDaY9HZybwdoW\nFvMAGVCLzwxJAAABAQCtJMOxoefMiPrmqOen4dZg1jxCj9WHOhg6UknlkT3g44X/\nVVZ+dLbxdjkUqqVvB2o5hBFRLzik1sIfskdpWC6EG7y87/OxiDwky8H3P1zR6jBy\nCXKw0jrvOTQy02SoHw2mW7Y9j7W3RMLEQHcFK41GZ2iEF+PPEXTFhjSNS+dJ2SPB\nNGQUmD5ymq0V5z4eyCDamK+Y1ofkeZjAQ/b2VYQOurP1ow7M8KbycO3W1/NH00qi\nVNWZ9QL3EzMzO1oHUqecW71trtpGrwBLow/6hPNAltBR9cCTQQvdGfpDsb3OtmGA\nZdxgvL5detIaSQObY6/4fmbi/VVk0rt6fzfWD2i0AAABAQDynXeXdTIAaJvXigGd\nQvUnlWn2BHP37Si1MDdZHvtLt/HHJrnwjA94EHm/koMvVHUwD0teUA8H3o3y5VV0\neHaDPR7GoS+EjSu77qJ5vulvJrif62ddEUdqAFPnOdD6q3QfKKrDEyzoyZ2bVOi2\nkUTh5A0Ff9xFq+HKbFp3FsvMlqfM9wyQgaGrGVZ0l2tIMxGGYDz48xKR0ay9dLl+\n0lFN19J25b7EVOIqvTU8plgTP1IHhcfjROVhxIlZsH1xCZdOEsp7cUUdHK5iJaVQ\nfTfZgJ0DVd8j2Xxpu1W20OAeErW6nMmoG1V2KFhMTV0yVB3rBO/b6WPQz0EiKvq8\npUCvAAABAQD3xSvaw67BbHLqk15KzPxCq6OEJbk6iUFi61551cLKUWKjtC7pwlaj\n2yuJ68HqtcwfqLY40ZUPLIzxSNjtfGby9oOwIitG1gGCC8GFZaVzKH5BQl2bofxd\nvE2sZxzlf758OseeNV3ryezsEg2rjT/mXJvFnKrTSkBO1pzt3LkunzP95HafKDgd\ndSUjgW/ZYE7uDs4GxrF8G52ZVE3fRoF0f7gtdPJJWv/icANl6uASe29asf30sCdf\n5uvd1ukaFaqbhktyZVi29NsxdRNgcLhQ0CvlQoHjFBlJJJ4NQJ9jV5D0iqtqqg+c\nAws7KatFV/O7MVPmcSJ1GuNDYcPK3DMtAAAAAAEC\n-----END OPENSSH PRIVATE KEY-----\n",
            "private_key_pem": "-----BEGIN RSA PRIVATE KEY-----\nMIIJKAIBAAKCAgEA6tDLH/BCRfeXOZ6tT+ydA0HYhlVd8aOLCcKO0bGNdgP7khGw\n5qKu3Q5bZJ9QPSFdHHGY9TpnSvqePFzF1e1WOUQUg7tvuQp4aeG7beHLE3YW6YmG\nIl/uwdB6pb7HdYRdO0kBdKu8EIauHbfLLx/v06hd3GvRRymy4V2CCkUHtq6r3Tlx\n+WNXRaxnSoi8r7OW0/zVMuXqogLaFAQnH5uO+j48ksaJ/oVw9Tn70uGbUyHyiQks\n9EtO6IyPg9ohtS0OCpFBJe2nrT1nBV3YLDPhDsCrT04aDRqBYmn4t6JDjdCrPcRa\nu8k5jTkroXo9MpPqMBDSgzYLXt20kfqfDQB34pxbsoAgme03IC3K6YG4pR8BlffP\nH5SIWY3KCpRcHGEo4RSABBxr9MBkKur9z7g6CHZeZ/0leQ9+KmhfAQ5NX0V+ifuu\nqduqvXbgOnO7xP+SEIboTXG6CpeCwgSRo+QPX6us0l3zOTqM+zclq7tJLkNI/vaq\nL47sc5EK5BMJLav99UT81yXy/I/q6jFV4S4vJTbEnj7W9VGdXFJEWoUO7DJs4Z2X\nDHFU3m9i5Bv9Iehxu5+Ph0OXAC5Uy6fHnh3FoS5Ted/ksxJS+oZHjuOGvzsl21li\netsYou6O2ANS0skply6US+ZzwKz/rgAvCjF+j92RCrSOciCIdBWZAsFTO8MCAwEA\nAQKCAgBAp37Wa3QECdk0v1EfKZpN9EpnKog0aYB2DoD+kfHOZehV3tMjnfWh3jsh\n6I/SVSZrF4gzNYKNbZY2LqE2dyP/npQ7dVeczpo7JTFTXxFoaWKDqR8qxdlaukma\n633GCM0W7tIcytB8iGjWu+2RKy0AzWISuAkmm/+p9/I/W6R1E4E054VPUqAMCh1i\ns2Woxz0nX31gh1fkhf5/9mjDVjS3CH3rOAl08E8a5n1FImN/L2C1hLZBCZ9Pfqxh\ndKVFWoN8O2SByf8aP0bnfmBwQ1SbmEdTDcE0jHDFpUIbZe1N1f/ggPkurYhQL0ap\nLpw9Gecolukvwai91TPL4gL7NH7NepOGJqEAJkbZXxmoQovl90XwDxBkwMYJdhC0\nCzCoEO098NQKPlkfFoAs4zvX8hhbsHOuzDYP5Nzhj9dVmqjADVClkL6txWC/ADug\nofekqcfnX6+Nti08fqch9ZcBtu6TzeE2Mb7ZSDC3a1yKWGPbyImSGGnn0Zsh8WY1\n7/T8vrhJ84vLr4uRrOzxcvYPfVdChPPFGGK0VtvbB7B8Q8UNWgQ2L2gEDdq2t1/p\nuAQTmE6DdnJ8SmOMQAYcS8oSwylWH/lmXZatGLgyHk+ipsnWcd8JNc8f74BvI1jT\ndetJv/6Ybo2MVTqz9FyxqK2ZpA2mPR2cm8HaFhbzABlQi88MSQKCAQEA8p13l3Uy\nAGib14oBnUL1J5Vp9gRz9+0otTA3WR77S7fxxya58IwPeBB5v5KDL1R1MA9LXlAP\nB96N8uVVdHh2gz0exqEvhI0ru+6ieb7pbya4n+tnXRFHagBT5znQ+qt0HyiqwxMs\n6Mmdm1TotpFE4eQNBX/cRavhymxadxbLzJanzPcMkIGhqxlWdJdrSDMRhmA8+PMS\nkdGsvXS5ftJRTdfSduW+xFTiKr01PKZYEz9SB4XH40TlYcSJWbB9cQmXThLKe3FF\nHRyuYiWlUH032YCdA1XfI9l8abtVttDgHhK1upzJqBtVdihYTE1dMlQd6wTv2+lj\n0M9BIir6vKVArwKCAQEA98Ur2sOuwWxy6pNeSsz8QqujhCW5OolBYuteedXCylFi\no7Qu6cJWo9srievB6rXMH6i2ONGVDyyM8UjY7Xxm8vaDsCIrRtYBggvBhWWlcyh+\nQUJdm6H8XbxNrGcc5X++fDrHnjVd68ns7BINq40/5lybxZyq00pATtac7dy5Lp8z\n/eR2nyg4HXUlI4Fv2WBO7g7OBsaxfBudmVRN30aBdH+4LXTySVr/4nADZergEntv\nWrH99LAnX+br3dbpGhWqm4ZLcmVYtvTbMXUTYHC4UNAr5UKB4xQZSSSeDUCfY1eQ\n9IqraqoPnAMLOymrRVfzuzFT5nEidRrjQ2HDytwzLQKCAQA3iHWsVGYKk+dAEdXG\nwmHNGrUzW9eTo1RTDONOYfoRXdxYwnODLPwJdnP3triSZ9mfE5Ej2F1oZrfFJltG\nGqC974qQ2qo+w/WDwd6s0VcrWwidikuRkPfwunx6C9Da383np+5WUphP/H435NqT\nl3LV5dZZMOghhnNbWyvl4HDrtnxYPSBCH3n66QTSESq8Tvwu7u5l6XWRrRXGE+a1\nsbxsff8tue7Nj8RpFgAOjuDQHwlOsX+MdOOwWkU6I1zDN/fLJh/023t/a2Y7DvTl\nFJRpE7hc4BYAZbLFnNzEyNDT8WJpgaPi98a7EgcMCBVSBNEIT4v7oVN4o0f8Yywb\nbBP/AoIBABA3Diyt+8Ta1RZ2+IfKrIOsefIPCfVDwEy5/J/alnnpI5x1EVDpEAR/\nNnU7QaCbrzUvNGW5iZjJoJu12cSJDK+/5FRlmBF1tfmNzWduhIppzwF0V231BvAX\nf7nVsbVvS8cTjbbT5UamG2RDtjNQ9iqcSvF+1Espo9XFA9YpSNE9SAjIp964ohuD\nbB/Lu8ctH11DCMa2wCzQHdtIAiSnl5dJOIN5ENYuJ2rpS7+ixHFRNLNpzKXz1U/Y\na/1DsFOtsVGmU0+0RD8M/T9aWx9HoThgt060sI1s5k68H7/cR9IXi/wFCzzazlS2\nekiv7G6IWAIbM1N0ef3R+aeSQV8IVC0CggEBAK0kw7Gh58yI+uao56fh1mDWPEKP\n1Yc6GDpSSeWRPeDjhf9VVn50tvF2ORSqpW8HajmEEVEvOKTWwh+yR2lYLoQbvLzv\n87GIPCTLwfc/XNHqMHIJcrDSOu85NDLTZKgfDaZbtj2PtbdEwsRAdwUrjUZnaIQX\n488RdMWGNI1L50nZI8E0ZBSYPnKarRXnPh7IINqYr5jWh+R5mMBD9vZVhA66s/Wj\nDszwpvJw7dbX80fTSqJU1Zn1AvcTMzM7WgdSp5xbvW2u2kavAEujD/qE80CW0FH1\nwJNBC90Z+kOxvc62YYBl3GC8vl160hpJA5tjr/h+ZuL9VWTSu3p/N9YPaLQ=\n-----END RSA PRIVATE KEY-----\n",
            "private_key_pem_pkcs8": "-----BEGIN PRIVATE KEY-----\nMIIJQgIBADANBgkqhkiG9w0BAQEFAASCCSwwggkoAgEAAoICAQDq0Msf8EJF95c5\nnq1P7J0DQdiGVV3xo4sJwo7RsY12A/uSEbDmoq7dDltkn1A9IV0ccZj1OmdK+p48\nXMXV7VY5RBSDu2+5Cnhp4btt4csTdhbpiYYiX+7B0Hqlvsd1hF07SQF0q7wQhq4d\nt8svH+/TqF3ca9FHKbLhXYIKRQe2rqvdOXH5Y1dFrGdKiLyvs5bT/NUy5eqiAtoU\nBCcfm476PjySxon+hXD1OfvS4ZtTIfKJCSz0S07ojI+D2iG1LQ4KkUEl7aetPWcF\nXdgsM+EOwKtPThoNGoFiafi3okON0Ks9xFq7yTmNOSuhej0yk+owENKDNgte3bSR\n+p8NAHfinFuygCCZ7TcgLcrpgbilHwGV988flIhZjcoKlFwcYSjhFIAEHGv0wGQq\n6v3PuDoIdl5n/SV5D34qaF8BDk1fRX6J+66p26q9duA6c7vE/5IQhuhNcboKl4LC\nBJGj5A9fq6zSXfM5Ooz7NyWru0kuQ0j+9qovjuxzkQrkEwktq/31RPzXJfL8j+rq\nMVXhLi8lNsSePtb1UZ1cUkRahQ7sMmzhnZcMcVTeb2LkG/0h6HG7n4+HQ5cALlTL\np8eeHcWhLlN53+SzElL6hkeO44a/OyXbWWJ62xii7o7YA1LSySmXLpRL5nPArP+u\nAC8KMX6P3ZEKtI5yIIh0FZkCwVM7wwIDAQABAoICAECnftZrdAQJ2TS/UR8pmk30\nSmcqiDRpgHYOgP6R8c5l6FXe0yOd9aHeOyHoj9JVJmsXiDM1go1tljYuoTZ3I/+e\nlDt1V5zOmjslMVNfEWhpYoOpHyrF2Vq6SZrrfcYIzRbu0hzK0HyIaNa77ZErLQDN\nYhK4CSab/6n38j9bpHUTgTTnhU9SoAwKHWKzZajHPSdffWCHV+SF/n/2aMNWNLcI\nfes4CXTwTxrmfUUiY38vYLWEtkEJn09+rGF0pUVag3w7ZIHJ/xo/Rud+YHBDVJuY\nR1MNwTSMcMWlQhtl7U3V/+CA+S6tiFAvRqkunD0Z5yiW6S/BqL3VM8viAvs0fs16\nk4YmoQAmRtlfGahCi+X3RfAPEGTAxgl2ELQLMKgQ7T3w1Ao+WR8WgCzjO9fyGFuw\nc67MNg/k3OGP11WaqMANUKWQvq3FYL8AO6Ch96Spx+dfr422LTx+pyH1lwG27pPN\n4TYxvtlIMLdrXIpYY9vIiZIYaefRmyHxZjXv9Py+uEnzi8uvi5Gs7PFy9g99V0KE\n88UYYrRW29sHsHxDxQ1aBDYvaAQN2ra3X+m4BBOYToN2cnxKY4xABhxLyhLDKVYf\n+WZdlq0YuDIeT6KmydZx3wk1zx/vgG8jWNN160m//phujYxVOrP0XLGorZmkDaY9\nHZybwdoWFvMAGVCLzwxJAoIBAQDynXeXdTIAaJvXigGdQvUnlWn2BHP37Si1MDdZ\nHvtLt/HHJrnwjA94EHm/koMvVHUwD0teUA8H3o3y5VV0eHaDPR7GoS+EjSu77qJ5\nvulvJrif62ddEUdqAFPnOdD6q3QfKKrDEyzoyZ2bVOi2kUTh5A0Ff9xFq+HKbFp3\nFsvMlqfM9wyQgaGrGVZ0l2tIMxGGYDz48xKR0ay9dLl+0lFN19J25b7EVOIqvTU8\nplgTP1IHhcfjROVhxIlZsH1xCZdOEsp7cUUdHK5iJaVQfTfZgJ0DVd8j2Xxpu1W2\n0OAeErW6nMmoG1V2KFhMTV0yVB3rBO/b6WPQz0EiKvq8pUCvAoIBAQD3xSvaw67B\nbHLqk15KzPxCq6OEJbk6iUFi61551cLKUWKjtC7pwlaj2yuJ68HqtcwfqLY40ZUP\nLIzxSNjtfGby9oOwIitG1gGCC8GFZaVzKH5BQl2bofxdvE2sZxzlf758OseeNV3r\nyezsEg2rjT/mXJvFnKrTSkBO1pzt3LkunzP95HafKDgddSUjgW/ZYE7uDs4GxrF8\nG52ZVE3fRoF0f7gtdPJJWv/icANl6uASe29asf30sCdf5uvd1ukaFaqbhktyZVi2\n9NsxdRNgcLhQ0CvlQoHjFBlJJJ4NQJ9jV5D0iqtqqg+cAws7KatFV/O7MVPmcSJ1\nGuNDYcPK3DMtAoIBADeIdaxUZgqT50AR1cbCYc0atTNb15OjVFMM405h+hFd3FjC\nc4Ms/Al2c/e2uJJn2Z8TkSPYXWhmt8UmW0YaoL3vipDaqj7D9YPB3qzRVytbCJ2K\nS5GQ9/C6fHoL0Nrfzeen7lZSmE/8fjfk2pOXctXl1lkw6CGGc1tbK+XgcOu2fFg9\nIEIfefrpBNIRKrxO/C7u7mXpdZGtFcYT5rWxvGx9/y257s2PxGkWAA6O4NAfCU6x\nf4x047BaRTojXMM398smH/Tbe39rZjsO9OUUlGkTuFzgFgBlssWc3MTI0NPxYmmB\no+L3xrsSBwwIFVIE0QhPi/uhU3ijR/xjLBtsE/8CggEAEDcOLK37xNrVFnb4h8qs\ng6x58g8J9UPATLn8n9qWeekjnHURUOkQBH82dTtBoJuvNS80ZbmJmMmgm7XZxIkM\nr7/kVGWYEXW1+Y3NZ26EimnPAXRXbfUG8Bd/udWxtW9LxxONttPlRqYbZEO2M1D2\nKpxK8X7USymj1cUD1ilI0T1ICMin3riiG4NsH8u7xy0fXUMIxrbALNAd20gCJKeX\nl0k4g3kQ1i4naulLv6LEcVE0s2nMpfPVT9hr/UOwU62xUaZTT7REPwz9P1pbH0eh\nOGC3TrSwjWzmTrwfv9xH0heL/AULPNrOVLZ6SK/sbohYAhszU3R5/dH5p5JBXwhU\nLQKCAQEArSTDsaHnzIj65qjnp+HWYNY8Qo/VhzoYOlJJ5ZE94OOF/1VWfnS28XY5\nFKqlbwdqOYQRUS84pNbCH7JHaVguhBu8vO/zsYg8JMvB9z9c0eowcglysNI67zk0\nMtNkqB8Nplu2PY+1t0TCxEB3BSuNRmdohBfjzxF0xYY0jUvnSdkjwTRkFJg+cpqt\nFec+Hsgg2pivmNaH5HmYwEP29lWEDrqz9aMOzPCm8nDt1tfzR9NKolTVmfUC9xMz\nMztaB1KnnFu9ba7aRq8AS6MP+oTzQJbQUfXAk0EL3Rn6Q7G9zrZhgGXcYLy+XXrS\nGkkDm2Ov+H5m4v1VZNK7en831g9otA==\n-----END PRIVATE KEY-----\n",
            "public_key_fingerprint_md5": "be:21:db:c5:55:09:b4:3d:c0:49:a7:1d:87:bb:2e:27",
            "public_key_fingerprint_sha256": "SHA256:OhCaU9yutJ5GMTWsPxTrjIe7ggd00N20/AvHM+sObPI",
            "public_key_openssh": "ssh-rsa AAAAB3NzaC1yc2EAAAADAQABAAACAQDq0Msf8EJF95c5nq1P7J0DQdiGVV3xo4sJwo7RsY12A/uSEbDmoq7dDltkn1A9IV0ccZj1OmdK+p48XMXV7VY5RBSDu2+5Cnhp4btt4csTdhbpiYYiX+7B0Hqlvsd1hF07SQF0q7wQhq4dt8svH+/TqF3ca9FHKbLhXYIKRQe2rqvdOXH5Y1dFrGdKiLyvs5bT/NUy5eqiAtoUBCcfm476PjySxon+hXD1OfvS4ZtTIfKJCSz0S07ojI+D2iG1LQ4KkUEl7aetPWcFXdgsM+EOwKtPThoNGoFiafi3okON0Ks9xFq7yTmNOSuhej0yk+owENKDNgte3bSR+p8NAHfinFuygCCZ7TcgLcrpgbilHwGV988flIhZjcoKlFwcYSjhFIAEHGv0wGQq6v3PuDoIdl5n/SV5D34qaF8BDk1fRX6J+66p26q9duA6c7vE/5IQhuhNcboKl4LCBJGj5A9fq6zSXfM5Ooz7NyWru0kuQ0j+9qovjuxzkQrkEwktq/31RPzXJfL8j+rqMVXhLi8lNsSePtb1UZ1cUkRahQ7sMmzhnZcMcVTeb2LkG/0h6HG7n4+HQ5cALlTLp8eeHcWhLlN53+SzElL6hkeO44a/OyXbWWJ62xii7o7YA1LSySmXLpRL5nPArP+uAC8KMX6P3ZEKtI5yIIh0FZkCwVM7ww==\n",
            "public_key_pem": "-----BEGIN PUBLIC KEY-----\nMIICIjANBgkqhkiG9w0BAQEFAAOCAg8AMIICCgKCAgEA6tDLH/BCRfeXOZ6tT+yd\nA0HYhlVd8aOLCcKO0bGNdgP7khGw5qKu3Q5bZJ9QPSFdHHGY9TpnSvqePFzF1e1W\nOUQUg7tvuQp4aeG7beHLE3YW6YmGIl/uwdB6pb7HdYRdO0kBdKu8EIauHbfLLx/v\n06hd3GvRRymy4V2CCkUHtq6r3Tlx+WNXRaxnSoi8r7OW0/zVMuXqogLaFAQnH5uO\n+j48ksaJ/oVw9Tn70uGbUyHyiQks9EtO6IyPg9ohtS0OCpFBJe2nrT1nBV3YLDPh\nDsCrT04aDRqBYmn4t6JDjdCrPcRau8k5jTkroXo9MpPqMBDSgzYLXt20kfqfDQB3\n4pxbsoAgme03IC3K6YG4pR8BlffPH5SIWY3KCpRcHGEo4RSABBxr9MBkKur9z7g6\nCHZeZ/0leQ9+KmhfAQ5NX0V+ifuuqduqvXbgOnO7xP+SEIboTXG6CpeCwgSRo+QP\nX6us0l3zOTqM+zclq7tJLkNI/vaqL47sc5EK5BMJLav99UT81yXy/I/q6jFV4S4v\nJTbEnj7W9VGdXFJEWoUO7DJs4Z2XDHFU3m9i5Bv9Iehxu5+Ph0OXAC5Uy6fHnh3F\noS5Ted/ksxJS+oZHjuOGvzsl21lietsYou6O2ANS0skply6US+ZzwKz/rgAvCjF+\nj92RCrSOciCIdBWZAsFTO8MCAwEAAQ==\n-----END PUBLIC KEY-----\n",
            "rsa_bits": 4096
          },
          "sensitive_attributes": [
            [
              {
                "type": "get_attr",
                "value": "private_key_openssh"
              }
            ],
            [
              {
                "type": "get_attr",
                "value": "private_key_pem_pkcs8"
              }
            ],
            [
              {
                "type": "get_attr",
                "value": "private_key_pem"
              }
            ]
          ],
          "create_before_destroy": true
        }
      ]
    },
    {
      "module": "module.us-west-2.module.vpc",
      "mode": "managed",
      "type": "aws_internet_gateway",
      "name": "igw_vpc_1",
      "provider": "module.us-west-2.provider[\"registry.terraform.io/hashicorp/aws\"]",
      "instances": [
        {
          "schema_version": 0,
          "attributes": {
            "arn": "arn:aws:ec2:us-west-2:159184128979:internet-gateway/igw-0f42ce6dc85fc232a",
            "id": "igw-0f42ce6dc85fc232a",
            "owner_id": "159184128979",
            "tags": {
              "Name": "igw_vpc_1"
            },
            "tags_all": {
              "Name": "igw_vpc_1"
            },
            "timeouts": null,
            "vpc_id": "vpc-0d89cff1e72ecf2ce"
          },
          "sensitive_attributes": [],
          "private": "eyJlMmJmYjczMC1lY2FhLTExZTYtOGY4OC0zNDM2M2JjN2M0YzAiOnsiY3JlYXRlIjoxMjAwMDAwMDAwMDAwLCJkZWxldGUiOjEyMDAwMDAwMDAwMDAsInVwZGF0ZSI6MTIwMDAwMDAwMDAwMH19",
          "dependencies": [
            "module.us-west-2.module.vpc.aws_vpc.vpc_1"
          ]
        }
      ]
    },
    {
      "module": "module.us-west-2.module.vpc",
      "mode": "managed",
      "type": "aws_internet_gateway",
      "name": "igw_vpc_2",
      "provider": "module.us-west-2.provider[\"registry.terraform.io/hashicorp/aws\"]",
      "instances": [
        {
          "schema_version": 0,
          "attributes": {
            "arn": "arn:aws:ec2:us-west-2:159184128979:internet-gateway/igw-012692fc876fcafb8",
            "id": "igw-012692fc876fcafb8",
            "owner_id": "159184128979",
            "tags": {
              "Name": "igw_vpc_2"
            },
            "tags_all": {
              "Name": "igw_vpc_2"
            },
            "timeouts": null,
            "vpc_id": "vpc-097075d9ced54ef56"
          },
          "sensitive_attributes": [],
          "private": "eyJlMmJmYjczMC1lY2FhLTExZTYtOGY4OC0zNDM2M2JjN2M0YzAiOnsiY3JlYXRlIjoxMjAwMDAwMDAwMDAwLCJkZWxldGUiOjEyMDAwMDAwMDAwMDAsInVwZGF0ZSI6MTIwMDAwMDAwMDAwMH19",
          "dependencies": [
            "module.us-west-2.module.vpc.aws_vpc.vpc_2"
          ]
        }
      ]
    },
    {
      "module": "module.us-west-2.module.vpc",
      "mode": "managed",
      "type": "aws_route_table",
      "name": "route_private_subnet_vpc_1",
      "provider": "module.us-west-2.provider[\"registry.terraform.io/hashicorp/aws\"]",
      "instances": [
        {
          "schema_version": 0,
          "attributes": {
            "arn": "arn:aws:ec2:us-west-2:159184128979:route-table/rtb-083424246834e3252",
            "id": "rtb-083424246834e3252",
            "owner_id": "159184128979",
            "propagating_vgws": [],
            "route": [],
            "tags": {
              "Name": "route_private_subnet_vpc_1"
            },
            "tags_all": {
              "Name": "route_private_subnet_vpc_1"
            },
            "timeouts": null,
            "vpc_id": "vpc-0d89cff1e72ecf2ce"
          },
          "sensitive_attributes": [],
          "private": "eyJlMmJmYjczMC1lY2FhLTExZTYtOGY4OC0zNDM2M2JjN2M0YzAiOnsiY3JlYXRlIjozMDAwMDAwMDAwMDAsImRlbGV0ZSI6MzAwMDAwMDAwMDAwLCJ1cGRhdGUiOjEyMDAwMDAwMDAwMH19",
          "dependencies": [
            "module.us-west-2.module.vpc.aws_vpc.vpc_1"
          ]
        }
      ]
    },
    {
      "module": "module.us-west-2.module.vpc",
      "mode": "managed",
      "type": "aws_route_table",
      "name": "route_private_subnet_vpc_2",
      "provider": "module.us-west-2.provider[\"registry.terraform.io/hashicorp/aws\"]",
      "instances": [
        {
          "schema_version": 0,
          "attributes": {
            "arn": "arn:aws:ec2:us-west-2:159184128979:route-table/rtb-0b7e61ed60ff8b200",
            "id": "rtb-0b7e61ed60ff8b200",
            "owner_id": "159184128979",
            "propagating_vgws": [],
            "route": [],
            "tags": {
              "Name": "route_private_subnet_vpc_2"
            },
            "tags_all": {
              "Name": "route_private_subnet_vpc_2"
            },
            "timeouts": null,
            "vpc_id": "vpc-097075d9ced54ef56"
          },
          "sensitive_attributes": [],
          "private": "eyJlMmJmYjczMC1lY2FhLTExZTYtOGY4OC0zNDM2M2JjN2M0YzAiOnsiY3JlYXRlIjozMDAwMDAwMDAwMDAsImRlbGV0ZSI6MzAwMDAwMDAwMDAwLCJ1cGRhdGUiOjEyMDAwMDAwMDAwMH19",
          "dependencies": [
            "module.us-west-2.module.vpc.aws_vpc.vpc_2"
          ]
        }
      ]
    },
    {
      "module": "module.us-west-2.module.vpc",
      "mode": "managed",
      "type": "aws_route_table",
      "name": "route_public_subnet_vpc_1",
      "provider": "module.us-west-2.provider[\"registry.terraform.io/hashicorp/aws\"]",
      "instances": [
        {
          "schema_version": 0,
          "attributes": {
            "arn": "arn:aws:ec2:us-west-2:159184128979:route-table/rtb-0399b6d3f0dfa216b",
            "id": "rtb-0399b6d3f0dfa216b",
            "owner_id": "159184128979",
            "propagating_vgws": [],
            "route": [
              {
                "carrier_gateway_id": "",
                "cidr_block": "0.0.0.0/0",
                "core_network_arn": "",
                "destination_prefix_list_id": "",
                "egress_only_gateway_id": "",
                "gateway_id": "igw-0f42ce6dc85fc232a",
                "instance_id": "",
                "ipv6_cidr_block": "",
                "local_gateway_id": "",
                "nat_gateway_id": "",
                "network_interface_id": "",
                "transit_gateway_id": "",
                "vpc_endpoint_id": "",
                "vpc_peering_connection_id": ""
              }
            ],
            "tags": {
              "Name": "route_public_subnet_vpc_1"
            },
            "tags_all": {
              "Name": "route_public_subnet_vpc_1"
            },
            "timeouts": null,
            "vpc_id": "vpc-0d89cff1e72ecf2ce"
          },
          "sensitive_attributes": [],
          "private": "eyJlMmJmYjczMC1lY2FhLTExZTYtOGY4OC0zNDM2M2JjN2M0YzAiOnsiY3JlYXRlIjozMDAwMDAwMDAwMDAsImRlbGV0ZSI6MzAwMDAwMDAwMDAwLCJ1cGRhdGUiOjEyMDAwMDAwMDAwMH19",
          "dependencies": [
            "module.us-west-2.module.vpc.aws_internet_gateway.igw_vpc_1",
            "module.us-west-2.module.vpc.aws_vpc.vpc_1"
          ]
        }
      ]
    },
    {
      "module": "module.us-west-2.module.vpc",
      "mode": "managed",
      "type": "aws_route_table",
      "name": "route_public_subnet_vpc_2",
      "provider": "module.us-west-2.provider[\"registry.terraform.io/hashicorp/aws\"]",
      "instances": [
        {
          "schema_version": 0,
          "attributes": {
            "arn": "arn:aws:ec2:us-west-2:159184128979:route-table/rtb-0dc0d247669d51e2c",
            "id": "rtb-0dc0d247669d51e2c",
            "owner_id": "159184128979",
            "propagating_vgws": [],
            "route": [
              {
                "carrier_gateway_id": "",
                "cidr_block": "0.0.0.0/0",
                "core_network_arn": "",
                "destination_prefix_list_id": "",
                "egress_only_gateway_id": "",
                "gateway_id": "igw-012692fc876fcafb8",
                "instance_id": "",
                "ipv6_cidr_block": "",
                "local_gateway_id": "",
                "nat_gateway_id": "",
                "network_interface_id": "",
                "transit_gateway_id": "",
                "vpc_endpoint_id": "",
                "vpc_peering_connection_id": ""
              }
            ],
            "tags": {
              "Name": "route_public_subnet_vpc_2"
            },
            "tags_all": {
              "Name": "route_public_subnet_vpc_2"
            },
            "timeouts": null,
            "vpc_id": "vpc-097075d9ced54ef56"
          },
          "sensitive_attributes": [],
          "private": "eyJlMmJmYjczMC1lY2FhLTExZTYtOGY4OC0zNDM2M2JjN2M0YzAiOnsiY3JlYXRlIjozMDAwMDAwMDAwMDAsImRlbGV0ZSI6MzAwMDAwMDAwMDAwLCJ1cGRhdGUiOjEyMDAwMDAwMDAwMH19",
          "dependencies": [
            "module.us-west-2.module.vpc.aws_internet_gateway.igw_vpc_2",
            "module.us-west-2.module.vpc.aws_vpc.vpc_2"
          ]
        }
      ]
    },
    {
      "module": "module.us-west-2.module.vpc",
      "mode": "managed",
      "type": "aws_route_table_association",
      "name": "private_route_1_association",
      "provider": "module.us-west-2.provider[\"registry.terraform.io/hashicorp/aws\"]",
      "instances": [
        {
          "schema_version": 0,
          "attributes": {
            "gateway_id": "",
            "id": "rtbassoc-028ba97b249362cde",
            "route_table_id": "rtb-083424246834e3252",
            "subnet_id": "subnet-04c128ae2628f52b3",
            "timeouts": null
          },
          "sensitive_attributes": [],
          "private": "eyJlMmJmYjczMC1lY2FhLTExZTYtOGY4OC0zNDM2M2JjN2M0YzAiOnsiY3JlYXRlIjozMDAwMDAwMDAwMDAsImRlbGV0ZSI6MzAwMDAwMDAwMDAwLCJ1cGRhdGUiOjEyMDAwMDAwMDAwMH19",
          "dependencies": [
            "module.us-west-2.module.vpc.aws_route_table.route_private_subnet_vpc_1",
            "module.us-west-2.module.vpc.aws_subnet.private_subnet_1_vpc_1",
            "module.us-west-2.module.vpc.aws_vpc.vpc_1"
          ]
        }
      ]
    },
    {
      "module": "module.us-west-2.module.vpc",
      "mode": "managed",
      "type": "aws_route_table_association",
      "name": "private_route_1_association_vpc_2",
      "provider": "module.us-west-2.provider[\"registry.terraform.io/hashicorp/aws\"]",
      "instances": [
        {
          "schema_version": 0,
          "attributes": {
            "gateway_id": "",
            "id": "rtbassoc-0566ecf589d34c0ba",
            "route_table_id": "rtb-0b7e61ed60ff8b200",
            "subnet_id": "subnet-0332d0b911fb59987",
            "timeouts": null
          },
          "sensitive_attributes": [],
          "private": "eyJlMmJmYjczMC1lY2FhLTExZTYtOGY4OC0zNDM2M2JjN2M0YzAiOnsiY3JlYXRlIjozMDAwMDAwMDAwMDAsImRlbGV0ZSI6MzAwMDAwMDAwMDAwLCJ1cGRhdGUiOjEyMDAwMDAwMDAwMH19",
          "dependencies": [
            "module.us-west-2.module.vpc.aws_route_table.route_private_subnet_vpc_2",
            "module.us-west-2.module.vpc.aws_subnet.private_subnet_1_vcp_2",
            "module.us-west-2.module.vpc.aws_vpc.vpc_2"
          ]
        }
      ]
    },
    {
      "module": "module.us-west-2.module.vpc",
      "mode": "managed",
      "type": "aws_route_table_association",
      "name": "private_route_2_association",
      "provider": "module.us-west-2.provider[\"registry.terraform.io/hashicorp/aws\"]",
      "instances": [
        {
          "schema_version": 0,
          "attributes": {
            "gateway_id": "",
            "id": "rtbassoc-02fd084ef4ade72af",
            "route_table_id": "rtb-083424246834e3252",
            "subnet_id": "subnet-076aa60bdb4a0ee34",
            "timeouts": null
          },
          "sensitive_attributes": [],
          "private": "eyJlMmJmYjczMC1lY2FhLTExZTYtOGY4OC0zNDM2M2JjN2M0YzAiOnsiY3JlYXRlIjozMDAwMDAwMDAwMDAsImRlbGV0ZSI6MzAwMDAwMDAwMDAwLCJ1cGRhdGUiOjEyMDAwMDAwMDAwMH19",
          "dependencies": [
            "module.us-west-2.module.vpc.aws_route_table.route_private_subnet_vpc_1",
            "module.us-west-2.module.vpc.aws_subnet.private_subnet_2_vpc_1",
            "module.us-west-2.module.vpc.aws_vpc.vpc_1"
          ]
        }
      ]
    },
    {
      "module": "module.us-west-2.module.vpc",
      "mode": "managed",
      "type": "aws_route_table_association",
      "name": "public_route_1_association",
      "provider": "module.us-west-2.provider[\"registry.terraform.io/hashicorp/aws\"]",
      "instances": [
        {
          "schema_version": 0,
          "attributes": {
            "gateway_id": "",
            "id": "rtbassoc-09fea01b9c6e00e34",
            "route_table_id": "rtb-0399b6d3f0dfa216b",
            "subnet_id": "subnet-0e16b54c9c89f01f0",
            "timeouts": null
          },
          "sensitive_attributes": [],
          "private": "eyJlMmJmYjczMC1lY2FhLTExZTYtOGY4OC0zNDM2M2JjN2M0YzAiOnsiY3JlYXRlIjozMDAwMDAwMDAwMDAsImRlbGV0ZSI6MzAwMDAwMDAwMDAwLCJ1cGRhdGUiOjEyMDAwMDAwMDAwMH19",
          "dependencies": [
            "module.us-west-2.module.vpc.aws_internet_gateway.igw_vpc_1",
            "module.us-west-2.module.vpc.aws_route_table.route_public_subnet_vpc_1",
            "module.us-west-2.module.vpc.aws_subnet.public_sebnet_1_vpc_1",
            "module.us-west-2.module.vpc.aws_vpc.vpc_1"
          ]
        }
      ]
    },
    {
      "module": "module.us-west-2.module.vpc",
      "mode": "managed",
      "type": "aws_route_table_association",
      "name": "public_route_1_association_vpc_2",
      "provider": "module.us-west-2.provider[\"registry.terraform.io/hashicorp/aws\"]",
      "instances": [
        {
          "schema_version": 0,
          "attributes": {
            "gateway_id": "",
            "id": "rtbassoc-04cfd77eeae306488",
            "route_table_id": "rtb-0dc0d247669d51e2c",
            "subnet_id": "subnet-07eccd7e52b74aac3",
            "timeouts": null
          },
          "sensitive_attributes": [],
          "private": "eyJlMmJmYjczMC1lY2FhLTExZTYtOGY4OC0zNDM2M2JjN2M0YzAiOnsiY3JlYXRlIjozMDAwMDAwMDAwMDAsImRlbGV0ZSI6MzAwMDAwMDAwMDAwLCJ1cGRhdGUiOjEyMDAwMDAwMDAwMH19",
          "dependencies": [
            "module.us-west-2.module.vpc.aws_internet_gateway.igw_vpc_2",
            "module.us-west-2.module.vpc.aws_route_table.route_public_subnet_vpc_2",
            "module.us-west-2.module.vpc.aws_subnet.public_subnet_1_vpc_2",
            "module.us-west-2.module.vpc.aws_vpc.vpc_2"
          ]
        }
      ]
    },
    {
      "module": "module.us-west-2.module.vpc",
      "mode": "managed",
      "type": "aws_route_table_association",
      "name": "public_route_2_association",
      "provider": "module.us-west-2.provider[\"registry.terraform.io/hashicorp/aws\"]",
      "instances": [
        {
          "schema_version": 0,
          "attributes": {
            "gateway_id": "",
            "id": "rtbassoc-02a6577155a5e651b",
            "route_table_id": "rtb-0399b6d3f0dfa216b",
            "subnet_id": "subnet-04219823be4578d26",
            "timeouts": null
          },
          "sensitive_attributes": [],
          "private": "eyJlMmJmYjczMC1lY2FhLTExZTYtOGY4OC0zNDM2M2JjN2M0YzAiOnsiY3JlYXRlIjozMDAwMDAwMDAwMDAsImRlbGV0ZSI6MzAwMDAwMDAwMDAwLCJ1cGRhdGUiOjEyMDAwMDAwMDAwMH19",
          "dependencies": [
            "module.us-west-2.module.vpc.aws_internet_gateway.igw_vpc_1",
            "module.us-west-2.module.vpc.aws_route_table.route_public_subnet_vpc_1",
            "module.us-west-2.module.vpc.aws_subnet.public_subnet_2_vpc_1",
            "module.us-west-2.module.vpc.aws_vpc.vpc_1"
          ]
        }
      ]
    },
    {
      "module": "module.us-west-2.module.vpc",
      "mode": "managed",
      "type": "aws_subnet",
      "name": "private_subnet_1_vcp_2",
      "provider": "module.us-west-2.provider[\"registry.terraform.io/hashicorp/aws\"]",
      "instances": [
        {
          "schema_version": 1,
          "attributes": {
            "arn": "arn:aws:ec2:us-west-2:159184128979:subnet/subnet-0332d0b911fb59987",
            "assign_ipv6_address_on_creation": false,
            "availability_zone": "us-west-2a",
            "availability_zone_id": "usw2-az2",
            "cidr_block": "10.1.2.0/24",
            "customer_owned_ipv4_pool": "",
            "enable_dns64": false,
            "enable_lni_at_device_index": 0,
            "enable_resource_name_dns_a_record_on_launch": false,
            "enable_resource_name_dns_aaaa_record_on_launch": false,
            "id": "subnet-0332d0b911fb59987",
            "ipv6_cidr_block": "",
            "ipv6_cidr_block_association_id": "",
            "ipv6_native": false,
            "map_customer_owned_ip_on_launch": false,
            "map_public_ip_on_launch": true,
            "outpost_arn": "",
            "owner_id": "159184128979",
            "private_dns_hostname_type_on_launch": "ip-name",
            "tags": {
              "Name": "private_subnet_1_vpc_2"
            },
            "tags_all": {
              "Name": "private_subnet_1_vpc_2"
            },
            "timeouts": null,
            "vpc_id": "vpc-097075d9ced54ef56"
          },
          "sensitive_attributes": [],
          "private": "eyJlMmJmYjczMC1lY2FhLTExZTYtOGY4OC0zNDM2M2JjN2M0YzAiOnsiY3JlYXRlIjo2MDAwMDAwMDAwMDAsImRlbGV0ZSI6MTIwMDAwMDAwMDAwMH0sInNjaGVtYV92ZXJzaW9uIjoiMSJ9",
          "dependencies": [
            "module.us-west-2.module.vpc.aws_vpc.vpc_2"
          ],
          "create_before_destroy": true
        }
      ]
    },
    {
      "module": "module.us-west-2.module.vpc",
      "mode": "managed",
      "type": "aws_subnet",
      "name": "private_subnet_1_vpc_1",
      "provider": "module.us-west-2.provider[\"registry.terraform.io/hashicorp/aws\"]",
      "instances": [
        {
          "schema_version": 1,
          "attributes": {
            "arn": "arn:aws:ec2:us-west-2:159184128979:subnet/subnet-04c128ae2628f52b3",
            "assign_ipv6_address_on_creation": false,
            "availability_zone": "us-west-2a",
            "availability_zone_id": "usw2-az2",
            "cidr_block": "10.0.3.0/24",
            "customer_owned_ipv4_pool": "",
            "enable_dns64": false,
            "enable_lni_at_device_index": 0,
            "enable_resource_name_dns_a_record_on_launch": false,
            "enable_resource_name_dns_aaaa_record_on_launch": false,
            "id": "subnet-04c128ae2628f52b3",
            "ipv6_cidr_block": "",
            "ipv6_cidr_block_association_id": "",
            "ipv6_native": false,
            "map_customer_owned_ip_on_launch": false,
            "map_public_ip_on_launch": true,
            "outpost_arn": "",
            "owner_id": "159184128979",
            "private_dns_hostname_type_on_launch": "ip-name",
            "tags": {
              "Name": "private_subnet_1_vpc_1"
            },
            "tags_all": {
              "Name": "private_subnet_1_vpc_1"
            },
            "timeouts": null,
            "vpc_id": "vpc-0d89cff1e72ecf2ce"
          },
          "sensitive_attributes": [],
          "private": "eyJlMmJmYjczMC1lY2FhLTExZTYtOGY4OC0zNDM2M2JjN2M0YzAiOnsiY3JlYXRlIjo2MDAwMDAwMDAwMDAsImRlbGV0ZSI6MTIwMDAwMDAwMDAwMH0sInNjaGVtYV92ZXJzaW9uIjoiMSJ9",
          "dependencies": [
            "module.us-west-2.module.vpc.aws_vpc.vpc_1"
          ]
        }
      ]
    },
    {
      "module": "module.us-west-2.module.vpc",
      "mode": "managed",
      "type": "aws_subnet",
      "name": "private_subnet_2_vpc_1",
      "provider": "module.us-west-2.provider[\"registry.terraform.io/hashicorp/aws\"]",
      "instances": [
        {
          "schema_version": 1,
          "attributes": {
            "arn": "arn:aws:ec2:us-west-2:159184128979:subnet/subnet-076aa60bdb4a0ee34",
            "assign_ipv6_address_on_creation": false,
            "availability_zone": "us-west-2b",
            "availability_zone_id": "usw2-az1",
            "cidr_block": "10.0.4.0/24",
            "customer_owned_ipv4_pool": "",
            "enable_dns64": false,
            "enable_lni_at_device_index": 0,
            "enable_resource_name_dns_a_record_on_launch": false,
            "enable_resource_name_dns_aaaa_record_on_launch": false,
            "id": "subnet-076aa60bdb4a0ee34",
            "ipv6_cidr_block": "",
            "ipv6_cidr_block_association_id": "",
            "ipv6_native": false,
            "map_customer_owned_ip_on_launch": false,
            "map_public_ip_on_launch": true,
            "outpost_arn": "",
            "owner_id": "159184128979",
            "private_dns_hostname_type_on_launch": "ip-name",
            "tags": {
              "Name": "private_subnet_2_vpc_1"
            },
            "tags_all": {
              "Name": "private_subnet_2_vpc_1"
            },
            "timeouts": null,
            "vpc_id": "vpc-0d89cff1e72ecf2ce"
          },
          "sensitive_attributes": [],
          "private": "eyJlMmJmYjczMC1lY2FhLTExZTYtOGY4OC0zNDM2M2JjN2M0YzAiOnsiY3JlYXRlIjo2MDAwMDAwMDAwMDAsImRlbGV0ZSI6MTIwMDAwMDAwMDAwMH0sInNjaGVtYV92ZXJzaW9uIjoiMSJ9",
          "dependencies": [
            "module.us-west-2.module.vpc.aws_vpc.vpc_1"
          ]
        }
      ]
    },
    {
      "module": "module.us-west-2.module.vpc",
      "mode": "managed",
      "type": "aws_subnet",
      "name": "public_sebnet_1_vpc_1",
      "provider": "module.us-west-2.provider[\"registry.terraform.io/hashicorp/aws\"]",
      "instances": [
        {
          "schema_version": 1,
          "attributes": {
            "arn": "arn:aws:ec2:us-west-2:159184128979:subnet/subnet-0e16b54c9c89f01f0",
            "assign_ipv6_address_on_creation": false,
            "availability_zone": "us-west-2a",
            "availability_zone_id": "usw2-az2",
            "cidr_block": "10.0.1.0/24",
            "customer_owned_ipv4_pool": "",
            "enable_dns64": false,
            "enable_lni_at_device_index": 0,
            "enable_resource_name_dns_a_record_on_launch": false,
            "enable_resource_name_dns_aaaa_record_on_launch": false,
            "id": "subnet-0e16b54c9c89f01f0",
            "ipv6_cidr_block": "",
            "ipv6_cidr_block_association_id": "",
            "ipv6_native": false,
            "map_customer_owned_ip_on_launch": false,
            "map_public_ip_on_launch": true,
            "outpost_arn": "",
            "owner_id": "159184128979",
            "private_dns_hostname_type_on_launch": "ip-name",
            "tags": {
              "Name": "public_sebnet_1_vpc_1"
            },
            "tags_all": {
              "Name": "public_sebnet_1_vpc_1"
            },
            "timeouts": null,
            "vpc_id": "vpc-0d89cff1e72ecf2ce"
          },
          "sensitive_attributes": [],
          "private": "eyJlMmJmYjczMC1lY2FhLTExZTYtOGY4OC0zNDM2M2JjN2M0YzAiOnsiY3JlYXRlIjo2MDAwMDAwMDAwMDAsImRlbGV0ZSI6MTIwMDAwMDAwMDAwMH0sInNjaGVtYV92ZXJzaW9uIjoiMSJ9",
          "dependencies": [
            "module.us-west-2.module.vpc.aws_vpc.vpc_1"
          ],
          "create_before_destroy": true
        }
      ]
    },
    {
      "module": "module.us-west-2.module.vpc",
      "mode": "managed",
      "type": "aws_subnet",
      "name": "public_subnet_1_vpc_2",
      "provider": "module.us-west-2.provider[\"registry.terraform.io/hashicorp/aws\"]",
      "instances": [
        {
          "schema_version": 1,
          "attributes": {
            "arn": "arn:aws:ec2:us-west-2:159184128979:subnet/subnet-07eccd7e52b74aac3",
            "assign_ipv6_address_on_creation": false,
            "availability_zone": "us-west-2a",
            "availability_zone_id": "usw2-az2",
            "cidr_block": "10.1.1.0/24",
            "customer_owned_ipv4_pool": "",
            "enable_dns64": false,
            "enable_lni_at_device_index": 0,
            "enable_resource_name_dns_a_record_on_launch": false,
            "enable_resource_name_dns_aaaa_record_on_launch": false,
            "id": "subnet-07eccd7e52b74aac3",
            "ipv6_cidr_block": "",
            "ipv6_cidr_block_association_id": "",
            "ipv6_native": false,
            "map_customer_owned_ip_on_launch": false,
            "map_public_ip_on_launch": true,
            "outpost_arn": "",
            "owner_id": "159184128979",
            "private_dns_hostname_type_on_launch": "ip-name",
            "tags": {
              "Name": "public_subnet_1_vpc_2"
            },
            "tags_all": {
              "Name": "public_subnet_1_vpc_2"
            },
            "timeouts": null,
            "vpc_id": "vpc-097075d9ced54ef56"
          },
          "sensitive_attributes": [],
          "private": "eyJlMmJmYjczMC1lY2FhLTExZTYtOGY4OC0zNDM2M2JjN2M0YzAiOnsiY3JlYXRlIjo2MDAwMDAwMDAwMDAsImRlbGV0ZSI6MTIwMDAwMDAwMDAwMH0sInNjaGVtYV92ZXJzaW9uIjoiMSJ9",
          "dependencies": [
            "module.us-west-2.module.vpc.aws_vpc.vpc_2"
          ],
          "create_before_destroy": true
        }
      ]
    },
    {
      "module": "module.us-west-2.module.vpc",
      "mode": "managed",
      "type": "aws_subnet",
      "name": "public_subnet_2_vpc_1",
      "provider": "module.us-west-2.provider[\"registry.terraform.io/hashicorp/aws\"]",
      "instances": [
        {
          "schema_version": 1,
          "attributes": {
            "arn": "arn:aws:ec2:us-west-2:159184128979:subnet/subnet-04219823be4578d26",
            "assign_ipv6_address_on_creation": false,
            "availability_zone": "us-west-2b",
            "availability_zone_id": "usw2-az1",
            "cidr_block": "10.0.2.0/24",
            "customer_owned_ipv4_pool": "",
            "enable_dns64": false,
            "enable_lni_at_device_index": 0,
            "enable_resource_name_dns_a_record_on_launch": false,
            "enable_resource_name_dns_aaaa_record_on_launch": false,
            "id": "subnet-04219823be4578d26",
            "ipv6_cidr_block": "",
            "ipv6_cidr_block_association_id": "",
            "ipv6_native": false,
            "map_customer_owned_ip_on_launch": false,
            "map_public_ip_on_launch": true,
            "outpost_arn": "",
            "owner_id": "159184128979",
            "private_dns_hostname_type_on_launch": "ip-name",
            "tags": {
              "Name": "public_subnet_2_vpc_1"
            },
            "tags_all": {
              "Name": "public_subnet_2_vpc_1"
            },
            "timeouts": null,
            "vpc_id": "vpc-0d89cff1e72ecf2ce"
          },
          "sensitive_attributes": [],
          "private": "eyJlMmJmYjczMC1lY2FhLTExZTYtOGY4OC0zNDM2M2JjN2M0YzAiOnsiY3JlYXRlIjo2MDAwMDAwMDAwMDAsImRlbGV0ZSI6MTIwMDAwMDAwMDAwMH0sInNjaGVtYV92ZXJzaW9uIjoiMSJ9",
          "dependencies": [
            "module.us-west-2.module.vpc.aws_vpc.vpc_1"
          ],
          "create_before_destroy": true
        }
      ]
    },
    {
      "module": "module.us-west-2.module.vpc",
      "mode": "managed",
      "type": "aws_vpc",
      "name": "vpc_1",
      "provider": "module.us-west-2.provider[\"registry.terraform.io/hashicorp/aws\"]",
      "instances": [
        {
          "schema_version": 1,
          "attributes": {
            "arn": "arn:aws:ec2:us-west-2:159184128979:vpc/vpc-0d89cff1e72ecf2ce",
            "assign_generated_ipv6_cidr_block": false,
            "cidr_block": "10.0.0.0/16",
            "default_network_acl_id": "acl-0172bba84c01d6736",
            "default_route_table_id": "rtb-0203e10eb369d9ebf",
            "default_security_group_id": "sg-042934d594952f4fb",
            "dhcp_options_id": "dopt-0a104df655c24d9c1",
            "enable_classiclink": false,
            "enable_classiclink_dns_support": false,
            "enable_dns_hostnames": true,
            "enable_dns_support": true,
            "enable_network_address_usage_metrics": false,
            "id": "vpc-0d89cff1e72ecf2ce",
            "instance_tenancy": "default",
            "ipv4_ipam_pool_id": null,
            "ipv4_netmask_length": null,
            "ipv6_association_id": "",
            "ipv6_cidr_block": "",
            "ipv6_cidr_block_network_border_group": "",
            "ipv6_ipam_pool_id": "",
            "ipv6_netmask_length": 0,
            "main_route_table_id": "rtb-0203e10eb369d9ebf",
            "owner_id": "159184128979",
            "tags": {
              "Name": "vpc_1"
            },
            "tags_all": {
              "Name": "vpc_1"
            }
          },
          "sensitive_attributes": [],
          "private": "eyJzY2hlbWFfdmVyc2lvbiI6IjEifQ==",
          "create_before_destroy": true
        }
      ]
    },
    {
      "module": "module.us-west-2.module.vpc",
      "mode": "managed",
      "type": "aws_vpc",
      "name": "vpc_2",
      "provider": "module.us-west-2.provider[\"registry.terraform.io/hashicorp/aws\"]",
      "instances": [
        {
          "schema_version": 1,
          "attributes": {
            "arn": "arn:aws:ec2:us-west-2:159184128979:vpc/vpc-097075d9ced54ef56",
            "assign_generated_ipv6_cidr_block": false,
            "cidr_block": "10.1.0.0/16",
            "default_network_acl_id": "acl-086d0c44d80a5354e",
            "default_route_table_id": "rtb-0503ba3da47819744",
            "default_security_group_id": "sg-0ff8c8b79e6a9e7b3",
            "dhcp_options_id": "dopt-0a104df655c24d9c1",
            "enable_classiclink": false,
            "enable_classiclink_dns_support": false,
            "enable_dns_hostnames": true,
            "enable_dns_support": true,
            "enable_network_address_usage_metrics": false,
            "id": "vpc-097075d9ced54ef56",
            "instance_tenancy": "default",
            "ipv4_ipam_pool_id": null,
            "ipv4_netmask_length": null,
            "ipv6_association_id": "",
            "ipv6_cidr_block": "",
            "ipv6_cidr_block_network_border_group": "",
            "ipv6_ipam_pool_id": "",
            "ipv6_netmask_length": 0,
            "main_route_table_id": "rtb-0503ba3da47819744",
            "owner_id": "159184128979",
            "tags": {
              "Name": "vpc_2"
            },
            "tags_all": {
              "Name": "vpc_2"
            }
          },
          "sensitive_attributes": [],
          "private": "eyJzY2hlbWFfdmVyc2lvbiI6IjEifQ==",
          "create_before_destroy": true
        }
      ]
    }
  ],
  "check_results": null
}
